{
  "version": 4,
  "terraform_version": "1.12.2",
  "serial": 19,
  "lineage": "e4798435-47b0-2eb8-9f57-911385e10626",
  "outputs": {},
  "resources": [
    {
      "mode": "data",
      "type": "azuread_service_principal",
      "name": "microsoft_graph",
      "provider": "provider[\"registry.terraform.io/hashicorp/azuread\"]",
      "instances": [
        {
          "schema_version": 0,
          "attributes": {
            "account_enabled": true,
            "alternative_names": [],
            "app_role_assignment_required": false,
            "app_role_ids": {
              "APIConnectors.Read.All": "b86848a7-d5b1-41eb-a9b4-54a4e6306e97",
              "APIConnectors.ReadWrite.All": "1dfe531a-24a6-4f1b-80f4-7a0dc5a0a171",
              "AccessReview.Read.All": "d07a8cc0-3d51-4b77-b3b0-32704d1f69fa",
              "AccessReview.ReadWrite.All": "ef5f7d5c-338f-44b0-86c3-351f46c8bb5f",
              "AccessReview.ReadWrite.Membership": "18228521-a591-40f1-b215-5fad4488c117",
              "Acronym.Read.All": "8c0aed2c-0c61-433d-b63c-6370ddc73248",
              "AdministrativeUnit.Read.All": "134fd756-38ce-4afd-ba33-e9623dbe66c2",
              "AdministrativeUnit.ReadWrite.All": "5eb59dd3-1da2-4329-8733-9dabdc435916",
              "AgentApplication.Create": "2f479c7e-27df-4053-826b-57d8ce55be3e",
              "AgentIdentity.Create": "2c4c43c7-1903-4658-a911-b8f2bb31e32e",
              "Agreement.Read.All": "2f3e6f8c-093b-4c57-a58b-ba5ce494a169",
              "Agreement.ReadWrite.All": "c9090d00-6101-42f0-a729-c41074260d47",
              "AgreementAcceptance.Read.All": "d8e4ec18-f6c0-4620-8122-c8b1f2bf400e",
              "AiEnterpriseInteraction.Read.All": "839c90ab-5771-41ee-aef8-a562e8487c1e",
              "AppCatalog.Read.All": "e12dae10-5a57-4817-b79d-dfbec5348930",
              "AppCatalog.ReadWrite.All": "dc149144-f292-421e-b185-5953f2e98d7f",
              "AppRoleAssignment.ReadWrite.All": "06b708a9-e830-4db3-a914-8e69da51d44f",
              "Application-RemoteDesktopConfig.ReadWrite.All": "3be0012a-cc4e-426b-895b-f9c836bf6381",
              "Application.Read.All": "9a5d68dd-52b0-4cc2-bd40-abcf44ac3a30",
              "Application.ReadWrite.All": "1bfefb4e-e0b5-418b-a88f-73c46d2cc8e9",
              "Application.ReadWrite.OwnedBy": "18a4783c-866b-4cc7-a460-3d5e5662c884",
              "ApprovalSolution.Read.All": "9f265de7-8d5e-4e9a-a805-5e8bbc49656f",
              "ApprovalSolution.ReadWrite.All": "45583558-1113-4d06-8969-e79a28edc9ad",
              "AttackSimulation.Read.All": "93283d0a-6322-4fa8-966b-8c121624760d",
              "AttackSimulation.ReadWrite.All": "e125258e-8c8a-42a8-8f55-ab502afa52f3",
              "AuditActivity.Read": "99bc85fb-e857-4220-9f8c-3a1c83148d2e",
              "AuditActivity.Write": "f6318678-2713-4bb6-b123-233e7336c1bd",
              "AuditLog.Read.All": "b0afded3-3588-46d8-8b3d-9842eff778da",
              "AuditLogsQuery-CRM.Read.All": "20e6f8e4-ffac-4cf7-82f7-70ddb7564318",
              "AuditLogsQuery-Endpoint.Read.All": "0bc85aed-7b0b-437a-bac8-3b29a1b84c99",
              "AuditLogsQuery-Entra.Read.All": "7276d950-48fc-4269-8348-f22f2bb296d0",
              "AuditLogsQuery-Exchange.Read.All": "6b0d2622-d34e-4470-935b-b96550e5ca8d",
              "AuditLogsQuery-OneDrive.Read.All": "8a169a81-841c-45fd-ad43-96aede8801a0",
              "AuditLogsQuery-SharePoint.Read.All": "91c64a47-a524-4fce-9bf3-3d569a344ecf",
              "AuditLogsQuery.Read.All": "5e1e9171-754d-478c-812c-f1755a9a4c2d",
              "AuthenticationContext.Read.All": "381f742f-e1f8-4309-b4ab-e3d91ae4c5c1",
              "AuthenticationContext.ReadWrite.All": "a88eef72-fed0-4bf7-a2a9-f19df33f8b83",
              "BackupRestore-Configuration.Read.All": "5fbb5982-3230-4882-93c0-2167523ce0c2",
              "BackupRestore-Configuration.ReadWrite.All": "18133149-5489-40ac-80f0-4b6fa85f6cdc",
              "BackupRestore-Control.Read.All": "6fe20a79-0e15-45a1-b019-834c125993a0",
              "BackupRestore-Control.ReadWrite.All": "fb240865-88f8-4a1d-923f-98dbc7920860",
              "BackupRestore-Monitor.Read.All": "ecae8511-f2d7-4be4-bdbf-91f244d45986",
              "BackupRestore-Restore.Read.All": "87853aa5-0372-4710-b34b-cef27bb7156e",
              "BackupRestore-Restore.ReadWrite.All": "bebd0841-a3d8-4313-a51d-731112c8ee41",
              "BackupRestore-Search.Read.All": "f6135c51-c766-4be1-9638-ed90c2ed2443",
              "BillingConfiguration.ReadWrite.All": "9e8be751-7eee-4c09-bcfd-d64f6b087fd8",
              "BitlockerKey.Read.All": "57f1cf28-c0c4-4ec3-9a30-19a2eaaf2f6e",
              "BitlockerKey.ReadBasic.All": "f690d423-6b29-4d04-98c6-694c42282419",
              "Bookings.Manage.All": "6b22000a-1228-42ec-88db-b8c00399aecb",
              "Bookings.Read.All": "6e98f277-b046-4193-a4f2-6bf6a78cd491",
              "Bookings.ReadWrite.All": "0c4b2d20-7919-468d-8668-c54b09d4dee8",
              "BookingsAppointment.ReadWrite.All": "9769393e-5a9f-4302-9e3d-7e018ecb64a7",
              "Bookmark.Read.All": "be95e614-8ef3-49eb-8464-1c9503433b86",
              "BrowserSiteLists.Read.All": "c5ee1f21-fc7f-4937-9af0-c91648ff9597",
              "BrowserSiteLists.ReadWrite.All": "8349ca94-3061-44d5-9bfb-33774ea5e4f9",
              "BusinessScenarioConfig.Read.OwnedBy": "acc0fc4d-2cd6-4194-8700-1768d8423d86",
              "BusinessScenarioConfig.ReadWrite.OwnedBy": "bbea195a-4c47-4a4f-bff2-cba399e11698",
              "BusinessScenarioData.Read.OwnedBy": "6c0257fd-cffe-415b-8239-2d0d70fdaa9c",
              "BusinessScenarioData.ReadWrite.OwnedBy": "f2d21f22-5d80-499e-91cc-0a8a4ce16f54",
              "Calendars.Read": "798ee544-9d2d-430c-a058-570e29e34338",
              "Calendars.ReadBasic.All": "8ba4a692-bc31-4128-9094-475872af8a53",
              "Calendars.ReadWrite": "ef54d2bf-783f-4e0f-bca1-3210c0444d99",
              "CallDelegation.Read.All": "5aa33e77-b893-495e-bdc5-4bf6f27d42a0",
              "CallDelegation.ReadWrite.All": "8d06abce-e69b-4122-ba60-4f901bb1db2f",
              "CallEvents-Emergency.Read.All": "f0a35f91-2aa6-4a99-9d5a-5b6bcb66204e",
              "CallEvents.Read.All": "1abb026f-7572-49f6-9ddd-ad61cbba181e",
              "CallRecord-PstnCalls.Read.All": "a2611786-80b3-417e-adaa-707d4261a5f0",
              "CallRecords.Read.All": "45bbb07e-7321-4fd7-a8f6-3ff27e6a81c8",
              "Calls.AccessMedia.All": "a7a681dc-756e-4909-b988-f160edc6655f",
              "Calls.Initiate.All": "284383ee-7f6e-4e40-a2a8-e85dcb029101",
              "Calls.InitiateGroupCall.All": "4c277553-8a09-487b-8023-29ee378d8324",
              "Calls.JoinGroupCall.All": "f6b49018-60ab-4f81-83bd-22caeabfed2d",
              "Calls.JoinGroupCallAsGuest.All": "fd7ccf6b-3d28-418b-9701-cd10f5cd2fd4",
              "ChangeManagement.Read.All": "418dae40-2b65-4819-900c-519a04e4d278",
              "Channel.Create": "f3a65bd4-b703-46df-8f7e-0174fea562aa",
              "Channel.Delete.All": "6a118a39-1227-45d4-af0c-ea7b40d210bc",
              "Channel.ReadBasic.All": "59a6b24b-4225-4393-8165-ebaec5f55d7a",
              "ChannelMember.Read.All": "3b55498e-47ec-484f-8136-9013221c06a9",
              "ChannelMember.ReadWrite.All": "35930dcf-aceb-4bd1-b99a-8ffed403c974",
              "ChannelMessage.Read.All": "7b2449af-6ccd-4f4d-9f78-e550c193f0d1",
              "ChannelMessage.UpdatePolicyViolation.All": "4d02b0cc-d90b-441f-8d82-4fb55c34d6bb",
              "ChannelSettings.Read.All": "c97b873f-f59f-49aa-8a0e-52b32d762124",
              "ChannelSettings.ReadWrite.All": "243cded2-bd16-4fd6-a953-ff8177894c3d",
              "Chat.Create": "d9c48af6-9ad9-47ad-82c3-63757137b9af",
              "Chat.ManageDeletion.All": "9c7abde0-eacd-4319-bf9e-35994b1a1717",
              "Chat.Read.All": "6b7d71aa-70aa-4810-a8d9-5d9fb2830017",
              "Chat.Read.WhereInstalled": "1c1b4c8e-3cc7-4c58-8470-9b92c9d5848b",
              "Chat.ReadBasic.All": "b2e060da-3baf-4687-9611-f4ebc0f0cbde",
              "Chat.ReadBasic.WhereInstalled": "818ba5bd-5b3e-4fe0-bbe6-aa4686669073",
              "Chat.ReadWrite.All": "294ce7c9-31ba-490a-ad7d-97a7d075e4ed",
              "Chat.ReadWrite.WhereInstalled": "ad73ce80-f3cd-40ce-b325-df12c33df713",
              "Chat.UpdatePolicyViolation.All": "7e847308-e030-4183-9899-5235d7270f58",
              "ChatMember.Read.All": "a3410be2-8e48-4f32-8454-c29a7465209d",
              "ChatMember.Read.WhereInstalled": "93e7c9e4-54c5-4a41-b796-f2a5adaacda7",
              "ChatMember.ReadWrite.All": "57257249-34ce-4810-a8a2-a03adf0c5693",
              "ChatMember.ReadWrite.WhereInstalled": "e32c2cd9-0124-4e44-88fc-772cd98afbdb",
              "ChatMessage.Read.All": "b9bb2381-47a4-46cd-aafb-00cb12f68504",
              "CloudApp-Discovery.Read.All": "64a59178-dad3-4673-89db-84fdcd622fec",
              "CloudPC.Read.All": "a9e09520-8ed4-4cde-838e-4fdea192c227",
              "CloudPC.ReadWrite.All": "3b4349e1-8cf5-45a3-95b7-69d1751d3e6a",
              "Community.Read.All": "407f0cce-3212-441f-9f55-3bc91342cf86",
              "Community.ReadWrite.All": "35d59e32-eab5-4553-9345-abb62b4c703c",
              "ConfigurationMonitoring.Read.All": "aca929ec-9830-44dc-bda1-85cf938aaa95",
              "ConfigurationMonitoring.ReadWrite.All": "cfa85bfb-2ee8-4e13-8e7f-489e57a015a1",
              "ConsentRequest.Read.All": "1260ad83-98fb-4785-abbb-d6cc1806fd41",
              "ConsentRequest.ReadWrite.All": "9f1b81a7-0223-4428-bfa4-0bcb5535f27d",
              "Contacts.Read": "089fe4d0-434a-44c5-8827-41ba8a0b17f5",
              "Contacts.ReadWrite": "6918b873-d17a-4dc1-b314-35f528134491",
              "Content.Process.All": "5ad511bf-571c-4ef6-8c3c-85b94b85df98",
              "Content.Process.User": "24ceb246-ad29-4680-90b4-3e91ffad15eb",
              "ContentActivity.Read": "368425e7-6954-4f5a-9d92-90b75bd580c9",
              "ContentActivity.Write": "2932e07a-3c29-44e4-bb36-6d0fc176387f",
              "CrossTenantInformation.ReadBasic.All": "cac88765-0581-4025-9725-5ebc13f729ee",
              "CrossTenantUserProfileSharing.Read.All": "8b919d44-6192-4f3d-8a3b-f86f8069ae3c",
              "CrossTenantUserProfileSharing.ReadWrite.All": "306785c5-c09b-4ba0-a4ee-023f3da165cb",
              "CustomAuthenticationExtension.Read.All": "88bb2658-5d9e-454f-aacd-a3933e079526",
              "CustomAuthenticationExtension.ReadWrite.All": "c2667967-7050-4e7e-b059-4cbbb3811d03",
              "CustomAuthenticationExtension.Receive.Payload": "214e810f-fda8-4fd7-a475-29461495eb00",
              "CustomDetection.Read.All": "673a007a-9e0f-4c97-b066-3c0164486909",
              "CustomDetection.ReadWrite.All": "e0fd9c8d-a12e-4cc9-9827-20c8c3cd6fb8",
              "CustomSecAttributeAssignment.Read.All": "3b37c5a4-1226-493d-bec3-5d6c6b866f3f",
              "CustomSecAttributeAssignment.ReadWrite.All": "de89b5e4-5b8f-48eb-8925-29c2b33bd8bd",
              "CustomSecAttributeAuditLogs.Read.All": "2a4f026d-e829-4e84-bdbf-d981a2703059",
              "CustomSecAttributeDefinition.Read.All": "b185aa14-d8d2-42c1-a685-0f5596613624",
              "CustomSecAttributeDefinition.ReadWrite.All": "12338004-21f4-4896-bf5e-b75dfaf1016d",
              "CustomSecAttributeProvisioning.Read.All": "9fd1f8bf-a443-4df6-bc2a-5d00c5ec7828",
              "CustomSecAttributeProvisioning.ReadWrite.All": "1db69e9c-8d0a-498d-a5df-11fd0b68ceab",
              "CustomTags.Read.All": "ab8a5872-7c88-47a6-8141-7becce939190",
              "CustomTags.ReadWrite.All": "2f503208-e509-4e39-974c-8cc16e5785c9",
              "DelegatedAdminRelationship.Read.All": "f6e9e124-4586-492f-adc0-c6f96e4823fd",
              "DelegatedAdminRelationship.ReadWrite.All": "cc13eba4-8cd8-44c6-b4d4-f93237adce58",
              "DelegatedPermissionGrant.Read.All": "81b4724a-58aa-41c1-8a55-84ef97466587",
              "DelegatedPermissionGrant.ReadWrite.All": "8e8e4742-1d95-4f68-9d56-6ee75648c72a",
              "Device.Read.All": "7438b122-aefc-4978-80ed-43db9fcc7715",
              "Device.ReadWrite.All": "1138cb37-bd11-4084-a2b7-9f71582aeddb",
              "DeviceLocalCredential.Read.All": "884b599e-4d48-43a5-ba94-15c414d00588",
              "DeviceLocalCredential.ReadBasic.All": "db51be59-e728-414b-b800-e0f010df1a79",
              "DeviceManagementApps.Read.All": "7a6ee1e7-141e-4cec-ae74-d9db155731ff",
              "DeviceManagementApps.ReadWrite.All": "78145de6-330d-4800-a6ce-494ff2d33d07",
              "DeviceManagementCloudCA.Read.All": "315b6e8c-d92a-4691-919d-00ce76d1344a",
              "DeviceManagementCloudCA.ReadWrite.All": "f15eb2ba-ef8a-4f70-991d-da5d045154e2",
              "DeviceManagementConfiguration.Read.All": "dc377aa6-52d8-4e23-b271-2a7ae04cedf3",
              "DeviceManagementConfiguration.ReadWrite.All": "9241abd9-d0e6-425a-bd4f-47ba86e767a4",
              "DeviceManagementManagedDevices.PrivilegedOperations.All": "5b07b0dd-2377-4e44-a38d-703f09a0dc3c",
              "DeviceManagementManagedDevices.Read.All": "2f51be20-0bb4-4fed-bf7b-db946066c75e",
              "DeviceManagementManagedDevices.ReadWrite.All": "243333ab-4d21-40cb-a475-36241daa0842",
              "DeviceManagementRBAC.Read.All": "58ca0d9a-1575-47e1-a3cb-007ef2e4583b",
              "DeviceManagementRBAC.ReadWrite.All": "e330c4f0-4170-414e-a55a-2f022ec2b57b",
              "DeviceManagementScripts.Read.All": "c7a5be92-2b3d-4540-8a67-c96dcaae8b43",
              "DeviceManagementScripts.ReadWrite.All": "9255e99d-faf5-445e-bbf7-cb71482737c4",
              "DeviceManagementServiceConfig.Read.All": "06a5fe6d-c49d-46a7-b082-56b1b14103c7",
              "DeviceManagementServiceConfig.ReadWrite.All": "5ac13192-7ace-4fcf-b828-1a26f28068ee",
              "DeviceTemplate.Create": "abf6441f-0772-4932-96e7-0191478dd73a",
              "DeviceTemplate.Read.All": "dd9febb5-0c6d-419f-b256-3afe12c6adeb",
              "DeviceTemplate.ReadWrite.All": "9fadb66e-6421-4744-aede-4ab6fb98a884",
              "Directory.Read.All": "7ab1d382-f21e-4acd-a863-ba3e13f7da61",
              "Directory.ReadWrite.All": "19dbc75e-c2e2-444c-a770-ec69d8559fc7",
              "DirectoryRecommendations.Read.All": "ae73097b-cb2a-4447-b064-5d80f6093921",
              "DirectoryRecommendations.ReadWrite.All": "0e9eea12-4f01-45f6-9b8d-3ea4c8144158",
              "Domain-InternalFederation.Read.All": "c0e5a7b0-e8b7-40a7-b8e0-8249e6ea81d5",
              "Domain-InternalFederation.ReadWrite.All": "64d40371-8d58-4270-bc8a-b4a66de36b9a",
              "Domain.Read.All": "dbb9058a-0e50-45d7-ae91-66909b5d4664",
              "Domain.ReadWrite.All": "7e05723c-0bb0-42da-be95-ae9f08a6e53c",
              "EduAdministration.Read.All": "7c9db06a-ec2d-4e7b-a592-5a1e30992566",
              "EduAdministration.ReadWrite.All": "9bc431c3-b8bc-4a8d-a219-40f10f92eff6",
              "EduAssignments.Read.All": "4c37e1b6-35a1-43bf-926a-6f30f2cdf585",
              "EduAssignments.ReadBasic.All": "6e0a958b-b7fc-4348-b7c4-a6ab9fd3dd0e",
              "EduAssignments.ReadWrite.All": "0d22204b-6cad-4dd0-8362-3e3f2ae699d9",
              "EduAssignments.ReadWriteBasic.All": "f431cc63-a2de-48c4-8054-a34bc093af84",
              "EduCurricula.Read.All": "6cdb464c-3a03-40f8-900b-4cb7ea1da9c0",
              "EduCurricula.ReadWrite.All": "6a0c2318-d59d-4c7d-bf2e-5f3902dc2593",
              "EduReports-Reading.Read.All": "ad248c30-1919-40c8-b3d2-304481894e88",
              "EduReports-Reading.ReadAnonymous.All": "040330d7-be7e-4130-b349-a6eb3a56e2f8",
              "EduReports-Reflect.Read.All": "c5debf73-bdc8-473d-bf07-f4074ad05f71",
              "EduReports-Reflect.ReadAnonymous.All": "f5d05dba-7ef0-46fc-b62c-a7282555f428",
              "EduRoster.Read.All": "e0ac9e1b-cb65-4fc5-87c5-1a8bc181f648",
              "EduRoster.ReadBasic.All": "0d412a8c-a06c-439f-b3ec-8abcf54d2f96",
              "EduRoster.ReadWrite.All": "d1808e82-ce13-47af-ae0d-f9b254e6d58a",
              "EngagementConversation.Migration.All": "e1d2136d-eaaf-427a-a7db-f97dbe847c27",
              "EngagementMeetingConversation.Read.All": "d746beae-b46e-446e-924a-5b805a5c4467",
              "EngagementRole.Read.All": "30614864-4114-45ef-bdd9-0dd7894a1cc4",
              "EngagementRole.ReadWrite.All": "3ede5358-7366-4da8-a2f7-472bf9c7cc34",
              "EntitlementManagement.Read.All": "c74fd47d-ed3c-45c3-9a9e-b8676de685d2",
              "EntitlementManagement.ReadWrite.All": "9acd699f-1e81-4958-b001-93b1d2506e19",
              "EventListener.Read.All": "b7f6385c-6ce6-4639-a480-e23c42ed9784",
              "EventListener.ReadWrite.All": "0edf5e9e-4ce8-468a-8432-d08631d18c43",
              "ExternalConnection.Read.All": "1914711b-a1cb-4793-b019-c2ce0ed21b8c",
              "ExternalConnection.ReadWrite.All": "34c37bc0-2b40-4d5e-85e1-2365cd256d79",
              "ExternalConnection.ReadWrite.OwnedBy": "f431331c-49a6-499f-be1c-62af19c34a9d",
              "ExternalItem.Read.All": "7a7cffad-37d2-4f48-afa4-c6ab129adcc2",
              "ExternalItem.ReadWrite.All": "38c3d6ee-69ee-422f-b954-e17819665354",
              "ExternalItem.ReadWrite.OwnedBy": "8116ae0f-55c2-452d-9944-d18420f5b2c8",
              "ExternalUserProfile.Read.All": "1987d7a0-d602-4262-ab90-cfdd43b37545",
              "ExternalUserProfile.ReadWrite.All": "761327c9-d819-4c08-9a5f-874cd2826608",
              "FileIngestion.Ingest": "65891b00-2fd9-4e33-be27-04a53132e3df",
              "FileIngestionHybridOnboarding.Manage": "766c601b-c009-4438-8290-c8b05fa00c4b",
              "FileStorageContainer.Selected": "40dc41bc-0f7e-42ff-89bd-d9516947e474",
              "Files.Read.All": "01d4889c-1287-42c6-ac1f-5d1e02578ef6",
              "Files.ReadWrite.All": "75359482-378d-4052-8f01-80520e7db3cd",
              "Files.ReadWrite.AppFolder": "b47b160b-1054-4efd-9ca0-e2f614696086",
              "Files.SelectedOperations.Selected": "bd61925e-3bf4-4d62-bc0b-06b06c96d95c",
              "Group-Conversation.Read.All": "4f0a8235-6f6f-4ec7-9500-34b452a4a0c3",
              "Group-Conversation.ReadWrite.All": "6679c91b-820a-4900-ab47-e97b197a89c4",
              "Group.Create": "bf7b1a76-6e77-406b-b258-bf5c7720e98f",
              "Group.Read.All": "5b567255-7703-4780-807c-7be8301ae99b",
              "Group.ReadWrite.All": "62a82d76-70ea-41e2-9197-370581804d09",
              "GroupMember.Read.All": "98830695-27a2-44f7-8c18-0c3ebc9698f6",
              "GroupMember.ReadWrite.All": "dbaae8cf-10b5-4b86-a4a1-f871c94c6695",
              "GroupSettings.Read.All": "f3c4f514-c65a-43f5-bfce-1735872258dd",
              "GroupSettings.ReadWrite.All": "546168c3-1183-4281-9491-fafb24dea37e",
              "HealthMonitoringAlert.Read.All": "5183ed5d-b7f8-4e9a-915e-dafb46b9cb62",
              "HealthMonitoringAlert.ReadWrite.All": "ac29eb50-f2f9-4518-a117-4bef18e84c7d",
              "HealthMonitoringAlertConfig.Read.All": "bb424d73-e898-4c97-9d42-688c32810003",
              "HealthMonitoringAlertConfig.ReadWrite.All": "432e76f0-8af6-4315-a853-66ab9538f480",
              "IdentityProvider.Read.All": "e321f0bb-e7f7-481e-bb28-e3b0b32d4bd0",
              "IdentityProvider.ReadWrite.All": "90db2b9a-d928-4d33-a4dd-8442ae3d41e4",
              "IdentityRiskEvent.Read.All": "6e472fd1-ad78-48da-a0f0-97ab2c6b769e",
              "IdentityRiskEvent.ReadWrite.All": "db06fb33-1953-4b7b-a2ac-f1e2c854f7ae",
              "IdentityRiskyServicePrincipal.Read.All": "607c7344-0eed-41e5-823a-9695ebe1b7b0",
              "IdentityRiskyServicePrincipal.ReadWrite.All": "cb8d6980-6bcb-4507-afec-ed6de3a2d798",
              "IdentityRiskyUser.Read.All": "dc5007c0-2d7d-4c42-879c-2dab87571379",
              "IdentityRiskyUser.ReadWrite.All": "656f6061-f9fe-4807-9708-6a2e0934df76",
              "IdentityUserFlow.Read.All": "1b0c317f-dd31-4305-9932-259a8b6e8099",
              "IdentityUserFlow.ReadWrite.All": "65319a09-a2be-469d-8782-f6b07debf789",
              "IndustryData-DataConnector.Read.All": "7ab52c2f-a2ee-4d98-9ebc-725e3934aae2",
              "IndustryData-DataConnector.ReadWrite.All": "eda0971c-482e-4345-b28f-69c309cb8a34",
              "IndustryData-DataConnector.Upload": "9334c44b-a7c6-4350-8036-6bf8e02b4c1f",
              "IndustryData-InboundFlow.Read.All": "305f6ba2-049a-4b1b-88bb-fe7e08758a00",
              "IndustryData-InboundFlow.ReadWrite.All": "e688c61f-d4c6-4d64-a197-3bcf6ba1d6ad",
              "IndustryData-OutboundFlow.Read.All": "61d0354c-5d88-483c-b974-a37ec3395a2c",
              "IndustryData-OutboundFlow.ReadWrite.All": "24a65b4a-e501-47e2-8849-d679517887f0",
              "IndustryData-ReferenceDefinition.Read.All": "6ee891c3-74a4-4148-8463-0c834375dfaf",
              "IndustryData-ReferenceDefinition.ReadWrite.All": "bda16293-63d3-45b7-b16b-833841d27d56",
              "IndustryData-Run.Read.All": "f6f5d10b-3024-4d1d-b674-aae4df4a1a73",
              "IndustryData-Run.Start": "7e429772-5b5e-47c0-8fd6-7279294c8033",
              "IndustryData-SourceSystem.Read.All": "bc167a60-39fe-4865-8b44-78400fc6ed03",
              "IndustryData-SourceSystem.ReadWrite.All": "7d866958-e06e-4dd6-91c6-a086b3f5cfeb",
              "IndustryData-TimePeriod.Read.All": "7c55c952-b095-4c23-a522-022bce4cc1e3",
              "IndustryData-TimePeriod.ReadWrite.All": "7afa7744-a782-4a32-b8c2-e3db637e8de7",
              "IndustryData.ReadBasic.All": "4f5ac95f-62fd-472c-b60f-125d24ca0bc5",
              "InformationProtectionConfig.Read.All": "14f49b9f-4bf2-4d24-b80e-b27ec58409bd",
              "InformationProtectionContent.Sign.All": "cbe6c7e4-09aa-4b8d-b3c3-2dbb59af4b54",
              "InformationProtectionContent.Write.All": "287bd98c-e865-4e8c-bade-1a85523195b9",
              "InformationProtectionPolicy.Read.All": "19da66cb-0fb0-4390-b071-ebc76a349482",
              "Insights-UserMetric.Read.All": "34cbd96c-d824-4755-90d3-1008ef47efc1",
              "LearningAssignedCourse.Read.All": "535e6066-2894-49ef-ab33-e2c6d064bb81",
              "LearningAssignedCourse.ReadWrite.All": "236c1cbd-1187-427f-b0f5-b1852454973b",
              "LearningContent.Read.All": "8740813e-d8aa-4204-860e-2a0f8f84dbc8",
              "LearningContent.ReadWrite.All": "444d6fcb-b738-41e5-b103-ac4f2a2628a3",
              "LearningSelfInitiatedCourse.Read.All": "467524fc-ed22-4356-a910-af61191e3503",
              "LearningSelfInitiatedCourse.ReadWrite.All": "7654ed61-8965-4025-846a-0856ec02b5b0",
              "LicenseAssignment.Read.All": "e2f98668-2877-4f38-a2f4-8202e0717aa1",
              "LicenseAssignment.ReadWrite.All": "5facf0c1-8979-4e95-abcf-ff3d079771c0",
              "LifecycleWorkflows-CustomExt.Read.All": "2cb19e7d-9012-40bf-9a22-69fc776af8b0",
              "LifecycleWorkflows-CustomExt.ReadWrite.All": "3351c766-bacc-4d93-94fa-f2c8b1986ee7",
              "LifecycleWorkflows-Reports.Read.All": "fe615156-48b5-4c83-b613-e6e31a43c446",
              "LifecycleWorkflows-Workflow.Activate": "3a87a643-13d2-47aa-8d6a-b0a8377cb03b",
              "LifecycleWorkflows-Workflow.Read.All": "03b0ad3e-fc2b-4ef1-b0ff-252e865cb608",
              "LifecycleWorkflows-Workflow.ReadBasic.All": "021ea6db-c06b-45c6-8c9c-c1cd9a37a483",
              "LifecycleWorkflows-Workflow.ReadWrite.All": "94c88098-1d9d-4c42-a356-4d5a95312554",
              "LifecycleWorkflows.Read.All": "7c67316a-232a-4b84-be22-cea2c0906404",
              "LifecycleWorkflows.ReadWrite.All": "5c505cf4-8424-4b8e-aa14-ee06e3bb23e3",
              "ListItems.SelectedOperations.Selected": "de4e4161-a10a-4dfd-809c-e328d89aefeb",
              "Lists.SelectedOperations.Selected": "23c5a9bd-d900-4ecf-be26-a0689755d9e5",
              "Mail.Read": "810c84a8-4a9e-49e6-bf7d-12d183f40d01",
              "Mail.ReadBasic": "6be147d2-ea4f-4b5a-a3fa-3eab6f3c140a",
              "Mail.ReadBasic.All": "693c5e45-0940-467d-9b8a-1022fb9d42ef",
              "Mail.ReadWrite": "e2a3a72e-5f79-4c64-b1b1-878b674786c9",
              "Mail.Send": "b633e1c5-b582-4048-a93e-9f11b44c7e96",
              "MailboxFolder.Read.All": "99280d24-a782-4793-93cc-0888549957f6",
              "MailboxFolder.ReadWrite.All": "fef87b92-8391-4589-9da7-eb93dab7dc8a",
              "MailboxItem.ImportExport.All": "76577085-e73d-4f1d-b26a-85fb33892327",
              "MailboxItem.Read.All": "7d9f353d-a7bd-4fbb-822a-26d5dd39a3ce",
              "MailboxSettings.Read": "40f97065-369a-49f4-947c-6a255697ae91",
              "MailboxSettings.ReadWrite": "6931bccd-447a-43d1-b442-00a195474933",
              "Member.Read.Hidden": "658aa5d8-239f-45c4-aa12-864f4fc7e490",
              "MultiTenantOrganization.Read.All": "4f994bc0-31bb-44bb-b480-7a7c1be8c02e",
              "MultiTenantOrganization.ReadBasic.All": "f9c2b2a7-3895-4b2e-80f6-c924b456e50b",
              "MultiTenantOrganization.ReadWrite.All": "920def01-ca61-4d2d-b3df-105b46046a70",
              "MutualTlsOauthConfiguration.Read.All": "6daaff82-2880-496d-9d80-57e8e31195e2",
              "MutualTlsOauthConfiguration.ReadWrite.All": "78bbf8cf-07d8-45ba-b0eb-1a7b48efbcf1",
              "NetworkAccess-Reports.Read.All": "40049381-3cc1-42af-94ec-5ce755db4b0d",
              "NetworkAccess.Read.All": "e30060de-caa5-4331-99d3-6ac6c966a9a4",
              "NetworkAccess.ReadWrite.All": "b10642fc-a6cf-4c46-87f9-e1f96c2a18aa",
              "NetworkAccessBranch.Read.All": "39ae4a24-1ef0-49e8-9d63-2a66f5c39edd",
              "NetworkAccessBranch.ReadWrite.All": "8137102d-ec16-4191-aaf8-7aeda8026183",
              "NetworkAccessPolicy.Read.All": "8a3d36bf-cb46-4bcc-bec9-8d92829dab84",
              "NetworkAccessPolicy.ReadWrite.All": "f0c341be-8348-4989-8e43-660324294538",
              "Notes.Read.All": "3aeca27b-ee3a-4c2b-8ded-80376e2134a4",
              "Notes.ReadWrite.All": "0c458cef-11f3-48c2-a568-c66751c238c0",
              "OnPremDirectorySynchronization.Read.All": "bb70e231-92dc-4729-aff5-697b3f04be95",
              "OnPremDirectorySynchronization.ReadWrite.All": "c22a92cc-79bf-4bb1-8b6c-e0a05d3d80ce",
              "OnPremisesPublishingProfiles.ReadWrite.All": "0b57845e-aa49-4e6f-8109-ce654fffa618",
              "OnlineMeetingAiInsight.Read.All": "c0cf7895-985f-42d4-a693-b618f36674ad",
              "OnlineMeetingAiInsight.Read.Chat": "01892c31-3b66-4bcf-b5f5-bf0a03d5ed9f",
              "OnlineMeetingArtifact.Read.All": "df01ed3b-eb61-4eca-9965-6b3d789751b2",
              "OnlineMeetingRecording.Read.All": "a4a08342-c95d-476b-b943-97e100569c8d",
              "OnlineMeetingTranscript.Read.All": "a4a80d8d-d283-4bd8-8504-555ec3870630",
              "OnlineMeetings.Read.All": "c1684f21-1984-47fa-9d61-2dc8c296bb70",
              "OnlineMeetings.ReadWrite.All": "b8bb2037-6e08-44ac-a4ea-4674e010e2a4",
              "OrgContact.Read.All": "e1a88a34-94c4-4418-be12-c87b00e26bea",
              "OrgSettings-AppsAndServices.Read.All": "56c84fa9-ea1f-4a15-90f2-90ef41ece2c9",
              "OrgSettings-AppsAndServices.ReadWrite.All": "4a8e4191-c1c8-45f8-b801-f9a1a5ee6ad3",
              "OrgSettings-DynamicsVoice.Read.All": "c18ae2dc-d9f3-4495-a93f-18980a0e159f",
              "OrgSettings-DynamicsVoice.ReadWrite.All": "c3f1cc32-8bbd-4ab6-bd33-f270e0d9e041",
              "OrgSettings-Forms.Read.All": "434d7c66-07c6-4b1f-ab21-417cf2cdaaca",
              "OrgSettings-Forms.ReadWrite.All": "2cb92fee-97a3-4034-8702-24a6f5d0d1e9",
              "OrgSettings-Microsoft365Install.Read.All": "6cdf1fb1-b46f-424f-9493-07247caa22e2",
              "OrgSettings-Microsoft365Install.ReadWrite.All": "83f7232f-763c-47b2-a097-e35d2cbe1da5",
              "OrgSettings-Todo.Read.All": "e4d9cd09-d858-4363-9410-abb96737f0cf",
              "OrgSettings-Todo.ReadWrite.All": "5febc9da-e0d0-4576-bd13-ae70b2179a39",
              "Organization.Read.All": "498476ce-e0fe-48b0-b801-37ba7e2685c6",
              "Organization.ReadWrite.All": "292d869f-3427-49a8-9dab-8c70152b74e9",
              "OrganizationalBranding.Read.All": "eb76ac34-0d62-4454-b97c-185e4250dc20",
              "OrganizationalBranding.ReadWrite.All": "d2ebfbc1-a5f8-424b-83a6-56ab5927a73c",
              "PartnerBilling.Read.All": "7c3e1994-38ff-4412-a99b-9369f6bb7706",
              "PartnerSecurity.Read.All": "21ffa320-2e7f-47d3-a466-7ff04d2dd68d",
              "PartnerSecurity.ReadWrite.All": "04a2c935-5b4b-474a-be42-11f53111f271",
              "PendingExternalUserProfile.Read.All": "bdfb26d9-bb36-49be-9b4c-b8cbf4b05808",
              "PendingExternalUserProfile.ReadWrite.All": "8363c2b8-6ff7-420b-9966-c5884c2d48bc",
              "People.Read.All": "b528084d-ad10-4598-8b93-929746b4d7d6",
              "PeopleSettings.Read.All": "ef02f2e7-e22d-4c77-8614-8f765683b86e",
              "PeopleSettings.ReadWrite.All": "b6890674-9dd5-4e42-bb15-5af07f541ae1",
              "Place.Read.All": "913b9306-0ce1-42b8-9137-6a7df690a760",
              "PlaceDevice.Read.All": "8b724a84-ceac-4fd9-897e-e31ba8f2d7a3",
              "PlaceDevice.ReadWrite.All": "2d510721-5c4e-43cd-bfdb-ac0f8819fb92",
              "PlaceDeviceTelemetry.ReadWrite.All": "27fc435f-44e2-4b30-bf3c-e0ce74aed618",
              "Policy.Read.All": "246dd0d5-5bd0-4def-940b-0421030a5b68",
              "Policy.Read.AuthenticationMethod": "8e3bc81b-d2f3-4b7b-838c-32c88218d2f0",
              "Policy.Read.ConditionalAccess": "37730810-e9ba-4e46-b07e-8ca78d182097",
              "Policy.Read.DeviceConfiguration": "bdba4817-6ba1-4a7c-8a01-be9bc7c242dd",
              "Policy.Read.IdentityProtection": "b21b72f6-4e6a-4533-9112-47eea9f97b28",
              "Policy.Read.PermissionGrant": "9e640839-a198-48fb-8b9a-013fd6f6cbcd",
              "Policy.ReadWrite.AccessReview": "77c863fd-06c0-47ce-a7eb-49773e89d319",
              "Policy.ReadWrite.ApplicationConfiguration": "be74164b-cff1-491c-8741-e671cb536e13",
              "Policy.ReadWrite.AuthenticationFlows": "25f85f3c-f66c-4205-8cd5-de92dd7f0cec",
              "Policy.ReadWrite.AuthenticationMethod": "29c18626-4985-4dcd-85c0-193eef327366",
              "Policy.ReadWrite.Authorization": "fb221be6-99f2-473f-bd32-01c6a0e9ca3b",
              "Policy.ReadWrite.ConditionalAccess": "01c0a623-fc9b-48e9-b794-0756f8e8f067",
              "Policy.ReadWrite.ConsentRequest": "999f8c63-0a38-4f1b-91fd-ed1947bdd1a9",
              "Policy.ReadWrite.CrossTenantAccess": "338163d7-f101-4c92-94ba-ca46fe52447c",
              "Policy.ReadWrite.CrossTenantCapability": "a6325ae7-2b73-4dbd-abed-fbeacfbf8696",
              "Policy.ReadWrite.DeviceConfiguration": "230fb2d5-aa21-49c1-bfa7-ae1be179d867",
              "Policy.ReadWrite.ExternalIdentities": "03cc4f92-788e-4ede-b93f-199424d144a5",
              "Policy.ReadWrite.FeatureRollout": "2044e4f1-e56c-435b-925c-44cd8f6ba89a",
              "Policy.ReadWrite.FedTokenValidation": "90bbca0b-227c-4cdc-8083-1c6cfb95bac6",
              "Policy.ReadWrite.IdentityProtection": "2dcf8603-09eb-4078-b1ec-d30a1a76b873",
              "Policy.ReadWrite.PermissionGrant": "a402ca1c-2696-4531-972d-6e5ee4aa11ea",
              "Policy.ReadWrite.SecurityDefaults": "1c6e93a6-28e2-4cbb-9f64-1a46a821124d",
              "Policy.ReadWrite.TrustFramework": "79a677f7-b79d-40d0-a36a-3e6f8688dd7a",
              "Presence.Read.All": "a70e0c2d-e793-494c-94c4-118fa0a67f42",
              "Presence.ReadWrite.All": "83cded22-8297-4ff6-a7fa-e97e9545a259",
              "PrintJob.Manage.All": "58a52f47-9e36-4b17-9ebe-ce4ef7f3e6c8",
              "PrintJob.Read.All": "ac6f956c-edea-44e4-bd06-64b1b4b9aec9",
              "PrintJob.ReadBasic.All": "fbf67eee-e074-4ef7-b965-ab5ce1c1f689",
              "PrintJob.ReadWrite.All": "5114b07b-2898-4de7-a541-53b0004e2e13",
              "PrintJob.ReadWriteBasic.All": "57878358-37f4-4d3a-8c20-4816e0d457b1",
              "PrintSettings.Read.All": "b5991872-94cf-4652-9765-29535087c6d8",
              "PrintTaskDefinition.ReadWrite.All": "456b71a7-0ee0-4588-9842-c123fcc8f664",
              "Printer.Read.All": "9709bb33-4549-49d4-8ed9-a8f65e45bb0f",
              "Printer.ReadWrite.All": "f5b3f73d-6247-44df-a74c-866173fddab0",
              "PrivilegedAccess.Read.AzureAD": "4cdc2547-9148-4295-8d11-be0db1391d6b",
              "PrivilegedAccess.Read.AzureADGroup": "01e37dc9-c035-40bd-b438-b2879c4870a6",
              "PrivilegedAccess.Read.AzureResources": "5df6fe86-1be0-44eb-b916-7bd443a71236",
              "PrivilegedAccess.ReadWrite.AzureAD": "854d9ab1-6657-4ec8-be45-823027bcd009",
              "PrivilegedAccess.ReadWrite.AzureADGroup": "2f6817f8-7b12-4f0f-bc18-eeaf60705a9e",
              "PrivilegedAccess.ReadWrite.AzureResources": "6f9d5abc-2db6-400b-a267-7de22a40fb87",
              "PrivilegedAssignmentSchedule.Read.AzureADGroup": "cd4161cb-f098-48f8-a884-1eda9a42434c",
              "PrivilegedAssignmentSchedule.ReadWrite.AzureADGroup": "41202f2c-f7ab-45be-b001-85c9728b9d69",
              "PrivilegedAssignmentSchedule.Remove.AzureADGroup": "55d1104b-3821-413d-b3ca-e2393d333cd3",
              "PrivilegedEligibilitySchedule.Read.AzureADGroup": "edb419d6-7edc-42a3-9345-509bfdf5d87c",
              "PrivilegedEligibilitySchedule.ReadWrite.AzureADGroup": "618b6020-bca8-4de6-99f6-ef445fa4d857",
              "PrivilegedEligibilitySchedule.Remove.AzureADGroup": "55745561-7572-4314-a737-a2c2a1b0dd2e",
              "ProfilePhoto.Read.All": "e24d31aa-e1ab-4c80-85fe-23018690335d",
              "ProfilePhoto.ReadWrite.All": "27baa7f6-5dfb-4ba8-b1d3-1e812c143013",
              "ProgramControl.Read.All": "eedb7fdd-7539-4345-a38b-4839e4a84cbd",
              "ProgramControl.ReadWrite.All": "60a901ed-09f7-4aa5-a16e-7dd3d6f9de36",
              "ProtectionScopes.Compute.All": "e5a76501-dbb0-492c-ab55-5d09e8837263",
              "ProtectionScopes.Compute.User": "fe696d63-5e1f-4515-8232-cccc316903c6",
              "ProvisioningLog.Read.All": "091937d3-3e38-47a1-8649-b2f99d3035f1",
              "PublicKeyInfrastructure.Read.All": "214fda0c-514a-4650-b037-b562b1a66124",
              "PublicKeyInfrastructure.ReadWrite.All": "a2b63618-5350-462d-b1b3-ba6eb3684e26",
              "QnA.Read.All": "ee49e170-1dd1-4030-b44c-61ad6e98f743",
              "RecordsManagement.Read.All": "ac3a2b8e-03a3-4da9-9ce0-cbe28bf1accd",
              "RecordsManagement.ReadWrite.All": "eb158f57-df43-4751-8b21-b8932adb3d34",
              "ReportSettings.Read.All": "ee353f83-55ef-4b78-82da-555bfa2b4b95",
              "ReportSettings.ReadWrite.All": "2a60023f-3219-47ad-baa4-40e17cd02a1d",
              "Reports.Read.All": "230c1aed-a721-4c5d-9cb4-a90514e508ef",
              "ResourceSpecificPermissionGrant.ReadForChat.All": "2ff643d8-43e4-4a9b-88c1-86cb4a4b4c2f",
              "ResourceSpecificPermissionGrant.ReadForTeam.All": "ad4600ae-d900-42cb-a9a2-2415d05593d0",
              "ResourceSpecificPermissionGrant.ReadForUser.All": "acfca4d5-f49f-40ed-9648-84068b474c73",
              "RiskPreventionProviders.Read.All": "2a6baefd-edea-4ff6-b24e-bebcaa27a50d",
              "RiskPreventionProviders.ReadWrite.All": "7fc7225d-eb37-4c39-90f3-a33a57cf1081",
              "RoleAssignmentSchedule.Read.Directory": "d5fe8ce8-684c-4c83-a52c-46e882ce4be1",
              "RoleAssignmentSchedule.ReadWrite.Directory": "dd199f4a-f148-40a4-a2ec-f0069cc799ec",
              "RoleAssignmentSchedule.Remove.Directory": "d3495511-98b7-4df3-b317-4e35c19f6129",
              "RoleEligibilitySchedule.Read.Directory": "ff278e11-4a33-4d0c-83d2-d01dc58929a5",
              "RoleEligibilitySchedule.ReadWrite.Directory": "fee28b28-e1f3-4841-818e-2704dc62245f",
              "RoleEligibilitySchedule.Remove.Directory": "79c7e69c-0d9f-4eff-97a8-49170a5a08ba",
              "RoleManagement.Read.All": "c7fbd983-d9aa-4fa7-84b8-17382c103bc4",
              "RoleManagement.Read.CloudPC": "031a549a-bb80-49b6-8032-2068448c6a3c",
              "RoleManagement.Read.Defender": "4d6e30d1-e64e-4ae7-bf9d-c706cc928cef",
              "RoleManagement.Read.Directory": "483bed4a-2ad3-4361-a73b-c83ccdbdc53c",
              "RoleManagement.Read.Exchange": "c769435f-f061-4d0b-8ff1-3d39870e5f85",
              "RoleManagement.ReadWrite.CloudPC": "274d0592-d1b6-44bd-af1d-26d259bcb43a",
              "RoleManagement.ReadWrite.Defender": "8b7e8c0a-7e9d-4049-97ec-04b5e1bcaf05",
              "RoleManagement.ReadWrite.Directory": "9e3f62cf-ca93-4989-b6ce-bf83c28f9fe8",
              "RoleManagement.ReadWrite.Exchange": "025d3225-3f02-4882-b4c0-cd5b541a4e80",
              "RoleManagementAlert.Read.Directory": "ef31918f-2d50-4755-8943-b8638c0a077e",
              "RoleManagementAlert.ReadWrite.Directory": "11059518-d6a6-4851-98ed-509268489c4a",
              "RoleManagementPolicy.Read.AzureADGroup": "69e67828-780e-47fd-b28c-7b27d14864e6",
              "RoleManagementPolicy.Read.Directory": "fdc4c997-9942-4479-bfcb-75a36d1138df",
              "RoleManagementPolicy.ReadWrite.AzureADGroup": "b38dcc4d-a239-4ed6-aa84-6c65b284f97c",
              "RoleManagementPolicy.ReadWrite.Directory": "31e08e0a-d3f7-4ca2-ac39-7343fb83e8ad",
              "Schedule-WorkingTime.ReadWrite.All": "0b21c159-dbf4-4dbb-a6f6-490e412c716e",
              "Schedule.Read.All": "7b2ebf90-d836-437f-b90d-7b62722c4456",
              "Schedule.ReadWrite.All": "b7760610-0545-4e8a-9ec3-cce9e63db01c",
              "SchedulePermissions.ReadWrite.All": "7239b71d-b402-4150-b13d-78ecfe8df441",
              "SearchConfiguration.Read.All": "ada977a5-b8b1-493b-9a91-66c206d76ecf",
              "SearchConfiguration.ReadWrite.All": "0e778b85-fefa-466d-9eec-750569d92122",
              "SecurityActions.Read.All": "5e0edab9-c148-49d0-b423-ac253e121825",
              "SecurityActions.ReadWrite.All": "f2bf083f-0179-402a-bedb-b2784de8a49b",
              "SecurityAlert.Read.All": "472e4a4d-bb4a-4026-98d1-0b0d74cb74a5",
              "SecurityAlert.ReadWrite.All": "ed4fca05-be46-441f-9803-1873825f8fdb",
              "SecurityAnalyzedMessage.Read.All": "b48f7ac2-044d-4281-b02f-75db744d6f5f",
              "SecurityAnalyzedMessage.ReadWrite.All": "04c55753-2244-4c25-87fc-704ab82a4f69",
              "SecurityEvents.Read.All": "bf394140-e372-4bf9-a898-299cfc7564e5",
              "SecurityEvents.ReadWrite.All": "d903a879-88e0-4c09-b0c9-82f6a1333f84",
              "SecurityIdentitiesAccount.Read.All": "c5bc96f5-b4a1-4cfc-8189-d5f0d772278f",
              "SecurityIdentitiesActions.ReadWrite.All": "af2bf46f-7bf1-4be3-8bad-e17e279e8462",
              "SecurityIdentitiesHealth.Read.All": "f8dcd971-5d83-4e1e-aa95-ef44611ad351",
              "SecurityIdentitiesHealth.ReadWrite.All": "ab03ddd5-7ae4-4f2e-8af8-86654f7e0a27",
              "SecurityIdentitiesSensors.Read.All": "5f0ffea2-f474-4cf2-9834-61cda2bcea5c",
              "SecurityIdentitiesSensors.ReadWrite.All": "d4dcee6d-0774-412a-b06c-aeabbd99e816",
              "SecurityIdentitiesUserActions.Read.All": "3e5d0bee-973f-4736-a123-4e1ab146f3a8",
              "SecurityIdentitiesUserActions.ReadWrite.All": "b4146a3a-dd4f-4af4-8d91-7cc0eef3d041",
              "SecurityIncident.Read.All": "45cc0394-e837-488b-a098-1918f48d186c",
              "SecurityIncident.ReadWrite.All": "34bf0e97-1971-4929-b999-9e2442d941d7",
              "SensitivityLabel.Evaluate": "57f0b71b-a759-45a0-9a0f-cc099fbd9a44",
              "SensitivityLabel.Evaluate.All": "986fa56a-6680-4aac-af09-4d1765376739",
              "SensitivityLabel.Read": "3b8e7aad-f6e3-4299-83f8-6fc6a5777f0b",
              "SensitivityLabels.Read.All": "e46a01e9-b2cf-4d89-8424-bcdc6dd445ab",
              "ServiceActivity-Exchange.Read.All": "2b655018-450a-4845-81e7-d603b1ebffdb",
              "ServiceActivity-Microsoft365Web.Read.All": "c766cb16-acc4-4663-ba09-6eedef5876c5",
              "ServiceActivity-OneDrive.Read.All": "57b4f899-b8c5-47c7-bdd3-c410c55602b7",
              "ServiceActivity-Teams.Read.All": "4dfee10b-fa4a-41b5-b34d-ccf54cc0c394",
              "ServiceHealth.Read.All": "79c261e0-fe76-4144-aad5-bdc68fbe4037",
              "ServiceMessage.Read.All": "1b620472-6534-4fe6-9df2-4680e8aa28ec",
              "ServicePrincipalEndpoint.Read.All": "5256681e-b7f6-40c0-8447-2d9db68797a0",
              "ServicePrincipalEndpoint.ReadWrite.All": "89c8469c-83ad-45f7-8ff2-6e3d4285709e",
              "SharePointTenantSettings.Read.All": "83d4163d-a2d8-4d3b-9695-4ae3ca98f888",
              "SharePointTenantSettings.ReadWrite.All": "19b94e34-907c-4f43-bde9-38b1909ed408",
              "ShortNotes.Read.All": "0c7d31ec-31ca-4f58-b6ec-9950b6b0de69",
              "ShortNotes.ReadWrite.All": "842c284c-763d-4a97-838d-79787d129bab",
              "SignInIdentifier.Read.All": "28e1fe78-598f-4df4-b55e-18bf34218925",
              "SignInIdentifier.ReadWrite.All": "7fc588a2-ea2d-4d1f-bcf7-33c324b149b8",
              "Sites.Archive.All": "e3530185-4080-478c-a4ab-39322704df58",
              "Sites.FullControl.All": "a82116e5-55eb-4c41-a434-62fe8a61c773",
              "Sites.Manage.All": "0c0bf378-bf22-4481-8f81-9e89a9b4960a",
              "Sites.Read.All": "332a536c-c7ef-4017-ab91-336970924f0d",
              "Sites.ReadWrite.All": "9492366f-7969-46a4-8d15-ed1a20078fff",
              "Sites.Selected": "883ea226-0bf2-4a8f-9f9d-92c9162a727d",
              "SpiffeTrustDomain.Read.All": "dcdfc277-41fd-4d68-ad0c-c3057235bd8e",
              "SpiffeTrustDomain.ReadWrite.All": "17b78cfd-eeff-447d-8bab-2795af00055a",
              "Storyline.ReadWrite.All": "6eff534b-699e-44d9-af61-a4182f0ec37e",
              "SubjectRightsRequest.Read.All": "ee1460f0-368b-4153-870a-4e1ca7e72c42",
              "SubjectRightsRequest.ReadWrite.All": "8387eaa4-1a3c-41f5-b261-f888138e6041",
              "Synchronization.Read.All": "5ba43d2f-fa88-4db2-bd1c-a67c5f0fb1ce",
              "Synchronization.ReadWrite.All": "9b50c33d-700f-43b1-b2eb-87e89b703581",
              "SynchronizationData-User.Upload": "db31e92a-b9ea-4d87-bf6a-75a37a9ca35a",
              "SynchronizationData-User.Upload.OwnedBy": "25c32ff3-849a-494b-b94f-20a8ac4e6774",
              "Tasks.Read.All": "f10e1f91-74ed-437f-a6fd-d6ae88e26c1f",
              "Tasks.ReadWrite.All": "44e666d1-d276-445b-a5fc-8815eeb81d55",
              "Team.Create": "23fc2474-f741-46ce-8465-674744c5c361",
              "Team.ReadBasic.All": "2280dda6-0bfd-44ee-a2f4-cb867cfc4c1e",
              "TeamMember.Read.All": "660b7406-55f1-41ca-a0ed-0b035e182f3e",
              "TeamMember.ReadWrite.All": "0121dc95-1b9f-4aed-8bac-58c5ac466691",
              "TeamMember.ReadWriteNonOwnerRole.All": "4437522e-9a86-4a41-a7da-e380edd4a97d",
              "TeamSettings.Read.All": "242607bd-1d2c-432c-82eb-bdb27baa23ab",
              "TeamSettings.ReadWrite.All": "bdd80a03-d9bc-451d-b7c4-ce7c63fe3c8f",
              "TeamTemplates.Read.All": "6323133e-1f6e-46d4-9372-ac33a0870636",
              "TeamsActivity.Read.All": "70dec828-f620-4914-aa83-a29117306807",
              "TeamsActivity.Send": "a267235f-af13-44dc-8385-c1dc93023186",
              "TeamsAppInstallation.ManageSelectedForChat.All": "22b74aab-d9e4-46f7-9424-f24b42307227",
              "TeamsAppInstallation.ManageSelectedForTeam.All": "b448d252-1f26-4227-b6ff-21ab510975a2",
              "TeamsAppInstallation.ManageSelectedForUser.All": "e97a9235-5b3c-43c4-b37d-6786a173fae4",
              "TeamsAppInstallation.Read.All": "0fdf35a5-82f8-41ff-9ded-0b761cc73512",
              "TeamsAppInstallation.ReadForChat.All": "cc7e7635-2586-41d6-adaa-a8d3bcad5ee5",
              "TeamsAppInstallation.ReadForTeam.All": "1f615aea-6bf9-4b05-84bd-46388e138537",
              "TeamsAppInstallation.ReadForUser.All": "9ce09611-f4f7-4abd-a629-a05450422a97",
              "TeamsAppInstallation.ReadSelectedForChat.All": "53d40ddb-9b27-4c97-b800-985be6041990",
              "TeamsAppInstallation.ReadSelectedForTeam.All": "93c6a289-70fd-489e-a053-6cf8f7d772f6",
              "TeamsAppInstallation.ReadSelectedForUser.All": "44fb0e7c-1f9a-47f1-bb9e-7f92d48ed288",
              "TeamsAppInstallation.ReadWriteAndConsentForChat.All": "6e74eff9-4a21-45d6-bc03-3a20f61f8281",
              "TeamsAppInstallation.ReadWriteAndConsentForTeam.All": "b0c13be0-8e20-4bc5-8c55-963c23a39ce9",
              "TeamsAppInstallation.ReadWriteAndConsentForUser.All": "32ca478f-f89e-41d0-aaf8-101deb7da510",
              "TeamsAppInstallation.ReadWriteAndConsentSelfForChat.All": "ba1ba90b-2d8f-487e-9f16-80728d85bb5c",
              "TeamsAppInstallation.ReadWriteAndConsentSelfForTeam.All": "1e4be56c-312e-42b8-a2c9-009600d732c0",
              "TeamsAppInstallation.ReadWriteAndConsentSelfForUser.All": "a87076cf-6abd-4e56-8559-4dbdf41bef96",
              "TeamsAppInstallation.ReadWriteForChat.All": "9e19bae1-2623-4c4f-ab6e-2664615ff9a0",
              "TeamsAppInstallation.ReadWriteForTeam.All": "5dad17ba-f6cc-4954-a5a2-a0dcc95154f0",
              "TeamsAppInstallation.ReadWriteForUser.All": "74ef0291-ca83-4d02-8c7e-d2391e6a444f",
              "TeamsAppInstallation.ReadWriteSelectedForChat.All": "25bbeaad-04be-4207-83ed-a263aae76ddf",
              "TeamsAppInstallation.ReadWriteSelectedForTeam.All": "7b5823ae-d0f2-424d-b90c-d843ffada7d9",
              "TeamsAppInstallation.ReadWriteSelectedForUser.All": "650a76ec-4118-4b25-9d3a-1f98048a5ee0",
              "TeamsAppInstallation.ReadWriteSelfForChat.All": "73a45059-f39c-4baf-9182-4954ac0e55cf",
              "TeamsAppInstallation.ReadWriteSelfForTeam.All": "9f67436c-5415-4e7f-8ac1-3014a7132630",
              "TeamsAppInstallation.ReadWriteSelfForUser.All": "908de74d-f8b2-4d6b-a9ed-2a17b3b78179",
              "TeamsPolicyUserAssign.ReadWrite.All": "1801e8f4-cf09-4c4e-a1b5-036dfcca6c90",
              "TeamsResourceAccount.Read.All": "b55aa226-33a1-4396-bcf4-edce5e7a31c1",
              "TeamsTab.Create": "49981c42-fd7b-4530-be03-e77b21aed25e",
              "TeamsTab.Read.All": "46890524-499a-4bb2-ad64-1476b4f3e1cf",
              "TeamsTab.ReadWrite.All": "a96d855f-016b-47d7-b51c-1218a98d791c",
              "TeamsTab.ReadWriteForChat.All": "fd9ce730-a250-40dc-bd44-8dc8d20f39ea",
              "TeamsTab.ReadWriteForTeam.All": "6163d4f4-fbf8-43da-a7b4-060fe85ed148",
              "TeamsTab.ReadWriteForUser.All": "425b4b59-d5af-45c8-832f-bb0b7402348a",
              "TeamsTab.ReadWriteSelfForChat.All": "9f62e4a2-a2d6-4350-b28b-d244728c4f86",
              "TeamsTab.ReadWriteSelfForTeam.All": "91c32b81-0ef0-453f-a5c7-4ce2e562f449",
              "TeamsTab.ReadWriteSelfForUser.All": "3c42dec6-49e8-4a0a-b469-36cff0d9da93",
              "TeamsTelephoneNumber.Read.All": "39b17d18-680c-41f4-b9c2-5f30629e7cb6",
              "TeamsTelephoneNumber.ReadWrite.All": "0a42382f-155c-4eb1-9bdc-21548ccaa387",
              "TeamsUserConfiguration.Read.All": "a91eadaf-2c3c-4362-908b-fb172d208fc6",
              "Teamwork.Migrate.All": "dfb0dd15-61de-45b2-be36-d6a69fba3c79",
              "Teamwork.Read.All": "75bcfbce-a647-4fba-ad51-b63d73b210f4",
              "TeamworkAppSettings.Read.All": "475ebe88-f071-4bd7-af2b-642952bd4986",
              "TeamworkAppSettings.ReadWrite.All": "ab5b445e-8f10-45f4-9c79-dd3f8062cc4e",
              "TeamworkDevice.Read.All": "0591bafd-7c1c-4c30-a2a5-2b9aacb1dfe8",
              "TeamworkDevice.ReadWrite.All": "79c02f5b-bd4f-4713-bc2c-a8a4a66e127b",
              "TeamworkTag.Read.All": "b74fd6c4-4bde-488e-9695-eeb100e4907f",
              "TeamworkTag.ReadWrite.All": "a3371ca5-911d-46d6-901c-42c8c7a937d8",
              "TermStore.Read.All": "ea047cc2-df29-4f3e-83a3-205de61501ca",
              "TermStore.ReadWrite.All": "f12eb8d6-28e3-46e6-b2c0-b7e4dc69fc95",
              "ThreatAssessment.Read.All": "f8f035bb-2cce-47fb-8bf5-7baf3ecbee48",
              "ThreatHunting.Read.All": "dd98c7f5-2d42-42d3-a0e4-633161547251",
              "ThreatIndicators.Read.All": "197ee4e9-b993-4066-898f-d6aecc55125b",
              "ThreatIndicators.ReadWrite.OwnedBy": "21792b6c-c986-4ffc-85de-df9da54b52fa",
              "ThreatIntelligence.Read.All": "e0b77adb-e790-44a3-b0a0-257d06303687",
              "ThreatSubmission.Read.All": "86632667-cd15-4845-ad89-48a88e8412e1",
              "ThreatSubmission.ReadWrite.All": "d72bdbf4-a59b-405c-8b04-5995895819ac",
              "ThreatSubmissionPolicy.ReadWrite.All": "926a6798-b100-4a20-a22f-a4918f13951d",
              "TrustFrameworkKeySet.Read.All": "fff194f1-7dce-4428-8301-1badb5518201",
              "TrustFrameworkKeySet.ReadWrite.All": "4a771c9a-1cf2-4609-b88e-3d3e02d539cd",
              "User-ConvertToInternal.ReadWrite.All": "9d952b72-f741-4b40-9185-8c53076c2339",
              "User-LifeCycleInfo.Read.All": "8556a004-db57-4d7a-8b82-97a13428e96f",
              "User-LifeCycleInfo.ReadWrite.All": "925f1248-0f97-47b9-8ec8-538c54e01325",
              "User-Mail.ReadWrite.All": "280d0935-0796-47d1-8d26-273470a3f17a",
              "User-PasswordProfile.ReadWrite.All": "cc117bb9-00cf-4eb8-b580-ea2a878fe8f7",
              "User-Phone.ReadWrite.All": "86ceff06-c822-49ff-989a-d912845ffe69",
              "User.DeleteRestore.All": "eccc023d-eccf-4e7b-9683-8813ab36cecc",
              "User.EnableDisableAccount.All": "3011c876-62b7-4ada-afa2-506cbbecc68c",
              "User.Export.All": "405a51b5-8d8d-430b-9842-8be4b0e9f324",
              "User.Invite.All": "09850681-111b-4a89-9bed-3f2cae46d706",
              "User.ManageIdentities.All": "c529cfca-c91b-489c-af2b-d92990b66ce6",
              "User.Read.All": "df021288-bdef-4463-88db-98f22de89214",
              "User.ReadBasic.All": "97235f07-e226-4f63-ace3-39588e11d3a1",
              "User.ReadWrite.All": "741f803b-c850-494e-b5df-cde7c675a1ca",
              "User.ReadWrite.CrossCloud": "5652f862-b626-407b-a3e6-248aeb95763c",
              "User.RevokeSessions.All": "77f3a031-c388-4f99-b373-dc68676a979e",
              "UserAuthMethod-Passkey.Read.All": "72e00c1d-3e3d-43bb-a0b9-c435611bb1d2",
              "UserAuthMethod-Passkey.ReadWrite.All": "0400e371-7db1-4338-a269-96069eb65227",
              "UserAuthenticationMethod.Read.All": "38d9df27-64da-44fd-b7c5-a6fbac20248f",
              "UserAuthenticationMethod.ReadWrite.All": "50483e42-d915-4231-9639-7fdb7fd190e5",
              "UserNotification.ReadWrite.CreatedByApp": "4e774092-a092-48d1-90bd-baad67c7eb47",
              "UserShiftPreferences.Read.All": "de023814-96df-4f53-9376-1e2891ef5a18",
              "UserShiftPreferences.ReadWrite.All": "d1eec298-80f3-49b0-9efb-d90e224798ac",
              "UserTeamwork.Read.All": "fbcd7ef1-df0d-4e05-bb28-93424a89c6df",
              "VirtualAppointment.Read.All": "d4f67ec2-59b5-4bdc-b4af-d78f6f9c1954",
              "VirtualAppointment.ReadWrite.All": "bf46a256-f47d-448f-ab78-f226fff08d40",
              "VirtualAppointmentNotification.Send": "97e45b36-1250-48e4-bd70-2df6dab7e94a",
              "VirtualEvent.Read.All": "1dccb351-c4e4-4e09-a8d1-7a9ecbf027cc",
              "VirtualEventRegistration-Anon.ReadWrite.All": "23211fc1-f9d1-4e8e-8e9e-08a5d0a109bb",
              "WindowsUpdates.ReadWrite.All": "7dd1be58-6e76-4401-bf8d-31d1e8180d5b",
              "WorkforceIntegration.Read.All": "f10b94b9-37d1-4c88-8b7e-bf75a1152d39",
              "WorkforceIntegration.ReadWrite.All": "202bf709-e8e6-478e-bcfd-5d63c50b68e3",
              "eDiscovery.Read.All": "50180013-6191-4d1e-a373-e590ff4e66af",
              "eDiscovery.ReadWrite.All": "b2620db1-3bf7-4c5b-9cb9-576d29eac736"
            },
            "app_roles": [
              {
                "allowed_member_types": [
                  "Application"
                ],
                "description": "Allows the app to read access reviews, reviewers, decisions and settings in the organization, without a signed-in user.",
                "display_name": "Read all access reviews",
                "enabled": true,
                "id": "d07a8cc0-3d51-4b77-b3b0-32704d1f69fa",
                "value": "AccessReview.Read.All"
              },
              {
                "allowed_member_types": [
                  "Application"
                ],
                "description": "Allows the app to read, update, delete and perform actions on access reviews, reviewers, decisions and settings in the organization, without a signed-in user.",
                "display_name": "Manage all access reviews",
                "enabled": true,
                "id": "ef5f7d5c-338f-44b0-86c3-351f46c8bb5f",
                "value": "AccessReview.ReadWrite.All"
              },
              {
                "allowed_member_types": [
                  "Application"
                ],
                "description": "Allows the app to read, update, delete and perform actions on access reviews, reviewers, decisions and settings in the organization for group and app memberships, without a signed-in user.",
                "display_name": "Manage access reviews for group and app memberships",
                "enabled": true,
                "id": "18228521-a591-40f1-b215-5fad4488c117",
                "value": "AccessReview.ReadWrite.Membership"
              },
              {
                "allowed_member_types": [
                  "Application"
                ],
                "description": "Allows an app to read all acronyms without a signed-in user.",
                "display_name": "Read all acronyms",
                "enabled": true,
                "id": "8c0aed2c-0c61-433d-b63c-6370ddc73248",
                "value": "Acronym.Read.All"
              },
              {
                "allowed_member_types": [
                  "Application"
                ],
                "description": "Allows the app to read administrative units and administrative unit membership without a signed-in user.",
                "display_name": "Read all administrative units",
                "enabled": true,
                "id": "134fd756-38ce-4afd-ba33-e9623dbe66c2",
                "value": "AdministrativeUnit.Read.All"
              },
              {
                "allowed_member_types": [
                  "Application"
                ],
                "description": "Allows the app to create, read, update, and delete administrative units and manage administrative unit membership without a signed-in user.",
                "display_name": "Read and write all administrative units",
                "enabled": true,
                "id": "5eb59dd3-1da2-4329-8733-9dabdc435916",
                "value": "AdministrativeUnit.ReadWrite.All"
              },
              {
                "allowed_member_types": [
                  "Application"
                ],
                "description": "Allows creating new agent applications and their associated service principals.",
                "display_name": "Create agent applications.",
                "enabled": true,
                "id": "2f479c7e-27df-4053-826b-57d8ce55be3e",
                "value": "AgentApplication.Create"
              },
              {
                "allowed_member_types": [
                  "Application"
                ],
                "description": "Allows the app to create linked agent identities without a signed-in user.",
                "display_name": "Create agent identities linked to itself.",
                "enabled": true,
                "id": "2c4c43c7-1903-4658-a911-b8f2bb31e32e",
                "value": "AgentIdentity.Create"
              },
              {
                "allowed_member_types": [
                  "Application"
                ],
                "description": "Allows the app to read terms of use agreements, without a signed in user.",
                "display_name": "Read all terms of use agreements",
                "enabled": true,
                "id": "2f3e6f8c-093b-4c57-a58b-ba5ce494a169",
                "value": "Agreement.Read.All"
              },
              {
                "allowed_member_types": [
                  "Application"
                ],
                "description": "Allows the app to read and write terms of use agreements, without a signed in user.",
                "display_name": "Read and write all terms of use agreements",
                "enabled": true,
                "id": "c9090d00-6101-42f0-a729-c41074260d47",
                "value": "Agreement.ReadWrite.All"
              },
              {
                "allowed_member_types": [
                  "Application"
                ],
                "description": "Allows the app to read terms of use acceptance statuses, without a signed in user.",
                "display_name": "Read all terms of use acceptance statuses",
                "enabled": true,
                "id": "d8e4ec18-f6c0-4620-8122-c8b1f2bf400e",
                "value": "AgreementAcceptance.Read.All"
              },
              {
                "allowed_member_types": [
                  "Application"
                ],
                "description": "Allows the app to read all AI enterprise interactions.",
                "display_name": "Read all AI enterprise interactions.",
                "enabled": true,
                "id": "839c90ab-5771-41ee-aef8-a562e8487c1e",
                "value": "AiEnterpriseInteraction.Read.All"
              },
              {
                "allowed_member_types": [
                  "Application"
                ],
                "description": "Allows the app to read the API connectors used in user authentication flows, without a signed-in user.",
                "display_name": "Read API connectors for authentication flows",
                "enabled": true,
                "id": "b86848a7-d5b1-41eb-a9b4-54a4e6306e97",
                "value": "APIConnectors.Read.All"
              },
              {
                "allowed_member_types": [
                  "Application"
                ],
                "description": "Allows the app to read, create and manage the API connectors used in user authentication flows, without a signed-in user.",
                "display_name": "Read and write API connectors for authentication flows",
                "enabled": true,
                "id": "1dfe531a-24a6-4f1b-80f4-7a0dc5a0a171",
                "value": "APIConnectors.ReadWrite.All"
              },
              {
                "allowed_member_types": [
                  "Application"
                ],
                "description": "Allows the app to read apps in the app catalogs without a signed-in user.",
                "display_name": "Read all app catalogs",
                "enabled": true,
                "id": "e12dae10-5a57-4817-b79d-dfbec5348930",
                "value": "AppCatalog.Read.All"
              },
              {
                "allowed_member_types": [
                  "Application"
                ],
                "description": "Allows the app to create, read, update, and delete apps in the app catalogs without a signed-in user.",
                "display_name": "Read and write to all app catalogs",
                "enabled": true,
                "id": "dc149144-f292-421e-b185-5953f2e98d7f",
                "value": "AppCatalog.ReadWrite.All"
              },
              {
                "allowed_member_types": [
                  "Application"
                ],
                "description": "Allows the app to read and write the remote desktop security configuration for all apps in your organization, without a signed-in user.",
                "display_name": "Read and write the remote desktop security configuration for all apps",
                "enabled": true,
                "id": "3be0012a-cc4e-426b-895b-f9c836bf6381",
                "value": "Application-RemoteDesktopConfig.ReadWrite.All"
              },
              {
                "allowed_member_types": [
                  "Application"
                ],
                "description": "Allows the app to read all applications and service principals without a signed-in user.",
                "display_name": "Read all applications",
                "enabled": true,
                "id": "9a5d68dd-52b0-4cc2-bd40-abcf44ac3a30",
                "value": "Application.Read.All"
              },
              {
                "allowed_member_types": [
                  "Application"
                ],
                "description": "Allows the app to create, read, update and delete applications and service principals without a signed-in user.  Does not allow management of consent grants.",
                "display_name": "Read and write all applications",
                "enabled": true,
                "id": "1bfefb4e-e0b5-418b-a88f-73c46d2cc8e9",
                "value": "Application.ReadWrite.All"
              },
              {
                "allowed_member_types": [
                  "Application"
                ],
                "description": "Allows the app to create other applications, and fully manage those applications (read, update, update application secrets and delete), without a signed-in user.  It cannot update any apps that it is not an owner of.",
                "display_name": "Manage apps that this app creates or owns",
                "enabled": true,
                "id": "18a4783c-866b-4cc7-a460-3d5e5662c884",
                "value": "Application.ReadWrite.OwnedBy"
              },
              {
                "allowed_member_types": [
                  "Application"
                ],
                "description": "Allows the app to manage permission grants for application permissions to any API (including Microsoft Graph) and application assignments for any app, without a signed-in user.",
                "display_name": "Manage app permission grants and app role assignments",
                "enabled": true,
                "id": "06b708a9-e830-4db3-a914-8e69da51d44f",
                "value": "AppRoleAssignment.ReadWrite.All"
              },
              {
                "allowed_member_types": [
                  "Application"
                ],
                "description": "Allows the app to read all approvals and approval item subscriptions, without a signed-in user.",
                "display_name": "Read all approvals",
                "enabled": true,
                "id": "9f265de7-8d5e-4e9a-a805-5e8bbc49656f",
                "value": "ApprovalSolution.Read.All"
              },
              {
                "allowed_member_types": [
                  "Application"
                ],
                "description": "Allows the app to read all approvals and create, update, or remove approval item subscriptions, without a signed-in user.",
                "display_name": "Read all approvals and manage approval subscriptions",
                "enabled": true,
                "id": "45583558-1113-4d06-8969-e79a28edc9ad",
                "value": "ApprovalSolution.ReadWrite.All"
              },
              {
                "allowed_member_types": [
                  "Application"
                ],
                "description": "Allows the app to read attack simulation and training data for an organization without a signed-in user.",
                "display_name": "Read attack simulation data of an organization",
                "enabled": true,
                "id": "93283d0a-6322-4fa8-966b-8c121624760d",
                "value": "AttackSimulation.Read.All"
              },
              {
                "allowed_member_types": [
                  "Application"
                ],
                "description": "Allows the app to read, create, and update attack simulation and training data for an organization without a signed-in user.",
                "display_name": "Read, create, and update all attack simulation data of an organization",
                "enabled": true,
                "id": "e125258e-8c8a-42a8-8f55-ab502afa52f3",
                "value": "AttackSimulation.ReadWrite.All"
              },
              {
                "allowed_member_types": [
                  "Application"
                ],
                "description": "Read activity audit log from the audit store.",
                "display_name": "Read activity audit log from the audit store.",
                "enabled": true,
                "id": "99bc85fb-e857-4220-9f8c-3a1c83148d2e",
                "value": "AuditActivity.Read"
              },
              {
                "allowed_member_types": [
                  "Application"
                ],
                "description": "Allows the application to upload bulk activity audit logs to the audit store.",
                "display_name": "Upload activity audit logs to the audit store.",
                "enabled": true,
                "id": "f6318678-2713-4bb6-b123-233e7336c1bd",
                "value": "AuditActivity.Write"
              },
              {
                "allowed_member_types": [
                  "Application"
                ],
                "description": "Allows the app to read and query your audit log activities, without a signed-in user.",
                "display_name": "Read all audit log data",
                "enabled": true,
                "id": "b0afded3-3588-46d8-8b3d-9842eff778da",
                "value": "AuditLog.Read.All"
              },
              {
                "allowed_member_types": [
                  "Application"
                ],
                "description": "Allows the app to read and query audit logs from Dynamics CRM workload, without a signed-in user",
                "display_name": "Read audit logs data from Dynamics CRM workload",
                "enabled": true,
                "id": "20e6f8e4-ffac-4cf7-82f7-70ddb7564318",
                "value": "AuditLogsQuery-CRM.Read.All"
              },
              {
                "allowed_member_types": [
                  "Application"
                ],
                "description": "Allows the app to read and query audit logs from Endpoint Data Loss Prevention workload, without a signed-in user",
                "display_name": "Read audit logs data from Endpoint Data Loss Prevention workload",
                "enabled": true,
                "id": "0bc85aed-7b0b-437a-bac8-3b29a1b84c99",
                "value": "AuditLogsQuery-Endpoint.Read.All"
              },
              {
                "allowed_member_types": [
                  "Application"
                ],
                "description": "Allows the app to read and query audit logs from Entra (Azure AD) workload, without a signed-in user",
                "display_name": "Read audit logs data from Entra (Azure AD) workload",
                "enabled": true,
                "id": "7276d950-48fc-4269-8348-f22f2bb296d0",
                "value": "AuditLogsQuery-Entra.Read.All"
              },
              {
                "allowed_member_types": [
                  "Application"
                ],
                "description": "Allows the app to read and query audit logs from Exchange workload, without a signed-in user",
                "display_name": "Read audit logs data from Exchange workload",
                "enabled": true,
                "id": "6b0d2622-d34e-4470-935b-b96550e5ca8d",
                "value": "AuditLogsQuery-Exchange.Read.All"
              },
              {
                "allowed_member_types": [
                  "Application"
                ],
                "description": "Allows the app to read and query audit logs from OneDrive workload, without a signed-in user",
                "display_name": "Read audit logs data from OneDrive workload",
                "enabled": true,
                "id": "8a169a81-841c-45fd-ad43-96aede8801a0",
                "value": "AuditLogsQuery-OneDrive.Read.All"
              },
              {
                "allowed_member_types": [
                  "Application"
                ],
                "description": "Allows the app to read and query audit logs from SharePoint workload, without a signed-in user",
                "display_name": "Read audit logs data from SharePoint workload",
                "enabled": true,
                "id": "91c64a47-a524-4fce-9bf3-3d569a344ecf",
                "value": "AuditLogsQuery-SharePoint.Read.All"
              },
              {
                "allowed_member_types": [
                  "Application"
                ],
                "description": "Allows the app to read and query audit logs from all services.",
                "display_name": "Read audit logs data from all services",
                "enabled": true,
                "id": "5e1e9171-754d-478c-812c-f1755a9a4c2d",
                "value": "AuditLogsQuery.Read.All"
              },
              {
                "allowed_member_types": [
                  "Application"
                ],
                "description": "Allows the app to read the authentication context information in your organization without a signed-in user.",
                "display_name": "Read all authentication context information",
                "enabled": true,
                "id": "381f742f-e1f8-4309-b4ab-e3d91ae4c5c1",
                "value": "AuthenticationContext.Read.All"
              },
              {
                "allowed_member_types": [
                  "Application"
                ],
                "description": "Allows the app to read and update the authentication context information in your organization without a signed-in user.",
                "display_name": "Read and write all authentication context information",
                "enabled": true,
                "id": "a88eef72-fed0-4bf7-a2a9-f19df33f8b83",
                "value": "AuthenticationContext.ReadWrite.All"
              },
              {
                "allowed_member_types": [
                  "Application"
                ],
                "description": "Allows the app to read all backup configurations, and lists of Microsoft 365 service resources to be backed-up, without a signed-in user.",
                "display_name": "Read all backup configuration policies",
                "enabled": true,
                "id": "5fbb5982-3230-4882-93c0-2167523ce0c2",
                "value": "BackupRestore-Configuration.Read.All"
              },
              {
                "allowed_member_types": [
                  "Application"
                ],
                "description": "Allows the app to read and update the backup configuration, and list of Microsoft 365 service resources to be backed-up, without a signed-in user.",
                "display_name": "Read and edit all backup configuration policies",
                "enabled": true,
                "id": "18133149-5489-40ac-80f0-4b6fa85f6cdc",
                "value": "BackupRestore-Configuration.ReadWrite.All"
              },
              {
                "allowed_member_types": [
                  "Application"
                ],
                "description": "Allows the app to read the status of M365 backup service (enable/disable), without signed in user",
                "display_name": "Read the status of the M365 backup service",
                "enabled": true,
                "id": "6fe20a79-0e15-45a1-b019-834c125993a0",
                "value": "BackupRestore-Control.Read.All"
              },
              {
                "allowed_member_types": [
                  "Application"
                ],
                "description": "Allows the app to update or read the status of M365 backup service (enable/disable), without signed in user",
                "display_name": "Update or read the status of the M365 backup service",
                "enabled": true,
                "id": "fb240865-88f8-4a1d-923f-98dbc7920860",
                "value": "BackupRestore-Control.ReadWrite.All"
              },
              {
                "allowed_member_types": [
                  "Application"
                ],
                "description": "Allows the app to monitor all backup and restore jobs, view quota usage and billing details, without a signed-in user.",
                "display_name": "Read all monitoring, quota and billing information for the tenant",
                "enabled": true,
                "id": "ecae8511-f2d7-4be4-bdbf-91f244d45986",
                "value": "BackupRestore-Monitor.Read.All"
              },
              {
                "allowed_member_types": [
                  "Application"
                ],
                "description": "Allows the app to read all restore sessions, without a signed-in user.",
                "display_name": "Read all restore sessions",
                "enabled": true,
                "id": "87853aa5-0372-4710-b34b-cef27bb7156e",
                "value": "BackupRestore-Restore.Read.All"
              },
              {
                "allowed_member_types": [
                  "Application"
                ],
                "description": "Allows the app to search all backup snapshots for Microsoft 365 resources, and restore Microsoft 365 resources from a backed-up snapshot, without a signed-in user.",
                "display_name": "Read restore all sessions and start restore sessions from backups",
                "enabled": true,
                "id": "bebd0841-a3d8-4313-a51d-731112c8ee41",
                "value": "BackupRestore-Restore.ReadWrite.All"
              },
              {
                "allowed_member_types": [
                  "Application"
                ],
                "description": "Allows the app to search all backup snapshots for Microsoft 365 resources, without a signed-in user.",
                "display_name": "Search for metadata properties in all backup snapshots",
                "enabled": true,
                "id": "f6135c51-c766-4be1-9638-ed90c2ed2443",
                "value": "BackupRestore-Search.Read.All"
              },
              {
                "allowed_member_types": [
                  "Application"
                ],
                "description": "Allows the app to read and write the billing configuration on all applications without a signed-in user.",
                "display_name": "Read and write application billing configuration",
                "enabled": true,
                "id": "9e8be751-7eee-4c09-bcfd-d64f6b087fd8",
                "value": "BillingConfiguration.ReadWrite.All"
              },
              {
                "allowed_member_types": [
                  "Application"
                ],
                "description": "Allows an app to read BitLocker keys for all devices, without a signed-in user. Allows read of the recovery key.",
                "display_name": "Read all BitLocker keys",
                "enabled": true,
                "id": "57f1cf28-c0c4-4ec3-9a30-19a2eaaf2f6e",
                "value": "BitlockerKey.Read.All"
              },
              {
                "allowed_member_types": [
                  "Application"
                ],
                "description": "Allows an app to read basic BitLocker key properties for all devices, without a signed-in user. Does not allow read of the recovery key.",
                "display_name": "Read all BitLocker keys basic information",
                "enabled": true,
                "id": "f690d423-6b29-4d04-98c6-694c42282419",
                "value": "BitlockerKey.ReadBasic.All"
              },
              {
                "allowed_member_types": [
                  "Application"
                ],
                "description": "Allows an app to read, write and manage bookings appointments, businesses, customers, services, and staff on behalf of the signed-in user.",
                "display_name": "Manage bookings information",
                "enabled": true,
                "id": "6b22000a-1228-42ec-88db-b8c00399aecb",
                "value": "Bookings.Manage.All"
              },
              {
                "allowed_member_types": [
                  "Application"
                ],
                "description": "Allows an app to read Bookings appointments, businesses, customers, services, and staff without a signed-in user.  ",
                "display_name": "Read all Bookings related resources.",
                "enabled": true,
                "id": "6e98f277-b046-4193-a4f2-6bf6a78cd491",
                "value": "Bookings.Read.All"
              },
              {
                "allowed_member_types": [
                  "Application"
                ],
                "description": "Allows an app to read and write bookings appointments, businesses, customers, services, and staff on behalf of the signed-in user. Does not allow create, delete and publish of booking businesses.",
                "display_name": "Read and write bookings information",
                "enabled": true,
                "id": "0c4b2d20-7919-468d-8668-c54b09d4dee8",
                "value": "Bookings.ReadWrite.All"
              },
              {
                "allowed_member_types": [
                  "Application"
                ],
                "description": "Allows an app to read and write Bookings appointments and customers, and additionally allows reading businesses, services, and staff without a signed-in user.",
                "display_name": "Read and write all Bookings related resources.",
                "enabled": true,
                "id": "9769393e-5a9f-4302-9e3d-7e018ecb64a7",
                "value": "BookingsAppointment.ReadWrite.All"
              },
              {
                "allowed_member_types": [
                  "Application"
                ],
                "description": "Allows an app to read all bookmarks without a signed-in user.",
                "display_name": "Read all bookmarks",
                "enabled": true,
                "id": "be95e614-8ef3-49eb-8464-1c9503433b86",
                "value": "Bookmark.Read.All"
              },
              {
                "allowed_member_types": [
                  "Application"
                ],
                "description": "Allows an app to read all browser site lists configured for your organization, without a signed-in user.",
                "display_name": "Read all browser site lists for your organization",
                "enabled": true,
                "id": "c5ee1f21-fc7f-4937-9af0-c91648ff9597",
                "value": "BrowserSiteLists.Read.All"
              },
              {
                "allowed_member_types": [
                  "Application"
                ],
                "description": "Allows an app to read and write all browser site lists configured for your organization, without a signed-in user.",
                "display_name": "Read and write all browser site lists for your organization",
                "enabled": true,
                "id": "8349ca94-3061-44d5-9bfb-33774ea5e4f9",
                "value": "BrowserSiteLists.ReadWrite.All"
              },
              {
                "allowed_member_types": [
                  "Application"
                ],
                "description": "Allows the app to read the configurations of business scenarios it owns, without a signed-in user.",
                "display_name": "Read all business scenario configurations this app creates or owns",
                "enabled": true,
                "id": "acc0fc4d-2cd6-4194-8700-1768d8423d86",
                "value": "BusinessScenarioConfig.Read.OwnedBy"
              },
              {
                "allowed_member_types": [
                  "Application"
                ],
                "description": "Allows the app to create new business scenarios and fully manage the configurations of scenarios it owns, without a signed-in user.",
                "display_name": "Read and write all business scenario configurations this app creates or owns",
                "enabled": true,
                "id": "bbea195a-4c47-4a4f-bff2-cba399e11698",
                "value": "BusinessScenarioConfig.ReadWrite.OwnedBy"
              },
              {
                "allowed_member_types": [
                  "Application"
                ],
                "description": "Allows the app to read the data associated with the business scenarios it owns, without a signed-in user.",
                "display_name": "Read data for all business scenarios this app creates or owns",
                "enabled": true,
                "id": "6c0257fd-cffe-415b-8239-2d0d70fdaa9c",
                "value": "BusinessScenarioData.Read.OwnedBy"
              },
              {
                "allowed_member_types": [
                  "Application"
                ],
                "description": "Allows the app to fully manage the data associated with the business scenarios it owns, without a signed-in user.",
                "display_name": "Read and write data for all business scenarios this app creates or owns",
                "enabled": true,
                "id": "f2d21f22-5d80-499e-91cc-0a8a4ce16f54",
                "value": "BusinessScenarioData.ReadWrite.OwnedBy"
              },
              {
                "allowed_member_types": [
                  "Application"
                ],
                "description": "Allows the app to read events of all calendars without a signed-in user.",
                "display_name": "Read calendars in all mailboxes",
                "enabled": true,
                "id": "798ee544-9d2d-430c-a058-570e29e34338",
                "value": "Calendars.Read"
              },
              {
                "allowed_member_types": [
                  "Application"
                ],
                "description": "Allows the app to read events of all calendars, except for properties such as body, attachments, and extensions, without a signed-in user.",
                "display_name": "Read basic details of calendars in all mailboxes ",
                "enabled": true,
                "id": "8ba4a692-bc31-4128-9094-475872af8a53",
                "value": "Calendars.ReadBasic.All"
              },
              {
                "allowed_member_types": [
                  "Application"
                ],
                "description": "Allows the app to create, read, update, and delete events of all calendars without a signed-in user.",
                "display_name": "Read and write calendars in all mailboxes",
                "enabled": true,
                "id": "ef54d2bf-783f-4e0f-bca1-3210c0444d99",
                "value": "Calendars.ReadWrite"
              },
              {
                "allowed_member_types": [
                  "Application"
                ],
                "description": "Allows the app to read delegation settings of you",
                "display_name": "Read delegation settings",
                "enabled": true,
                "id": "5aa33e77-b893-495e-bdc5-4bf6f27d42a0",
                "value": "CallDelegation.Read.All"
              },
              {
                "allowed_member_types": [
                  "Application"
                ],
                "description": "Allows the app to read and write delegation settings of you",
                "display_name": "Read and write delegation settings",
                "enabled": true,
                "id": "8d06abce-e69b-4122-ba60-4f901bb1db2f",
                "value": "CallDelegation.ReadWrite.All"
              },
              {
                "allowed_member_types": [
                  "Application"
                ],
                "description": "Allows the app to read emergency call event information for all users in your organization without a signed-in user.",
                "display_name": "Read all emergency call events",
                "enabled": true,
                "id": "f0a35f91-2aa6-4a99-9d5a-5b6bcb66204e",
                "value": "CallEvents-Emergency.Read.All"
              },
              {
                "allowed_member_types": [
                  "Application"
                ],
                "description": "Allows the app to read call event information for all users in your organization, without a signed-in user.",
                "display_name": "Read all call events",
                "enabled": true,
                "id": "1abb026f-7572-49f6-9ddd-ad61cbba181e",
                "value": "CallEvents.Read.All"
              },
              {
                "allowed_member_types": [
                  "Application"
                ],
                "description": "Allows the app to read all PSTN and direct routing call log data without a signed-in user.",
                "display_name": "Read PSTN and direct routing call log data",
                "enabled": true,
                "id": "a2611786-80b3-417e-adaa-707d4261a5f0",
                "value": "CallRecord-PstnCalls.Read.All"
              },
              {
                "allowed_member_types": [
                  "Application"
                ],
                "description": "Allows the app to read call records for all calls and online meetings without a signed-in user.",
                "display_name": "Read all call records",
                "enabled": true,
                "id": "45bbb07e-7321-4fd7-a8f6-3ff27e6a81c8",
                "value": "CallRecords.Read.All"
              },
              {
                "allowed_member_types": [
                  "Application"
                ],
                "description": "Allows the app to get direct access to media streams in a call, without a signed-in user.",
                "display_name": "Access media streams in a call as an app",
                "enabled": true,
                "id": "a7a681dc-756e-4909-b988-f160edc6655f",
                "value": "Calls.AccessMedia.All"
              },
              {
                "allowed_member_types": [
                  "Application"
                ],
                "description": "Allows the app to place outbound calls to a single user and transfer calls to users in your organization’s directory, without a signed-in user.",
                "display_name": "Initiate outgoing 1 to 1 calls from the app",
                "enabled": true,
                "id": "284383ee-7f6e-4e40-a2a8-e85dcb029101",
                "value": "Calls.Initiate.All"
              },
              {
                "allowed_member_types": [
                  "Application"
                ],
                "description": "Allows the app to place outbound calls to multiple users and add participants to meetings in your organization, without a signed-in user.",
                "display_name": "Initiate outgoing group calls from the app",
                "enabled": true,
                "id": "4c277553-8a09-487b-8023-29ee378d8324",
                "value": "Calls.InitiateGroupCall.All"
              },
              {
                "allowed_member_types": [
                  "Application"
                ],
                "description": "Allows the app to join group calls and scheduled meetings in your organization, without a signed-in user.  The app will be joined with the privileges of a directory user to meetings in your organization.",
                "display_name": "Join group calls and meetings as an app",
                "enabled": true,
                "id": "f6b49018-60ab-4f81-83bd-22caeabfed2d",
                "value": "Calls.JoinGroupCall.All"
              },
              {
                "allowed_member_types": [
                  "Application"
                ],
                "description": "Allows the app to anonymously join group calls and scheduled meetings in your organization, without a signed-in user.  The app will be joined as a guest to meetings in your organization.",
                "display_name": "Join group calls and meetings as a guest",
                "enabled": true,
                "id": "fd7ccf6b-3d28-418b-9701-cd10f5cd2fd4",
                "value": "Calls.JoinGroupCallAsGuest.All"
              },
              {
                "allowed_member_types": [
                  "Application"
                ],
                "description": "Allows to read all Change Management items.",
                "display_name": "Read Change Management items",
                "enabled": true,
                "id": "418dae40-2b65-4819-900c-519a04e4d278",
                "value": "ChangeManagement.Read.All"
              },
              {
                "allowed_member_types": [
                  "Application"
                ],
                "description": "Create channels in any team, without a signed-in user.",
                "display_name": "Create channels",
                "enabled": true,
                "id": "f3a65bd4-b703-46df-8f7e-0174fea562aa",
                "value": "Channel.Create"
              },
              {
                "allowed_member_types": [
                  "Application"
                ],
                "description": "Delete channels in any team, without a signed-in user.",
                "display_name": "Delete channels",
                "enabled": true,
                "id": "6a118a39-1227-45d4-af0c-ea7b40d210bc",
                "value": "Channel.Delete.All"
              },
              {
                "allowed_member_types": [
                  "Application"
                ],
                "description": "Read all channel names and channel descriptions, without a signed-in user.",
                "display_name": "Read the names and descriptions  of all channels",
                "enabled": true,
                "id": "59a6b24b-4225-4393-8165-ebaec5f55d7a",
                "value": "Channel.ReadBasic.All"
              },
              {
                "allowed_member_types": [
                  "Application"
                ],
                "description": "Read the members of all channels, without a signed-in user.",
                "display_name": "Read the members of all channels",
                "enabled": true,
                "id": "3b55498e-47ec-484f-8136-9013221c06a9",
                "value": "ChannelMember.Read.All"
              },
              {
                "allowed_member_types": [
                  "Application"
                ],
                "description": "Add and remove members from all channels, without a signed-in user. Also allows changing a member's role, for example from owner to non-owner.",
                "display_name": "Add and remove members from all channels",
                "enabled": true,
                "id": "35930dcf-aceb-4bd1-b99a-8ffed403c974",
                "value": "ChannelMember.ReadWrite.All"
              },
              {
                "allowed_member_types": [
                  "Application"
                ],
                "description": "Allows the app to read all channel messages in Microsoft Teams",
                "display_name": "Read all channel messages",
                "enabled": true,
                "id": "7b2449af-6ccd-4f4d-9f78-e550c193f0d1",
                "value": "ChannelMessage.Read.All"
              },
              {
                "allowed_member_types": [
                  "Application"
                ],
                "description": "Allows the app to update Microsoft Teams channel messages by patching a set of Data Loss Prevention (DLP) policy violation properties to handle the output of DLP processing.",
                "display_name": "Flag channel messages for violating policy",
                "enabled": true,
                "id": "4d02b0cc-d90b-441f-8d82-4fb55c34d6bb",
                "value": "ChannelMessage.UpdatePolicyViolation.All"
              },
              {
                "allowed_member_types": [
                  "Application"
                ],
                "description": "Read all channel names, channel descriptions, and channel settings, without a signed-in user.",
                "display_name": "Read the names, descriptions, and settings of all channels",
                "enabled": true,
                "id": "c97b873f-f59f-49aa-8a0e-52b32d762124",
                "value": "ChannelSettings.Read.All"
              },
              {
                "allowed_member_types": [
                  "Application"
                ],
                "description": "Read and write the names, descriptions, and settings of all channels, without a signed-in user.",
                "display_name": "Read and write the names, descriptions, and settings of all channels",
                "enabled": true,
                "id": "243cded2-bd16-4fd6-a953-ff8177894c3d",
                "value": "ChannelSettings.ReadWrite.All"
              },
              {
                "allowed_member_types": [
                  "Application"
                ],
                "description": "Allows the app to create chats without a signed-in user. ",
                "display_name": "Create chats",
                "enabled": true,
                "id": "d9c48af6-9ad9-47ad-82c3-63757137b9af",
                "value": "Chat.Create"
              },
              {
                "allowed_member_types": [
                  "Application"
                ],
                "description": "Allows the app to delete and recover deleted chats, without a signed-in user.",
                "display_name": "Delete and recover deleted chats",
                "enabled": true,
                "id": "9c7abde0-eacd-4319-bf9e-35994b1a1717",
                "value": "Chat.ManageDeletion.All"
              },
              {
                "allowed_member_types": [
                  "Application"
                ],
                "description": "Allows the app to read all 1-to-1 or group chat messages in Microsoft Teams.",
                "display_name": "Read all chat messages",
                "enabled": true,
                "id": "6b7d71aa-70aa-4810-a8d9-5d9fb2830017",
                "value": "Chat.Read.All"
              },
              {
                "allowed_member_types": [
                  "Application"
                ],
                "description": "Allows the app to read all one-to-one or group chat messages in Microsoft Teams for chats where the associated Teams application is installed, without a signed-in user.",
                "display_name": "Read all chat messages for chats where the associated Teams application is installed.",
                "enabled": true,
                "id": "1c1b4c8e-3cc7-4c58-8470-9b92c9d5848b",
                "value": "Chat.Read.WhereInstalled"
              },
              {
                "allowed_member_types": [
                  "Application"
                ],
                "description": "Read names and members of all one-to-one and group chats in Microsoft Teams, without a signed-in user.",
                "display_name": "Read names and members of all chat threads",
                "enabled": true,
                "id": "b2e060da-3baf-4687-9611-f4ebc0f0cbde",
                "value": "Chat.ReadBasic.All"
              },
              {
                "allowed_member_types": [
                  "Application"
                ],
                "description": "Allows the app to read names and members of all one-to-one and group chats in Microsoft Teams where the associated Teams application is installed, without a signed-in user.",
                "display_name": "Read names and members of all chat threads where the associated Teams application is installed.",
                "enabled": true,
                "id": "818ba5bd-5b3e-4fe0-bbe6-aa4686669073",
                "value": "Chat.ReadBasic.WhereInstalled"
              },
              {
                "allowed_member_types": [
                  "Application"
                ],
                "description": "Allows an app to read and write all chat messages in Microsoft Teams, without a signed-in user.",
                "display_name": "Read and write all chat messages",
                "enabled": true,
                "id": "294ce7c9-31ba-490a-ad7d-97a7d075e4ed",
                "value": "Chat.ReadWrite.All"
              },
              {
                "allowed_member_types": [
                  "Application"
                ],
                "description": "Allows the app to read and write all chat messages in Microsoft Teams for chats where the associated Teams application is installed, without a signed-in user.",
                "display_name": "Read and write all chat messages for chats where the associated Teams application is installed.",
                "enabled": true,
                "id": "ad73ce80-f3cd-40ce-b325-df12c33df713",
                "value": "Chat.ReadWrite.WhereInstalled"
              },
              {
                "allowed_member_types": [
                  "Application"
                ],
                "description": "Allows the app to update Microsoft Teams 1-to-1 or group chat messages by patching a set of Data Loss Prevention (DLP) policy violation properties to handle the output of DLP processing.",
                "display_name": "Flag chat messages for violating policy",
                "enabled": true,
                "id": "7e847308-e030-4183-9899-5235d7270f58",
                "value": "Chat.UpdatePolicyViolation.All"
              },
              {
                "allowed_member_types": [
                  "Application"
                ],
                "description": "Read the members of all chats, without a signed-in user.",
                "display_name": "Read the members of all chats",
                "enabled": true,
                "id": "a3410be2-8e48-4f32-8454-c29a7465209d",
                "value": "ChatMember.Read.All"
              },
              {
                "allowed_member_types": [
                  "Application"
                ],
                "description": "Allows the app to read the members of all chats where the associated Teams application is installed, without a signed-in user.",
                "display_name": "Read the members of all chats where the associated Teams application is installed.",
                "enabled": true,
                "id": "93e7c9e4-54c5-4a41-b796-f2a5adaacda7",
                "value": "ChatMember.Read.WhereInstalled"
              },
              {
                "allowed_member_types": [
                  "Application"
                ],
                "description": "Add and remove members from all chats, without a signed-in user.",
                "display_name": "Add and remove members from all chats",
                "enabled": true,
                "id": "57257249-34ce-4810-a8a2-a03adf0c5693",
                "value": "ChatMember.ReadWrite.All"
              },
              {
                "allowed_member_types": [
                  "Application"
                ],
                "description": "Allows the app to add and remove members from all chats where the associated Teams application is installed, without a signed-in user.",
                "display_name": "Add and remove members from all chats where the associated Teams application is installed.",
                "enabled": true,
                "id": "e32c2cd9-0124-4e44-88fc-772cd98afbdb",
                "value": "ChatMember.ReadWrite.WhereInstalled"
              },
              {
                "allowed_member_types": [
                  "Application"
                ],
                "description": "Allows the app to read all one-to-one and group chats messages in Microsoft Teams, without a signed-in user.",
                "display_name": "Read all chat messages",
                "enabled": true,
                "id": "b9bb2381-47a4-46cd-aafb-00cb12f68504",
                "value": "ChatMessage.Read.All"
              },
              {
                "allowed_member_types": [
                  "Application"
                ],
                "description": "Allows the app to read all details of discovered cloud apps in the organization, without a signed-in user.",
                "display_name": "Read all discovered cloud applications data",
                "enabled": true,
                "id": "64a59178-dad3-4673-89db-84fdcd622fec",
                "value": "CloudApp-Discovery.Read.All"
              },
              {
                "allowed_member_types": [
                  "Application"
                ],
                "description": "Allows the app to read the properties of Cloud PCs, without a signed-in user.",
                "display_name": "Read Cloud PCs",
                "enabled": true,
                "id": "a9e09520-8ed4-4cde-838e-4fdea192c227",
                "value": "CloudPC.Read.All"
              },
              {
                "allowed_member_types": [
                  "Application"
                ],
                "description": "Allows the app to read and write the properties of Cloud PCs, without a signed-in user.",
                "display_name": "Read and write Cloud PCs",
                "enabled": true,
                "id": "3b4349e1-8cf5-45a3-95b7-69d1751d3e6a",
                "value": "CloudPC.ReadWrite.All"
              },
              {
                "allowed_member_types": [
                  "Application"
                ],
                "description": "Allows the app to list Viva Engage communities, and to read their properties without a signed-in user.",
                "display_name": "Read all Viva Engage communities",
                "enabled": true,
                "id": "407f0cce-3212-441f-9f55-3bc91342cf86",
                "value": "Community.Read.All"
              },
              {
                "allowed_member_types": [
                  "Application"
                ],
                "description": "Allows the app to create Viva Engage communities, read all community properties, update community properties, and delete communities without a signed-in user.",
                "display_name": "Read and write all Viva Engage communities",
                "enabled": true,
                "id": "35d59e32-eab5-4553-9345-abb62b4c703c",
                "value": "Community.ReadWrite.All"
              },
              {
                "allowed_member_types": [
                  "Application"
                ],
                "description": "Allows the app to read all Configuration Monitoring entities, without a signed-in user.",
                "display_name": "Read all Configuration Monitoring entities",
                "enabled": true,
                "id": "aca929ec-9830-44dc-bda1-85cf938aaa95",
                "value": "ConfigurationMonitoring.Read.All"
              },
              {
                "allowed_member_types": [
                  "Application"
                ],
                "description": "Allows the app to read and write all Configuration Monitoring entities, without a signed-in user.",
                "display_name": "Read and write all Configuration Monitoring entities",
                "enabled": true,
                "id": "cfa85bfb-2ee8-4e13-8e7f-489e57a015a1",
                "value": "ConfigurationMonitoring.ReadWrite.All"
              },
              {
                "allowed_member_types": [
                  "Application"
                ],
                "description": "Allows the app to read consent requests and approvals without a signed-in user.",
                "display_name": "Read all consent requests",
                "enabled": true,
                "id": "1260ad83-98fb-4785-abbb-d6cc1806fd41",
                "value": "ConsentRequest.Read.All"
              },
              {
                "allowed_member_types": [
                  "Application"
                ],
                "description": "Allows the app to read app consent requests and approvals, and deny or approve those requests without a signed-in user.",
                "display_name": "Read and write all consent requests",
                "enabled": true,
                "id": "9f1b81a7-0223-4428-bfa4-0bcb5535f27d",
                "value": "ConsentRequest.ReadWrite.All"
              },
              {
                "allowed_member_types": [
                  "Application"
                ],
                "description": "Allows the app to read all contacts in all mailboxes without a signed-in user.",
                "display_name": "Read contacts in all mailboxes",
                "enabled": true,
                "id": "089fe4d0-434a-44c5-8827-41ba8a0b17f5",
                "value": "Contacts.Read"
              },
              {
                "allowed_member_types": [
                  "Application"
                ],
                "description": "Allows the app to create, read, update, and delete all contacts in all mailboxes without a signed-in user.",
                "display_name": "Read and write contacts in all mailboxes",
                "enabled": true,
                "id": "6918b873-d17a-4dc1-b314-35f528134491",
                "value": "Contacts.ReadWrite"
              },
              {
                "allowed_member_types": [
                  "Application"
                ],
                "description": "Allows the app to process and evaluate content for data security, governance and compliance outcomes at tenant scope.",
                "display_name": "Process content for data security, governance and compliance",
                "enabled": true,
                "id": "5ad511bf-571c-4ef6-8c3c-85b94b85df98",
                "value": "Content.Process.All"
              },
              {
                "allowed_member_types": [
                  "Application"
                ],
                "description": "Allows the app to process and evaluate content for data security, governance and compliance outcomes for a user.",
                "display_name": "Process content for data security, governance and compliance",
                "enabled": true,
                "id": "24ceb246-ad29-4680-90b4-3e91ffad15eb",
                "value": "Content.Process.User"
              },
              {
                "allowed_member_types": [
                  "Application"
                ],
                "description": "Read contents activity audit log from the audit store.",
                "display_name": "Read contents activity audit log from the audit store.",
                "enabled": true,
                "id": "368425e7-6954-4f5a-9d92-90b75bd580c9",
                "value": "ContentActivity.Read"
              },
              {
                "allowed_member_types": [
                  "Application"
                ],
                "description": "Allows the application to upload bulk contents activity audit logs to the audit store.",
                "display_name": "Upload content activity audit logs to the audit store.",
                "enabled": true,
                "id": "2932e07a-3c29-44e4-bb36-6d0fc176387f",
                "value": "ContentActivity.Write"
              },
              {
                "allowed_member_types": [
                  "Application"
                ],
                "description": "Allows the application to obtain basic tenant information about another target tenant within the Azure AD ecosystem without a signed-in user.",
                "display_name": "Read cross-tenant basic information",
                "enabled": true,
                "id": "cac88765-0581-4025-9725-5ebc13f729ee",
                "value": "CrossTenantInformation.ReadBasic.All"
              },
              {
                "allowed_member_types": [
                  "Application"
                ],
                "description": "Allows the application to list and query any shared user profile information associated with the current tenant without a signed-in user.  It also permits the application to export external user data (e.g. customer content or system-generated logs), for any user associated with the current tenant without a signed-in user.",
                "display_name": "Read all shared cross-tenant user profiles and export their data",
                "enabled": true,
                "id": "8b919d44-6192-4f3d-8a3b-f86f8069ae3c",
                "value": "CrossTenantUserProfileSharing.Read.All"
              },
              {
                "allowed_member_types": [
                  "Application"
                ],
                "description": "Allows the application to list and query any shared user profile information associated with the current tenant without a signed-in user.  It also permits the application to export and remove external user data (e.g. customer content or system-generated logs), for any user associated with the current tenant without a signed-in user.",
                "display_name": "Read all shared cross-tenant user profiles and export or delete their data",
                "enabled": true,
                "id": "306785c5-c09b-4ba0-a4ee-023f3da165cb",
                "value": "CrossTenantUserProfileSharing.ReadWrite.All"
              },
              {
                "allowed_member_types": [
                  "Application"
                ],
                "description": "Allows the app to read your organization's custom authentication extensions without a signed-in user.",
                "display_name": "Read all custom authentication extensions",
                "enabled": true,
                "id": "88bb2658-5d9e-454f-aacd-a3933e079526",
                "value": "CustomAuthenticationExtension.Read.All"
              },
              {
                "allowed_member_types": [
                  "Application"
                ],
                "description": "Allows the app to read or write your organization's custom authentication extensions without a signed-in user.",
                "display_name": "Read and write all custom authentication extensions",
                "enabled": true,
                "id": "c2667967-7050-4e7e-b059-4cbbb3811d03",
                "value": "CustomAuthenticationExtension.ReadWrite.All"
              },
              {
                "allowed_member_types": [
                  "Application"
                ],
                "description": "Allows custom authentication extensions associated with the app to receive HTTP requests triggered by an authentication event. The request can include information about a user, client and resource service principals, and other information about the authentication.",
                "display_name": "Receive custom authentication extension HTTP requests",
                "enabled": true,
                "id": "214e810f-fda8-4fd7-a475-29461495eb00",
                "value": "CustomAuthenticationExtension.Receive.Payload"
              },
              {
                "allowed_member_types": [
                  "Application"
                ],
                "description": "Allows the app to read custom detection rules without a signed-in user.",
                "display_name": "Read all custom detection rules",
                "enabled": true,
                "id": "673a007a-9e0f-4c97-b066-3c0164486909",
                "value": "CustomDetection.Read.All"
              },
              {
                "allowed_member_types": [
                  "Application"
                ],
                "description": "Allows the app to read and write custom detection rules without a signed-in user.",
                "display_name": "Read and write all custom detection rules",
                "enabled": true,
                "id": "e0fd9c8d-a12e-4cc9-9827-20c8c3cd6fb8",
                "value": "CustomDetection.ReadWrite.All"
              },
              {
                "allowed_member_types": [
                  "Application"
                ],
                "description": "Allows the app to read custom security attribute assignments for all principals in the tenant without a signed in user.",
                "display_name": "Read custom security attribute assignments",
                "enabled": true,
                "id": "3b37c5a4-1226-493d-bec3-5d6c6b866f3f",
                "value": "CustomSecAttributeAssignment.Read.All"
              },
              {
                "allowed_member_types": [
                  "Application"
                ],
                "description": "Allows the app to read and write custom security attribute assignments for all principals in the tenant without a signed in user.",
                "display_name": "Read and write custom security attribute assignments",
                "enabled": true,
                "id": "de89b5e4-5b8f-48eb-8925-29c2b33bd8bd",
                "value": "CustomSecAttributeAssignment.ReadWrite.All"
              },
              {
                "allowed_member_types": [
                  "Application"
                ],
                "description": "Allows the app to read all audit logs for events that contain information about custom security attributes, without a signed-in user.",
                "display_name": "Read all custom security attribute audit logs",
                "enabled": true,
                "id": "2a4f026d-e829-4e84-bdbf-d981a2703059",
                "value": "CustomSecAttributeAuditLogs.Read.All"
              },
              {
                "allowed_member_types": [
                  "Application"
                ],
                "description": "Allows the app to read custom security attribute definitions for the tenant without a signed in user.",
                "display_name": "Read custom security attribute definitions",
                "enabled": true,
                "id": "b185aa14-d8d2-42c1-a685-0f5596613624",
                "value": "CustomSecAttributeDefinition.Read.All"
              },
              {
                "allowed_member_types": [
                  "Application"
                ],
                "description": "Allows the app to read and write custom security attribute definitions for the tenant without a signed in user.",
                "display_name": "Read and write custom security attribute definitions",
                "enabled": true,
                "id": "12338004-21f4-4896-bf5e-b75dfaf1016d",
                "value": "CustomSecAttributeDefinition.ReadWrite.All"
              },
              {
                "allowed_member_types": [
                  "Application"
                ],
                "description": "Allows the app to read the provisioning configuration of all active custom security attributes without a signed-in user.",
                "display_name": "Read the provisioning configuration of all active custom security attributes",
                "enabled": true,
                "id": "9fd1f8bf-a443-4df6-bc2a-5d00c5ec7828",
                "value": "CustomSecAttributeProvisioning.Read.All"
              },
              {
                "allowed_member_types": [
                  "Application"
                ],
                "description": "Allows the app to read and edit the provisioning configuration of all active custom security attributes without a signed-in user.",
                "display_name": "Read and edit the provisioning configuration of all active custom security attributes",
                "enabled": true,
                "id": "1db69e9c-8d0a-498d-a5df-11fd0b68ceab",
                "value": "CustomSecAttributeProvisioning.ReadWrite.All"
              },
              {
                "allowed_member_types": [
                  "Application"
                ],
                "description": "Read custom tags data, without a signed-in user",
                "display_name": "Read all custom tags data",
                "enabled": true,
                "id": "ab8a5872-7c88-47a6-8141-7becce939190",
                "value": "CustomTags.Read.All"
              },
              {
                "allowed_member_types": [
                  "Application"
                ],
                "description": "Read and write custom tags data, without a signed-in user",
                "display_name": "Read and write custom tags data",
                "enabled": true,
                "id": "2f503208-e509-4e39-974c-8cc16e5785c9",
                "value": "CustomTags.ReadWrite.All"
              },
              {
                "allowed_member_types": [
                  "Application"
                ],
                "description": "Allows the app to read details of delegated admin relationships with customers like access details (that includes roles) and the duration as well as specific role assignments to security groups without a signed-in user.",
                "display_name": "Read Delegated Admin relationships with customers",
                "enabled": true,
                "id": "f6e9e124-4586-492f-adc0-c6f96e4823fd",
                "value": "DelegatedAdminRelationship.Read.All"
              },
              {
                "allowed_member_types": [
                  "Application"
                ],
                "description": "Allows the app to manage (create-update-terminate) Delegated Admin relationships with customers and role assignments to security groups for active Delegated Admin relationships without a signed-in user.",
                "display_name": "Manage Delegated Admin relationships with customers",
                "enabled": true,
                "id": "cc13eba4-8cd8-44c6-b4d4-f93237adce58",
                "value": "DelegatedAdminRelationship.ReadWrite.All"
              },
              {
                "allowed_member_types": [
                  "Application"
                ],
                "description": "Allows the app to read all delegated permission grants, without a signed-in user.",
                "display_name": "Read all delegated permission grants",
                "enabled": true,
                "id": "81b4724a-58aa-41c1-8a55-84ef97466587",
                "value": "DelegatedPermissionGrant.Read.All"
              },
              {
                "allowed_member_types": [
                  "Application"
                ],
                "description": "Allows the app to manage permission grants for delegated permissions exposed by any API (including Microsoft Graph), without a signed-in user.",
                "display_name": "Manage all delegated permission grants",
                "enabled": true,
                "id": "8e8e4742-1d95-4f68-9d56-6ee75648c72a",
                "value": "DelegatedPermissionGrant.ReadWrite.All"
              },
              {
                "allowed_member_types": [
                  "Application"
                ],
                "description": "Allows the app to read your organization's devices' configuration information without a signed-in user.",
                "display_name": "Read all devices",
                "enabled": true,
                "id": "7438b122-aefc-4978-80ed-43db9fcc7715",
                "value": "Device.Read.All"
              },
              {
                "allowed_member_types": [
                  "Application"
                ],
                "description": "Allows the app to read and write all device properties without a signed in user.  Does not allow device creation, device deletion or update of device alternative security identifiers.",
                "display_name": "Read and write devices",
                "enabled": true,
                "id": "1138cb37-bd11-4084-a2b7-9f71582aeddb",
                "value": "Device.ReadWrite.All"
              },
              {
                "allowed_member_types": [
                  "Application"
                ],
                "description": "Allows the app to read device local credential properties including passwords, without a signed-in user.",
                "display_name": "Read device local credential passwords",
                "enabled": true,
                "id": "884b599e-4d48-43a5-ba94-15c414d00588",
                "value": "DeviceLocalCredential.Read.All"
              },
              {
                "allowed_member_types": [
                  "Application"
                ],
                "description": "Allows the app to read device local credential properties excluding passwords, without a signed-in user.",
                "display_name": "Read device local credential properties",
                "enabled": true,
                "id": "db51be59-e728-414b-b800-e0f010df1a79",
                "value": "DeviceLocalCredential.ReadBasic.All"
              },
              {
                "allowed_member_types": [
                  "Application"
                ],
                "description": "Allows the app to read the properties, group assignments and status of apps, app configurations and app protection policies managed by Microsoft Intune, without a signed-in user.",
                "display_name": "Read Microsoft Intune apps",
                "enabled": true,
                "id": "7a6ee1e7-141e-4cec-ae74-d9db155731ff",
                "value": "DeviceManagementApps.Read.All"
              },
              {
                "allowed_member_types": [
                  "Application"
                ],
                "description": "Allows the app to read and write the properties, group assignments and status of apps, app configurations and app protection policies managed by Microsoft Intune, without a signed-in user.",
                "display_name": "Read and write Microsoft Intune apps",
                "enabled": true,
                "id": "78145de6-330d-4800-a6ce-494ff2d33d07",
                "value": "DeviceManagementApps.ReadWrite.All"
              },
              {
                "allowed_member_types": [
                  "Application"
                ],
                "description": "Allows the app to read certification authority information without a signed-in user.",
                "display_name": "Read Microsoft Cloud PKI objects",
                "enabled": true,
                "id": "315b6e8c-d92a-4691-919d-00ce76d1344a",
                "value": "DeviceManagementCloudCA.Read.All"
              },
              {
                "allowed_member_types": [
                  "Application"
                ],
                "description": "Allows the app to read and write certification authority information without a signed-in user.",
                "display_name": "Read and write Microsoft Cloud PKI objects",
                "enabled": true,
                "id": "f15eb2ba-ef8a-4f70-991d-da5d045154e2",
                "value": "DeviceManagementCloudCA.ReadWrite.All"
              },
              {
                "allowed_member_types": [
                  "Application"
                ],
                "description": "Allows the app to read properties of Microsoft Intune-managed device configuration and device compliance policies and their assignment to groups, without a signed-in user.",
                "display_name": "Read Microsoft Intune device configuration and policies",
                "enabled": true,
                "id": "dc377aa6-52d8-4e23-b271-2a7ae04cedf3",
                "value": "DeviceManagementConfiguration.Read.All"
              },
              {
                "allowed_member_types": [
                  "Application"
                ],
                "description": "Allows the app to read and write properties of Microsoft Intune-managed device configuration and device compliance policies and their assignment to groups, without a signed-in user.",
                "display_name": "Read and write Microsoft Intune device configuration and policies",
                "enabled": true,
                "id": "9241abd9-d0e6-425a-bd4f-47ba86e767a4",
                "value": "DeviceManagementConfiguration.ReadWrite.All"
              },
              {
                "allowed_member_types": [
                  "Application"
                ],
                "description": "Allows the app to perform remote high impact actions such as wiping the device or resetting the passcode on devices managed by Microsoft Intune, without a signed-in user.",
                "display_name": "Perform user-impacting remote actions on Microsoft Intune devices",
                "enabled": true,
                "id": "5b07b0dd-2377-4e44-a38d-703f09a0dc3c",
                "value": "DeviceManagementManagedDevices.PrivilegedOperations.All"
              },
              {
                "allowed_member_types": [
                  "Application"
                ],
                "description": "Allows the app to read the properties of devices managed by Microsoft Intune, without a signed-in user.",
                "display_name": "Read Microsoft Intune devices",
                "enabled": true,
                "id": "2f51be20-0bb4-4fed-bf7b-db946066c75e",
                "value": "DeviceManagementManagedDevices.Read.All"
              },
              {
                "allowed_member_types": [
                  "Application"
                ],
                "description": "Allows the app to read and write the properties of devices managed by Microsoft Intune, without a signed-in user. Does not allow high impact operations such as remote wipe and password reset on the device’s owner",
                "display_name": "Read and write Microsoft Intune devices",
                "enabled": true,
                "id": "243333ab-4d21-40cb-a475-36241daa0842",
                "value": "DeviceManagementManagedDevices.ReadWrite.All"
              },
              {
                "allowed_member_types": [
                  "Application"
                ],
                "description": "Allows the app to read the properties relating to the Microsoft Intune Role-Based Access Control (RBAC) settings, without a signed-in user.",
                "display_name": "Read Microsoft Intune RBAC settings",
                "enabled": true,
                "id": "58ca0d9a-1575-47e1-a3cb-007ef2e4583b",
                "value": "DeviceManagementRBAC.Read.All"
              },
              {
                "allowed_member_types": [
                  "Application"
                ],
                "description": "Allows the app to read and write the properties relating to the Microsoft Intune Role-Based Access Control (RBAC) settings, without a signed-in user.",
                "display_name": "Read and write Microsoft Intune RBAC settings",
                "enabled": true,
                "id": "e330c4f0-4170-414e-a55a-2f022ec2b57b",
                "value": "DeviceManagementRBAC.ReadWrite.All"
              },
              {
                "allowed_member_types": [
                  "Application"
                ],
                "description": "Allows the app to read Microsoft Intune device compliance scripts, device management scripts, device shell scripts, device custom attribute shell scripts and device health scripts, without a signed-in user.",
                "display_name": "Read Microsoft Intune Scripts",
                "enabled": true,
                "id": "c7a5be92-2b3d-4540-8a67-c96dcaae8b43",
                "value": "DeviceManagementScripts.Read.All"
              },
              {
                "allowed_member_types": [
                  "Application"
                ],
                "description": "Allows the app to read and write Microsoft Intune device compliance scripts, device management scripts, device shell scripts, device custom attribute shell scripts and device health scripts, without a signed-in user.",
                "display_name": "Read and write Microsoft Intune Scripts",
                "enabled": true,
                "id": "9255e99d-faf5-445e-bbf7-cb71482737c4",
                "value": "DeviceManagementScripts.ReadWrite.All"
              },
              {
                "allowed_member_types": [
                  "Application"
                ],
                "description": "Allows the app to read Microsoft Intune service properties including device enrollment and third party service connection configuration, without a signed-in user.",
                "display_name": "Read Microsoft Intune configuration",
                "enabled": true,
                "id": "06a5fe6d-c49d-46a7-b082-56b1b14103c7",
                "value": "DeviceManagementServiceConfig.Read.All"
              },
              {
                "allowed_member_types": [
                  "Application"
                ],
                "description": "Allows the app to read and write Microsoft Intune service properties including device enrollment and third party service connection configuration, without a signed-in user.",
                "display_name": "Read and write Microsoft Intune configuration",
                "enabled": true,
                "id": "5ac13192-7ace-4fcf-b828-1a26f28068ee",
                "value": "DeviceManagementServiceConfig.ReadWrite.All"
              },
              {
                "allowed_member_types": [
                  "Application"
                ],
                "description": "Allows the app to create device templates. The app is marked as owner of the created device template. As a member of owners, the app will be allowed to manage devices created from the template.",
                "display_name": "Create device template",
                "enabled": true,
                "id": "abf6441f-0772-4932-96e7-0191478dd73a",
                "value": "DeviceTemplate.Create"
              },
              {
                "allowed_member_types": [
                  "Application"
                ],
                "description": "Allows the app to read all device templates, without a signed-in user.",
                "display_name": "Read all device templates",
                "enabled": true,
                "id": "dd9febb5-0c6d-419f-b256-3afe12c6adeb",
                "value": "DeviceTemplate.Read.All"
              },
              {
                "allowed_member_types": [
                  "Application"
                ],
                "description": "Allows the app to create, read, update and delete any device template, without a signed-in user. It also allows the app to add or remove owners on any device template.",
                "display_name": "Read and write all device templates",
                "enabled": true,
                "id": "9fadb66e-6421-4744-aede-4ab6fb98a884",
                "value": "DeviceTemplate.ReadWrite.All"
              },
              {
                "allowed_member_types": [
                  "Application"
                ],
                "description": "Allows the app to read data in your organization's directory, such as users, groups and apps, without a signed-in user.",
                "display_name": "Read directory data",
                "enabled": true,
                "id": "7ab1d382-f21e-4acd-a863-ba3e13f7da61",
                "value": "Directory.Read.All"
              },
              {
                "allowed_member_types": [
                  "Application"
                ],
                "description": "Allows the app to read and write data in your organization's directory, such as users, and groups, without a signed-in user.  Does not allow user or group deletion.",
                "display_name": "Read and write directory data",
                "enabled": true,
                "id": "19dbc75e-c2e2-444c-a770-ec69d8559fc7",
                "value": "Directory.ReadWrite.All"
              },
              {
                "allowed_member_types": [
                  "Application"
                ],
                "description": "Allows the app to read all Azure AD recommendations, without a signed-in user.",
                "display_name": "Read all Azure AD recommendations",
                "enabled": true,
                "id": "ae73097b-cb2a-4447-b064-5d80f6093921",
                "value": "DirectoryRecommendations.Read.All"
              },
              {
                "allowed_member_types": [
                  "Application"
                ],
                "description": "Allows the app to read and update all Azure AD recommendations, without a signed-in user.",
                "display_name": "Read and update all Azure AD recommendations",
                "enabled": true,
                "id": "0e9eea12-4f01-45f6-9b8d-3ea4c8144158",
                "value": "DirectoryRecommendations.ReadWrite.All"
              },
              {
                "allowed_member_types": [
                  "Application"
                ],
                "description": "Allows the app to read internal federation configuration for a domain.",
                "display_name": "Read internal federation configuration for a domain.",
                "enabled": true,
                "id": "c0e5a7b0-e8b7-40a7-b8e0-8249e6ea81d5",
                "value": "Domain-InternalFederation.Read.All"
              },
              {
                "allowed_member_types": [
                  "Application"
                ],
                "description": "Allows the app to create, read, update and delete internal federation configuration for a domain.",
                "display_name": "Create, read, update and delete internal federation configuration for a domain.",
                "enabled": true,
                "id": "64d40371-8d58-4270-bc8a-b4a66de36b9a",
                "value": "Domain-InternalFederation.ReadWrite.All"
              },
              {
                "allowed_member_types": [
                  "Application"
                ],
                "description": "Allows the app to read all domain properties without a signed-in user.",
                "display_name": "Read domains",
                "enabled": true,
                "id": "dbb9058a-0e50-45d7-ae91-66909b5d4664",
                "value": "Domain.Read.All"
              },
              {
                "allowed_member_types": [
                  "Application"
                ],
                "description": "Allows the app to read and write all domain properties without a signed in user.  Also allows the app to add,  verify and remove domains.",
                "display_name": "Read and write domains",
                "enabled": true,
                "id": "7e05723c-0bb0-42da-be95-ae9f08a6e53c",
                "value": "Domain.ReadWrite.All"
              },
              {
                "allowed_member_types": [
                  "Application"
                ],
                "description": "Allows the app to read eDiscovery objects such as cases, custodians, review sets and other related objects without a signed-in user.",
                "display_name": "Read all eDiscovery objects",
                "enabled": true,
                "id": "50180013-6191-4d1e-a373-e590ff4e66af",
                "value": "eDiscovery.Read.All"
              },
              {
                "allowed_member_types": [
                  "Application"
                ],
                "description": "Allows the app to read and write eDiscovery objects such as cases, custodians, review sets and other related objects without a signed-in user.",
                "display_name": "Read and write all eDiscovery objects",
                "enabled": true,
                "id": "b2620db1-3bf7-4c5b-9cb9-576d29eac736",
                "value": "eDiscovery.ReadWrite.All"
              },
              {
                "allowed_member_types": [
                  "Application"
                ],
                "description": "Read the state and settings of all Microsoft education apps.",
                "display_name": "Read Education app settings",
                "enabled": true,
                "id": "7c9db06a-ec2d-4e7b-a592-5a1e30992566",
                "value": "EduAdministration.Read.All"
              },
              {
                "allowed_member_types": [
                  "Application"
                ],
                "description": "Manage the state and settings of all Microsoft education apps.",
                "display_name": "Manage education app settings",
                "enabled": true,
                "id": "9bc431c3-b8bc-4a8d-a219-40f10f92eff6",
                "value": "EduAdministration.ReadWrite.All"
              },
              {
                "allowed_member_types": [
                  "Application"
                ],
                "description": "Allows the app to read all class assignments with grades for all users without a signed-in user.",
                "display_name": "Read all class assignments with grades",
                "enabled": true,
                "id": "4c37e1b6-35a1-43bf-926a-6f30f2cdf585",
                "value": "EduAssignments.Read.All"
              },
              {
                "allowed_member_types": [
                  "Application"
                ],
                "description": "Allows the app to read all class assignments without grades for all users without a signed-in user.",
                "display_name": "Read all class assignments without grades",
                "enabled": true,
                "id": "6e0a958b-b7fc-4348-b7c4-a6ab9fd3dd0e",
                "value": "EduAssignments.ReadBasic.All"
              },
              {
                "allowed_member_types": [
                  "Application"
                ],
                "description": "Allows the app to create, read, update and delete all class assignments with grades for all users without a signed-in user.",
                "display_name": "Create, read, update and delete all class assignments with grades",
                "enabled": true,
                "id": "0d22204b-6cad-4dd0-8362-3e3f2ae699d9",
                "value": "EduAssignments.ReadWrite.All"
              },
              {
                "allowed_member_types": [
                  "Application"
                ],
                "description": "Allows the app to create, read, update and delete all class assignments without grades for all users without a signed-in user.",
                "display_name": "Create, read, update and delete all class assignments without grades",
                "enabled": true,
                "id": "f431cc63-a2de-48c4-8054-a34bc093af84",
                "value": "EduAssignments.ReadWriteBasic.All"
              },
              {
                "allowed_member_types": [
                  "Application"
                ],
                "description": "Allows the app to read all modules and resources, without a signed-in user.",
                "display_name": "Read all class modules and resources",
                "enabled": true,
                "id": "6cdb464c-3a03-40f8-900b-4cb7ea1da9c0",
                "value": "EduCurricula.Read.All"
              },
              {
                "allowed_member_types": [
                  "Application"
                ],
                "description": "Allows the app to read and write all modules and resources, without a signed-in user.",
                "display_name": "Read and write all class modules and resources",
                "enabled": true,
                "id": "6a0c2318-d59d-4c7d-bf2e-5f3902dc2593",
                "value": "EduCurricula.ReadWrite.All"
              },
              {
                "allowed_member_types": [
                  "Application"
                ],
                "description": "Allows the app to read all tenant users reading assignments submissions data without a signed-in user.",
                "display_name": "Read all tenant reading assignments submissions data",
                "enabled": true,
                "id": "ad248c30-1919-40c8-b3d2-304481894e88",
                "value": "EduReports-Reading.Read.All"
              },
              {
                "allowed_member_types": [
                  "Application"
                ],
                "description": "Allows the app to read all tenant users reading assignments submissions data (excludes student-identifying information) without a signed-in user.",
                "display_name": "Read all tenant reading assignments submissions data",
                "enabled": true,
                "id": "040330d7-be7e-4130-b349-a6eb3a56e2f8",
                "value": "EduReports-Reading.ReadAnonymous.All"
              },
              {
                "allowed_member_types": [
                  "Application"
                ],
                "description": "Allows the app to read all tenant users reflect check-ins submissions data without a signed-in user.",
                "display_name": "Read all tenant reflect check-ins submissions data",
                "enabled": true,
                "id": "c5debf73-bdc8-473d-bf07-f4074ad05f71",
                "value": "EduReports-Reflect.Read.All"
              },
              {
                "allowed_member_types": [
                  "Application"
                ],
                "description": "Allows the app to read all tenant users reflect check-ins submissions data (excludes responder-identifying information) without a signed-in user.",
                "display_name": "Read all tenant reflect check-ins submissions data",
                "enabled": true,
                "id": "f5d05dba-7ef0-46fc-b62c-a7282555f428",
                "value": "EduReports-Reflect.ReadAnonymous.All"
              },
              {
                "allowed_member_types": [
                  "Application"
                ],
                "description": "Allows the app to read the structure of schools and classes in the organization's roster and education-specific information about all users to be read.",
                "display_name": "Read the organization's roster",
                "enabled": true,
                "id": "e0ac9e1b-cb65-4fc5-87c5-1a8bc181f648",
                "value": "EduRoster.Read.All"
              },
              {
                "allowed_member_types": [
                  "Application"
                ],
                "description": "Allows the app to read a limited subset of properties from both the structure of schools and classes in the organization's roster and education-specific information about all users. Includes name, status, role, email address and photo.",
                "display_name": "Read a limited subset of the organization's roster",
                "enabled": true,
                "id": "0d412a8c-a06c-439f-b3ec-8abcf54d2f96",
                "value": "EduRoster.ReadBasic.All"
              },
              {
                "allowed_member_types": [
                  "Application"
                ],
                "description": "Allows the app to read and write the structure of schools and classes in the organization's roster and education-specific information about all users to be read and written.",
                "display_name": "Read and write the organization's roster",
                "enabled": true,
                "id": "d1808e82-ce13-47af-ae0d-f9b254e6d58a",
                "value": "EduRoster.ReadWrite.All"
              },
              {
                "allowed_member_types": [
                  "Application"
                ],
                "description": "Allows the app to create Viva Engage conversations without a signed-in user.",
                "display_name": "Read and write all Viva Engage conversations",
                "enabled": true,
                "id": "e1d2136d-eaaf-427a-a7db-f97dbe847c27",
                "value": "EngagementConversation.Migration.All"
              },
              {
                "allowed_member_types": [
                  "Application"
                ],
                "description": "Allows the app to list Viva Engage Teams QA conversations, and to read their properties without a signed-in user.",
                "display_name": "Read all Viva Engage Teams QA conversations",
                "enabled": true,
                "id": "d746beae-b46e-446e-924a-5b805a5c4467",
                "value": "EngagementMeetingConversation.Read.All"
              },
              {
                "allowed_member_types": [
                  "Application"
                ],
                "description": "Allows the app to list all Viva Engage roles and role memberships without a signed-in user.",
                "display_name": "Read all Viva Engage roles and role memberships",
                "enabled": true,
                "id": "30614864-4114-45ef-bdd9-0dd7894a1cc4",
                "value": "EngagementRole.Read.All"
              },
              {
                "allowed_member_types": [
                  "Application"
                ],
                "description": "Allows the app to assign Viva Engage role to a user, and remove a Viva Engage role from a user without a signed-in user.",
                "display_name": "Modify Viva Engage role membership",
                "enabled": true,
                "id": "3ede5358-7366-4da8-a2f7-472bf9c7cc34",
                "value": "EngagementRole.ReadWrite.All"
              },
              {
                "allowed_member_types": [
                  "Application"
                ],
                "description": "Allows the app to read access packages and related entitlement management resources without a signed-in user.",
                "display_name": "Read all entitlement management resources",
                "enabled": true,
                "id": "c74fd47d-ed3c-45c3-9a9e-b8676de685d2",
                "value": "EntitlementManagement.Read.All"
              },
              {
                "allowed_member_types": [
                  "Application"
                ],
                "description": "Allows the app to read and write access packages and related entitlement management resources without a signed-in user.",
                "display_name": "Read and write all entitlement management resources",
                "enabled": true,
                "id": "9acd699f-1e81-4958-b001-93b1d2506e19",
                "value": "EntitlementManagement.ReadWrite.All"
              },
              {
                "allowed_member_types": [
                  "Application"
                ],
                "description": "Allows the app to read your organization's authentication event listeners without a signed-in user.",
                "display_name": "Read all authentication event listeners",
                "enabled": true,
                "id": "b7f6385c-6ce6-4639-a480-e23c42ed9784",
                "value": "EventListener.Read.All"
              },
              {
                "allowed_member_types": [
                  "Application"
                ],
                "description": "Allows the app to read or write your organization's authentication event listeners without a signed-in user.",
                "display_name": "Read and write all authentication event listeners",
                "enabled": true,
                "id": "0edf5e9e-4ce8-468a-8432-d08631d18c43",
                "value": "EventListener.ReadWrite.All"
              },
              {
                "allowed_member_types": [
                  "Application"
                ],
                "description": "Allows the app to read all external connections without a signed-in user.",
                "display_name": "Read all external connections",
                "enabled": true,
                "id": "1914711b-a1cb-4793-b019-c2ce0ed21b8c",
                "value": "ExternalConnection.Read.All"
              },
              {
                "allowed_member_types": [
                  "Application"
                ],
                "description": "Allows the app to read and write all external connections without a signed-in user.",
                "display_name": "Read and write all external connections",
                "enabled": true,
                "id": "34c37bc0-2b40-4d5e-85e1-2365cd256d79",
                "value": "ExternalConnection.ReadWrite.All"
              },
              {
                "allowed_member_types": [
                  "Application"
                ],
                "description": "Allows the app to read and write external connections without a signed-in user. The app can only read and write external connections that it is authorized to, or it can create new external connections.",
                "display_name": "Read and write external connections",
                "enabled": true,
                "id": "f431331c-49a6-499f-be1c-62af19c34a9d",
                "value": "ExternalConnection.ReadWrite.OwnedBy"
              },
              {
                "allowed_member_types": [
                  "Application"
                ],
                "description": "Allows the app to read all external items without a signed-in user.",
                "display_name": "Read all external items",
                "enabled": true,
                "id": "7a7cffad-37d2-4f48-afa4-c6ab129adcc2",
                "value": "ExternalItem.Read.All"
              },
              {
                "allowed_member_types": [
                  "Application"
                ],
                "description": "Allow the app to read or write items in all external datasets that the app is authorized to access",
                "display_name": "Read and write items in external datasets",
                "enabled": true,
                "id": "38c3d6ee-69ee-422f-b954-e17819665354",
                "value": "ExternalItem.ReadWrite.All"
              },
              {
                "allowed_member_types": [
                  "Application"
                ],
                "description": "Allows the app to read and write external items without a signed-in user. The app can only read external items of the connection that it is authorized to.",
                "display_name": "Read and write external items",
                "enabled": true,
                "id": "8116ae0f-55c2-452d-9944-d18420f5b2c8",
                "value": "ExternalItem.ReadWrite.OwnedBy"
              },
              {
                "allowed_member_types": [
                  "Application"
                ],
                "description": "Allows the app to read available properties of external user profiles, without a signed-in user.",
                "display_name": "Read all external user profiles",
                "enabled": true,
                "id": "1987d7a0-d602-4262-ab90-cfdd43b37545",
                "value": "ExternalUserProfile.Read.All"
              },
              {
                "allowed_member_types": [
                  "Application"
                ],
                "description": "Allows the app to read and write available properties of external user profiles, without a signed-in user.",
                "display_name": "Read and write all external user profiles",
                "enabled": true,
                "id": "761327c9-d819-4c08-9a5f-874cd2826608",
                "value": "ExternalUserProfile.ReadWrite.All"
              },
              {
                "allowed_member_types": [
                  "Application"
                ],
                "description": "Allows the app to ingest SharePoint and OneDrive content to make it available in the search index, without a signed-in user.",
                "display_name": "Ingest SharePoint and OneDrive content to make it available in the search index",
                "enabled": true,
                "id": "65891b00-2fd9-4e33-be27-04a53132e3df",
                "value": "FileIngestion.Ingest"
              },
              {
                "allowed_member_types": [
                  "Application"
                ],
                "description": "Allows the app to manage onboarding for a Hybrid Cloud tenant, without a signed-in user.",
                "display_name": "Manage onboarding for a Hybrid Cloud tenant",
                "enabled": true,
                "id": "766c601b-c009-4438-8290-c8b05fa00c4b",
                "value": "FileIngestionHybridOnboarding.Manage"
              },
              {
                "allowed_member_types": [
                  "Application"
                ],
                "description": "Allows the app to read all files in all site collections without a signed in user.",
                "display_name": "Read files in all site collections",
                "enabled": true,
                "id": "01d4889c-1287-42c6-ac1f-5d1e02578ef6",
                "value": "Files.Read.All"
              },
              {
                "allowed_member_types": [
                  "Application"
                ],
                "description": "Allows the app to read, create, update and delete all files in all site collections without a signed in user.",
                "display_name": "Read and write files in all site collections",
                "enabled": true,
                "id": "75359482-378d-4052-8f01-80520e7db3cd",
                "value": "Files.ReadWrite.All"
              },
              {
                "allowed_member_types": [
                  "Application"
                ],
                "description": "Allows the app to read, create, update and delete files in the application's folder without a signed in user.",
                "display_name": "Have full access to the application's folder without a signed in user.",
                "enabled": true,
                "id": "b47b160b-1054-4efd-9ca0-e2f614696086",
                "value": "Files.ReadWrite.AppFolder"
              },
              {
                "allowed_member_types": [
                  "Application"
                ],
                "description": "Allow the application to access a subset of files without a signed in user.  The specific files and the permissions granted will be configured in SharePoint Online or OneDrive.",
                "display_name": "Access selected Files without a signed in user.",
                "enabled": true,
                "id": "bd61925e-3bf4-4d62-bc0b-06b06c96d95c",
                "value": "Files.SelectedOperations.Selected"
              },
              {
                "allowed_member_types": [
                  "Application"
                ],
                "description": "Allows the application to utilize the file storage container platform to manage containers, without a signed-in user. The specific file storage containers and the permissions granted to them will be configured in Microsoft 365 by the developer of each container type.",
                "display_name": "Access selected file storage containers",
                "enabled": true,
                "id": "40dc41bc-0f7e-42ff-89bd-d9516947e474",
                "value": "FileStorageContainer.Selected"
              },
              {
                "allowed_member_types": [
                  "Application"
                ],
                "description": "Allows the app to read conversations of the groups this app has access to without a signed-in user.",
                "display_name": "Read all group conversations",
                "enabled": true,
                "id": "4f0a8235-6f6f-4ec7-9500-34b452a4a0c3",
                "value": "Group-Conversation.Read.All"
              },
              {
                "allowed_member_types": [
                  "Application"
                ],
                "description": "Allows the app to read and write conversations of the groups this app has access to without a signed-in user.",
                "display_name": "Read and write all group conversations",
                "enabled": true,
                "id": "6679c91b-820a-4900-ab47-e97b197a89c4",
                "value": "Group-Conversation.ReadWrite.All"
              },
              {
                "allowed_member_types": [
                  "Application"
                ],
                "description": "Allows the app to create groups without a signed-in user.",
                "display_name": "Create groups",
                "enabled": true,
                "id": "bf7b1a76-6e77-406b-b258-bf5c7720e98f",
                "value": "Group.Create"
              },
              {
                "allowed_member_types": [
                  "Application"
                ],
                "description": "Allows the app to read group properties and memberships, and read conversations for all groups, without a signed-in user.",
                "display_name": "Read all groups",
                "enabled": true,
                "id": "5b567255-7703-4780-807c-7be8301ae99b",
                "value": "Group.Read.All"
              },
              {
                "allowed_member_types": [
                  "Application"
                ],
                "description": "Allows the app to create groups, read all group properties and memberships, update group properties and memberships, and delete groups. Also allows the app to read and write conversations. All of these operations can be performed by the app without a signed-in user.",
                "display_name": "Read and write all groups",
                "enabled": true,
                "id": "62a82d76-70ea-41e2-9197-370581804d09",
                "value": "Group.ReadWrite.All"
              },
              {
                "allowed_member_types": [
                  "Application"
                ],
                "description": "Allows the app to read memberships and basic group properties for all groups without a signed-in user.",
                "display_name": "Read all group memberships",
                "enabled": true,
                "id": "98830695-27a2-44f7-8c18-0c3ebc9698f6",
                "value": "GroupMember.Read.All"
              },
              {
                "allowed_member_types": [
                  "Application"
                ],
                "description": "Allows the app to list groups, read basic properties, read and update the membership of the groups this app has access to without a signed-in user. Group properties and owners cannot be updated and groups cannot be deleted.",
                "display_name": "Read and write all group memberships",
                "enabled": true,
                "id": "dbaae8cf-10b5-4b86-a4a1-f871c94c6695",
                "value": "GroupMember.ReadWrite.All"
              },
              {
                "allowed_member_types": [
                  "Application"
                ],
                "description": "Allows the app to read a list of tenant-level or group-specific group settings objects, without a signed-in user.",
                "display_name": "Read all group settings",
                "enabled": true,
                "id": "f3c4f514-c65a-43f5-bfce-1735872258dd",
                "value": "GroupSettings.Read.All"
              },
              {
                "allowed_member_types": [
                  "Application"
                ],
                "description": "Allows the app to create, read, update, and delete on the list of tenant-level or group-specific group settings objects, without a signed-in user.",
                "display_name": "Read and write all group settings",
                "enabled": true,
                "id": "546168c3-1183-4281-9491-fafb24dea37e",
                "value": "GroupSettings.ReadWrite.All"
              },
              {
                "allowed_member_types": [
                  "Application"
                ],
                "description": "Allows the app to read all scenario health monitoring alerts, without a signed-in user.",
                "display_name": "Read all scenario health monitoring alert",
                "enabled": true,
                "id": "5183ed5d-b7f8-4e9a-915e-dafb46b9cb62",
                "value": "HealthMonitoringAlert.Read.All"
              },
              {
                "allowed_member_types": [
                  "Application"
                ],
                "description": "Allows the app to read and write all scenario monitoring alerts, without a signed-in user.",
                "display_name": "Read and write all scenario monitoring alerts",
                "enabled": true,
                "id": "ac29eb50-f2f9-4518-a117-4bef18e84c7d",
                "value": "HealthMonitoringAlert.ReadWrite.All"
              },
              {
                "allowed_member_types": [
                  "Application"
                ],
                "description": "Allows the app to read all scenario health monitoring alert configurations, without a signed-in user.",
                "display_name": "Read all scenario health monitoring alert configurations",
                "enabled": true,
                "id": "bb424d73-e898-4c97-9d42-688c32810003",
                "value": "HealthMonitoringAlertConfig.Read.All"
              },
              {
                "allowed_member_types": [
                  "Application"
                ],
                "description": "Allows the app to read and write all scenario monitoring alerts, without a signed-in user.",
                "display_name": "Read and write all scenario monitoring alerts",
                "enabled": true,
                "id": "432e76f0-8af6-4315-a853-66ab9538f480",
                "value": "HealthMonitoringAlertConfig.ReadWrite.All"
              },
              {
                "allowed_member_types": [
                  "Application"
                ],
                "description": "Allows the app to read your organization’s identity (authentication) providers’ properties without a signed in user.",
                "display_name": "Read identity providers",
                "enabled": true,
                "id": "e321f0bb-e7f7-481e-bb28-e3b0b32d4bd0",
                "value": "IdentityProvider.Read.All"
              },
              {
                "allowed_member_types": [
                  "Application"
                ],
                "description": "Allows the app to read and write your organization’s identity (authentication) providers’ properties without a signed in user.",
                "display_name": "Read and write identity providers",
                "enabled": true,
                "id": "90db2b9a-d928-4d33-a4dd-8442ae3d41e4",
                "value": "IdentityProvider.ReadWrite.All"
              },
              {
                "allowed_member_types": [
                  "Application"
                ],
                "description": "Allows the app to read the identity risk event information for your organization without a signed in user.",
                "display_name": "Read all identity risk event information",
                "enabled": true,
                "id": "6e472fd1-ad78-48da-a0f0-97ab2c6b769e",
                "value": "IdentityRiskEvent.Read.All"
              },
              {
                "allowed_member_types": [
                  "Application"
                ],
                "description": "Allows the app to read and update identity risk detection information for your organization without a signed-in user. Update operations include confirming risk event detections. ",
                "display_name": "Read and write all risk detection information",
                "enabled": true,
                "id": "db06fb33-1953-4b7b-a2ac-f1e2c854f7ae",
                "value": "IdentityRiskEvent.ReadWrite.All"
              },
              {
                "allowed_member_types": [
                  "Application"
                ],
                "description": "Allows the app to read all risky service principal information for your organization, without a signed-in user.",
                "display_name": "Read all identity risky service principal information",
                "enabled": true,
                "id": "607c7344-0eed-41e5-823a-9695ebe1b7b0",
                "value": "IdentityRiskyServicePrincipal.Read.All"
              },
              {
                "allowed_member_types": [
                  "Application"
                ],
                "description": "Allows the app to read and update identity risky service principal for your organization, without a signed-in user.",
                "display_name": "Read and write all identity risky service principal information",
                "enabled": true,
                "id": "cb8d6980-6bcb-4507-afec-ed6de3a2d798",
                "value": "IdentityRiskyServicePrincipal.ReadWrite.All"
              },
              {
                "allowed_member_types": [
                  "Application"
                ],
                "description": "Allows the app to read the identity risky user information for your organization without a signed in user.",
                "display_name": "Read all identity risky user information",
                "enabled": true,
                "id": "dc5007c0-2d7d-4c42-879c-2dab87571379",
                "value": "IdentityRiskyUser.Read.All"
              },
              {
                "allowed_member_types": [
                  "Application"
                ],
                "description": "Allows the app to read and update identity risky user information for your organization without a signed-in user.  Update operations include dismissing risky users.",
                "display_name": "Read and write all risky user information",
                "enabled": true,
                "id": "656f6061-f9fe-4807-9708-6a2e0934df76",
                "value": "IdentityRiskyUser.ReadWrite.All"
              },
              {
                "allowed_member_types": [
                  "Application"
                ],
                "description": "Allows the app to read your organization's user flows, without a signed-in user.",
                "display_name": "Read all identity user flows",
                "enabled": true,
                "id": "1b0c317f-dd31-4305-9932-259a8b6e8099",
                "value": "IdentityUserFlow.Read.All"
              },
              {
                "allowed_member_types": [
                  "Application"
                ],
                "description": "Allows the app to read or write your organization's user flows, without a signed-in user.",
                "display_name": "Read and write all identity user flows",
                "enabled": true,
                "id": "65319a09-a2be-469d-8782-f6b07debf789",
                "value": "IdentityUserFlow.ReadWrite.All"
              },
              {
                "allowed_member_types": [
                  "Application"
                ],
                "description": "Allows the app to read data connectors without a signed-in user.",
                "display_name": "View data connector definitions",
                "enabled": true,
                "id": "7ab52c2f-a2ee-4d98-9ebc-725e3934aae2",
                "value": "IndustryData-DataConnector.Read.All"
              },
              {
                "allowed_member_types": [
                  "Application"
                ],
                "description": "Allows the app to read and write data connectors without a signed-in user.",
                "display_name": "Manage data connector definitions",
                "enabled": true,
                "id": "eda0971c-482e-4345-b28f-69c309cb8a34",
                "value": "IndustryData-DataConnector.ReadWrite.All"
              },
              {
                "allowed_member_types": [
                  "Application"
                ],
                "description": "Allows the app to upload data files to a data connector without a signed-in user.",
                "display_name": "Upload files to a data connector",
                "enabled": true,
                "id": "9334c44b-a7c6-4350-8036-6bf8e02b4c1f",
                "value": "IndustryData-DataConnector.Upload"
              },
              {
                "allowed_member_types": [
                  "Application"
                ],
                "description": "Allows the app to read inbound data flows without a signed-in user.",
                "display_name": "View inbound flow definitions",
                "enabled": true,
                "id": "305f6ba2-049a-4b1b-88bb-fe7e08758a00",
                "value": "IndustryData-InboundFlow.Read.All"
              },
              {
                "allowed_member_types": [
                  "Application"
                ],
                "description": "Allows the app to read and write inbound data flows without a signed-in user.",
                "display_name": "Manage inbound flow definitions",
                "enabled": true,
                "id": "e688c61f-d4c6-4d64-a197-3bcf6ba1d6ad",
                "value": "IndustryData-InboundFlow.ReadWrite.All"
              },
              {
                "allowed_member_types": [
                  "Application"
                ],
                "description": "Allows the app to read outbound data flows without a signed-in user.",
                "display_name": "View outbound flow definitions",
                "enabled": true,
                "id": "61d0354c-5d88-483c-b974-a37ec3395a2c",
                "value": "IndustryData-OutboundFlow.Read.All"
              },
              {
                "allowed_member_types": [
                  "Application"
                ],
                "description": "Allows the app to read and write outbound data flows without a signed-in user.",
                "display_name": "Manage outbound flow definitions",
                "enabled": true,
                "id": "24a65b4a-e501-47e2-8849-d679517887f0",
                "value": "IndustryData-OutboundFlow.ReadWrite.All"
              },
              {
                "allowed_member_types": [
                  "Application"
                ],
                "description": "Allows the app to read reference definitions without a signed-in user.",
                "display_name": "View reference definitions",
                "enabled": true,
                "id": "6ee891c3-74a4-4148-8463-0c834375dfaf",
                "value": "IndustryData-ReferenceDefinition.Read.All"
              },
              {
                "allowed_member_types": [
                  "Application"
                ],
                "description": "Allows the app to read and write reference definitions without a signed-in user.",
                "display_name": "Manage reference definitions",
                "enabled": true,
                "id": "bda16293-63d3-45b7-b16b-833841d27d56",
                "value": "IndustryData-ReferenceDefinition.ReadWrite.All"
              },
              {
                "allowed_member_types": [
                  "Application"
                ],
                "description": "Allows the app to read current and previous IndustryData runs without a signed-in user.",
                "display_name": "View current and previous runs",
                "enabled": true,
                "id": "f6f5d10b-3024-4d1d-b674-aae4df4a1a73",
                "value": "IndustryData-Run.Read.All"
              },
              {
                "allowed_member_types": [
                  "Application"
                ],
                "description": "Allows the app to view and start IndustryData runs without a signed-in user.",
                "display_name": "View and start runs",
                "enabled": true,
                "id": "7e429772-5b5e-47c0-8fd6-7279294c8033",
                "value": "IndustryData-Run.Start"
              },
              {
                "allowed_member_types": [
                  "Application"
                ],
                "description": "Allows the app to read source system definitions without a signed-in user.",
                "display_name": "View source system definitions",
                "enabled": true,
                "id": "bc167a60-39fe-4865-8b44-78400fc6ed03",
                "value": "IndustryData-SourceSystem.Read.All"
              },
              {
                "allowed_member_types": [
                  "Application"
                ],
                "description": "Allows the app to read and write source system definitions without a signed-in user.",
                "display_name": "Manage source system definitions",
                "enabled": true,
                "id": "7d866958-e06e-4dd6-91c6-a086b3f5cfeb",
                "value": "IndustryData-SourceSystem.ReadWrite.All"
              },
              {
                "allowed_member_types": [
                  "Application"
                ],
                "description": "Allows the app to read time period definitions without a signed-in user.",
                "display_name": "Read time period definitions",
                "enabled": true,
                "id": "7c55c952-b095-4c23-a522-022bce4cc1e3",
                "value": "IndustryData-TimePeriod.Read.All"
              },
              {
                "allowed_member_types": [
                  "Application"
                ],
                "description": "Allows the app to read and write time period definitions without a signed-in user.",
                "display_name": "Manage time period definitions",
                "enabled": true,
                "id": "7afa7744-a782-4a32-b8c2-e3db637e8de7",
                "value": "IndustryData-TimePeriod.ReadWrite.All"
              },
              {
                "allowed_member_types": [
                  "Application"
                ],
                "description": "Allows the app to read basic service and resource information without a signed-in user.",
                "display_name": "View basic service and resource information",
                "enabled": true,
                "id": "4f5ac95f-62fd-472c-b60f-125d24ca0bc5",
                "value": "IndustryData.ReadBasic.All"
              },
              {
                "allowed_member_types": [
                  "Application"
                ],
                "description": "Allows the app to read all configurations applicable to users for protecting organizational data, without a signed-in user.",
                "display_name": "Read all configurations for protecting organizational data applicable to users",
                "enabled": true,
                "id": "14f49b9f-4bf2-4d24-b80e-b27ec58409bd",
                "value": "InformationProtectionConfig.Read.All"
              },
              {
                "allowed_member_types": [
                  "Application"
                ],
                "description": "Allows an app to sign digests for data without a signed-in user.",
                "display_name": "Sign digests for data",
                "enabled": true,
                "id": "cbe6c7e4-09aa-4b8d-b3c3-2dbb59af4b54",
                "value": "InformationProtectionContent.Sign.All"
              },
              {
                "allowed_member_types": [
                  "Application"
                ],
                "description": "Allows the app to create protected content without a signed-in user.",
                "display_name": "Create protected content",
                "enabled": true,
                "id": "287bd98c-e865-4e8c-bade-1a85523195b9",
                "value": "InformationProtectionContent.Write.All"
              },
              {
                "allowed_member_types": [
                  "Application"
                ],
                "description": "Allows an app to read published sensitivity labels and label policy settings for the entire organization or a specific user, without a signed in user.",
                "display_name": "Read all published labels and label policies for an organization.",
                "enabled": true,
                "id": "19da66cb-0fb0-4390-b071-ebc76a349482",
                "value": "InformationProtectionPolicy.Read.All"
              },
              {
                "allowed_member_types": [
                  "Application"
                ],
                "description": "Allows an app to read all user metrics insights, such as daily and monthly active users, without a signed-in user.",
                "display_name": "Read all user metrics insights",
                "enabled": true,
                "id": "34cbd96c-d824-4755-90d3-1008ef47efc1",
                "value": "Insights-UserMetric.Read.All"
              },
              {
                "allowed_member_types": [
                  "Application"
                ],
                "description": "Allows the app to read data for all assignments in the organization's directory, without a signed-in user.",
                "display_name": "Read all assignments",
                "enabled": true,
                "id": "535e6066-2894-49ef-ab33-e2c6d064bb81",
                "value": "LearningAssignedCourse.Read.All"
              },
              {
                "allowed_member_types": [
                  "Application"
                ],
                "description": "Allows the app to create, update, read and delete all assignments in the organization's directory, without a signed-in user.",
                "display_name": "Read and write all assignments",
                "enabled": true,
                "id": "236c1cbd-1187-427f-b0f5-b1852454973b",
                "value": "LearningAssignedCourse.ReadWrite.All"
              },
              {
                "allowed_member_types": [
                  "Application"
                ],
                "description": "Allows the app to read all learning content in the organization's directory, without a signed-in user.",
                "display_name": "Read all learning content",
                "enabled": true,
                "id": "8740813e-d8aa-4204-860e-2a0f8f84dbc8",
                "value": "LearningContent.Read.All"
              },
              {
                "allowed_member_types": [
                  "Application"
                ],
                "description": "Allows the app to manage all learning content in the organization's directory, without a signed-in user.",
                "display_name": "Manage all learning content",
                "enabled": true,
                "id": "444d6fcb-b738-41e5-b103-ac4f2a2628a3",
                "value": "LearningContent.ReadWrite.All"
              },
              {
                "allowed_member_types": [
                  "Application"
                ],
                "description": "Allows the app to read data for all self-initiated courses in the organization's directory, without a signed-in user.",
                "display_name": "Read all self-initiated courses",
                "enabled": true,
                "id": "467524fc-ed22-4356-a910-af61191e3503",
                "value": "LearningSelfInitiatedCourse.Read.All"
              },
              {
                "allowed_member_types": [
                  "Application"
                ],
                "description": "Allows the app to create, update, read and delete all self-initiated courses in the organization's directory, without a signed-in user.",
                "display_name": "Read and write all self-initiated courses",
                "enabled": true,
                "id": "7654ed61-8965-4025-846a-0856ec02b5b0",
                "value": "LearningSelfInitiatedCourse.ReadWrite.All"
              },
              {
                "allowed_member_types": [
                  "Application"
                ],
                "description": "Allows an app to read license assignments for users and groups, without a signed-in user.",
                "display_name": "Read all license assignments.",
                "enabled": true,
                "id": "e2f98668-2877-4f38-a2f4-8202e0717aa1",
                "value": "LicenseAssignment.Read.All"
              },
              {
                "allowed_member_types": [
                  "Application"
                ],
                "description": "Allows an app to manage license assignments for users and groups, without a signed-in user.",
                "display_name": "Manage all license assignments",
                "enabled": true,
                "id": "5facf0c1-8979-4e95-abcf-ff3d079771c0",
                "value": "LicenseAssignment.ReadWrite.All"
              },
              {
                "allowed_member_types": [
                  "Application"
                ],
                "description": "Allows the app to read all Lifecycle workflows custom task extensions without a signed-in user.",
                "display_name": "Read all Lifecycle workflows custom task extensionss",
                "enabled": true,
                "id": "2cb19e7d-9012-40bf-9a22-69fc776af8b0",
                "value": "LifecycleWorkflows-CustomExt.Read.All"
              },
              {
                "allowed_member_types": [
                  "Application"
                ],
                "description": "Allows the app to create, update, list, read and delete all Lifecycle workflows custom task extensions without a signed-in user.",
                "display_name": "Read and write all Lifecycle workflows custom task extensions",
                "enabled": true,
                "id": "3351c766-bacc-4d93-94fa-f2c8b1986ee7",
                "value": "LifecycleWorkflows-CustomExt.ReadWrite.All"
              },
              {
                "allowed_member_types": [
                  "Application"
                ],
                "description": "Allows the app to read all Lifecycle workflows reports without a signed-in user.",
                "display_name": "Read all Lifecycle workflows reports",
                "enabled": true,
                "id": "fe615156-48b5-4c83-b613-e6e31a43c446",
                "value": "LifecycleWorkflows-Reports.Read.All"
              },
              {
                "allowed_member_types": [
                  "Application"
                ],
                "description": "Allows the app run workflows on-demand without a signed-in user.",
                "display_name": "Run workflows on-demand in Lifecycle workflows",
                "enabled": true,
                "id": "3a87a643-13d2-47aa-8d6a-b0a8377cb03b",
                "value": "LifecycleWorkflows-Workflow.Activate"
              },
              {
                "allowed_member_types": [
                  "Application"
                ],
                "description": "Allows the app to list and read all workflows and tasks without a signed-in user.",
                "display_name": "Read all workflows in Lifecycle workflows",
                "enabled": true,
                "id": "03b0ad3e-fc2b-4ef1-b0ff-252e865cb608",
                "value": "LifecycleWorkflows-Workflow.Read.All"
              },
              {
                "allowed_member_types": [
                  "Application"
                ],
                "description": "Allows the app to list all workflows without a signed-in user.",
                "display_name": "List all workflows in Lifecycle workflows",
                "enabled": true,
                "id": "021ea6db-c06b-45c6-8c9c-c1cd9a37a483",
                "value": "LifecycleWorkflows-Workflow.ReadBasic.All"
              },
              {
                "allowed_member_types": [
                  "Application"
                ],
                "description": "Allows the app to create, update, list, read and delete all workflows and tasks in lifecycle workflows without a signed-in user.",
                "display_name": "Read and write all workflows in Lifecycle workflows",
                "enabled": true,
                "id": "94c88098-1d9d-4c42-a356-4d5a95312554",
                "value": "LifecycleWorkflows-Workflow.ReadWrite.All"
              },
              {
                "allowed_member_types": [
                  "Application"
                ],
                "description": "Allows the app to list and read all workflows, tasks and related lifecycle workflows resources without a signed-in user.",
                "display_name": "Read all lifecycle workflows resources",
                "enabled": true,
                "id": "7c67316a-232a-4b84-be22-cea2c0906404",
                "value": "LifecycleWorkflows.Read.All"
              },
              {
                "allowed_member_types": [
                  "Application"
                ],
                "description": "Allows the app to create, update, list, read and delete all workflows, tasks and related lifecycle workflows resources without a signed-in user.",
                "display_name": "Read and write all lifecycle workflows resources",
                "enabled": true,
                "id": "5c505cf4-8424-4b8e-aa14-ee06e3bb23e3",
                "value": "LifecycleWorkflows.ReadWrite.All"
              },
              {
                "allowed_member_types": [
                  "Application"
                ],
                "description": "Allow the application to access a subset of listitems without a signed in user.  The specific listitems and the permissions granted will be configured in SharePoint Online.",
                "display_name": "Access selected ListItems without a signed in user.",
                "enabled": true,
                "id": "de4e4161-a10a-4dfd-809c-e328d89aefeb",
                "value": "ListItems.SelectedOperations.Selected"
              },
              {
                "allowed_member_types": [
                  "Application"
                ],
                "description": "Allow the application to access a subset of lists without a signed in user.  The specific lists and the permissions granted will be configured in SharePoint Online.",
                "display_name": "Access selected Lists without a signed in user.",
                "enabled": true,
                "id": "23c5a9bd-d900-4ecf-be26-a0689755d9e5",
                "value": "Lists.SelectedOperations.Selected"
              },
              {
                "allowed_member_types": [
                  "Application"
                ],
                "description": "Allows the app to read mail in all mailboxes without a signed-in user.",
                "display_name": "Read mail in all mailboxes",
                "enabled": true,
                "id": "810c84a8-4a9e-49e6-bf7d-12d183f40d01",
                "value": "Mail.Read"
              },
              {
                "allowed_member_types": [
                  "Application"
                ],
                "description": "Allows the app to read basic mail properties in all mailboxes without a signed-in user. Includes all properties except body, previewBody, attachments and any extended properties.",
                "display_name": "Read basic mail in all mailboxes",
                "enabled": true,
                "id": "6be147d2-ea4f-4b5a-a3fa-3eab6f3c140a",
                "value": "Mail.ReadBasic"
              },
              {
                "allowed_member_types": [
                  "Application"
                ],
                "description": "Allows the app to read basic mail properties in all mailboxes without a signed-in user. Includes all properties except body, previewBody, attachments and any extended properties.",
                "display_name": "Read basic mail in all mailboxes",
                "enabled": true,
                "id": "693c5e45-0940-467d-9b8a-1022fb9d42ef",
                "value": "Mail.ReadBasic.All"
              },
              {
                "allowed_member_types": [
                  "Application"
                ],
                "description": "Allows the app to create, read, update, and delete mail in all mailboxes without a signed-in user. Does not include permission to send mail.",
                "display_name": "Read and write mail in all mailboxes",
                "enabled": true,
                "id": "e2a3a72e-5f79-4c64-b1b1-878b674786c9",
                "value": "Mail.ReadWrite"
              },
              {
                "allowed_member_types": [
                  "Application"
                ],
                "description": "Allows the app to send mail as any user without a signed-in user.",
                "display_name": "Send mail as any user",
                "enabled": true,
                "id": "b633e1c5-b582-4048-a93e-9f11b44c7e96",
                "value": "Mail.Send"
              },
              {
                "allowed_member_types": [
                  "Application"
                ],
                "description": "Allows the app to read all the users' mailbox folders, without signed-in user.",
                "display_name": "Read all the users' mailbox folders",
                "enabled": true,
                "id": "99280d24-a782-4793-93cc-0888549957f6",
                "value": "MailboxFolder.Read.All"
              },
              {
                "allowed_member_types": [
                  "Application"
                ],
                "description": "Allows the app to read and write all the users' mailbox folders, without signed-in user.",
                "display_name": "Read and write all the users' mailbox folders",
                "enabled": true,
                "id": "fef87b92-8391-4589-9da7-eb93dab7dc8a",
                "value": "MailboxFolder.ReadWrite.All"
              },
              {
                "allowed_member_types": [
                  "Application"
                ],
                "description": "Allows the app to backup, restore, and modify all mailbox items without a signed-in user.",
                "display_name": "Allows the app to perform backup and restore for all mailbox items",
                "enabled": true,
                "id": "76577085-e73d-4f1d-b26a-85fb33892327",
                "value": "MailboxItem.ImportExport.All"
              },
              {
                "allowed_member_types": [
                  "Application"
                ],
                "description": "Allows the app to read all the users' mailbox items, without signed-in user.",
                "display_name": "Read all the users' mailbox items",
                "enabled": true,
                "id": "7d9f353d-a7bd-4fbb-822a-26d5dd39a3ce",
                "value": "MailboxItem.Read.All"
              },
              {
                "allowed_member_types": [
                  "Application"
                ],
                "description": "Allows the app to read user's mailbox settings without a signed-in user. Does not include permission to send mail.",
                "display_name": "Read all user mailbox settings",
                "enabled": true,
                "id": "40f97065-369a-49f4-947c-6a255697ae91",
                "value": "MailboxSettings.Read"
              },
              {
                "allowed_member_types": [
                  "Application"
                ],
                "description": "Allows the app to create, read, update, and delete user's mailbox settings without a signed-in user. Does not include permission to send mail.",
                "display_name": "Read and write all user mailbox settings",
                "enabled": true,
                "id": "6931bccd-447a-43d1-b442-00a195474933",
                "value": "MailboxSettings.ReadWrite"
              },
              {
                "allowed_member_types": [
                  "Application"
                ],
                "description": "Allows the app to read the memberships of hidden groups and administrative units without a signed-in user.",
                "display_name": "Read all hidden memberships",
                "enabled": true,
                "id": "658aa5d8-239f-45c4-aa12-864f4fc7e490",
                "value": "Member.Read.Hidden"
              },
              {
                "allowed_member_types": [
                  "Application"
                ],
                "description": "Allows the app to read all multi-tenant organization details and tenants, without a signed-in user.",
                "display_name": "Read all multi-tenant organization details and tenants",
                "enabled": true,
                "id": "4f994bc0-31bb-44bb-b480-7a7c1be8c02e",
                "value": "MultiTenantOrganization.Read.All"
              },
              {
                "allowed_member_types": [
                  "Application"
                ],
                "description": "Allows the app to read multi-tenant organization basic details and active tenants, without a signed-in user.",
                "display_name": "Read multi-tenant organization basic details and active tenants",
                "enabled": true,
                "id": "f9c2b2a7-3895-4b2e-80f6-c924b456e50b",
                "value": "MultiTenantOrganization.ReadBasic.All"
              },
              {
                "allowed_member_types": [
                  "Application"
                ],
                "description": "Allows the app to read and write all multi-tenant organization details and tenants, without a signed-in user.",
                "display_name": "Read and write all multi-tenant organization details and tenants",
                "enabled": true,
                "id": "920def01-ca61-4d2d-b3df-105b46046a70",
                "value": "MultiTenantOrganization.ReadWrite.All"
              },
              {
                "allowed_member_types": [
                  "Application"
                ],
                "description": "Allows the app to read configuration used for OAuth 2.0 mutual-TLS client authentication, without a signed-in user. This includes reading trusted certificate authorities.",
                "display_name": "Read all configurations used for mutual-TLS client authentication.",
                "enabled": true,
                "id": "6daaff82-2880-496d-9d80-57e8e31195e2",
                "value": "MutualTlsOauthConfiguration.Read.All"
              },
              {
                "allowed_member_types": [
                  "Application"
                ],
                "description": "Allows the app to read and update configuration used for OAuth 2.0 mutual-TLS client authentication, without a signed-in user. This includes reading and updating trusted certificate authorities.",
                "display_name": "Read and write all configurations used for mutual-TLS client authentication.",
                "enabled": true,
                "id": "78bbf8cf-07d8-45ba-b0eb-1a7b48efbcf1",
                "value": "MutualTlsOauthConfiguration.ReadWrite.All"
              },
              {
                "allowed_member_types": [
                  "Application"
                ],
                "description": "Allows the app to read all network access reports without a signed-in user.",
                "display_name": "Read all network access reports",
                "enabled": true,
                "id": "40049381-3cc1-42af-94ec-5ce755db4b0d",
                "value": "NetworkAccess-Reports.Read.All"
              },
              {
                "allowed_member_types": [
                  "Application"
                ],
                "description": "Allows the app to read all network access information and configuration settings without a signed-in user.",
                "display_name": "Read all network access information",
                "enabled": true,
                "id": "e30060de-caa5-4331-99d3-6ac6c966a9a4",
                "value": "NetworkAccess.Read.All"
              },
              {
                "allowed_member_types": [
                  "Application"
                ],
                "description": "Allows the app to read and write all network access information and configuration settings without a signed-in user.",
                "display_name": "Read and write all network access information",
                "enabled": true,
                "id": "b10642fc-a6cf-4c46-87f9-e1f96c2a18aa",
                "value": "NetworkAccess.ReadWrite.All"
              },
              {
                "allowed_member_types": [
                  "Application"
                ],
                "description": "Allows the app to read your organization's network access branches, without a signed-in user.",
                "display_name": "Read properties of all branches for network access",
                "enabled": true,
                "id": "39ae4a24-1ef0-49e8-9d63-2a66f5c39edd",
                "value": "NetworkAccessBranch.Read.All"
              },
              {
                "allowed_member_types": [
                  "Application"
                ],
                "description": "Allows the app to read and write your organization's network access branches, without a signed-in user.",
                "display_name": "Read and write properties of all branches for network access",
                "enabled": true,
                "id": "8137102d-ec16-4191-aaf8-7aeda8026183",
                "value": "NetworkAccessBranch.ReadWrite.All"
              },
              {
                "allowed_member_types": [
                  "Application"
                ],
                "description": "Allows the app to read your organization's network access policies, without a signed-in user.",
                "display_name": "Read all security and routing policies for network access",
                "enabled": true,
                "id": "8a3d36bf-cb46-4bcc-bec9-8d92829dab84",
                "value": "NetworkAccessPolicy.Read.All"
              },
              {
                "allowed_member_types": [
                  "Application"
                ],
                "description": "Allows the app to read and write your organization's network access policies, without a signed-in user.",
                "display_name": "Read and write all security and routing policies for network access",
                "enabled": true,
                "id": "f0c341be-8348-4989-8e43-660324294538",
                "value": "NetworkAccessPolicy.ReadWrite.All"
              },
              {
                "allowed_member_types": [
                  "Application"
                ],
                "description": "Allows the app to read all the OneNote notebooks in your organization, without a signed-in user.",
                "display_name": "Read all OneNote notebooks",
                "enabled": true,
                "id": "3aeca27b-ee3a-4c2b-8ded-80376e2134a4",
                "value": "Notes.Read.All"
              },
              {
                "allowed_member_types": [
                  "Application"
                ],
                "description": "Allows the app to read all the OneNote notebooks in your organization, without a signed-in user.",
                "display_name": "Read and write all OneNote notebooks",
                "enabled": true,
                "id": "0c458cef-11f3-48c2-a568-c66751c238c0",
                "value": "Notes.ReadWrite.All"
              },
              {
                "allowed_member_types": [
                  "Application"
                ],
                "description": "Allows the app to read all AI Insights for all online meetings, without a signed-in user.",
                "display_name": "Read all AI Insights for online meetings.",
                "enabled": true,
                "id": "c0cf7895-985f-42d4-a693-b618f36674ad",
                "value": "OnlineMeetingAiInsight.Read.All"
              },
              {
                "allowed_member_types": [
                  "Application"
                ],
                "description": "Allows the teams-app to read all aiInsights for online meetings where the Teams-app is installed, without a signed-in user.",
                "display_name": "Read all AI Insights for online meetings where the Teams application is installed.",
                "enabled": true,
                "id": "01892c31-3b66-4bcf-b5f5-bf0a03d5ed9f",
                "value": "OnlineMeetingAiInsight.Read.Chat"
              },
              {
                "allowed_member_types": [
                  "Application"
                ],
                "description": "Allows the app to read online meeting artifacts in your organization, without a signed-in user.",
                "display_name": "Read online meeting artifacts",
                "enabled": true,
                "id": "df01ed3b-eb61-4eca-9965-6b3d789751b2",
                "value": "OnlineMeetingArtifact.Read.All"
              },
              {
                "allowed_member_types": [
                  "Application"
                ],
                "description": "Allows the app to read all recordings of all online meetings, without a signed-in user.",
                "display_name": "Read all recordings of online meetings.",
                "enabled": true,
                "id": "a4a08342-c95d-476b-b943-97e100569c8d",
                "value": "OnlineMeetingRecording.Read.All"
              },
              {
                "allowed_member_types": [
                  "Application"
                ],
                "description": "Allows the app to read online meeting details in your organization, without a signed-in user.",
                "display_name": "Read online meeting details",
                "enabled": true,
                "id": "c1684f21-1984-47fa-9d61-2dc8c296bb70",
                "value": "OnlineMeetings.Read.All"
              },
              {
                "allowed_member_types": [
                  "Application"
                ],
                "description": "Allows the app to read and create online meetings as an application in your organization.",
                "display_name": "Read and create online meetings",
                "enabled": true,
                "id": "b8bb2037-6e08-44ac-a4ea-4674e010e2a4",
                "value": "OnlineMeetings.ReadWrite.All"
              },
              {
                "allowed_member_types": [
                  "Application"
                ],
                "description": "Allows the app to read all transcripts of all online meetings, without a signed-in user.",
                "display_name": "Read all transcripts of online meetings.",
                "enabled": true,
                "id": "a4a80d8d-d283-4bd8-8504-555ec3870630",
                "value": "OnlineMeetingTranscript.Read.All"
              },
              {
                "allowed_member_types": [
                  "Application"
                ],
                "description": "Allows the app to read all on-premises directory synchronization information for the organization, without a signed-in user.",
                "display_name": "Read all on-premises directory synchronization information",
                "enabled": true,
                "id": "bb70e231-92dc-4729-aff5-697b3f04be95",
                "value": "OnPremDirectorySynchronization.Read.All"
              },
              {
                "allowed_member_types": [
                  "Application"
                ],
                "description": "Allows the app to read and write all on-premises directory synchronization information for the organization, without a signed-in user.",
                "display_name": "Read and write all on-premises directory synchronization information",
                "enabled": true,
                "id": "c22a92cc-79bf-4bb1-8b6c-e0a05d3d80ce",
                "value": "OnPremDirectorySynchronization.ReadWrite.All"
              },
              {
                "allowed_member_types": [
                  "Application"
                ],
                "description": "Allows the app to create, view, update and delete on-premises published resources, on-premises agents and agent groups, as part of a hybrid identity configuration, without a signed in user.",
                "display_name": "Manage on-premises published resources",
                "enabled": true,
                "id": "0b57845e-aa49-4e6f-8109-ce654fffa618",
                "value": "OnPremisesPublishingProfiles.ReadWrite.All"
              },
              {
                "allowed_member_types": [
                  "Application"
                ],
                "description": "Allows the app to read the organization and related resources, without a signed-in user. Related resources include things like subscribed skus and tenant branding information.",
                "display_name": "Read organization information",
                "enabled": true,
                "id": "498476ce-e0fe-48b0-b801-37ba7e2685c6",
                "value": "Organization.Read.All"
              },
              {
                "allowed_member_types": [
                  "Application"
                ],
                "description": "Allows the app to read and write the organization and related resources, without a signed-in user. Related resources include things like subscribed skus and tenant branding information.",
                "display_name": "Read and write organization information",
                "enabled": true,
                "id": "292d869f-3427-49a8-9dab-8c70152b74e9",
                "value": "Organization.ReadWrite.All"
              },
              {
                "allowed_member_types": [
                  "Application"
                ],
                "description": "Allows the app to read the organizational branding information, without a signed-in user.",
                "display_name": "Read organizational branding information",
                "enabled": true,
                "id": "eb76ac34-0d62-4454-b97c-185e4250dc20",
                "value": "OrganizationalBranding.Read.All"
              },
              {
                "allowed_member_types": [
                  "Application"
                ],
                "description": "Allows the app to read and write the organizational branding information, without a signed-in user.",
                "display_name": "Read and write organizational branding information",
                "enabled": true,
                "id": "d2ebfbc1-a5f8-424b-83a6-56ab5927a73c",
                "value": "OrganizationalBranding.ReadWrite.All"
              },
              {
                "allowed_member_types": [
                  "Application"
                ],
                "description": "Allows the app to read all organizational contacts without a signed-in user.  These contacts are managed by the organization and are different from a user's personal contacts.",
                "display_name": "Read organizational contacts",
                "enabled": true,
                "id": "e1a88a34-94c4-4418-be12-c87b00e26bea",
                "value": "OrgContact.Read.All"
              },
              {
                "allowed_member_types": [
                  "Application"
                ],
                "description": "Allows the app to read organization-wide apps and services settings, without a signed-in user.",
                "display_name": "Read organization-wide apps and services settings",
                "enabled": true,
                "id": "56c84fa9-ea1f-4a15-90f2-90ef41ece2c9",
                "value": "OrgSettings-AppsAndServices.Read.All"
              },
              {
                "allowed_member_types": [
                  "Application"
                ],
                "description": "Allows the app to read and write organization-wide apps and services settings, without a signed-in user.",
                "display_name": "Read and write organization-wide apps and services settings",
                "enabled": true,
                "id": "4a8e4191-c1c8-45f8-b801-f9a1a5ee6ad3",
                "value": "OrgSettings-AppsAndServices.ReadWrite.All"
              },
              {
                "allowed_member_types": [
                  "Application"
                ],
                "description": "Allows the app to read organization-wide Dynamics customer voice settings, without a signed-in user.",
                "display_name": "Read organization-wide Dynamics customer voice settings",
                "enabled": true,
                "id": "c18ae2dc-d9f3-4495-a93f-18980a0e159f",
                "value": "OrgSettings-DynamicsVoice.Read.All"
              },
              {
                "allowed_member_types": [
                  "Application"
                ],
                "description": "Allows the app to read and write organization-wide Dynamics customer voice settings, without a signed-in user.",
                "display_name": "Read and write organization-wide Dynamics customer voice settings",
                "enabled": true,
                "id": "c3f1cc32-8bbd-4ab6-bd33-f270e0d9e041",
                "value": "OrgSettings-DynamicsVoice.ReadWrite.All"
              },
              {
                "allowed_member_types": [
                  "Application"
                ],
                "description": "Allows the app to read organization-wide Microsoft Forms settings, without a signed-in user.",
                "display_name": "Read organization-wide Microsoft Forms settings",
                "enabled": true,
                "id": "434d7c66-07c6-4b1f-ab21-417cf2cdaaca",
                "value": "OrgSettings-Forms.Read.All"
              },
              {
                "allowed_member_types": [
                  "Application"
                ],
                "description": "Allows the app to read and write organization-wide Microsoft Forms settings, without a signed-in user.",
                "display_name": "Read and write organization-wide Microsoft Forms settings",
                "enabled": true,
                "id": "2cb92fee-97a3-4034-8702-24a6f5d0d1e9",
                "value": "OrgSettings-Forms.ReadWrite.All"
              },
              {
                "allowed_member_types": [
                  "Application"
                ],
                "description": "Allows the app to read organization-wide Microsoft 365 apps installation settings, without a signed-in user.",
                "display_name": "Read organization-wide Microsoft 365 apps installation settings",
                "enabled": true,
                "id": "6cdf1fb1-b46f-424f-9493-07247caa22e2",
                "value": "OrgSettings-Microsoft365Install.Read.All"
              },
              {
                "allowed_member_types": [
                  "Application"
                ],
                "description": "Allows the app to read and write organization-wide Microsoft 365 apps installation settings, without a signed-in user.",
                "display_name": "Read and write organization-wide Microsoft 365 apps installation settings",
                "enabled": true,
                "id": "83f7232f-763c-47b2-a097-e35d2cbe1da5",
                "value": "OrgSettings-Microsoft365Install.ReadWrite.All"
              },
              {
                "allowed_member_types": [
                  "Application"
                ],
                "description": "Allows the app to read organization-wide Microsoft To Do settings, without a signed-in user.",
                "display_name": "Read organization-wide Microsoft To Do settings",
                "enabled": true,
                "id": "e4d9cd09-d858-4363-9410-abb96737f0cf",
                "value": "OrgSettings-Todo.Read.All"
              },
              {
                "allowed_member_types": [
                  "Application"
                ],
                "description": "Allows the app to read and write organization-wide Microsoft To Do settings, without a signed-in user.",
                "display_name": "Read and write organization-wide Microsoft To Do settings",
                "enabled": true,
                "id": "5febc9da-e0d0-4576-bd13-ae70b2179a39",
                "value": "OrgSettings-Todo.ReadWrite.All"
              },
              {
                "allowed_member_types": [
                  "Application"
                ],
                "description": "Allows the app to read all of billing data from Microsoft for your company's tenant, without a signed-in user. This includes reading billed and unbilled azure usage and invoice reconciliation data.",
                "display_name": "Read all billing data for your company's tenant",
                "enabled": true,
                "id": "7c3e1994-38ff-4412-a99b-9369f6bb7706",
                "value": "PartnerBilling.Read.All"
              },
              {
                "allowed_member_types": [
                  "Application"
                ],
                "description": "Allows the app to read security alerts of customer with CSP relationship, without a signed-in user.",
                "display_name": "Read security alerts of customer with CSP relationship",
                "enabled": true,
                "id": "21ffa320-2e7f-47d3-a466-7ff04d2dd68d",
                "value": "PartnerSecurity.Read.All"
              },
              {
                "allowed_member_types": [
                  "Application"
                ],
                "description": "Allows the app to read security alerts and update status of alerts of customer with CSP relationship, without a signed-in user.",
                "display_name": "Read security alerts and update status of security alerts of customer with CSP relationship",
                "enabled": true,
                "id": "04a2c935-5b4b-474a-be42-11f53111f271",
                "value": "PartnerSecurity.ReadWrite.All"
              },
              {
                "allowed_member_types": [
                  "Application"
                ],
                "description": "Allows the app to read available properties of pending external user profiles, without a signed-in user.",
                "display_name": "Read all pending external user profiles",
                "enabled": true,
                "id": "bdfb26d9-bb36-49be-9b4c-b8cbf4b05808",
                "value": "PendingExternalUserProfile.Read.All"
              },
              {
                "allowed_member_types": [
                  "Application"
                ],
                "description": "Allows the app to read and write available properties of pending external user profiles, without a signed-in user.",
                "display_name": "Read and write all pending external user profiles",
                "enabled": true,
                "id": "8363c2b8-6ff7-420b-9966-c5884c2d48bc",
                "value": "PendingExternalUserProfile.ReadWrite.All"
              },
              {
                "allowed_member_types": [
                  "Application"
                ],
                "description": "Allows the app to read any user's scored list of relevant people, without a signed-in user. The list can include local contacts, contacts from social networking, your organization's directory, and people from recent communications (such as email and Skype).",
                "display_name": "Read all users' relevant people lists",
                "enabled": true,
                "id": "b528084d-ad10-4598-8b93-929746b4d7d6",
                "value": "People.Read.All"
              },
              {
                "allowed_member_types": [
                  "Application"
                ],
                "description": "Allows the application to read tenant-wide people settings without a signed-in user.",
                "display_name": "Read all tenant-wide people settings",
                "enabled": true,
                "id": "ef02f2e7-e22d-4c77-8614-8f765683b86e",
                "value": "PeopleSettings.Read.All"
              },
              {
                "allowed_member_types": [
                  "Application"
                ],
                "description": "Allows the application to read and write tenant-wide people settings without a signed-in user.",
                "display_name": "Read and write all tenant-wide people settings",
                "enabled": true,
                "id": "b6890674-9dd5-4e42-bb15-5af07f541ae1",
                "value": "PeopleSettings.ReadWrite.All"
              },
              {
                "allowed_member_types": [
                  "Application"
                ],
                "description": "Allows the app to read company places (conference rooms and room lists) for calendar events and other applications, without a signed-in user.",
                "display_name": "Read all company places",
                "enabled": true,
                "id": "913b9306-0ce1-42b8-9137-6a7df690a760",
                "value": "Place.Read.All"
              },
              {
                "allowed_member_types": [
                  "Application"
                ],
                "description": "Allows the app to read all workplace devices, without a signed-in user.",
                "display_name": "Read all workplace devices",
                "enabled": true,
                "id": "8b724a84-ceac-4fd9-897e-e31ba8f2d7a3",
                "value": "PlaceDevice.Read.All"
              },
              {
                "allowed_member_types": [
                  "Application"
                ],
                "description": "Allows the app to read and write all workplace devices, without a signed-in user.",
                "display_name": "Read and write all workplace devices",
                "enabled": true,
                "id": "2d510721-5c4e-43cd-bfdb-ac0f8819fb92",
                "value": "PlaceDevice.ReadWrite.All"
              },
              {
                "allowed_member_types": [
                  "Application"
                ],
                "description": "Allows the app to read and write telemetry for all workplace devices, without a signed-in user.",
                "display_name": "Read and write telemetry for all workplace devices.",
                "enabled": true,
                "id": "27fc435f-44e2-4b30-bf3c-e0ce74aed618",
                "value": "PlaceDeviceTelemetry.ReadWrite.All"
              },
              {
                "allowed_member_types": [
                  "Application"
                ],
                "description": "Allows the app to read all your organization's policies without a signed in user.",
                "display_name": "Read your organization's policies",
                "enabled": true,
                "id": "246dd0d5-5bd0-4def-940b-0421030a5b68",
                "value": "Policy.Read.All"
              },
              {
                "allowed_member_types": [
                  "Application"
                ],
                "description": "Allows the app to read all authentication method policies for the tenant, without a signed-in user. ",
                "display_name": "Read authentication method policies",
                "enabled": true,
                "id": "8e3bc81b-d2f3-4b7b-838c-32c88218d2f0",
                "value": "Policy.Read.AuthenticationMethod"
              },
              {
                "allowed_member_types": [
                  "Application"
                ],
                "description": "Allows the app to read your organization's conditional access policies, without a signed-in user.",
                "display_name": "Read your organization's conditional access policies",
                "enabled": true,
                "id": "37730810-e9ba-4e46-b07e-8ca78d182097",
                "value": "Policy.Read.ConditionalAccess"
              },
              {
                "allowed_member_types": [
                  "Application"
                ],
                "description": "Allows the application to read your organization's device configuration policies without a signed-in user.  For example, device registration policy can limit initial provisioning controls using quota restrictions, additional authentication and authorization checks.",
                "display_name": "Read your organization's device configuration policies",
                "enabled": true,
                "id": "bdba4817-6ba1-4a7c-8a01-be9bc7c242dd",
                "value": "Policy.Read.DeviceConfiguration"
              },
              {
                "allowed_member_types": [
                  "Application"
                ],
                "description": "Allows the app to read your organization’s identity protection policy without a signed-in user.",
                "display_name": "Read your organization’s identity protection policy",
                "enabled": true,
                "id": "b21b72f6-4e6a-4533-9112-47eea9f97b28",
                "value": "Policy.Read.IdentityProtection"
              },
              {
                "allowed_member_types": [
                  "Application"
                ],
                "description": "Allows the app to read policies related to consent and permission grants for applications, without a signed-in user.",
                "display_name": "Read consent and permission grant policies",
                "enabled": true,
                "id": "9e640839-a198-48fb-8b9a-013fd6f6cbcd",
                "value": "Policy.Read.PermissionGrant"
              },
              {
                "allowed_member_types": [
                  "Application"
                ],
                "description": "Allows the app to read and write your organization's directory access review default policy without a signed-in user.",
                "display_name": "Read and write your organization's directory access review default policy",
                "enabled": true,
                "id": "77c863fd-06c0-47ce-a7eb-49773e89d319",
                "value": "Policy.ReadWrite.AccessReview"
              },
              {
                "allowed_member_types": [
                  "Application"
                ],
                "description": "Allows the app to read and write your organization's application configuration policies, without a signed-in user.  This includes policies such as activityBasedTimeoutPolicy, claimsMappingPolicy, homeRealmDiscoveryPolicy, tokenIssuancePolicy  and tokenLifetimePolicy.",
                "display_name": "Read and write your organization's application configuration policies",
                "enabled": true,
                "id": "be74164b-cff1-491c-8741-e671cb536e13",
                "value": "Policy.ReadWrite.ApplicationConfiguration"
              },
              {
                "allowed_member_types": [
                  "Application"
                ],
                "description": "Allows the app to read and write all authentication flow policies for the tenant, without a signed-in user.",
                "display_name": "Read and write authentication flow policies",
                "enabled": true,
                "id": "25f85f3c-f66c-4205-8cd5-de92dd7f0cec",
                "value": "Policy.ReadWrite.AuthenticationFlows"
              },
              {
                "allowed_member_types": [
                  "Application"
                ],
                "description": "Allows the app to read and write all authentication method policies for the tenant, without a signed-in user. ",
                "display_name": "Read and write all authentication method policies ",
                "enabled": true,
                "id": "29c18626-4985-4dcd-85c0-193eef327366",
                "value": "Policy.ReadWrite.AuthenticationMethod"
              },
              {
                "allowed_member_types": [
                  "Application"
                ],
                "description": "Allows the app to read and write your organization's authorization policy without a signed in user. For example, authorization policies can control some of the permissions that the out-of-the-box user role has by default.",
                "display_name": "Read and write your organization's authorization policy",
                "enabled": true,
                "id": "fb221be6-99f2-473f-bd32-01c6a0e9ca3b",
                "value": "Policy.ReadWrite.Authorization"
              },
              {
                "allowed_member_types": [
                  "Application"
                ],
                "description": "Allows the app to read and write your organization's conditional access policies, without a signed-in user.",
                "display_name": "Read and write your organization's conditional access policies",
                "enabled": true,
                "id": "01c0a623-fc9b-48e9-b794-0756f8e8f067",
                "value": "Policy.ReadWrite.ConditionalAccess"
              },
              {
                "allowed_member_types": [
                  "Application"
                ],
                "description": "Allows the app to read and write your organization's consent requests policy without a signed-in user.",
                "display_name": "Read and write your organization's consent request policy",
                "enabled": true,
                "id": "999f8c63-0a38-4f1b-91fd-ed1947bdd1a9",
                "value": "Policy.ReadWrite.ConsentRequest"
              },
              {
                "allowed_member_types": [
                  "Application"
                ],
                "description": "Allows the app to read and write your organization's cross tenant access policies without a signed-in user.",
                "display_name": "Read and write your organization's cross tenant access policies",
                "enabled": true,
                "id": "338163d7-f101-4c92-94ba-ca46fe52447c",
                "value": "Policy.ReadWrite.CrossTenantAccess"
              },
              {
                "allowed_member_types": [
                  "Application"
                ],
                "description": "Allows the app to read and write your organization's M365 cross tenant access capabilities without a signed-in user.",
                "display_name": "Read and write your organization's M365 cross tenant access capabilities",
                "enabled": true,
                "id": "a6325ae7-2b73-4dbd-abed-fbeacfbf8696",
                "value": "Policy.ReadWrite.CrossTenantCapability"
              },
              {
                "allowed_member_types": [
                  "Application"
                ],
                "description": "Allows the application to read and write your organization's device configuration policies without a signed-in user.  For example, device registration policy can limit initial provisioning controls using quota restrictions, additional authentication and authorization checks.",
                "display_name": "Read and write your organization's device configuration policies",
                "enabled": true,
                "id": "230fb2d5-aa21-49c1-bfa7-ae1be179d867",
                "value": "Policy.ReadWrite.DeviceConfiguration"
              },
              {
                "allowed_member_types": [
                  "Application"
                ],
                "description": "Allows the application to read and update the organization's external identities policy without a signed-in user.  For example, external identities policy controls if users invited to access resources in your organization via B2B collaboration or B2B direct connect are allowed to self-service leave.",
                "display_name": "Read and write your organization's external identities policy",
                "enabled": true,
                "id": "03cc4f92-788e-4ede-b93f-199424d144a5",
                "value": "Policy.ReadWrite.ExternalIdentities"
              },
              {
                "allowed_member_types": [
                  "Application"
                ],
                "description": "Allows the app to read and write feature rollout policies without a signed-in user. Includes abilities to assign and remove users and groups to rollout of a specific feature.",
                "display_name": "Read and write feature rollout policies",
                "enabled": true,
                "id": "2044e4f1-e56c-435b-925c-44cd8f6ba89a",
                "value": "Policy.ReadWrite.FeatureRollout"
              },
              {
                "allowed_member_types": [
                  "Application"
                ],
                "description": "Allows the application to read and update the organization's federated token validation policy without a signed-in user.",
                "display_name": "Read and write your organization's federated token validation policy",
                "enabled": true,
                "id": "90bbca0b-227c-4cdc-8083-1c6cfb95bac6",
                "value": "Policy.ReadWrite.FedTokenValidation"
              },
              {
                "allowed_member_types": [
                  "Application"
                ],
                "description": "Allows the app to read and write your organization’s identity protection policy without a signed-in user.",
                "display_name": "Read and write your organization’s identity protection policy ",
                "enabled": true,
                "id": "2dcf8603-09eb-4078-b1ec-d30a1a76b873",
                "value": "Policy.ReadWrite.IdentityProtection"
              },
              {
                "allowed_member_types": [
                  "Application"
                ],
                "description": "Allows the app to manage policies related to consent and permission grants for applications, without a signed-in user.",
                "display_name": "Manage consent and permission grant policies",
                "enabled": true,
                "id": "a402ca1c-2696-4531-972d-6e5ee4aa11ea",
                "value": "Policy.ReadWrite.PermissionGrant"
              },
              {
                "allowed_member_types": [
                  "Application"
                ],
                "description": "Allows the app to read and write your organization's security defaults policy, without a signed-in user.",
                "display_name": "Read and write your organization's security defaults policy",
                "enabled": true,
                "id": "1c6e93a6-28e2-4cbb-9f64-1a46a821124d",
                "value": "Policy.ReadWrite.SecurityDefaults"
              },
              {
                "allowed_member_types": [
                  "Application"
                ],
                "description": "Allows the app to read and write your organization's trust framework policies without a signed in user.",
                "display_name": "Read and write your organization's trust framework policies",
                "enabled": true,
                "id": "79a677f7-b79d-40d0-a36a-3e6f8688dd7a",
                "value": "Policy.ReadWrite.TrustFramework"
              },
              {
                "allowed_member_types": [
                  "Application"
                ],
                "description": "Allows the app to read presence information of all users in the directory without a signed-in user. Presence information includes activity, availability, status note, calendar out-of-office message, timezone and location.",
                "display_name": "Read presence information for all users",
                "enabled": true,
                "id": "a70e0c2d-e793-494c-94c4-118fa0a67f42",
                "value": "Presence.Read.All"
              },
              {
                "allowed_member_types": [
                  "Application"
                ],
                "description": "Allows the app to read all presence information and write activity and availability of all users in the directory without a signed-in user. Presence information includes activity, availability, status note, calendar out-of-office message, time zone and location.",
                "display_name": "Read and write presence information for all users",
                "enabled": true,
                "id": "83cded22-8297-4ff6-a7fa-e97e9545a259",
                "value": "Presence.ReadWrite.All"
              },
              {
                "allowed_member_types": [
                  "Application"
                ],
                "description": "Allows the application to read printers without a signed-in user. ",
                "display_name": "Read printers",
                "enabled": true,
                "id": "9709bb33-4549-49d4-8ed9-a8f65e45bb0f",
                "value": "Printer.Read.All"
              },
              {
                "allowed_member_types": [
                  "Application"
                ],
                "description": "Allows the application to read and update printers without a signed-in user. Does not allow creating (registering) or deleting (unregistering) printers.",
                "display_name": "Read and update printers",
                "enabled": true,
                "id": "f5b3f73d-6247-44df-a74c-866173fddab0",
                "value": "Printer.ReadWrite.All"
              },
              {
                "allowed_member_types": [
                  "Application"
                ],
                "description": "Allows the application to perform advanced operations like redirecting a print job to another printer without a signed-in user. Also allows the application to read and update the metadata of print jobs.",
                "display_name": "Perform advanced operations on print jobs",
                "enabled": true,
                "id": "58a52f47-9e36-4b17-9ebe-ce4ef7f3e6c8",
                "value": "PrintJob.Manage.All"
              },
              {
                "allowed_member_types": [
                  "Application"
                ],
                "description": "Allows the application to read the metadata and document content of print jobs without a signed-in user. ",
                "display_name": "Read print jobs",
                "enabled": true,
                "id": "ac6f956c-edea-44e4-bd06-64b1b4b9aec9",
                "value": "PrintJob.Read.All"
              },
              {
                "allowed_member_types": [
                  "Application"
                ],
                "description": "Allows the application to read the metadata of print jobs without a signed-in user. Does not allow access to print job document content.",
                "display_name": "Read basic information for print jobs",
                "enabled": true,
                "id": "fbf67eee-e074-4ef7-b965-ab5ce1c1f689",
                "value": "PrintJob.ReadBasic.All"
              },
              {
                "allowed_member_types": [
                  "Application"
                ],
                "description": "Allows the application to read and update the metadata and document content of print jobs without a signed-in user.",
                "display_name": "Read and write print jobs",
                "enabled": true,
                "id": "5114b07b-2898-4de7-a541-53b0004e2e13",
                "value": "PrintJob.ReadWrite.All"
              },
              {
                "allowed_member_types": [
                  "Application"
                ],
                "description": "Allows the application to read and update the metadata of print jobs without a signed-in user. Does not allow access to print job document content.",
                "display_name": "Read and write basic information for print jobs",
                "enabled": true,
                "id": "57878358-37f4-4d3a-8c20-4816e0d457b1",
                "value": "PrintJob.ReadWriteBasic.All"
              },
              {
                "allowed_member_types": [
                  "Application"
                ],
                "description": "Allows the application to read tenant-wide print settings without a signed-in user.",
                "display_name": "Read tenant-wide print settings",
                "enabled": true,
                "id": "b5991872-94cf-4652-9765-29535087c6d8",
                "value": "PrintSettings.Read.All"
              },
              {
                "allowed_member_types": [
                  "Application"
                ],
                "description": "Allows the application to read and update print task definitions without a signed-in user. ",
                "display_name": "Read, write and update print task definitions",
                "enabled": true,
                "id": "456b71a7-0ee0-4588-9842-c123fcc8f664",
                "value": "PrintTaskDefinition.ReadWrite.All"
              },
              {
                "allowed_member_types": [
                  "Application"
                ],
                "description": "Allows the app to read time-based assignment and just-in-time elevation (including scheduled elevation) of Azure AD built-in and custom administrative roles in your organization, without a signed-in user.",
                "display_name": "Read privileged access to Azure AD roles",
                "enabled": true,
                "id": "4cdc2547-9148-4295-8d11-be0db1391d6b",
                "value": "PrivilegedAccess.Read.AzureAD"
              },
              {
                "allowed_member_types": [
                  "Application"
                ],
                "description": "Allows the app to read time-based assignment and just-in-time elevation (including scheduled elevation) of Azure AD groups in your organization, without a signed-in user.",
                "display_name": "Read privileged access to Azure AD groups",
                "enabled": true,
                "id": "01e37dc9-c035-40bd-b438-b2879c4870a6",
                "value": "PrivilegedAccess.Read.AzureADGroup"
              },
              {
                "allowed_member_types": [
                  "Application"
                ],
                "description": "Allows the app to read time-based assignment and just-in-time elevation of user privileges to audit Azure resources in your organization, without a signed-in user.",
                "display_name": "Read privileged access to Azure resources",
                "enabled": true,
                "id": "5df6fe86-1be0-44eb-b916-7bd443a71236",
                "value": "PrivilegedAccess.Read.AzureResources"
              },
              {
                "allowed_member_types": [
                  "Application"
                ],
                "description": "Allows the app to request and manage time-based assignment and just-in-time elevation (including scheduled elevation) of Azure AD built-in and custom administrative roles in your organization, without a signed-in user.",
                "display_name": "Read and write privileged access to Azure AD roles",
                "enabled": true,
                "id": "854d9ab1-6657-4ec8-be45-823027bcd009",
                "value": "PrivilegedAccess.ReadWrite.AzureAD"
              },
              {
                "allowed_member_types": [
                  "Application"
                ],
                "description": "Allows the app to request and manage time-based assignment and just-in-time elevation (including scheduled elevation) of Azure AD groups in your organization, without a signed-in user.",
                "display_name": "Read and write privileged access to Azure AD groups",
                "enabled": true,
                "id": "2f6817f8-7b12-4f0f-bc18-eeaf60705a9e",
                "value": "PrivilegedAccess.ReadWrite.AzureADGroup"
              },
              {
                "allowed_member_types": [
                  "Application"
                ],
                "description": "Allows the app to request and manage time-based assignment and just-in-time elevation of Azure resources (like your subscriptions, resource groups, storage, compute) in your organization, without a signed-in user.",
                "display_name": "Read and write privileged access to Azure resources",
                "enabled": true,
                "id": "6f9d5abc-2db6-400b-a267-7de22a40fb87",
                "value": "PrivilegedAccess.ReadWrite.AzureResources"
              },
              {
                "allowed_member_types": [
                  "Application"
                ],
                "description": "Allows the app to read time-based assignment schedules for access to Azure AD groups, without a signed-in user.",
                "display_name": "Read assignment schedules for access to Azure AD groups",
                "enabled": true,
                "id": "cd4161cb-f098-48f8-a884-1eda9a42434c",
                "value": "PrivilegedAssignmentSchedule.Read.AzureADGroup"
              },
              {
                "allowed_member_types": [
                  "Application"
                ],
                "description": "Allows the app to read, create, and delete time-based assignment schedules for access to Azure AD groups, without a signed-in user.",
                "display_name": "Read, create, and delete assignment schedules for access to Azure AD groups",
                "enabled": true,
                "id": "41202f2c-f7ab-45be-b001-85c9728b9d69",
                "value": "PrivilegedAssignmentSchedule.ReadWrite.AzureADGroup"
              },
              {
                "allowed_member_types": [
                  "Application"
                ],
                "description": "Delete time-based assignment schedules for access to Azure AD groups, without a signed-in user.",
                "display_name": "Delete assignment schedules for access to Azure AD groups",
                "enabled": true,
                "id": "55d1104b-3821-413d-b3ca-e2393d333cd3",
                "value": "PrivilegedAssignmentSchedule.Remove.AzureADGroup"
              },
              {
                "allowed_member_types": [
                  "Application"
                ],
                "description": "Allows the app to read time-based eligibility schedules for access to Azure AD groups, without a signed-in user.",
                "display_name": "Read eligibility schedules for access to Azure AD groups",
                "enabled": true,
                "id": "edb419d6-7edc-42a3-9345-509bfdf5d87c",
                "value": "PrivilegedEligibilitySchedule.Read.AzureADGroup"
              },
              {
                "allowed_member_types": [
                  "Application"
                ],
                "description": "Allows the app to read, create, and delete time-based eligibility schedules for access to Azure AD groups, without a signed-in user.",
                "display_name": "Read, create, and delete eligibility schedules for access to Azure AD groups",
                "enabled": true,
                "id": "618b6020-bca8-4de6-99f6-ef445fa4d857",
                "value": "PrivilegedEligibilitySchedule.ReadWrite.AzureADGroup"
              },
              {
                "allowed_member_types": [
                  "Application"
                ],
                "description": "Delete time-based eligibility schedules for access to Azure AD groups, without a signed-in user.",
                "display_name": "Delete eligibility schedules for access to Azure AD groups",
                "enabled": true,
                "id": "55745561-7572-4314-a737-a2c2a1b0dd2e",
                "value": "PrivilegedEligibilitySchedule.Remove.AzureADGroup"
              },
              {
                "allowed_member_types": [
                  "Application"
                ],
                "description": "Allows the app to read all profile photos of users and groups, without a signed-in user",
                "display_name": "Read profile photo of a user or group",
                "enabled": true,
                "id": "e24d31aa-e1ab-4c80-85fe-23018690335d",
                "value": "ProfilePhoto.Read.All"
              },
              {
                "allowed_member_types": [
                  "Application"
                ],
                "description": "Allows the app to read and write all profile photos of users and groups, without a signed-in user",
                "display_name": "Read and write profile photo of a user or group",
                "enabled": true,
                "id": "27baa7f6-5dfb-4ba8-b1d3-1e812c143013",
                "value": "ProfilePhoto.ReadWrite.All"
              },
              {
                "allowed_member_types": [
                  "Application"
                ],
                "description": "Allows the app to read programs and program controls in the organization, without a signed-in user.",
                "display_name": "Read all programs",
                "enabled": true,
                "id": "eedb7fdd-7539-4345-a38b-4839e4a84cbd",
                "value": "ProgramControl.Read.All"
              },
              {
                "allowed_member_types": [
                  "Application"
                ],
                "description": "Allows the app to read, update, delete and perform actions on programs and program controls in the organization, without a signed-in user.",
                "display_name": "Manage all programs",
                "enabled": true,
                "id": "60a901ed-09f7-4aa5-a16e-7dd3d6f9de36",
                "value": "ProgramControl.ReadWrite.All"
              },
              {
                "allowed_member_types": [
                  "Application"
                ],
                "description": "Allows the app to identify Purview data protection, compliance and governance policy scopes defined for all users across tenant.",
                "display_name": "Compute Purview policies at tenant scope",
                "enabled": true,
                "id": "e5a76501-dbb0-492c-ab55-5d09e8837263",
                "value": "ProtectionScopes.Compute.All"
              },
              {
                "allowed_member_types": [
                  "Application"
                ],
                "description": "Allows the app to identify Purview data protection, compliance and governance policy scopes defined for an individual user.",
                "display_name": "Compute Purview policies for an individual user",
                "enabled": true,
                "id": "fe696d63-5e1f-4515-8232-cccc316903c6",
                "value": "ProtectionScopes.Compute.User"
              },
              {
                "allowed_member_types": [
                  "Application"
                ],
                "description": "Allows the app to read and query your provisioning log activities, without a signed-in user.",
                "display_name": "Read all provisioning log data",
                "enabled": true,
                "id": "091937d3-3e38-47a1-8649-b2f99d3035f1",
                "value": "ProvisioningLog.Read.All"
              },
              {
                "allowed_member_types": [
                  "Application"
                ],
                "description": "Allows the application to read  certificate-based authentication configuration such as all public key infrastructures (PKI) and certificate authorities (CA) configured for the organization, without a signed-in user.",
                "display_name": "Read all certificate based authentication configurations",
                "enabled": true,
                "id": "214fda0c-514a-4650-b037-b562b1a66124",
                "value": "PublicKeyInfrastructure.Read.All"
              },
              {
                "allowed_member_types": [
                  "Application"
                ],
                "description": "Allows the application to read and write certificate-based authentication configuration such as all public key infrastructures (PKI) and certificate authorities (CA) configured for the organization, without a signed-in user.",
                "display_name": "Read and write all certificate based authentication configurations",
                "enabled": true,
                "id": "a2b63618-5350-462d-b1b3-ba6eb3684e26",
                "value": "PublicKeyInfrastructure.ReadWrite.All"
              },
              {
                "allowed_member_types": [
                  "Application"
                ],
                "description": "Allows an app to read all question and answers, without a signed-in user.",
                "display_name": "Read all Question and Answers ",
                "enabled": true,
                "id": "ee49e170-1dd1-4030-b44c-61ad6e98f743",
                "value": "QnA.Read.All"
              },
              {
                "allowed_member_types": [
                  "Application"
                ],
                "description": "Allows the application to read any data from Records Management, such as configuration, labels, and policies without the signed in user.",
                "display_name": "Read Records Management configuration, labels and policies",
                "enabled": true,
                "id": "ac3a2b8e-03a3-4da9-9ce0-cbe28bf1accd",
                "value": "RecordsManagement.Read.All"
              },
              {
                "allowed_member_types": [
                  "Application"
                ],
                "description": "Allow the application to create, update and delete any data from Records Management, such as configuration, labels, and policies without the signed in user.",
                "display_name": "Read and write Records Management configuration, labels and policies",
                "enabled": true,
                "id": "eb158f57-df43-4751-8b21-b8932adb3d34",
                "value": "RecordsManagement.ReadWrite.All"
              },
              {
                "allowed_member_types": [
                  "Application"
                ],
                "description": "Allows an app to read all service usage reports without a signed-in user.  Services that provide usage reports include Office 365 and Azure Active Directory.",
                "display_name": "Read all usage reports",
                "enabled": true,
                "id": "230c1aed-a721-4c5d-9cb4-a90514e508ef",
                "value": "Reports.Read.All"
              },
              {
                "allowed_member_types": [
                  "Application"
                ],
                "description": "Allows the app to read all admin report settings, such as whether to display concealed information in reports, without a signed-in user.",
                "display_name": "Read all admin report settings",
                "enabled": true,
                "id": "ee353f83-55ef-4b78-82da-555bfa2b4b95",
                "value": "ReportSettings.Read.All"
              },
              {
                "allowed_member_types": [
                  "Application"
                ],
                "description": "Allows the app to read and update all admin report settings, such as whether to display concealed information in reports, without a signed-in user.",
                "display_name": "Read and write all admin report settings",
                "enabled": true,
                "id": "2a60023f-3219-47ad-baa4-40e17cd02a1d",
                "value": "ReportSettings.ReadWrite.All"
              },
              {
                "allowed_member_types": [
                  "Application"
                ],
                "description": "Allows the app to read the resource specific permissions granted on the chat without a signed-in user.",
                "display_name": "Read resource specific permissions granted on a chat",
                "enabled": true,
                "id": "2ff643d8-43e4-4a9b-88c1-86cb4a4b4c2f",
                "value": "ResourceSpecificPermissionGrant.ReadForChat.All"
              },
              {
                "allowed_member_types": [
                  "Application"
                ],
                "description": "Allows the app to read the resource specific permissions granted on the team without a signed-in user.",
                "display_name": "Read resource specific permissions granted on a team",
                "enabled": true,
                "id": "ad4600ae-d900-42cb-a9a2-2415d05593d0",
                "value": "ResourceSpecificPermissionGrant.ReadForTeam.All"
              },
              {
                "allowed_member_types": [
                  "Application"
                ],
                "description": "Allows the app to read all resource specific permissions granted on user accounts, without a signed-in user.",
                "display_name": "Read all resource specific permissions granted on user accounts",
                "enabled": true,
                "id": "acfca4d5-f49f-40ed-9648-84068b474c73",
                "value": "ResourceSpecificPermissionGrant.ReadForUser.All"
              },
              {
                "allowed_member_types": [
                  "Application"
                ],
                "description": "Allows the app to read your organization's risk prevention providers, without a signed-in user.",
                "display_name": "Read all identity risk prevention providers",
                "enabled": true,
                "id": "2a6baefd-edea-4ff6-b24e-bebcaa27a50d",
                "value": "RiskPreventionProviders.Read.All"
              },
              {
                "allowed_member_types": [
                  "Application"
                ],
                "description": "Allows the app to read and write your organization's risk prevention providers, without a signed-in user.",
                "display_name": "Read and write all identity risk prevention providers",
                "enabled": true,
                "id": "7fc7225d-eb37-4c39-90f3-a33a57cf1081",
                "value": "RiskPreventionProviders.ReadWrite.All"
              },
              {
                "allowed_member_types": [
                  "Application"
                ],
                "description": "Allows the app to read the active role-based access control (RBAC) assignments and schedules for your company's directory, without a signed-in user. This includes reading directory role templates, and directory roles.",
                "display_name": "Read all active role assignments and role schedules for your company's directory",
                "enabled": true,
                "id": "d5fe8ce8-684c-4c83-a52c-46e882ce4be1",
                "value": "RoleAssignmentSchedule.Read.Directory"
              },
              {
                "allowed_member_types": [
                  "Application"
                ],
                "description": "Allows the app to read, update, and delete policies for privileged role-based access control (RBAC) assignments of your company's directory, without a signed-in user.",
                "display_name": "Read, update, and delete all policies for privileged role assignments of your company's directory",
                "enabled": true,
                "id": "dd199f4a-f148-40a4-a2ec-f0069cc799ec",
                "value": "RoleAssignmentSchedule.ReadWrite.Directory"
              },
              {
                "allowed_member_types": [
                  "Application"
                ],
                "description": "Delete all active privileged role-based access control (RBAC) assignments of your company's directory, without a signed-in user.",
                "display_name": "Delete all active role assignments of your company's directory",
                "enabled": true,
                "id": "d3495511-98b7-4df3-b317-4e35c19f6129",
                "value": "RoleAssignmentSchedule.Remove.Directory"
              },
              {
                "allowed_member_types": [
                  "Application"
                ],
                "description": "Allows the app to read the eligible role-based access control (RBAC) assignments and schedules for your company's directory, without a signed-in user. This includes reading directory role templates, and directory roles.",
                "display_name": "Read all eligible role assignments and role schedules for your company's directory",
                "enabled": true,
                "id": "ff278e11-4a33-4d0c-83d2-d01dc58929a5",
                "value": "RoleEligibilitySchedule.Read.Directory"
              },
              {
                "allowed_member_types": [
                  "Application"
                ],
                "description": "Allows the app to read and manage the eligible role-based access control (RBAC) assignments and schedules for your company's directory, without a signed-in user. This includes managing eligible directory role membership, and reading directory role templates, directory roles and eligible memberships.",
                "display_name": "Read, update, and delete all eligible role assignments and schedules for your company's directory",
                "enabled": true,
                "id": "fee28b28-e1f3-4841-818e-2704dc62245f",
                "value": "RoleEligibilitySchedule.ReadWrite.Directory"
              },
              {
                "allowed_member_types": [
                  "Application"
                ],
                "description": "Delete all eligible privileged role-based access control (RBAC) assignments of your company's directory, without a signed-in user.",
                "display_name": "Delete all eligible role assignments of your company's directory",
                "enabled": true,
                "id": "79c7e69c-0d9f-4eff-97a8-49170a5a08ba",
                "value": "RoleEligibilitySchedule.Remove.Directory"
              },
              {
                "allowed_member_types": [
                  "Application"
                ],
                "description": "Allows the app to read role-based access control (RBAC) settings for all RBAC providers without a signed-in user. This includes reading role definitions and role assignments.",
                "display_name": "Read role management data for all RBAC providers",
                "enabled": true,
                "id": "c7fbd983-d9aa-4fa7-84b8-17382c103bc4",
                "value": "RoleManagement.Read.All"
              },
              {
                "allowed_member_types": [
                  "Application"
                ],
                "description": "Allows the app to read the Cloud PC role-based access control (RBAC) settings, without a signed-in user.",
                "display_name": "Read Cloud PC RBAC settings",
                "enabled": true,
                "id": "031a549a-bb80-49b6-8032-2068448c6a3c",
                "value": "RoleManagement.Read.CloudPC"
              },
              {
                "allowed_member_types": [
                  "Application"
                ],
                "description": "Allows the app to read the role-based access control (RBAC) settings for your company's directory, without a signed-in user.",
                "display_name": "Read M365 Defender RBAC configuration",
                "enabled": true,
                "id": "4d6e30d1-e64e-4ae7-bf9d-c706cc928cef",
                "value": "RoleManagement.Read.Defender"
              },
              {
                "allowed_member_types": [
                  "Application"
                ],
                "description": "Allows the app to read the role-based access control (RBAC) settings for your company's directory, without a signed-in user.  This includes reading directory role templates, directory roles and memberships.",
                "display_name": "Read all directory RBAC settings",
                "enabled": true,
                "id": "483bed4a-2ad3-4361-a73b-c83ccdbdc53c",
                "value": "RoleManagement.Read.Directory"
              },
              {
                "allowed_member_types": [
                  "Application"
                ],
                "description": "Allows the app to read the role-based access control (RBAC) configuration for your organization's Exchange Online service, without a signed-in user. This includes reading Exchange management role definitions, role groups, role group membership, role assignments, management scopes, and role assignment policies.",
                "display_name": "Read Exchange Online RBAC configuration",
                "enabled": true,
                "id": "c769435f-f061-4d0b-8ff1-3d39870e5f85",
                "value": "RoleManagement.Read.Exchange"
              },
              {
                "allowed_member_types": [
                  "Application"
                ],
                "description": "Allows the app to read and manage the Cloud PC role-based access control (RBAC) settings, without a signed-in user. This includes reading and managing Cloud PC role definitions and memberships.",
                "display_name": "Read and write all Cloud PC RBAC settings",
                "enabled": true,
                "id": "274d0592-d1b6-44bd-af1d-26d259bcb43a",
                "value": "RoleManagement.ReadWrite.CloudPC"
              },
              {
                "allowed_member_types": [
                  "Application"
                ],
                "description": "Allows the app to read the role-based access control (RBAC) settings for your company's directory, without a signed-in user.",
                "display_name": "Read M365 Defender RBAC configuration",
                "enabled": true,
                "id": "8b7e8c0a-7e9d-4049-97ec-04b5e1bcaf05",
                "value": "RoleManagement.ReadWrite.Defender"
              },
              {
                "allowed_member_types": [
                  "Application"
                ],
                "description": "Allows the app to read and manage the role-based access control (RBAC) settings for your company's directory, without a signed-in user. This includes instantiating directory roles and managing directory role membership, and reading directory role templates, directory roles and memberships.",
                "display_name": "Read and write all directory RBAC settings",
                "enabled": true,
                "id": "9e3f62cf-ca93-4989-b6ce-bf83c28f9fe8",
                "value": "RoleManagement.ReadWrite.Directory"
              },
              {
                "allowed_member_types": [
                  "Application"
                ],
                "description": "Allows the app to read and manage the role-based access control (RBAC) settings for your organization's Exchange Online service, without a signed-in user. This includes reading, creating, updating, and deleting Exchange management role definitions, role groups, role group membership, role assignments, management scopes, and role assignment policies.",
                "display_name": "Read and write Exchange Online RBAC configuration",
                "enabled": true,
                "id": "025d3225-3f02-4882-b4c0-cd5b541a4e80",
                "value": "RoleManagement.ReadWrite.Exchange"
              },
              {
                "allowed_member_types": [
                  "Application"
                ],
                "description": "Allows the app to read all role-based access control (RBAC) alerts for your company's directory, without a signed-in user. This includes reading alert statuses, alert definitions, alert configurations and incidents that lead to an alert.",
                "display_name": "Read all alert data for your company's directory",
                "enabled": true,
                "id": "ef31918f-2d50-4755-8943-b8638c0a077e",
                "value": "RoleManagementAlert.Read.Directory"
              },
              {
                "allowed_member_types": [
                  "Application"
                ],
                "description": "Allows the app to read and manage all role-based access control (RBAC) alerts for your company's directory, without a signed-in user. This includes managing alert settings, initiating alert scans, dismissing alerts, remediating alert incidents, and reading alert statuses, alert definitions, alert configurations and incidents that lead to an alert.",
                "display_name": "Read all alert data, configure alerts, and take actions on all alerts for your company's directory",
                "enabled": true,
                "id": "11059518-d6a6-4851-98ed-509268489c4a",
                "value": "RoleManagementAlert.ReadWrite.Directory"
              },
              {
                "allowed_member_types": [
                  "Application"
                ],
                "description": "Allows the app to read policies in Privileged Identity Management for Groups, without a signed-in user.",
                "display_name": "Read all policies in PIM for Groups",
                "enabled": true,
                "id": "69e67828-780e-47fd-b28c-7b27d14864e6",
                "value": "RoleManagementPolicy.Read.AzureADGroup"
              },
              {
                "allowed_member_types": [
                  "Application"
                ],
                "description": "Allows the app to read policies for privileged role-based access control (RBAC) assignments of your company's directory, without a signed-in user.",
                "display_name": "Read all policies for privileged role assignments of your company's directory",
                "enabled": true,
                "id": "fdc4c997-9942-4479-bfcb-75a36d1138df",
                "value": "RoleManagementPolicy.Read.Directory"
              },
              {
                "allowed_member_types": [
                  "Application"
                ],
                "description": "Allows the app to read, update, and delete policies in Privileged Identity Management for Groups, without a signed-in user.",
                "display_name": "Read, update, and delete all policies in PIM for Groups",
                "enabled": true,
                "id": "b38dcc4d-a239-4ed6-aa84-6c65b284f97c",
                "value": "RoleManagementPolicy.ReadWrite.AzureADGroup"
              },
              {
                "allowed_member_types": [
                  "Application"
                ],
                "description": "Allows the app to read, update, and delete policies for privileged role-based access control (RBAC) assignments of your company's directory, without a signed-in user.",
                "display_name": "Read, update, and delete all policies for privileged role assignments of your company's directory",
                "enabled": true,
                "id": "31e08e0a-d3f7-4ca2-ac39-7343fb83e8ad",
                "value": "RoleManagementPolicy.ReadWrite.Directory"
              },
              {
                "allowed_member_types": [
                  "Application"
                ],
                "description": "Allows the app to trigger the working time policies and read the working time status for other users in your organization, without a signed-in user.",
                "display_name": "Trigger working time policies and read the working time status",
                "enabled": true,
                "id": "0b21c159-dbf4-4dbb-a6f6-490e412c716e",
                "value": "Schedule-WorkingTime.ReadWrite.All"
              },
              {
                "allowed_member_types": [
                  "Application"
                ],
                "description": "Allows the app to read all schedules, schedule groups, shifts and associated entities in the Teams or Shifts application without a signed-in user.",
                "display_name": "Read all schedule items",
                "enabled": true,
                "id": "7b2ebf90-d836-437f-b90d-7b62722c4456",
                "value": "Schedule.Read.All"
              },
              {
                "allowed_member_types": [
                  "Application"
                ],
                "description": "Allows the app to manage all schedules, schedule groups, shifts and associated entities in the Teams or Shifts application without a signed-in user.",
                "display_name": "Read and write all schedule items",
                "enabled": true,
                "id": "b7760610-0545-4e8a-9ec3-cce9e63db01c",
                "value": "Schedule.ReadWrite.All"
              },
              {
                "allowed_member_types": [
                  "Application"
                ],
                "description": "Allows the app to read/write schedule permissions for a specific role in Shifts application without a signed-in user.",
                "display_name": "Read/Write schedule permissions for a role",
                "enabled": true,
                "id": "7239b71d-b402-4150-b13d-78ecfe8df441",
                "value": "SchedulePermissions.ReadWrite.All"
              },
              {
                "allowed_member_types": [
                  "Application"
                ],
                "description": "Allows the app to read search configurations, without a signed-in user.",
                "display_name": "Read your organization's search configuration",
                "enabled": true,
                "id": "ada977a5-b8b1-493b-9a91-66c206d76ecf",
                "value": "SearchConfiguration.Read.All"
              },
              {
                "allowed_member_types": [
                  "Application"
                ],
                "description": "Allows the app to read and write search configurations, without a signed-in user.",
                "display_name": "Read and write your organization's search configuration",
                "enabled": true,
                "id": "0e778b85-fefa-466d-9eec-750569d92122",
                "value": "SearchConfiguration.ReadWrite.All"
              },
              {
                "allowed_member_types": [
                  "Application"
                ],
                "description": "Allows the app to read security actions, without a signed-in user.",
                "display_name": "Read your organization's security actions",
                "enabled": true,
                "id": "5e0edab9-c148-49d0-b423-ac253e121825",
                "value": "SecurityActions.Read.All"
              },
              {
                "allowed_member_types": [
                  "Application"
                ],
                "description": "Allows the app to read or update security actions, without a signed-in user.",
                "display_name": "Read and update your organization's security actions",
                "enabled": true,
                "id": "f2bf083f-0179-402a-bedb-b2784de8a49b",
                "value": "SecurityActions.ReadWrite.All"
              },
              {
                "allowed_member_types": [
                  "Application"
                ],
                "description": "Allows the app to read all security alerts, without a signed-in user.",
                "display_name": "Read all security alerts",
                "enabled": true,
                "id": "472e4a4d-bb4a-4026-98d1-0b0d74cb74a5",
                "value": "SecurityAlert.Read.All"
              },
              {
                "allowed_member_types": [
                  "Application"
                ],
                "description": "Allows the app to read and write to all security alerts, without a signed-in user.",
                "display_name": "Read and write to all security alerts",
                "enabled": true,
                "id": "ed4fca05-be46-441f-9803-1873825f8fdb",
                "value": "SecurityAlert.ReadWrite.All"
              },
              {
                "allowed_member_types": [
                  "Application"
                ],
                "description": "Read email metadata and security detection details, without a signed-in user.  ",
                "display_name": "Read metadata and detection details for all emails in your organization",
                "enabled": true,
                "id": "b48f7ac2-044d-4281-b02f-75db744d6f5f",
                "value": "SecurityAnalyzedMessage.Read.All"
              },
              {
                "allowed_member_types": [
                  "Application"
                ],
                "description": "Read email metadata and security detection details, and execute remediation actions like deleting an email, without a signed-in user.",
                "display_name": "Read metadata, detection details, and execute remediation actions on all emails in your organization",
                "enabled": true,
                "id": "04c55753-2244-4c25-87fc-704ab82a4f69",
                "value": "SecurityAnalyzedMessage.ReadWrite.All"
              },
              {
                "allowed_member_types": [
                  "Application"
                ],
                "description": "Allows the app to read your organization’s security events without a signed-in user.",
                "display_name": "Read your organization’s security events",
                "enabled": true,
                "id": "bf394140-e372-4bf9-a898-299cfc7564e5",
                "value": "SecurityEvents.Read.All"
              },
              {
                "allowed_member_types": [
                  "Application"
                ],
                "description": "Allows the app to read your organization’s security events without a signed-in user. Also allows the app to update editable properties in security events.",
                "display_name": "Read and update your organization’s security events",
                "enabled": true,
                "id": "d903a879-88e0-4c09-b0c9-82f6a1333f84",
                "value": "SecurityEvents.ReadWrite.All"
              },
              {
                "allowed_member_types": [
                  "Application"
                ],
                "description": "Allows the app to read all the identity security available identity accounts without a signed-in user.",
                "display_name": "Read all identity security available identity accounts",
                "enabled": true,
                "id": "c5bc96f5-b4a1-4cfc-8189-d5f0d772278f",
                "value": "SecurityIdentitiesAccount.Read.All"
              },
              {
                "allowed_member_types": [
                  "Application"
                ],
                "description": "Allows the app to read and write identity security available actions without a signed-in user.",
                "display_name": "Read and perform all identity security available actions",
                "enabled": true,
                "id": "af2bf46f-7bf1-4be3-8bad-e17e279e8462",
                "value": "SecurityIdentitiesActions.ReadWrite.All"
              },
              {
                "allowed_member_types": [
                  "Application"
                ],
                "description": "Allows the app to read all the identity security health issues without a signed-in user.",
                "display_name": "Read all identity security health issues",
                "enabled": true,
                "id": "f8dcd971-5d83-4e1e-aa95-ef44611ad351",
                "value": "SecurityIdentitiesHealth.Read.All"
              },
              {
                "allowed_member_types": [
                  "Application"
                ],
                "description": "Allows the app to read and write identity security health issues without a signed-in user.",
                "display_name": "Read and write all identity security health issues",
                "enabled": true,
                "id": "ab03ddd5-7ae4-4f2e-8af8-86654f7e0a27",
                "value": "SecurityIdentitiesHealth.ReadWrite.All"
              },
              {
                "allowed_member_types": [
                  "Application"
                ],
                "description": "Allows the app to read all the identity security sensors without a signed-in user.",
                "display_name": "Read all identity security sensors",
                "enabled": true,
                "id": "5f0ffea2-f474-4cf2-9834-61cda2bcea5c",
                "value": "SecurityIdentitiesSensors.Read.All"
              },
              {
                "allowed_member_types": [
                  "Application"
                ],
                "description": "Allows the app to read and write identity security sensors without a signed-in user.",
                "display_name": "Read and write all identity security sensors",
                "enabled": true,
                "id": "d4dcee6d-0774-412a-b06c-aeabbd99e816",
                "value": "SecurityIdentitiesSensors.ReadWrite.All"
              },
              {
                "allowed_member_types": [
                  "Application"
                ],
                "description": "Allows the app to read all the identity security available user actions without a signed-in user.",
                "display_name": "Read all identity security available user actions",
                "enabled": true,
                "id": "3e5d0bee-973f-4736-a123-4e1ab146f3a8",
                "value": "SecurityIdentitiesUserActions.Read.All"
              },
              {
                "allowed_member_types": [
                  "Application"
                ],
                "description": "Allows the app to read and write identity security available user actions without a signed-in user.",
                "display_name": "Read and perform all identity security available user actions",
                "enabled": true,
                "id": "b4146a3a-dd4f-4af4-8d91-7cc0eef3d041",
                "value": "SecurityIdentitiesUserActions.ReadWrite.All"
              },
              {
                "allowed_member_types": [
                  "Application"
                ],
                "description": "Allows the app to read all security incidents, without a signed-in user.",
                "display_name": "Read all security incidents",
                "enabled": true,
                "id": "45cc0394-e837-488b-a098-1918f48d186c",
                "value": "SecurityIncident.Read.All"
              },
              {
                "allowed_member_types": [
                  "Application"
                ],
                "description": "Allows the app to read and write to all security incidents, without a signed-in user.",
                "display_name": "Read and write to all security incidents",
                "enabled": true,
                "id": "34bf0e97-1971-4929-b999-9e2442d941d7",
                "value": "SecurityIncident.ReadWrite.All"
              },
              {
                "allowed_member_types": [
                  "Application"
                ],
                "description": "Allow the app to determine if there is any sensitivity label to be applied automatically to the content or recommended to the user for manual application, without a signed-in user.",
                "display_name": "Evaluate sensitivity labels",
                "enabled": true,
                "id": "57f0b71b-a759-45a0-9a0f-cc099fbd9a44",
                "value": "SensitivityLabel.Evaluate"
              },
              {
                "allowed_member_types": [
                  "Application"
                ],
                "description": "Allows the app to evaluate all sensitivity label.",
                "display_name": "Evaluate labels tenant scope.",
                "enabled": true,
                "id": "986fa56a-6680-4aac-af09-4d1765376739",
                "value": "SensitivityLabel.Evaluate.All"
              },
              {
                "allowed_member_types": [
                  "Application"
                ],
                "description": "Allows the app to get sensitivity labels.",
                "display_name": "Get labels application scope.",
                "enabled": true,
                "id": "3b8e7aad-f6e3-4299-83f8-6fc6a5777f0b",
                "value": "SensitivityLabel.Read"
              },
              {
                "allowed_member_types": [
                  "Application"
                ],
                "description": "Allows the app to get sensitivity labels.",
                "display_name": "Get labels tenant scope.",
                "enabled": true,
                "id": "e46a01e9-b2cf-4d89-8424-bcdc6dd445ab",
                "value": "SensitivityLabels.Read.All"
              },
              {
                "allowed_member_types": [
                  "Application"
                ],
                "description": "Allows the app to read all Exchange service activity, without a signed-in user.",
                "display_name": "Read all Exchange service activity",
                "enabled": true,
                "id": "2b655018-450a-4845-81e7-d603b1ebffdb",
                "value": "ServiceActivity-Exchange.Read.All"
              },
              {
                "allowed_member_types": [
                  "Application"
                ],
                "description": "Allows the app to read all Microsoft 365 Web service activity, without a signed-in user.",
                "display_name": "Read all Microsoft 365 Web service activity",
                "enabled": true,
                "id": "c766cb16-acc4-4663-ba09-6eedef5876c5",
                "value": "ServiceActivity-Microsoft365Web.Read.All"
              },
              {
                "allowed_member_types": [
                  "Application"
                ],
                "description": "Allows the app to read all One Drive service activity, without a signed-in user.",
                "display_name": "Read all One Drive service activity",
                "enabled": true,
                "id": "57b4f899-b8c5-47c7-bdd3-c410c55602b7",
                "value": "ServiceActivity-OneDrive.Read.All"
              },
              {
                "allowed_member_types": [
                  "Application"
                ],
                "description": "Allows the app to read all Teams service activity, without a signed-in user.",
                "display_name": "Read all Teams service activity",
                "enabled": true,
                "id": "4dfee10b-fa4a-41b5-b34d-ccf54cc0c394",
                "value": "ServiceActivity-Teams.Read.All"
              },
              {
                "allowed_member_types": [
                  "Application"
                ],
                "description": "Allows the app to read your tenant's service health information, without a signed-in user. Health information may include service issues or service health overviews.",
                "display_name": "Read service health",
                "enabled": true,
                "id": "79c261e0-fe76-4144-aad5-bdc68fbe4037",
                "value": "ServiceHealth.Read.All"
              },
              {
                "allowed_member_types": [
                  "Application"
                ],
                "description": "Allows the app to read your tenant's service announcement messages, without a signed-in user. Messages may include information about new or changed features.",
                "display_name": "Read service messages",
                "enabled": true,
                "id": "1b620472-6534-4fe6-9df2-4680e8aa28ec",
                "value": "ServiceMessage.Read.All"
              },
              {
                "allowed_member_types": [
                  "Application"
                ],
                "description": "Allows the app to read service principal endpoints",
                "display_name": "Read service principal endpoints",
                "enabled": true,
                "id": "5256681e-b7f6-40c0-8447-2d9db68797a0",
                "value": "ServicePrincipalEndpoint.Read.All"
              },
              {
                "allowed_member_types": [
                  "Application"
                ],
                "description": "Allows the app to update service principal endpoints",
                "display_name": "Read and update service principal endpoints",
                "enabled": true,
                "id": "89c8469c-83ad-45f7-8ff2-6e3d4285709e",
                "value": "ServicePrincipalEndpoint.ReadWrite.All"
              },
              {
                "allowed_member_types": [
                  "Application"
                ],
                "description": "Allows the application to read the tenant-level settings of SharePoint and OneDrive, without a signed-in user.",
                "display_name": "Read SharePoint and OneDrive tenant settings",
                "enabled": true,
                "id": "83d4163d-a2d8-4d3b-9695-4ae3ca98f888",
                "value": "SharePointTenantSettings.Read.All"
              },
              {
                "allowed_member_types": [
                  "Application"
                ],
                "description": "Allows the application to read and change the tenant-level settings of SharePoint and OneDrive, without a signed-in user.",
                "display_name": "Read and change SharePoint and OneDrive tenant settings",
                "enabled": true,
                "id": "19b94e34-907c-4f43-bde9-38b1909ed408",
                "value": "SharePointTenantSettings.ReadWrite.All"
              },
              {
                "allowed_member_types": [
                  "Application"
                ],
                "description": "Allows the app to read all the short notes without a signed-in user.",
                "display_name": "Read all users' short notes",
                "enabled": true,
                "id": "0c7d31ec-31ca-4f58-b6ec-9950b6b0de69",
                "value": "ShortNotes.Read.All"
              },
              {
                "allowed_member_types": [
                  "Application"
                ],
                "description": "Allows the app to read, create, edit, and delete all the short notes without a signed-in user.",
                "display_name": "Read, create, edit, and delete all users' short notes",
                "enabled": true,
                "id": "842c284c-763d-4a97-838d-79787d129bab",
                "value": "ShortNotes.ReadWrite.All"
              },
              {
                "allowed_member_types": [
                  "Application"
                ],
                "description": "Allows the app to read your organization's sign-in identifiers, without a signed-in user.",
                "display_name": "Read all sign-in identifiers",
                "enabled": true,
                "id": "28e1fe78-598f-4df4-b55e-18bf34218925",
                "value": "SignInIdentifier.Read.All"
              },
              {
                "allowed_member_types": [
                  "Application"
                ],
                "description": "Allows the app to read and write your organization's sign-in identifiers, without a signed-in user.",
                "display_name": "Read and write all sign-in identifiers",
                "enabled": true,
                "id": "7fc588a2-ea2d-4d1f-bcf7-33c324b149b8",
                "value": "SignInIdentifier.ReadWrite.All"
              },
              {
                "allowed_member_types": [
                  "Application"
                ],
                "description": "Allow the application to archive/reactivate site collections without a signed in user.",
                "display_name": "Archive/reactivate Site Collections without a signed in user.",
                "enabled": true,
                "id": "e3530185-4080-478c-a4ab-39322704df58",
                "value": "Sites.Archive.All"
              },
              {
                "allowed_member_types": [
                  "Application"
                ],
                "description": "Allows the app to have full control of all site collections without a signed in user.",
                "display_name": "Have full control of all site collections",
                "enabled": true,
                "id": "a82116e5-55eb-4c41-a434-62fe8a61c773",
                "value": "Sites.FullControl.All"
              },
              {
                "allowed_member_types": [
                  "Application"
                ],
                "description": "Allows the app to create or delete document libraries and lists in all site collections without a signed in user.",
                "display_name": "Create, edit, and delete items and lists in all site collections",
                "enabled": true,
                "id": "0c0bf378-bf22-4481-8f81-9e89a9b4960a",
                "value": "Sites.Manage.All"
              },
              {
                "allowed_member_types": [
                  "Application"
                ],
                "description": "Allows the app to read documents and list items in all site collections without a signed in user.",
                "display_name": "Read items in all site collections ",
                "enabled": true,
                "id": "332a536c-c7ef-4017-ab91-336970924f0d",
                "value": "Sites.Read.All"
              },
              {
                "allowed_member_types": [
                  "Application"
                ],
                "description": "Allows the app to create, read, update, and delete documents and list items in all site collections without a signed in user.",
                "display_name": "Read and write items in all site collections",
                "enabled": true,
                "id": "9492366f-7969-46a4-8d15-ed1a20078fff",
                "value": "Sites.ReadWrite.All"
              },
              {
                "allowed_member_types": [
                  "Application"
                ],
                "description": "Allow the application to access a subset of site collections without a signed in user.  The specific site collections and the permissions granted will be configured in SharePoint Online.",
                "display_name": "Access selected site collections",
                "enabled": true,
                "id": "883ea226-0bf2-4a8f-9f9d-92c9162a727d",
                "value": "Sites.Selected"
              },
              {
                "allowed_member_types": [
                  "Application"
                ],
                "description": "Allows the app to read your organization's SPIFFE trust domains and child resources without a signed in user.",
                "display_name": "Read SPIFFE trust domains and child resources",
                "enabled": true,
                "id": "dcdfc277-41fd-4d68-ad0c-c3057235bd8e",
                "value": "SpiffeTrustDomain.Read.All"
              },
              {
                "allowed_member_types": [
                  "Application"
                ],
                "description": "Allows the app to read and write your organization's SPIFFE trust domains and child resources without a signed in user.",
                "display_name": "Read and write SPIFFE trust domains and child resources",
                "enabled": true,
                "id": "17b78cfd-eeff-447d-8bab-2795af00055a",
                "value": "SpiffeTrustDomain.ReadWrite.All"
              },
              {
                "allowed_member_types": [
                  "Application"
                ],
                "description": "Allows the app to modify Viva Engage storylines, read all storylines properties, update storyline properties, and delete storyline properties without a signed-in user.",
                "display_name": "Read and write all Viva Engage storylines",
                "enabled": true,
                "id": "6eff534b-699e-44d9-af61-a4182f0ec37e",
                "value": "Storyline.ReadWrite.All"
              },
              {
                "allowed_member_types": [
                  "Application"
                ],
                "description": "Allows the app to read subject rights requests without a signed-in user.",
                "display_name": "Read all subject rights requests",
                "enabled": true,
                "id": "ee1460f0-368b-4153-870a-4e1ca7e72c42",
                "value": "SubjectRightsRequest.Read.All"
              },
              {
                "allowed_member_types": [
                  "Application"
                ],
                "description": "Allows the app to read and write subject rights requests without a signed in user.",
                "display_name": "Read and write all subject rights requests",
                "enabled": true,
                "id": "8387eaa4-1a3c-41f5-b261-f888138e6041",
                "value": "SubjectRightsRequest.ReadWrite.All"
              },
              {
                "allowed_member_types": [
                  "Application"
                ],
                "description": "Allows the application to read Azure AD synchronization information, without a signed-in user.",
                "display_name": "Read all Azure AD synchronization data.",
                "enabled": true,
                "id": "5ba43d2f-fa88-4db2-bd1c-a67c5f0fb1ce",
                "value": "Synchronization.Read.All"
              },
              {
                "allowed_member_types": [
                  "Application"
                ],
                "description": "Allows the application to configure the Azure AD synchronization service, without a signed-in user.",
                "display_name": "Read and write all Azure AD synchronization data.",
                "enabled": true,
                "id": "9b50c33d-700f-43b1-b2eb-87e89b703581",
                "value": "Synchronization.ReadWrite.All"
              },
              {
                "allowed_member_types": [
                  "Application"
                ],
                "description": "Allows the application to upload bulk user data to the identity synchronization service, without a signed-in user.",
                "display_name": "Upload user data to the identity synchronization service",
                "enabled": true,
                "id": "db31e92a-b9ea-4d87-bf6a-75a37a9ca35a",
                "value": "SynchronizationData-User.Upload"
              },
              {
                "allowed_member_types": [
                  "Application"
                ],
                "description": "Allows the application to upload bulk user data to the identity synchronization service for apps that this application creates or owns, without a signed-in user.",
                "display_name": "Upload user data to the identity sync service for apps that this application creates or owns",
                "enabled": true,
                "id": "25c32ff3-849a-494b-b94f-20a8ac4e6774",
                "value": "SynchronizationData-User.Upload.OwnedBy"
              },
              {
                "allowed_member_types": [
                  "Application"
                ],
                "description": "Allows the app to read all users’ tasks and task lists in your organization, without a signed-in user.",
                "display_name": "Read all users’ tasks and tasklist",
                "enabled": true,
                "id": "f10e1f91-74ed-437f-a6fd-d6ae88e26c1f",
                "value": "Tasks.Read.All"
              },
              {
                "allowed_member_types": [
                  "Application"
                ],
                "description": "Allows the app to create, read, update and delete all users’ tasks and task lists in your organization, without a signed-in user",
                "display_name": "Read and write all users’ tasks and tasklists",
                "enabled": true,
                "id": "44e666d1-d276-445b-a5fc-8815eeb81d55",
                "value": "Tasks.ReadWrite.All"
              },
              {
                "allowed_member_types": [
                  "Application"
                ],
                "description": "Allows the app to create teams without a signed-in user. ",
                "display_name": "Create teams",
                "enabled": true,
                "id": "23fc2474-f741-46ce-8465-674744c5c361",
                "value": "Team.Create"
              },
              {
                "allowed_member_types": [
                  "Application"
                ],
                "description": "Get a list of all teams, without a signed-in user.",
                "display_name": "Get a list of all teams",
                "enabled": true,
                "id": "2280dda6-0bfd-44ee-a2f4-cb867cfc4c1e",
                "value": "Team.ReadBasic.All"
              },
              {
                "allowed_member_types": [
                  "Application"
                ],
                "description": "Read the members of all teams, without a signed-in user.",
                "display_name": "Read the members of all teams",
                "enabled": true,
                "id": "660b7406-55f1-41ca-a0ed-0b035e182f3e",
                "value": "TeamMember.Read.All"
              },
              {
                "allowed_member_types": [
                  "Application"
                ],
                "description": "Add and remove members from all teams, without a signed-in user. Also allows changing a team member's role, for example from owner to non-owner.",
                "display_name": "Add and remove members from all teams",
                "enabled": true,
                "id": "0121dc95-1b9f-4aed-8bac-58c5ac466691",
                "value": "TeamMember.ReadWrite.All"
              },
              {
                "allowed_member_types": [
                  "Application"
                ],
                "description": "Add and remove members from all teams, without a signed-in user. Does not allow adding or removing a member with the owner role. Additionally, does not allow the app to elevate an existing member to the owner role.",
                "display_name": "Add and remove members with non-owner role for all teams",
                "enabled": true,
                "id": "4437522e-9a86-4a41-a7da-e380edd4a97d",
                "value": "TeamMember.ReadWriteNonOwnerRole.All"
              },
              {
                "allowed_member_types": [
                  "Application"
                ],
                "description": "Allows the app to read all users' teamwork activity feed, without a signed-in user.",
                "display_name": "Read all users' teamwork activity feed",
                "enabled": true,
                "id": "70dec828-f620-4914-aa83-a29117306807",
                "value": "TeamsActivity.Read.All"
              },
              {
                "allowed_member_types": [
                  "Application"
                ],
                "description": "Allows the app to create new notifications in users' teamwork activity feeds without a signed in user. These notifications may not be discoverable or be held or governed by compliance policies.",
                "display_name": "Send a teamwork activity to any user",
                "enabled": true,
                "id": "a267235f-af13-44dc-8385-c1dc93023186",
                "value": "TeamsActivity.Send"
              },
              {
                "allowed_member_types": [
                  "Application"
                ],
                "description": "Allows the app to read, install, upgrade, and uninstall selected Teams apps in any chat, without a signed-in user. Gives the ability to manage permission grants for accessing those specific chats' data.",
                "display_name": "Manage installation and permission grants of selected Teams apps in all chats",
                "enabled": true,
                "id": "22b74aab-d9e4-46f7-9424-f24b42307227",
                "value": "TeamsAppInstallation.ManageSelectedForChat.All"
              },
              {
                "allowed_member_types": [
                  "Application"
                ],
                "description": "Allows the app to read, install, upgrade, and uninstall selected Teams apps in any team, without a signed-in user. Gives the ability to manage permission grants for accessing those specific teams' data.",
                "display_name": "Manage installation and permission grants of selected Teams apps in all teams",
                "enabled": true,
                "id": "b448d252-1f26-4227-b6ff-21ab510975a2",
                "value": "TeamsAppInstallation.ManageSelectedForTeam.All"
              },
              {
                "allowed_member_types": [
                  "Application"
                ],
                "description": "Allows the app to read, install, upgrade, and uninstall selected Teams apps in any user account, without a signed-in user. Gives the ability to manage permission grants for accessing those specific users' data.",
                "display_name": "Manage installation and permission grants of selected Teams apps for all user accounts",
                "enabled": true,
                "id": "e97a9235-5b3c-43c4-b37d-6786a173fae4",
                "value": "TeamsAppInstallation.ManageSelectedForUser.All"
              },
              {
                "allowed_member_types": [
                  "Application"
                ],
                "description": "Allows the app to read the Teams apps that are installed in any scope, without a signed-in user. Does not give the ability to read application-specific settings.",
                "display_name": "Read installed Teams apps for all installation scopes",
                "enabled": true,
                "id": "0fdf35a5-82f8-41ff-9ded-0b761cc73512",
                "value": "TeamsAppInstallation.Read.All"
              },
              {
                "allowed_member_types": [
                  "Application"
                ],
                "description": "Allows the app to read the Teams apps that are installed in any chat, without a signed-in user. Does not give the ability to read application-specific settings.",
                "display_name": "Read installed Teams apps for all chats",
                "enabled": true,
                "id": "cc7e7635-2586-41d6-adaa-a8d3bcad5ee5",
                "value": "TeamsAppInstallation.ReadForChat.All"
              },
              {
                "allowed_member_types": [
                  "Application"
                ],
                "description": "Allows the app to read the Teams apps that are installed in any team, without a signed-in user. Does not give the ability to read application-specific settings.",
                "display_name": "Read installed Teams apps for all teams",
                "enabled": true,
                "id": "1f615aea-6bf9-4b05-84bd-46388e138537",
                "value": "TeamsAppInstallation.ReadForTeam.All"
              },
              {
                "allowed_member_types": [
                  "Application"
                ],
                "description": "Allows the app to read the Teams apps that are installed for any user, without a signed-in user. Does not give the ability to read application-specific settings.",
                "display_name": "Read installed Teams apps for all users",
                "enabled": true,
                "id": "9ce09611-f4f7-4abd-a629-a05450422a97",
                "value": "TeamsAppInstallation.ReadForUser.All"
              },
              {
                "allowed_member_types": [
                  "Application"
                ],
                "description": "Allows the app to read the selected Teams apps that are installed in any chat, without a signed-in user. Does not give the ability to read application-specific settings.",
                "display_name": "Read selected installed Teams apps in all chats",
                "enabled": true,
                "id": "53d40ddb-9b27-4c97-b800-985be6041990",
                "value": "TeamsAppInstallation.ReadSelectedForChat.All"
              },
              {
                "allowed_member_types": [
                  "Application"
                ],
                "description": "Allows the app to read the selected Teams apps that are installed in any team, without a signed-in user. Does not give the ability to read application-specific settings.",
                "display_name": "Read selected installed Teams apps in all teams",
                "enabled": true,
                "id": "93c6a289-70fd-489e-a053-6cf8f7d772f6",
                "value": "TeamsAppInstallation.ReadSelectedForTeam.All"
              },
              {
                "allowed_member_types": [
                  "Application"
                ],
                "description": "Allows an app to read, install, upgrade, and uninstall selected apps to any user, without a signed-in user.",
                "display_name": "Read selected installed Teams apps for all users",
                "enabled": true,
                "id": "44fb0e7c-1f9a-47f1-bb9e-7f92d48ed288",
                "value": "TeamsAppInstallation.ReadSelectedForUser.All"
              },
              {
                "allowed_member_types": [
                  "Application"
                ],
                "description": "Allows the app to read, install, upgrade, and uninstall Teams apps in any chat, without a signed-in user. Gives the ability to manage permission grants for accessing those specific chats' data.",
                "display_name": "Manage installation and permission grants of Teams apps for all chats",
                "enabled": true,
                "id": "6e74eff9-4a21-45d6-bc03-3a20f61f8281",
                "value": "TeamsAppInstallation.ReadWriteAndConsentForChat.All"
              },
              {
                "allowed_member_types": [
                  "Application"
                ],
                "description": "Allows the app to read, install, upgrade, and uninstall Teams apps in any team, without a signed-in user. Gives the ability to manage permission grants for accessing those specific teams' data.",
                "display_name": "Manage installation and permission grants of Teams apps for all teams",
                "enabled": true,
                "id": "b0c13be0-8e20-4bc5-8c55-963c23a39ce9",
                "value": "TeamsAppInstallation.ReadWriteAndConsentForTeam.All"
              },
              {
                "allowed_member_types": [
                  "Application"
                ],
                "description": "Allows the app to read, install, upgrade, and uninstall Teams apps in any user account, without a signed-in user. Gives the ability to manage permission grants for accessing those specific users' data.",
                "display_name": "Manage installation and permission grants of Teams apps in a user account",
                "enabled": true,
                "id": "32ca478f-f89e-41d0-aaf8-101deb7da510",
                "value": "TeamsAppInstallation.ReadWriteAndConsentForUser.All"
              },
              {
                "allowed_member_types": [
                  "Application"
                ],
                "description": "Allows a Teams app to read, install, upgrade, and uninstall itself for any chat, without a signed-in user, and manage its permission grants for accessing those specific chats' data.",
                "display_name": "Allow the Teams app to manage itself and its permission grants for all chats",
                "enabled": true,
                "id": "ba1ba90b-2d8f-487e-9f16-80728d85bb5c",
                "value": "TeamsAppInstallation.ReadWriteAndConsentSelfForChat.All"
              },
              {
                "allowed_member_types": [
                  "Application"
                ],
                "description": "Allows a Teams app to read, install, upgrade, and uninstall itself for any team, without a signed-in user, and manage its permission grants for accessing those specific teams' data.",
                "display_name": "Allow the Teams app to manage itself and its permission grants for all teams",
                "enabled": true,
                "id": "1e4be56c-312e-42b8-a2c9-009600d732c0",
                "value": "TeamsAppInstallation.ReadWriteAndConsentSelfForTeam.All"
              },
              {
                "allowed_member_types": [
                  "Application"
                ],
                "description": "Allows a Teams app to read, install, upgrade, and uninstall itself for any user account, without a signed-in user, and manage its permission grants for accessing those specific users' data.",
                "display_name": "Allow the Teams app to manage itself and its permission grants in all user accounts",
                "enabled": true,
                "id": "a87076cf-6abd-4e56-8559-4dbdf41bef96",
                "value": "TeamsAppInstallation.ReadWriteAndConsentSelfForUser.All"
              },
              {
                "allowed_member_types": [
                  "Application"
                ],
                "description": "Allows the app to read, install, upgrade, and uninstall Teams apps in any chat, without a signed-in user. Does not give the ability to read application-specific settings.",
                "display_name": "Manage Teams apps for all chats",
                "enabled": true,
                "id": "9e19bae1-2623-4c4f-ab6e-2664615ff9a0",
                "value": "TeamsAppInstallation.ReadWriteForChat.All"
              },
              {
                "allowed_member_types": [
                  "Application"
                ],
                "description": "Allows the app to read, install, upgrade, and uninstall Teams apps in any team, without a signed-in user. Does not give the ability to read application-specific settings.",
                "display_name": "Manage Teams apps for all teams",
                "enabled": true,
                "id": "5dad17ba-f6cc-4954-a5a2-a0dcc95154f0",
                "value": "TeamsAppInstallation.ReadWriteForTeam.All"
              },
              {
                "allowed_member_types": [
                  "Application"
                ],
                "description": "Allows the app to read, install, upgrade, and uninstall Teams apps for any user, without a signed-in user. Does not give the ability to read application-specific settings.",
                "display_name": "Manage Teams apps for all users",
                "enabled": true,
                "id": "74ef0291-ca83-4d02-8c7e-d2391e6a444f",
                "value": "TeamsAppInstallation.ReadWriteForUser.All"
              },
              {
                "allowed_member_types": [
                  "Application"
                ],
                "description": "Allows the app to read, install, upgrade, and uninstall selected Teams apps in any chat, without a signed-in user. Does not give the ability to read application-specific settings.",
                "display_name": "Manage selected installed Teams apps in all chats",
                "enabled": true,
                "id": "25bbeaad-04be-4207-83ed-a263aae76ddf",
                "value": "TeamsAppInstallation.ReadWriteSelectedForChat.All"
              },
              {
                "allowed_member_types": [
                  "Application"
                ],
                "description": "Allows the app to read, install, upgrade, and uninstall selected Teams apps in any team, without a signed-in user. Does not give the ability to read application-specific settings.",
                "display_name": "Manage selected installed Teams apps in all teams",
                "enabled": true,
                "id": "7b5823ae-d0f2-424d-b90c-d843ffada7d9",
                "value": "TeamsAppInstallation.ReadWriteSelectedForTeam.All"
              },
              {
                "allowed_member_types": [
                  "Application"
                ],
                "description": "Allows the app to read, install, upgrade, and uninstall selected Teams apps for any user, without a signed-in user. Does not give the ability to read application-specific settings.",
                "display_name": "Manage selected Teams apps installed for all users",
                "enabled": true,
                "id": "650a76ec-4118-4b25-9d3a-1f98048a5ee0",
                "value": "TeamsAppInstallation.ReadWriteSelectedForUser.All"
              },
              {
                "allowed_member_types": [
                  "Application"
                ],
                "description": "Allows a Teams app to read, install, upgrade, and uninstall itself for any chat, without a signed-in user.",
                "display_name": "Allow the Teams app to manage itself for all chats",
                "enabled": true,
                "id": "73a45059-f39c-4baf-9182-4954ac0e55cf",
                "value": "TeamsAppInstallation.ReadWriteSelfForChat.All"
              },
              {
                "allowed_member_types": [
                  "Application"
                ],
                "description": "Allows a Teams app to read, install, upgrade, and uninstall itself in any team, without a signed-in user.",
                "display_name": "Allow the Teams app to manage itself for all teams",
                "enabled": true,
                "id": "9f67436c-5415-4e7f-8ac1-3014a7132630",
                "value": "TeamsAppInstallation.ReadWriteSelfForTeam.All"
              },
              {
                "allowed_member_types": [
                  "Application"
                ],
                "description": "Allows a Teams app to read, install, upgrade, and uninstall itself to any user, without a signed-in user.",
                "display_name": "Allow the app to manage itself for all users",
                "enabled": true,
                "id": "908de74d-f8b2-4d6b-a9ed-2a17b3b78179",
                "value": "TeamsAppInstallation.ReadWriteSelfForUser.All"
              },
              {
                "allowed_member_types": [
                  "Application"
                ],
                "description": "Read all team's settings, without a signed-in user.",
                "display_name": "Read all teams' settings",
                "enabled": true,
                "id": "242607bd-1d2c-432c-82eb-bdb27baa23ab",
                "value": "TeamSettings.Read.All"
              },
              {
                "allowed_member_types": [
                  "Application"
                ],
                "description": "Read and change all teams' settings, without a signed-in user.",
                "display_name": "Read and change all teams' settings",
                "enabled": true,
                "id": "bdd80a03-d9bc-451d-b7c4-ce7c63fe3c8f",
                "value": "TeamSettings.ReadWrite.All"
              },
              {
                "allowed_member_types": [
                  "Application"
                ],
                "description": "Allow the app to read or write/update the policy assignment and unassigment for Teams users for all policy type categories.",
                "display_name": "Read and Write Teams policy user assignment and unassigment for all policy types.",
                "enabled": true,
                "id": "1801e8f4-cf09-4c4e-a1b5-036dfcca6c90",
                "value": "TeamsPolicyUserAssign.ReadWrite.All"
              },
              {
                "allowed_member_types": [
                  "Application"
                ],
                "description": "Allows the app to read your tenant's resource accounts without a signed-in user.",
                "display_name": "Read Teams resource accounts",
                "enabled": true,
                "id": "b55aa226-33a1-4396-bcf4-edce5e7a31c1",
                "value": "TeamsResourceAccount.Read.All"
              },
              {
                "allowed_member_types": [
                  "Application"
                ],
                "description": "Allows the app to create tabs in any team in Microsoft Teams, without a signed-in user. This does not grant the ability to read, modify or delete tabs after they are created, or give access to the content inside the tabs.",
                "display_name": "Create tabs in Microsoft Teams.",
                "enabled": true,
                "id": "49981c42-fd7b-4530-be03-e77b21aed25e",
                "value": "TeamsTab.Create"
              },
              {
                "allowed_member_types": [
                  "Application"
                ],
                "description": "Read the names and settings of tabs inside any team in Microsoft Teams, without a signed-in user. This does not give access to the content inside the tabs.",
                "display_name": "Read tabs in Microsoft Teams.",
                "enabled": true,
                "id": "46890524-499a-4bb2-ad64-1476b4f3e1cf",
                "value": "TeamsTab.Read.All"
              },
              {
                "allowed_member_types": [
                  "Application"
                ],
                "description": "Read and write tabs in any team in Microsoft Teams, without a signed-in user. This does not give access to the content inside the tabs.",
                "display_name": "Read and write tabs in Microsoft Teams.",
                "enabled": true,
                "id": "a96d855f-016b-47d7-b51c-1218a98d791c",
                "value": "TeamsTab.ReadWrite.All"
              },
              {
                "allowed_member_types": [
                  "Application"
                ],
                "description": "Allows a Teams app to read, install, upgrade, and uninstall all tabs for any chat, without a signed-in user.",
                "display_name": "Allow the Teams app to manage all tabs for all chats",
                "enabled": true,
                "id": "fd9ce730-a250-40dc-bd44-8dc8d20f39ea",
                "value": "TeamsTab.ReadWriteForChat.All"
              },
              {
                "allowed_member_types": [
                  "Application"
                ],
                "description": "Allows a Teams app to read, install, upgrade, and uninstall all tabs in any team, without a signed-in user.",
                "display_name": "Allow the Teams app to manage all tabs for all teams",
                "enabled": true,
                "id": "6163d4f4-fbf8-43da-a7b4-060fe85ed148",
                "value": "TeamsTab.ReadWriteForTeam.All"
              },
              {
                "allowed_member_types": [
                  "Application"
                ],
                "description": "Allows a Teams app to read, install, upgrade, and uninstall all tabs for any user, without a signed-in user.",
                "display_name": "Allow the app to manage all tabs for all users",
                "enabled": true,
                "id": "425b4b59-d5af-45c8-832f-bb0b7402348a",
                "value": "TeamsTab.ReadWriteForUser.All"
              },
              {
                "allowed_member_types": [
                  "Application"
                ],
                "description": "Allows a Teams app to read, install, upgrade, and uninstall its own tabs for any chat, without a signed-in user.",
                "display_name": "Allow the Teams app to manage only its own tabs for all chats",
                "enabled": true,
                "id": "9f62e4a2-a2d6-4350-b28b-d244728c4f86",
                "value": "TeamsTab.ReadWriteSelfForChat.All"
              },
              {
                "allowed_member_types": [
                  "Application"
                ],
                "description": "Allows a Teams app to read, install, upgrade, and uninstall its own tabs in any team, without a signed-in user.",
                "display_name": "Allow the Teams app to manage only its own tabs for all teams",
                "enabled": true,
                "id": "91c32b81-0ef0-453f-a5c7-4ce2e562f449",
                "value": "TeamsTab.ReadWriteSelfForTeam.All"
              },
              {
                "allowed_member_types": [
                  "Application"
                ],
                "description": "Allows a Teams app to read, install, upgrade, and uninstall its own tabs for any user, without a signed-in user.",
                "display_name": "Allow the Teams app to manage only its own tabs for all users",
                "enabled": true,
                "id": "3c42dec6-49e8-4a0a-b469-36cff0d9da93",
                "value": "TeamsTab.ReadWriteSelfForUser.All"
              },
              {
                "allowed_member_types": [
                  "Application"
                ],
                "description": "Allows the app to read your tenant's acquired telephone number details, without a signed-in user. Acquired telephone numbers may include attributes related to assigned object, emergency location, network site, etc.",
                "display_name": "Read Tenant-Acquired Telephone Number Details",
                "enabled": true,
                "id": "39b17d18-680c-41f4-b9c2-5f30629e7cb6",
                "value": "TeamsTelephoneNumber.Read.All"
              },
              {
                "allowed_member_types": [
                  "Application"
                ],
                "description": "Allows the app to read your tenant's acquired telephone number details, without a signed-in user. Acquired telephone numbers may include attributes related to assigned object, emergency location, network site, etc.",
                "display_name": "Read and Modify Tenant-Acquired Telephone Number Details",
                "enabled": true,
                "id": "0a42382f-155c-4eb1-9bdc-21548ccaa387",
                "value": "TeamsTelephoneNumber.ReadWrite.All"
              },
              {
                "allowed_member_types": [
                  "Application"
                ],
                "description": "Allows the app to read your tenant's user configurations, without a signed-in user. User configuration may include attributes related to user, such as telephone number, assigned policies, etc.",
                "display_name": "Read Teams user configurations",
                "enabled": true,
                "id": "a91eadaf-2c3c-4362-908b-fb172d208fc6",
                "value": "TeamsUserConfiguration.Read.All"
              },
              {
                "allowed_member_types": [
                  "Application"
                ],
                "description": "Allows the app to read all available Teams Templates, without a signed-user.",
                "display_name": "Read all available Teams Templates",
                "enabled": true,
                "id": "6323133e-1f6e-46d4-9372-ac33a0870636",
                "value": "TeamTemplates.Read.All"
              },
              {
                "allowed_member_types": [
                  "Application"
                ],
                "description": "Allows the app to create chat and channel messages, without a signed in user. The app specifies which user appears as the sender, and can backdate the message to appear as if it was sent long ago. The messages can be sent to any chat or channel in the organization.",
                "display_name": "Create chat and channel messages with anyone's identity and with any timestamp",
                "enabled": true,
                "id": "dfb0dd15-61de-45b2-be36-d6a69fba3c79",
                "value": "Teamwork.Migrate.All"
              },
              {
                "allowed_member_types": [
                  "Application"
                ],
                "description": "Allows the app to read all teamwork settings of the organization without a signed-in user.",
                "display_name": "Read organizational teamwork settings",
                "enabled": true,
                "id": "75bcfbce-a647-4fba-ad51-b63d73b210f4",
                "value": "Teamwork.Read.All"
              },
              {
                "allowed_member_types": [
                  "Application"
                ],
                "description": "Allows the app to read the Teams app settings without a signed-in user.",
                "display_name": "Read Teams app settings",
                "enabled": true,
                "id": "475ebe88-f071-4bd7-af2b-642952bd4986",
                "value": "TeamworkAppSettings.Read.All"
              },
              {
                "allowed_member_types": [
                  "Application"
                ],
                "description": "Allows the app to read and write the Teams app settings without a signed-in user.",
                "display_name": "Read and write Teams app settings",
                "enabled": true,
                "id": "ab5b445e-8f10-45f4-9c79-dd3f8062cc4e",
                "value": "TeamworkAppSettings.ReadWrite.All"
              },
              {
                "allowed_member_types": [
                  "Application"
                ],
                "description": "Allow the app to read the management data for Teams devices, without a signed-in user.",
                "display_name": "Read Teams devices",
                "enabled": true,
                "id": "0591bafd-7c1c-4c30-a2a5-2b9aacb1dfe8",
                "value": "TeamworkDevice.Read.All"
              },
              {
                "allowed_member_types": [
                  "Application"
                ],
                "description": "Allow the app to read and write the management data for Teams devices, without a signed-in user.",
                "display_name": "Read and write Teams devices",
                "enabled": true,
                "id": "79c02f5b-bd4f-4713-bc2c-a8a4a66e127b",
                "value": "TeamworkDevice.ReadWrite.All"
              },
              {
                "allowed_member_types": [
                  "Application"
                ],
                "description": "Allows the app to read tags in Teams without a signed-in user.",
                "display_name": "Read tags in Teams",
                "enabled": true,
                "id": "b74fd6c4-4bde-488e-9695-eeb100e4907f",
                "value": "TeamworkTag.Read.All"
              },
              {
                "allowed_member_types": [
                  "Application"
                ],
                "description": "Allows the app to read and write tags in Teams without a signed-in user.",
                "display_name": "Read and write tags in Teams",
                "enabled": true,
                "id": "a3371ca5-911d-46d6-901c-42c8c7a937d8",
                "value": "TeamworkTag.ReadWrite.All"
              },
              {
                "allowed_member_types": [
                  "Application"
                ],
                "description": "Allows the app to read all term store data, without a signed-in user. This includes all sets, groups and terms in the term store.",
                "display_name": "Read all term store data",
                "enabled": true,
                "id": "ea047cc2-df29-4f3e-83a3-205de61501ca",
                "value": "TermStore.Read.All"
              },
              {
                "allowed_member_types": [
                  "Application"
                ],
                "description": "Allows the app to read, edit or write all term store data, without a signed-in user. This includes all sets, groups and terms in the term store.",
                "display_name": "Read and write all term store data",
                "enabled": true,
                "id": "f12eb8d6-28e3-46e6-b2c0-b7e4dc69fc95",
                "value": "TermStore.ReadWrite.All"
              },
              {
                "allowed_member_types": [
                  "Application"
                ],
                "description": "Allows an app to read your organization's threat assessment requests, without a signed-in user.",
                "display_name": "Read threat assessment requests",
                "enabled": true,
                "id": "f8f035bb-2cce-47fb-8bf5-7baf3ecbee48",
                "value": "ThreatAssessment.Read.All"
              },
              {
                "allowed_member_types": [
                  "Application"
                ],
                "description": "Allows the app to run hunting queries, without a signed-in user.",
                "display_name": "Run hunting queries",
                "enabled": true,
                "id": "dd98c7f5-2d42-42d3-a0e4-633161547251",
                "value": "ThreatHunting.Read.All"
              },
              {
                "allowed_member_types": [
                  "Application"
                ],
                "description": "Allows the app to read all the indicators for your organization, without a signed-in user.",
                "display_name": "Read all threat indicators",
                "enabled": true,
                "id": "197ee4e9-b993-4066-898f-d6aecc55125b",
                "value": "ThreatIndicators.Read.All"
              },
              {
                "allowed_member_types": [
                  "Application"
                ],
                "description": "Allows the app to create threat indicators, and fully manage those threat indicators (read, update and delete), without a signed-in user.  It cannot update any threat indicators it does not own.",
                "display_name": "Manage threat indicators this app creates or owns",
                "enabled": true,
                "id": "21792b6c-c986-4ffc-85de-df9da54b52fa",
                "value": "ThreatIndicators.ReadWrite.OwnedBy"
              },
              {
                "allowed_member_types": [
                  "Application"
                ],
                "description": "Allows the app to read threat intelligence information, such as indicators, observations, and and articles, without a signed in user.",
                "display_name": "Read all Threat Intelligence Information",
                "enabled": true,
                "id": "e0b77adb-e790-44a3-b0a0-257d06303687",
                "value": "ThreatIntelligence.Read.All"
              },
              {
                "allowed_member_types": [
                  "Application"
                ],
                "description": "Allows the app to read your organization's threat submissions and to view threat submission policies without a signed-in user.",
                "display_name": "Read all of the organization's threat submissions",
                "enabled": true,
                "id": "86632667-cd15-4845-ad89-48a88e8412e1",
                "value": "ThreatSubmission.Read.All"
              },
              {
                "allowed_member_types": [
                  "Application"
                ],
                "description": "Allows the app to read your organization's threat submissions and threat submission policies without a signed-in user. Also allows the app to create new threat submissions without a signed-in user.",
                "display_name": "Read and write all of the organization's threat submissions",
                "enabled": true,
                "id": "d72bdbf4-a59b-405c-8b04-5995895819ac",
                "value": "ThreatSubmission.ReadWrite.All"
              },
              {
                "allowed_member_types": [
                  "Application"
                ],
                "description": "Allows the app to read your organization's threat submission policies without a signed-in user. Also allows the app to create new threat submission policies without a signed-in user.",
                "display_name": "Read and write all of the organization's threat submission policies",
                "enabled": true,
                "id": "926a6798-b100-4a20-a22f-a4918f13951d",
                "value": "ThreatSubmissionPolicy.ReadWrite.All"
              },
              {
                "allowed_member_types": [
                  "Application"
                ],
                "description": "Allows the app to read trust framework key set properties without a signed-in user.",
                "display_name": "Read trust framework key sets",
                "enabled": true,
                "id": "fff194f1-7dce-4428-8301-1badb5518201",
                "value": "TrustFrameworkKeySet.Read.All"
              },
              {
                "allowed_member_types": [
                  "Application"
                ],
                "description": "Allows the app to read and write trust framework key set properties without a signed-in user.",
                "display_name": "Read and write trust framework key sets",
                "enabled": true,
                "id": "4a771c9a-1cf2-4609-b88e-3d3e02d539cd",
                "value": "TrustFrameworkKeySet.ReadWrite.All"
              },
              {
                "allowed_member_types": [
                  "Application"
                ],
                "description": "Allow the app to convert an external user to an internal member user, without a signed-in user.",
                "display_name": "Convert an external user to internal member user",
                "enabled": true,
                "id": "9d952b72-f741-4b40-9185-8c53076c2339",
                "value": "User-ConvertToInternal.ReadWrite.All"
              },
              {
                "allowed_member_types": [
                  "Application"
                ],
                "description": "Allows the app to read the lifecycle information like employeeLeaveDateTime of users in your organization, without a signed-in user.",
                "display_name": "Read all users' lifecycle information",
                "enabled": true,
                "id": "8556a004-db57-4d7a-8b82-97a13428e96f",
                "value": "User-LifeCycleInfo.Read.All"
              },
              {
                "allowed_member_types": [
                  "Application"
                ],
                "description": "Allows the app to read and write the lifecycle information like employeeLeaveDateTime of users in your organization, without a signed-in user.",
                "display_name": "Read and write all users' lifecycle information",
                "enabled": true,
                "id": "925f1248-0f97-47b9-8ec8-538c54e01325",
                "value": "User-LifeCycleInfo.ReadWrite.All"
              },
              {
                "allowed_member_types": [
                  "Application"
                ],
                "description": "Allows the app to read and write secondary mail addresses for all users, without a signed-in user.",
                "display_name": "Read and write all secondary mail addresses for users",
                "enabled": true,
                "id": "280d0935-0796-47d1-8d26-273470a3f17a",
                "value": "User-Mail.ReadWrite.All"
              },
              {
                "allowed_member_types": [
                  "Application"
                ],
                "description": "Allows the app to read and write password profiles and reset passwords for all users, without a signed-in user.",
                "display_name": "Read and write all password profiles and reset user passwords",
                "enabled": true,
                "id": "cc117bb9-00cf-4eb8-b580-ea2a878fe8f7",
                "value": "User-PasswordProfile.ReadWrite.All"
              },
              {
                "allowed_member_types": [
                  "Application"
                ],
                "description": "Allows the app to read and write the mobile phone and business phones for all users, without a signed-in user.",
                "display_name": "Read and write all user mobile phone and business phones",
                "enabled": true,
                "id": "86ceff06-c822-49ff-989a-d912845ffe69",
                "value": "User-Phone.ReadWrite.All"
              },
              {
                "allowed_member_types": [
                  "Application"
                ],
                "description": "Allows the app to delete and restore all users, without a signed-in user.",
                "display_name": "Delete and restore all users",
                "enabled": true,
                "id": "eccc023d-eccf-4e7b-9683-8813ab36cecc",
                "value": "User.DeleteRestore.All"
              },
              {
                "allowed_member_types": [
                  "Application"
                ],
                "description": "Allows the app to enable and disable users' accounts, without a signed-in user.",
                "display_name": "Enable and disable user accounts",
                "enabled": true,
                "id": "3011c876-62b7-4ada-afa2-506cbbecc68c",
                "value": "User.EnableDisableAccount.All"
              },
              {
                "allowed_member_types": [
                  "Application"
                ],
                "description": "Allows the app to export data (e.g. customer content or system-generated logs), associated with any user in your company, when the app is used by a privileged user (e.g. a Company Administrator).",
                "display_name": "Export user's data",
                "enabled": true,
                "id": "405a51b5-8d8d-430b-9842-8be4b0e9f324",
                "value": "User.Export.All"
              },
              {
                "allowed_member_types": [
                  "Application"
                ],
                "description": "Allows the app to invite guest users to the organization, without a signed-in user.",
                "display_name": "Invite guest users to the organization",
                "enabled": true,
                "id": "09850681-111b-4a89-9bed-3f2cae46d706",
                "value": "User.Invite.All"
              },
              {
                "allowed_member_types": [
                  "Application"
                ],
                "description": "Allows the app to read, update and delete identities that are associated with a user's account, without a signed in user. This controls the identities users can sign-in with.",
                "display_name": "Manage all users' identities",
                "enabled": true,
                "id": "c529cfca-c91b-489c-af2b-d92990b66ce6",
                "value": "User.ManageIdentities.All"
              },
              {
                "allowed_member_types": [
                  "Application"
                ],
                "description": "Allows the app to read user profiles without a signed in user.",
                "display_name": "Read all users' full profiles",
                "enabled": true,
                "id": "df021288-bdef-4463-88db-98f22de89214",
                "value": "User.Read.All"
              },
              {
                "allowed_member_types": [
                  "Application"
                ],
                "description": "Allows the app to read a basic set of profile properties of other users in your organization without a signed-in user. Includes display name, first and last name, email address, open extensions, and photo.",
                "display_name": "Read all users' basic profiles",
                "enabled": true,
                "id": "97235f07-e226-4f63-ace3-39588e11d3a1",
                "value": "User.ReadBasic.All"
              },
              {
                "allowed_member_types": [
                  "Application"
                ],
                "description": "Allows the app to read and update user profiles without a signed in user.",
                "display_name": "Read and write all users' full profiles",
                "enabled": true,
                "id": "741f803b-c850-494e-b5df-cde7c675a1ca",
                "value": "User.ReadWrite.All"
              },
              {
                "allowed_member_types": [
                  "Application"
                ],
                "description": "Allows the app to read and update external cloud user profiles without a signed in user.",
                "display_name": "Read and write profiles of users that originate from an external cloud.",
                "enabled": true,
                "id": "5652f862-b626-407b-a3e6-248aeb95763c",
                "value": "User.ReadWrite.CrossCloud"
              },
              {
                "allowed_member_types": [
                  "Application"
                ],
                "description": "Allow the app to revoke all sign in sessions for a user, without a signed-in user.",
                "display_name": "Revoke all sign in sessions for a user",
                "enabled": true,
                "id": "77f3a031-c388-4f99-b373-dc68676a979e",
                "value": "User.RevokeSessions.All"
              },
              {
                "allowed_member_types": [
                  "Application"
                ],
                "description": "Allows the app to read authentication methods of all users in your organization, without a signed-in user. Authentication methods include things like a user’s phone numbers and Authenticator app settings. This does not allow the app to see secret information like passwords, or to sign-in or otherwise use the authentication methods.",
                "display_name": "Read all users' authentication methods",
                "enabled": true,
                "id": "38d9df27-64da-44fd-b7c5-a6fbac20248f",
                "value": "UserAuthenticationMethod.Read.All"
              },
              {
                "allowed_member_types": [
                  "Application"
                ],
                "description": "Allows the application to read and write authentication methods of all users in your organization, without a signed-in user.                       Authentication methods include things like a user’s phone numbers and Authenticator app settings. This                      does not allow the app to see secret information like passwords, or to sign-in or otherwise use the authentication methods",
                "display_name": "Read and write all users' authentication methods ",
                "enabled": true,
                "id": "50483e42-d915-4231-9639-7fdb7fd190e5",
                "value": "UserAuthenticationMethod.ReadWrite.All"
              },
              {
                "allowed_member_types": [
                  "Application"
                ],
                "description": "Allows the app to read passkey authentication methods of all users in your organization, without a signed-in user. This does not allow the app to see secret information like passwords, or to sign-in or otherwise use the authentication methods.",
                "display_name": "Read all users' passkey authentication methods",
                "enabled": true,
                "id": "72e00c1d-3e3d-43bb-a0b9-c435611bb1d2",
                "value": "UserAuthMethod-Passkey.Read.All"
              },
              {
                "allowed_member_types": [
                  "Application"
                ],
                "description": "Allows the application to read and write passkey authentication methods of all users in your organization, without a signed-in user. This does not allow the app to see secret information like passwords, or to sign-in or otherwise use the authentication methods",
                "display_name": "Read and write all users' passkey authentication methods",
                "enabled": true,
                "id": "0400e371-7db1-4338-a269-96069eb65227",
                "value": "UserAuthMethod-Passkey.ReadWrite.All"
              },
              {
                "allowed_member_types": [
                  "Application"
                ],
                "description": "Allows the app to send, read, update and delete user’s notifications, without a signed-in user.",
                "display_name": "Deliver and manage all user's notifications",
                "enabled": true,
                "id": "4e774092-a092-48d1-90bd-baad67c7eb47",
                "value": "UserNotification.ReadWrite.CreatedByApp"
              },
              {
                "allowed_member_types": [
                  "Application"
                ],
                "description": "Allows the app to read all users' shift schedule preferences without a signed-in user.",
                "display_name": "Read all user shift preferences",
                "enabled": true,
                "id": "de023814-96df-4f53-9376-1e2891ef5a18",
                "value": "UserShiftPreferences.Read.All"
              },
              {
                "allowed_member_types": [
                  "Application"
                ],
                "description": "Allows the app to manage all users' shift schedule preferences without a signed-in user.",
                "display_name": "Read and write all user shift preferences",
                "enabled": true,
                "id": "d1eec298-80f3-49b0-9efb-d90e224798ac",
                "value": "UserShiftPreferences.ReadWrite.All"
              },
              {
                "allowed_member_types": [
                  "Application"
                ],
                "description": "Allows the app to read all user teamwork settings without a signed-in user.",
                "display_name": "Read all user teamwork settings",
                "enabled": true,
                "id": "fbcd7ef1-df0d-4e05-bb28-93424a89c6df",
                "value": "UserTeamwork.Read.All"
              },
              {
                "allowed_member_types": [
                  "Application"
                ],
                "description": "Allows the application to read virtual appointments for all users, without a signed-in user. The app must also be authorized to access an individual user’s data by the online meetings application access policy.",
                "display_name": "Read all virtual appointments for users, as authorized by online meetings application access policy",
                "enabled": true,
                "id": "d4f67ec2-59b5-4bdc-b4af-d78f6f9c1954",
                "value": "VirtualAppointment.Read.All"
              },
              {
                "allowed_member_types": [
                  "Application"
                ],
                "description": "Allows the application to read and write virtual appointments for all users, without a signed-in user. The app must also be authorized to access an individual user’s data by the online meetings application access policy.",
                "display_name": "Read-write all virtual appointments for users, as authorized by online meetings app access policy",
                "enabled": true,
                "id": "bf46a256-f47d-448f-ab78-f226fff08d40",
                "value": "VirtualAppointment.ReadWrite.All"
              },
              {
                "allowed_member_types": [
                  "Application"
                ],
                "description": "Allows the application to send notification regarding virtual appointments as any user, without a signed-in user. The app must also be authorized to access an individual user's data by the online meetings application access policy.",
                "display_name": "Send notification regarding virtual appointments as any user",
                "enabled": true,
                "id": "97e45b36-1250-48e4-bd70-2df6dab7e94a",
                "value": "VirtualAppointmentNotification.Send"
              },
              {
                "allowed_member_types": [
                  "Application"
                ],
                "description": "Allows the app to read all virtual events without a signed-in user.",
                "display_name": "Read all users' virtual events",
                "enabled": true,
                "id": "1dccb351-c4e4-4e09-a8d1-7a9ecbf027cc",
                "value": "VirtualEvent.Read.All"
              },
              {
                "allowed_member_types": [
                  "Application"
                ],
                "description": "Allows the app to read and write anonymous users' virtual event registrations, without a signed-in user",
                "display_name": "Read and write anonymous users' virtual event registrations",
                "enabled": true,
                "id": "23211fc1-f9d1-4e8e-8e9e-08a5d0a109bb",
                "value": "VirtualEventRegistration-Anon.ReadWrite.All"
              },
              {
                "allowed_member_types": [
                  "Application"
                ],
                "description": "Allows the app to read and write all Windows update deployment settings for the organization without a signed-in user.",
                "display_name": "Read and write all Windows update deployment settings",
                "enabled": true,
                "id": "7dd1be58-6e76-4401-bf8d-31d1e8180d5b",
                "value": "WindowsUpdates.ReadWrite.All"
              },
              {
                "allowed_member_types": [
                  "Application"
                ],
                "description": "Allows the app to read workforce integrations without a signed-in user.",
                "display_name": "Read workforce integrations",
                "enabled": true,
                "id": "f10b94b9-37d1-4c88-8b7e-bf75a1152d39",
                "value": "WorkforceIntegration.Read.All"
              },
              {
                "allowed_member_types": [
                  "Application"
                ],
                "description": "Allows the app to manage workforce integrations to synchronize data from Microsoft Teams Shifts, without a signed-in user.",
                "display_name": "Read and write workforce integrations",
                "enabled": true,
                "id": "202bf709-e8e6-478e-bcfd-5d63c50b68e3",
                "value": "WorkforceIntegration.ReadWrite.All"
              }
            ],
            "application_id": "00000003-0000-0000-c000-000000000000",
            "application_tenant_id": "f8cdef31-a31e-4b4a-93e4-5f571e91255a",
            "client_id": "00000003-0000-0000-c000-000000000000",
            "description": "",
            "display_name": "Microsoft Graph",
            "feature_tags": [
              {
                "custom_single_sign_on": false,
                "enterprise": false,
                "gallery": false,
                "hide": false
              }
            ],
            "features": [
              {
                "custom_single_sign_on_app": false,
                "enterprise_application": false,
                "gallery_application": false,
                "visible_to_users": true
              }
            ],
            "homepage_url": "",
            "id": "af93e04a-2da0-4358-86cd-7a16dd744c0a",
            "login_url": "",
            "logout_url": "",
            "notes": "",
            "notification_email_addresses": [],
            "oauth2_permission_scope_ids": {
              "APIConnectors.Read.All": "1b6ff35f-31df-4332-8571-d31ea5a4893f",
              "APIConnectors.ReadWrite.All": "c67b52c5-7c69-48b6-9d48-7b3af3ded914",
              "AccessReview.Read.All": "ebfcd32b-babb-40f4-a14b-42706e83bd28",
              "AccessReview.ReadWrite.All": "e4aa47b9-9a69-4109-82ed-36ec70d85ff1",
              "AccessReview.ReadWrite.Membership": "5af8c3f5-baca-439a-97b0-ea58a435e269",
              "Acronym.Read.All": "9084c10f-a2d6-4713-8732-348def50fe02",
              "AdministrativeUnit.Read.All": "3361d15d-be43-4de6-b441-3c746d05163d",
              "AdministrativeUnit.ReadWrite.All": "7b8a2d34-6b3f-4542-a343-54651608ad81",
              "Agreement.Read.All": "af2819c9-df71-4dd3-ade7-4d7c9dc653b7",
              "Agreement.ReadWrite.All": "ef4b5d93-3104-4664-9053-a5c49ab44218",
              "AgreementAcceptance.Read": "0b7643bb-5336-476f-80b5-18fbfbc91806",
              "AgreementAcceptance.Read.All": "a66a5341-e66e-4897-9d52-c2df58c2bfb9",
              "AiEnterpriseInteraction.Read": "859cceb9-2ec2-4e48-bcd7-b8490b5248a5",
              "Analytics.Read": "e03cf23f-8056-446a-8994-7d93dfc8b50e",
              "AppCatalog.Read.All": "88e58d74-d3df-44f3-ad47-e89edf4472e4",
              "AppCatalog.ReadWrite.All": "1ca167d5-1655-44a1-8adf-1414072e1ef9",
              "AppCatalog.Submit": "3db89e36-7fa6-4012-b281-85f3d9d9fd2e",
              "AppCertTrustConfiguration.Read.All": "af281d3a-030d-4122-886e-146fb30a0413",
              "AppCertTrustConfiguration.ReadWrite.All": "4bae2ed4-473e-4841-a493-9829cfd51d48",
              "AppRoleAssignment.ReadWrite.All": "84bccea3-f856-4a8a-967b-dbe0a3d53a64",
              "Application-RemoteDesktopConfig.ReadWrite.All": "ffa91d43-2ad8-45cc-b592-09caddeb24bb",
              "Application.Read.All": "c79f8feb-a9db-4090-85f9-90d820caa0eb",
              "Application.ReadWrite.All": "bdfbf15f-ee85-4955-8675-146e8e5296b5",
              "ApprovalSolution.Read": "b0df437d-d341-4df0-aa3e-89ca81a1207f",
              "ApprovalSolution.ReadWrite": "6768d3af-4562-48ff-82d2-c5e19eb21b9c",
              "ApprovalSolutionResponse.ReadWrite": "89d944f2-2011-44ad-830c-aa9bf5ef2319",
              "AttackSimulation.Read.All": "104a7a4b-ca76-4677-b7e7-2f4bc482f381",
              "AttackSimulation.ReadWrite.All": "27608d7c-2c66-4cad-a657-951d575f5a60",
              "AuditActivity.Read": "16786f81-40d2-4116-bb26-d1a753bf0b20",
              "AuditActivity.Write": "a78fd341-0672-4792-a8ae-a5925b2546eb",
              "AuditLog.Read.All": "e4c9e354-4dc5-45b8-9e7c-e1393b0b1a20",
              "AuditLogsQuery-CRM.Read.All": "ba78b16f-1e01-41b6-89ca-73e0a32b304c",
              "AuditLogsQuery-Endpoint.Read.All": "ee3409fe-617f-43cf-bd1e-fc8b38049e69",
              "AuditLogsQuery-Entra.Read.All": "5ff2f415-e0f1-4d11-bfd0-6d87c0f667fd",
              "AuditLogsQuery-Exchange.Read.All": "6c8c71d2-c7e1-45b0-ac6d-1d2724fba6ae",
              "AuditLogsQuery-OneDrive.Read.All": "4a72c235-a50d-4870-b598-fd88fd1fa074",
              "AuditLogsQuery-SharePoint.Read.All": "30630b65-ed12-4a81-9130-e3a964109fae",
              "AuditLogsQuery.Read.All": "1d9e7ac3-0eca-442c-82f9-e92625af6e6d",
              "AuthenticationContext.Read.All": "57b030f1-8c35-469c-b0d9-e4a077debe70",
              "AuthenticationContext.ReadWrite.All": "ba6d575a-1344-4516-b777-1404f5593057",
              "BackupRestore-Configuration.Read.All": "444ed4b6-0554-4dc6-8e9c-3f9a34ee3ff6",
              "BackupRestore-Configuration.ReadWrite.All": "a0244d16-171c-4496-8ffb-7b9b6954d339",
              "BackupRestore-Control.Read.All": "af598c63-4292-4437-b925-e996354d3854",
              "BackupRestore-Control.ReadWrite.All": "96d46335-d92d-41b8-bc9f-273a692381ea",
              "BackupRestore-Monitor.Read.All": "b4e98de1-4600-4e90-b5e1-7c1dfef04e5c",
              "BackupRestore-Restore.Read.All": "94b36f78-434f-4904-8c08-421d9a9c1dc2",
              "BackupRestore-Restore.ReadWrite.All": "9f89e109-94b9-4c9b-b4fc-98cdaa54f574",
              "BackupRestore-Search.Read.All": "2b24830f-f435-446f-ab5a-b1e70d9a2eb5",
              "BillingConfiguration.ReadWrite.All": "2bf6d319-dfca-4c22-9879-f88dcfaee6be",
              "BitlockerKey.Read.All": "b27a61ec-b99c-4d6a-b126-c4375d08ae30",
              "BitlockerKey.ReadBasic.All": "5a107bfc-4f00-4e1a-b67e-66451267bc68",
              "Bookings.Manage.All": "7f36b48e-542f-4d3b-9bcb-8406f0ab9fdb",
              "Bookings.Read.All": "33b1df99-4b29-4548-9339-7a7b83eaeebc",
              "Bookings.ReadWrite.All": "948eb538-f19d-4ec5-9ccc-f059e1ea4c72",
              "BookingsAppointment.ReadWrite.All": "02a5a114-36a6-46ff-a102-954d89d9ab02",
              "Bookmark.Read.All": "98b17b35-f3b1-4849-a85f-9f13733002f0",
              "BrowserSiteLists.Read.All": "fb9be2b7-a7fc-4182-aec1-eda4597c43d5",
              "BrowserSiteLists.ReadWrite.All": "83b34c85-95bf-497b-a04e-b58eca9d49d0",
              "BusinessScenarioConfig.Read.All": "d16480b2-e469-4118-846b-d3d177327bee",
              "BusinessScenarioConfig.Read.OwnedBy": "c47e7b6e-d6f1-4be9-9ffd-1e00f3e32892",
              "BusinessScenarioConfig.ReadWrite.All": "755e785b-b658-446f-bb22-5a46abd029ea",
              "BusinessScenarioConfig.ReadWrite.OwnedBy": "b3b7fcff-b4d4-4230-bf6f-90bd91285395",
              "BusinessScenarioData.Read.OwnedBy": "25b265c4-5d34-4e44-952d-b567f6d3b96d",
              "BusinessScenarioData.ReadWrite.OwnedBy": "19932d57-2952-4c60-8634-3655c79fc527",
              "Calendars.Read": "465a38f9-76ea-45b9-9f34-9e8b0d4b0b42",
              "Calendars.Read.Shared": "2b9c4092-424d-4249-948d-b43879977640",
              "Calendars.ReadBasic": "662d75ba-a364-42ad-adee-f5f880ea4878",
              "Calendars.ReadWrite": "1ec239c2-d7c9-4623-a91a-a9775856bb36",
              "Calendars.ReadWrite.Shared": "12466101-c9b8-439a-8589-dd09ee67e8e9",
              "CallDelegation.Read": "305b375b-00fe-48bf-81bc-e8d78954c1b6",
              "CallDelegation.ReadWrite": "599abf67-f72b-4b5f-98a3-cb38fe646118",
              "CallEvents.Read": "43431c03-960e-400f-87c6-8f910321dca3",
              "ChangeManagement.Read.All": "4628dff5-c33e-4fde-b17a-b64e7acb1bed",
              "Channel.Create": "101147cf-4178-4455-9d58-02b5c164e759",
              "Channel.Delete.All": "cc83893a-e232-4723-b5af-bd0b01bcfe65",
              "Channel.ReadBasic.All": "9d8982ae-4365-4f57-95e9-d6032a4c0b87",
              "ChannelMember.Read.All": "2eadaff8-0bce-4198-a6b9-2cfc35a30075",
              "ChannelMember.ReadWrite.All": "0c3e411a-ce45-4cd1-8f30-f99a3efa7b11",
              "ChannelMessage.Edit": "2b61aa8a-6d36-4b2f-ac7b-f29867937c53",
              "ChannelMessage.Read.All": "767156cb-16ae-4d10-8f8b-41b657c8c8c8",
              "ChannelMessage.ReadWrite": "5922d31f-46c8-4404-9eaf-2117e390a8a4",
              "ChannelMessage.Send": "ebf0f66e-9fb1-49e4-a278-222f76911cf4",
              "ChannelSettings.Read.All": "233e0cf1-dd62-48bc-b65b-b38fe87fcf8e",
              "ChannelSettings.ReadWrite.All": "d649fb7c-72b4-4eec-b2b4-b15acf79e378",
              "Chat.Create": "38826093-1258-4dea-98f0-00003be2b8d0",
              "Chat.ManageDeletion.All": "bb64e6fc-6b6d-4752-aea0-dd922dbba588",
              "Chat.Read": "f501c180-9344-439a-bca0-6cbf209fd270",
              "Chat.ReadBasic": "9547fcb5-d03f-419d-9948-5928bbf71b0f",
              "Chat.ReadWrite": "9ff7295e-131b-4d94-90e1-69fde507ac11",
              "Chat.ReadWrite.All": "7e9a077b-3711-42b9-b7cb-5fa5f3f7fea7",
              "ChatMember.Read": "c5a9e2b1-faf6-41d4-8875-d381aa549b24",
              "ChatMember.ReadWrite": "dea13482-7ea6-488f-8b98-eb5bbecf033d",
              "ChatMessage.Read": "cdcdac3a-fd45-410d-83ef-554db620e5c7",
              "ChatMessage.Send": "116b7235-7cc6-461e-b163-8e55691d839e",
              "CloudApp-Discovery.Read.All": "ad46d60e-1027-4b75-af88-7c14ccf43a19",
              "CloudPC.Read.All": "5252ec4e-fd40-4d92-8c68-89dd1d3c6110",
              "CloudPC.ReadWrite.All": "9d77138f-f0e2-47ba-ab33-cd246c8b79d1",
              "Community.Read.All": "12ae2e92-14b5-47b2-babb-4e890bbedc0a",
              "Community.ReadWrite.All": "9e69467d-e0e2-402b-a926-3d796990197f",
              "ConfigurationMonitoring.Read.All": "c645bb69-adc4-4242-b620-02e635f03bf6",
              "ConfigurationMonitoring.ReadWrite.All": "54505ce9-e719-41f7-a7cc-dbe114e1d811",
              "ConsentRequest.Create": "f2143d35-9b4b-480d-951c-d083e69eeb2c",
              "ConsentRequest.Read": "5942b2f6-5a7b-40af-aa37-4b6ea5447506",
              "ConsentRequest.Read.All": "f3bfad56-966e-4590-a536-82ecf548ac1e",
              "ConsentRequest.ReadApprove.All": "e694a3a1-7878-46d8-8c29-3d195f6589f4",
              "ConsentRequest.ReadWrite.All": "497d9dfa-3bd1-481a-baab-90895e54568c",
              "Contacts.Read": "ff74d97f-43af-4b68-9f2a-b77ee6968c5d",
              "Contacts.Read.Shared": "242b9d9e-ed24-4d09-9a52-f43769beb9d4",
              "Contacts.ReadWrite": "d56682ec-c09e-4743-aaf4-1a3aac4caa21",
              "Contacts.ReadWrite.Shared": "afb6c84b-06be-49af-80bb-8f3f77004eab",
              "Content.Process.All": "7e2467d1-f874-46bb-828e-24cb06b29d3f",
              "Content.Process.User": "1d787a13-f750-4ad6-875a-fcbd2725596b",
              "ContentActivity.Read": "62c55b2f-a2b1-4312-8385-be57afd901b4",
              "ContentActivity.Write": "948caae6-152a-48cd-a746-4844af30e8e9",
              "CopilotSettings-LimitedMode.Read": "aeb2982d-632d-4155-b533-18756ab6fdd8",
              "CopilotSettings-LimitedMode.ReadWrite": "4704e5b2-0ada-4aa0-b18c-00ad7525bc06",
              "CrossTenantInformation.ReadBasic.All": "81594d25-e88e-49cf-ac8c-fecbff49f994",
              "CrossTenantUserProfileSharing.Read": "cb1ba48f-d22b-4325-a07f-74135a62ee41",
              "CrossTenantUserProfileSharing.Read.All": "759dcd16-3c90-463c-937e-abf89f991c18",
              "CrossTenantUserProfileSharing.ReadWrite": "eed0129d-dc60-4f30-8641-daf337a39ffd",
              "CrossTenantUserProfileSharing.ReadWrite.All": "64dfa325-cbf8-48e3-938d-51224a0cac01",
              "CustomAuthenticationExtension.Read.All": "b2052569-c98c-4f36-a5fb-43e5c111e6d0",
              "CustomAuthenticationExtension.ReadWrite.All": "8dfcf82f-15d0-43b3-bc78-a958a13a5792",
              "CustomDetection.Read.All": "b13ff42e-f321-4d7d-a462-141c46a1b832",
              "CustomDetection.ReadWrite.All": "c34088fb-0649-4714-af0b-bcbfec155897",
              "CustomSecAttributeAssignment.Read.All": "b46ffa80-fe3d-4822-9a1a-c200932d54d0",
              "CustomSecAttributeAssignment.ReadWrite.All": "ca46335e-8453-47cd-a001-8459884efeae",
              "CustomSecAttributeAuditLogs.Read.All": "1fcdeaab-b519-44dd-bffc-ed1fd15a24e0",
              "CustomSecAttributeDefinition.Read.All": "ce026878-a0ff-4745-a728-d4fedd086c07",
              "CustomSecAttributeDefinition.ReadWrite.All": "8b0160d4-5743-482b-bb27-efc0a485ca4a",
              "CustomSecAttributeProvisioning.Read.All": "9ddd870d-077c-49e7-b3e3-6b3012a8a880",
              "CustomSecAttributeProvisioning.ReadWrite.All": "1140d9e4-6776-433e-a9e4-b9831adbb2e0",
              "CustomTags.Read.All": "de6ea87d-10bd-467c-8682-d525a0c61b89",
              "CustomTags.ReadWrite.All": "2f1bbe0a-f34b-4efb-9edb-8db8dcb50eca",
              "DelegatedAdminRelationship.Read.All": "0c0064ea-477b-4130-82a5-4c2cc4ff68aa",
              "DelegatedAdminRelationship.ReadWrite.All": "885f682f-a990-4bad-a642-36736a74b0c7",
              "DelegatedPermissionGrant.Read.All": "a197cdc4-a8e8-4d49-9d35-4ca7c83887b4",
              "DelegatedPermissionGrant.ReadWrite.All": "41ce6ca6-6826-4807-84f1-1c82854f7ee5",
              "Device.Command": "bac3b9c2-b516-4ef4-bd3b-c2ef73d8d804",
              "Device.CreateFromOwnedTemplate": "edc92e89-a987-48a9-911a-a7b1967dd7b1",
              "Device.Read": "11d4cd79-5ba5-460f-803f-e22c8ab85ccd",
              "Device.Read.All": "951183d1-1a61-466f-a6d1-1fde911bfd95",
              "DeviceLocalCredential.Read.All": "280b3b69-0437-44b1-bc20-3b2fca1ee3e9",
              "DeviceLocalCredential.ReadBasic.All": "9917900e-410b-4d15-846e-42a357488545",
              "DeviceManagementApps.Read.All": "4edf5f54-4666-44af-9de9-0144fb4b6e8c",
              "DeviceManagementApps.ReadWrite.All": "7b3f05d5-f68c-4b8d-8c59-a2ecd12f24af",
              "DeviceManagementCloudCA.Read.All": "ac5c8443-d999-471f-9247-ce92cf5c5560",
              "DeviceManagementCloudCA.ReadWrite.All": "93028c58-65aa-48db-a706-1fe4ada325ec",
              "DeviceManagementConfiguration.Read.All": "f1493658-876a-4c87-8fa7-edb559b3476a",
              "DeviceManagementConfiguration.ReadWrite.All": "0883f392-0a7a-443d-8c76-16a6d39c7b63",
              "DeviceManagementManagedDevices.PrivilegedOperations.All": "3404d2bf-2b13-457e-a330-c24615765193",
              "DeviceManagementManagedDevices.Read.All": "314874da-47d6-4978-88dc-cf0d37f0bb82",
              "DeviceManagementManagedDevices.ReadWrite.All": "44642bfe-8385-4adc-8fc6-fe3cb2c375c3",
              "DeviceManagementRBAC.Read.All": "49f0cc30-024c-4dfd-ab3e-82e137ee5431",
              "DeviceManagementRBAC.ReadWrite.All": "0c5e8a55-87a6-4556-93ab-adc52c4d862d",
              "DeviceManagementScripts.Read.All": "d32381d8-ee89-4220-9c83-b672aa68d404",
              "DeviceManagementScripts.ReadWrite.All": "8b9d79d0-ad75-4566-8619-f7500ecfcebe",
              "DeviceManagementServiceConfig.Read.All": "8696daa5-bce5-4b2e-83f9-51b6defc4e1e",
              "DeviceManagementServiceConfig.ReadWrite.All": "662ed50a-ac44-4eef-ad86-62eed9be2a29",
              "DeviceTemplate.Create": "0b1717ff-3e42-4a73-8c29-e6b2e1093960",
              "DeviceTemplate.Read.All": "2bcae0b0-aa93-48e4-a9e4-855482dffdcd",
              "DeviceTemplate.ReadWrite.All": "2d372e98-f1ae-406c-a157-2ea83f6f5e4a",
              "Directory.AccessAsUser.All": "0e263e50-5827-48a4-b97c-d940288653c7",
              "Directory.Read.All": "06da0dbc-49e2-44d2-8312-53f166ab848a",
              "Directory.ReadWrite.All": "c5366453-9fb0-48a5-a156-24f0c49a4b84",
              "DirectoryRecommendations.Read.All": "34d3bd24-f6a6-468c-b67c-0c365c1d6410",
              "DirectoryRecommendations.ReadWrite.All": "f37235e8-90a0-4189-93e2-e55b53867ccd",
              "Domain-InternalFederation.Read.All": "33203a2a-a761-40f0-8a7c-a7e74a9f8ac6",
              "Domain-InternalFederation.ReadWrite.All": "857bd3ea-490e-4284-88a7-a7de1893b6ee",
              "Domain.Read.All": "2f9ee017-59c1-4f1d-9472-bd5529a7b311",
              "Domain.ReadWrite.All": "0b5d694c-a244-4bde-86e6-eb5cd07730fe",
              "EAS.AccessAsUser.All": "ff91d191-45a0-43fd-b837-bd682c4a0b0f",
              "EWS.AccessAsUser.All": "9769c687-087d-48ac-9cb3-c37dde652038",
              "EduAdministration.Read": "8523895c-6081-45bf-8a5d-f062a2f12c9f",
              "EduAdministration.ReadWrite": "63589852-04e3-46b4-bae9-15d5b1050748",
              "EduAssignments.Read": "091460c9-9c4a-49b2-81ef-1f3d852acce2",
              "EduAssignments.ReadBasic": "c0b0103b-c053-4b2e-9973-9f3a544ec9b8",
              "EduAssignments.ReadWrite": "2f233e90-164b-4501-8bce-31af2559a2d3",
              "EduAssignments.ReadWriteBasic": "2ef770a1-622a-47c4-93ee-28d6adbed3a0",
              "EduCurricula.Read": "484859e8-b9e2-4e92-b910-84db35dadd29",
              "EduCurricula.ReadWrite": "4793c53b-df34-44fd-8d26-d15c517732f5",
              "EduRoster.Read": "a4389601-22d9-4096-ac18-36a927199112",
              "EduRoster.ReadBasic": "5d186531-d1bf-4f07-8cea-7c42119e1bd9",
              "EduRoster.ReadWrite": "359e19a6-e3fa-4d7f-bcab-d28ec592b51e",
              "EngagementMeetingConversation.Read.All": "58c5819e-29bd-4400-ad52-82cd82a63fbd",
              "EngagementRole.Read": "9f1da0fc-345c-4dfb-bab5-5215a073a417",
              "EngagementRole.Read.All": "3cad91a5-8413-4c4a-acfe-dfeb83d1366d",
              "EngagementRole.ReadWrite.All": "4905982d-6459-4ccd-949c-949fefc0a8f2",
              "EntitlementManagement.Read.All": "5449aa12-1393-4ea2-a7c7-d0e06c1a56b2",
              "EntitlementManagement.ReadWrite.All": "ae7a573d-81d7-432b-ad44-4ed5c9d89038",
              "EntitlementMgmt-SubjectAccess.ReadWrite": "e9fdcbbb-8807-410f-b9ec-8d5468c7c2ac",
              "EventListener.Read.All": "f7dd3bed-5eec-48da-bc73-1c0ef50bc9a1",
              "EventListener.ReadWrite.All": "d11625a6-fe21-4fc6-8d3d-063eba5525ad",
              "ExternalConnection.Read.All": "a38267a5-26b6-4d76-9493-935b7599116b",
              "ExternalConnection.ReadWrite.All": "bbbbd9b3-3566-4931-ac37-2b2180d9e334",
              "ExternalConnection.ReadWrite.OwnedBy": "4082ad95-c812-4f02-be92-780c4c4f1830",
              "ExternalItem.Read.All": "922f9392-b1b7-483c-a4be-0089be7704fb",
              "ExternalItem.ReadWrite.All": "b02c54f8-eb48-4c50-a9f0-a149e5a2012f",
              "ExternalItem.ReadWrite.OwnedBy": "4367b9d7-cee7-4995-853c-a0bdfe95c1f9",
              "ExternalUserProfile.Read.All": "47167bec-55a7-4caf-9ecc-8d4566e3cfb1",
              "ExternalUserProfile.ReadWrite.All": "c6068dc7-a791-46a4-a811-b8228e6649ab",
              "Family.Read": "3a1e4806-a744-4c70-80fc-223bf8582c46",
              "FileStorageContainer.Manage.All": "527b6d64-cdf5-4b8b-b336-4aa0b8ca2ce5",
              "FileStorageContainer.Selected": "085ca537-6565-41c2-aca7-db852babc212",
              "Files.Read": "10465720-29dd-4523-a11a-6a75c743c9d9",
              "Files.Read.All": "df85f4d6-205c-4ac5-a5ea-6bf408dba283",
              "Files.Read.Selected": "5447fe39-cb82-4c1a-b977-520e67e724eb",
              "Files.ReadWrite": "5c28f0bf-8a70-41f1-8ab2-9032436ddb65",
              "Files.ReadWrite.All": "863451e7-0667-486c-a5d6-d135439485f0",
              "Files.ReadWrite.AppFolder": "8019c312-3263-48e6-825e-2b833497195b",
              "Files.ReadWrite.Selected": "17dde5bd-8c17-420f-a486-969730c1b827",
              "Files.SelectedOperations.Selected": "ef2779dc-ef1b-4211-8310-8a0ac2450081",
              "Financials.ReadWrite.All": "f534bf13-55d4-45a9-8f3c-c92fe64d6131",
              "Goals-Export.Read.All": "092211d9-ca1a-427b-813e-b79c7653fe71",
              "Goals-Export.ReadWrite.All": "2edeb9fd-4228-480c-a26d-2ed52011cf3d",
              "Group-Conversation.Read.All": "c92fbbc2-50e0-4842-93ef-385c3293ea3d",
              "Group-Conversation.ReadWrite.All": "302bcbb5-855a-4e49-ae20-94a331b0281e",
              "Group.Read.All": "5f8c59db-677d-491f-a6b8-5f174b11ec1d",
              "Group.ReadWrite.All": "4e46008b-f24c-477d-8fff-7bb4ec7aafe0",
              "GroupMember.Read.All": "bc024368-1153-4739-b217-4326f2e966d0",
              "GroupMember.ReadWrite.All": "f81125ac-d3b7-4573-a3b2-7099cc39df9e",
              "GroupSettings.Read.All": "2eb2bc92-94ef-4c6b-b4ab-2a09bc975e0e",
              "GroupSettings.ReadWrite.All": "c1691a6d-99e2-4cfa-b4b5-9e4d67dc0f36",
              "HealthMonitoringAlert.Read.All": "74b4ff32-4917-4536-a66d-38a4861e6220",
              "HealthMonitoringAlert.ReadWrite.All": "b7c60f27-2195-4d5f-96a7-6b98bdfd9664",
              "HealthMonitoringAlertConfig.Read.All": "fb873030-8626-47e6-96ff-8a5bff3b725f",
              "HealthMonitoringAlertConfig.ReadWrite.All": "b3e5ebc6-1c23-4337-8286-3f27165addb4",
              "IMAP.AccessAsUser.All": "652390e4-393a-48de-9484-05f9b1212954",
              "IdentityProvider.Read.All": "43781733-b5a7-4d1b-98f4-e8edff23e1a9",
              "IdentityProvider.ReadWrite.All": "f13ce604-1677-429f-90bd-8a10b9f01325",
              "IdentityRiskEvent.Read.All": "8f6a01e7-0391-4ee5-aa22-a3af122cef27",
              "IdentityRiskEvent.ReadWrite.All": "9e4862a5-b68f-479e-848a-4e07e25c9916",
              "IdentityRiskyServicePrincipal.Read.All": "ea5c4ab0-5a73-4f35-8272-5d5337884e5d",
              "IdentityRiskyServicePrincipal.ReadWrite.All": "bb6f654c-d7fd-4ae3-85c3-fc380934f515",
              "IdentityRiskyUser.Read.All": "d04bb851-cb7c-4146-97c7-ca3e71baf56c",
              "IdentityRiskyUser.ReadWrite.All": "e0a7cdbb-08b0-4697-8264-0069786e9674",
              "IdentityUserFlow.Read.All": "2903d63d-4611-4d43-99ce-a33f3f52e343",
              "IdentityUserFlow.ReadWrite.All": "281892cc-4dbf-4e3a-b6cc-b21029bb4e82",
              "IndustryData-DataConnector.Read.All": "d19c0de5-7ecb-4aba-b090-da35ebcd5425",
              "IndustryData-DataConnector.ReadWrite.All": "5ce933ac-3997-4280-aed0-cc072e5c062a",
              "IndustryData-DataConnector.Upload": "fc47391d-ab2c-410f-9059-5600f7af660d",
              "IndustryData-InboundFlow.Read.All": "cb0774da-a605-42af-959c-32f438fb38f4",
              "IndustryData-InboundFlow.ReadWrite.All": "97044676-2cec-40ee-bd70-38df444c9e70",
              "IndustryData-OutboundFlow.Read.All": "4741a003-8952-4be4-9217-33a0ac327122",
              "IndustryData-OutboundFlow.ReadWrite.All": "aeb68e0b-e562-4a1f-b6dd-3484ad0cbb4b",
              "IndustryData-ReferenceDefinition.Read.All": "a3f96ffe-cb84-40a8-ac85-582d7ef97c2a",
              "IndustryData-ReferenceDefinition.ReadWrite.All": "a757d430-be6d-430f-af57-28aabe79d247",
              "IndustryData-Run.Read.All": "92685235-50c4-4702-b2c8-36043db6fa79",
              "IndustryData-Run.Start": "f03a6d0e-0989-460f-80b2-e57c8561763e",
              "IndustryData-SourceSystem.Read.All": "49b7016c-89ae-41e7-bd6f-b7170c5490bf",
              "IndustryData-SourceSystem.ReadWrite.All": "9599f005-05d6-4ea7-b1b1-4929768af5d0",
              "IndustryData-TimePeriod.Read.All": "c9d51f28-8ccd-42b2-a836-fd8fe9ebf2ae",
              "IndustryData-TimePeriod.ReadWrite.All": "b6d56528-3032-4f9d-830f-5a24a25e6661",
              "IndustryData.ReadBasic.All": "60382b96-1f5e-46ea-a544-0407e489e588",
              "InformationProtectionConfig.Read": "12f4bffb-b598-413c-984b-db99728f8b54",
              "InformationProtectionPolicy.Read": "4ad84827-5578-4e18-ad7a-86530b12f884",
              "Insights-UserMetric.Read.All": "7d249730-51a3-4180-8ec1-214f144f1bff",
              "LearningAssignedCourse.Read": "ac08cdae-e845-41db-adf9-5899a0ec9ef6",
              "LearningContent.Read.All": "ea4c1fd9-6a9f-4432-8e5d-86e06cc0da77",
              "LearningContent.ReadWrite.All": "53cec1c4-a65f-4981-9dc1-ad75dbf1c077",
              "LearningProvider.Read": "dd8ce36f-9245-45ea-a99e-8ac398c22861",
              "LearningProvider.ReadWrite": "40c2eb57-abaf-49f5-9331-e90fd01f7130",
              "LearningSelfInitiatedCourse.Read": "f6403ef7-4a96-47be-a190-69ba274c3f11",
              "LicenseAssignment.Read.All": "f395577a-0960-456b-979f-7228de0c5996",
              "LicenseAssignment.ReadWrite.All": "f55016cc-149c-447e-8f21-7cf3ec1d6350",
              "LifecycleWorkflows-CustomExt.Read.All": "2973a298-1d69-4f87-8d30-7025f0ec19d7",
              "LifecycleWorkflows-CustomExt.ReadWrite.All": "ef6bafb1-3019-4a22-a332-103aff92225f",
              "LifecycleWorkflows-Reports.Read.All": "4d3d7f81-163f-426a-8432-5638d2e82083",
              "LifecycleWorkflows-Workflow.Activate": "df1c25b3-072c-45cd-8403-c63441e4cca1",
              "LifecycleWorkflows-Workflow.Read.All": "7fabe5bd-2e47-4e61-b924-327117024e18",
              "LifecycleWorkflows-Workflow.ReadBasic.All": "789c445d-433c-4575-a1fc-367a58a1bd4a",
              "LifecycleWorkflows-Workflow.ReadWrite.All": "29e49f0c-a053-4cc5-a4b1-7da0c8c1e643",
              "LifecycleWorkflows.Read.All": "9bcb9916-765a-42af-bf77-02282e26b01a",
              "LifecycleWorkflows.ReadWrite.All": "84b9d731-7db8-4454-8c90-fd9e95350179",
              "ListItems.SelectedOperations.Selected": "d6d361b3-211a-4191-9fa7-15f72de4aac4",
              "Lists.SelectedOperations.Selected": "033b51ee-d6fa-4add-b627-ee680c7212b5",
              "Mail.Read": "570282fd-fa5c-430d-a7fd-fc8dc98a9dca",
              "Mail.Read.Shared": "7b9103a5-4610-446b-9670-80643382c1fa",
              "Mail.ReadBasic": "a4b8392a-d8d1-4954-a029-8e668a39a170",
              "Mail.ReadBasic.Shared": "b11fa0e7-fdb7-4dc9-b1f1-59facd463480",
              "Mail.ReadWrite": "024d486e-b451-40bb-833d-3e66d98c5c73",
              "Mail.ReadWrite.Shared": "5df07973-7d5d-46ed-9847-1271055cbd51",
              "Mail.Send": "e383f46e-2787-4529-855e-0e479a3ffac0",
              "Mail.Send.Shared": "a367ab51-6b49-43bf-a716-a1fb06d2a174",
              "MailboxFolder.Read": "52dc2051-4958-4636-8f2a-281d39c6981c",
              "MailboxFolder.ReadWrite": "077fde41-7e0b-4c5b-bcd1-e9d743a30c80",
              "MailboxItem.ImportExport": "df96e8a0-f4e1-4ecf-8d83-a429f822cbd6",
              "MailboxItem.Read": "82305458-296d-4edd-8b0b-74dd74c34526",
              "MailboxSettings.Read": "87f447af-9fa4-4c32-9dfa-4a57a73d18ce",
              "MailboxSettings.ReadWrite": "818c620a-27a9-40bd-a6a5-d96f7d610b4b",
              "ManagedTenants.Read.All": "dc34164e-6c4a-41a0-be89-3ae2fbad7cd3",
              "ManagedTenants.ReadWrite.All": "b31fa710-c9b3-4d9e-8f5e-8036eecddab9",
              "Member.Read.Hidden": "f6a3db3e-f7e8-4ed2-a414-557c8c9830be",
              "MultiTenantOrganization.Read.All": "526aa72a-5878-49fe-bf4e-357973af9b06",
              "MultiTenantOrganization.ReadBasic.All": "225db56b-15b2-4daa-acb3-0eec2bbe4849",
              "MultiTenantOrganization.ReadWrite.All": "77af1528-84f3-4023-8d90-d219cd433108",
              "MutualTlsOauthConfiguration.Read.All": "51ae584e-e736-4718-897b-10af70f8e3cc",
              "MutualTlsOauthConfiguration.ReadWrite.All": "a51115bc-f64f-498f-bcee-00dcd28f4a03",
              "NetworkAccess-Reports.Read.All": "b0c61509-cfc3-42bd-9bd4-66d81785fee4",
              "NetworkAccess.Read.All": "2f7013e0-ab4e-447f-a5e1-5d419950692d",
              "NetworkAccess.ReadWrite.All": "ae2df9c5-f18d-4ec4-a51b-bdeb807f177b",
              "NetworkAccessBranch.Read.All": "4051c7fc-b429-4804-8d80-8f1f8c24a6f7",
              "NetworkAccessBranch.ReadWrite.All": "b8a36cc2-b810-461a-baa4-a7281e50bd5c",
              "NetworkAccessPolicy.Read.All": "ba22922b-752c-446f-89d7-a2d92398fceb",
              "NetworkAccessPolicy.ReadWrite.All": "b1fbad0f-ef6e-42ed-8676-bca7fa3e7291",
              "Notes.Create": "9d822255-d64d-4b7a-afdb-833b9a97ed02",
              "Notes.Read": "371361e4-b9e2-4a3f-8315-2a301a3b0a3d",
              "Notes.Read.All": "dfabfca6-ee36-4db2-8208-7a28381419b3",
              "Notes.ReadWrite": "615e26af-c38a-4150-ae3e-c3b0d4cb1d6a",
              "Notes.ReadWrite.All": "64ac0503-b4fa-45d9-b544-71a463f05da0",
              "Notes.ReadWrite.CreatedByApp": "ed68249d-017c-4df5-9113-e684c7f8760b",
              "Notifications.ReadWrite.CreatedByApp": "89497502-6e42-46a2-8cb2-427fd3df970a",
              "OnPremDirectorySynchronization.Read.All": "f6609722-4100-44eb-b747-e6ca0536989d",
              "OnPremDirectorySynchronization.ReadWrite.All": "c2d95988-7604-4ba1-aaed-38a5f82a51c7",
              "OnPremisesPublishingProfiles.ReadWrite.All": "8c4d5184-71c2-4bf8-bb9d-bc3378c9ad42",
              "OnlineMeetingAiInsight.Read.All": "166741d6-eeb8-46fe-91f4-817d2af7bc88",
              "OnlineMeetingArtifact.Read.All": "110e5abb-a10c-4b59-8b55-9b4daa4ef743",
              "OnlineMeetingRecording.Read.All": "190c2bb6-1fdd-4fec-9aa2-7d571b5e1fe3",
              "OnlineMeetingTranscript.Read.All": "30b87d18-ebb1-45db-97f8-82ccb1f0190c",
              "OnlineMeetings.Read": "9be106e1-f4e3-4df5-bdff-e4bc531cbe43",
              "OnlineMeetings.ReadWrite": "a65f2972-a4f8-4f5e-afd7-69ccb046d5dc",
              "OrgContact.Read.All": "08432d1b-5911-483c-86df-7980af5cdee0",
              "OrgSettings-AppsAndServices.Read.All": "1e9b7a7e-4d64-44ff-acf5-2e9651c1519f",
              "OrgSettings-AppsAndServices.ReadWrite.All": "c167b0e7-47c0-48e8-9eee-9892f58018fa",
              "OrgSettings-DynamicsVoice.Read.All": "9862d930-5aec-4a98-8d4f-7277a8db9bcb",
              "OrgSettings-DynamicsVoice.ReadWrite.All": "4cea26fb-6967-4234-82c4-c044414743f8",
              "OrgSettings-Forms.Read.All": "210051a0-1ffc-435c-ae76-02d226d05752",
              "OrgSettings-Forms.ReadWrite.All": "346c19ff-3fb2-4e81-87a0-bac9e33990c1",
              "OrgSettings-Microsoft365Install.Read.All": "8cbdb9f6-9c2e-451a-814d-ec606e5d0212",
              "OrgSettings-Microsoft365Install.ReadWrite.All": "1ff35e91-19eb-42d8-aa2d-cc9891127ae5",
              "OrgSettings-Todo.Read.All": "7ff96f41-f022-45ba-acd8-ef3f03063d6b",
              "OrgSettings-Todo.ReadWrite.All": "087502c2-5263-433e-abe3-8f77231a0627",
              "Organization.Read.All": "4908d5b9-3fb2-4b1e-9336-1888b7937185",
              "Organization.ReadWrite.All": "46ca0847-7e6b-426e-9775-ea810a948356",
              "OrganizationalBranding.Read.All": "9082f138-6f02-4f3a-9f4d-5f3c2ce5c688",
              "OrganizationalBranding.ReadWrite.All": "15ce63de-b141-4c9a-a9a5-241bf27c6aaf",
              "POP.AccessAsUser.All": "d7b7f2d9-0f45-4ea1-9d42-e50810c06991",
              "PartnerBilling.Read.All": "8804798e-5934-4e30-8ce3-ef88257cecd4",
              "PartnerSecurity.Read.All": "5567b981-0bf1-4796-9038-0648b46e116d",
              "PartnerSecurity.ReadWrite.All": "0cd2c1f6-94a1-4075-ab8c-0b1aff2e1ad5",
              "PendingExternalUserProfile.Read.All": "d88fd3fb-53d3-4c1c-8c39-787fcac2ed7a",
              "PendingExternalUserProfile.ReadWrite.All": "93a1fb28-c908-4826-904e-0c74ad352b73",
              "People.Read": "ba47897c-39ec-4d83-8086-ee8256fa737d",
              "People.Read.All": "b89f9189-71a5-4e70-b041-9887f0bc7e4a",
              "PeopleSettings.Read.All": "ec762c5f-388b-4b16-8693-ac1efbc611bc",
              "PeopleSettings.ReadWrite.All": "e67e6727-c080-415e-b521-e3f35d5248e9",
              "Place.Read.All": "cb8f45a0-5c2e-4ea1-b803-84b870a7d7ec",
              "Place.ReadWrite.All": "4c06a06a-098a-4063-868e-5dfee3827264",
              "PlaceDevice.Read.All": "4c7f93d2-6b0b-4e05-91aa-87842f0a2142",
              "PlaceDevice.ReadWrite.All": "eafd6a71-e95a-4f8a-bb6e-fb84ab7fbd9e",
              "Policy.Read.All": "572fea84-0151-49b2-9301-11cb16974376",
              "Policy.Read.AuthenticationMethod": "a6ff13ac-1851-4993-8ca9-a671d70de2d5",
              "Policy.Read.ConditionalAccess": "633e0fce-8c58-4cfb-9495-12bbd5a24f7c",
              "Policy.Read.DeviceConfiguration": "3616a4b0-6746-49c4-a678-4c237599074d",
              "Policy.Read.IdentityProtection": "d146432f-b803-4ed4-8d42-ba74193a6ede",
              "Policy.Read.PermissionGrant": "414de6ea-2d92-462f-b120-6e2a809a6d01",
              "Policy.ReadWrite.AccessReview": "4f5bc9c8-ea54-4772-973a-9ca119cb0409",
              "Policy.ReadWrite.ApplicationConfiguration": "b27add92-efb2-4f16-84f5-8108ba77985c",
              "Policy.ReadWrite.AuthenticationFlows": "edb72de9-4252-4d03-a925-451deef99db7",
              "Policy.ReadWrite.AuthenticationMethod": "7e823077-d88e-468f-a337-e18f1f0e6c7c",
              "Policy.ReadWrite.Authorization": "edd3c878-b384-41fd-95ad-e7407dd775be",
              "Policy.ReadWrite.ConditionalAccess": "ad902697-1014-4ef5-81ef-2b4301988e8c",
              "Policy.ReadWrite.ConsentRequest": "4d135e65-66b8-41a8-9f8b-081452c91774",
              "Policy.ReadWrite.CrossTenantAccess": "014b43d0-6ed4-4fc6-84dc-4b6f7bae7d85",
              "Policy.ReadWrite.CrossTenantCapability": "9ef7463f-1d39-406f-89ea-3483a4645e1c",
              "Policy.ReadWrite.DeviceConfiguration": "40b534c3-9552-4550-901b-23879c90bcf9",
              "Policy.ReadWrite.ExternalIdentities": "b5219784-1215-45b5-b3f1-88fe1081f9c0",
              "Policy.ReadWrite.FeatureRollout": "92a38652-f13b-4875-bc77-6e1dbb63e1b2",
              "Policy.ReadWrite.FedTokenValidation": "be1be369-4540-4ac9-8928-79de99f70d8f",
              "Policy.ReadWrite.IdentityProtection": "7256e131-3efb-4323-9854-cf41c6021770",
              "Policy.ReadWrite.MobilityManagement": "a8ead177-1889-4546-9387-f25e658e2a79",
              "Policy.ReadWrite.PermissionGrant": "2672f8bb-fd5e-42e0-85e1-ec764dd2614e",
              "Policy.ReadWrite.SecurityDefaults": "0b2a744c-2abf-4f1e-ad7e-17a087e2be99",
              "Policy.ReadWrite.TrustFramework": "cefba324-1a70-4a6e-9c1d-fd670b7ae392",
              "Presence.Read": "76bc735e-aecd-4a1d-8b4c-2b915deabb79",
              "Presence.Read.All": "9c7a330d-35b3-4aa1-963d-cb2b9f927841",
              "Presence.ReadWrite": "8d3c54a7-cf58-4773-bf81-c0cd6ad522bb",
              "PrintConnector.Read.All": "d69c2d6d-4f72-4f99-a6b9-663e32f8cf68",
              "PrintConnector.ReadWrite.All": "79ef9967-7d59-4213-9c64-4b10687637d8",
              "PrintJob.Create": "21f0d9c0-9f13-48b3-94e0-b6b231c7d320",
              "PrintJob.Read": "248f5528-65c0-4c88-8326-876c7236df5e",
              "PrintJob.Read.All": "afdd6933-a0d8-40f7-bd1a-b5d778e8624b",
              "PrintJob.ReadBasic": "6a71a747-280f-4670-9ca0-a9cbf882b274",
              "PrintJob.ReadBasic.All": "04ce8d60-72ce-4867-85cf-6d82f36922f3",
              "PrintJob.ReadWrite": "b81dd597-8abb-4b3f-a07a-820b0316ed04",
              "PrintJob.ReadWrite.All": "036b9544-e8c5-46ef-900a-0646cc42b271",
              "PrintJob.ReadWriteBasic": "6f2d22f2-1cb6-412c-a17c-3336817eaa82",
              "PrintJob.ReadWriteBasic.All": "3a0db2f6-0d2a-4c19-971b-49109b19ad3d",
              "PrintSettings.Read.All": "490f32fd-d90f-4dd7-a601-ff6cdc1a3f6c",
              "PrintSettings.ReadWrite.All": "9ccc526a-c51c-4e5c-a1fd-74726ef50b8f",
              "Printer.Create": "90c30bed-6fd1-4279-bf39-714069619721",
              "Printer.FullControl.All": "93dae4bd-43a1-4a23-9a1a-92957e1d9121",
              "Printer.Read.All": "3a736c8a-018e-460a-b60c-863b2683e8bf",
              "Printer.ReadWrite.All": "89f66824-725f-4b8f-928e-e1c5258dc565",
              "PrinterShare.Read.All": "ed11134d-2f3f-440d-a2e1-411efada2502",
              "PrinterShare.ReadBasic.All": "5fa075e9-b951-4165-947b-c63396ff0a37",
              "PrinterShare.ReadWrite.All": "06ceea37-85e2-40d7-bec3-91337a46038f",
              "PrivilegedAccess.Read.AzureAD": "b3a539c9-59cb-4ad5-825a-041ddbdc2bdb",
              "PrivilegedAccess.Read.AzureADGroup": "d329c81c-20ad-4772-abf9-3f6fdb7e5988",
              "PrivilegedAccess.Read.AzureResources": "1d89d70c-dcac-4248-b214-903c457af83a",
              "PrivilegedAccess.ReadWrite.AzureAD": "3c3c74f5-cdaa-4a97-b7e0-4e788bfcfb37",
              "PrivilegedAccess.ReadWrite.AzureADGroup": "32531c59-1f32-461f-b8df-6f8a3b89f73b",
              "PrivilegedAccess.ReadWrite.AzureResources": "a84a9652-ffd3-496e-a991-22ba5529156a",
              "PrivilegedAssignmentSchedule.Read.AzureADGroup": "02a32cc4-7ab5-4b58-879a-0586e0f7c495",
              "PrivilegedAssignmentSchedule.ReadWrite.AzureADGroup": "06dbc45d-6708-4ef0-a797-f797ee68bf4b",
              "PrivilegedAssignmentSchedule.Remove.AzureADGroup": "ca5fe595-68ff-4dfd-907d-4509501a0e49",
              "PrivilegedEligibilitySchedule.Read.AzureADGroup": "8f44f93d-ecef-46ae-a9bf-338508d44d6b",
              "PrivilegedEligibilitySchedule.ReadWrite.AzureADGroup": "ba974594-d163-484e-ba39-c330d5897667",
              "PrivilegedEligibilitySchedule.Remove.AzureADGroup": "c5ea9ab4-9b41-4c09-a400-53e652fb5096",
              "ProfilePhoto.Read.All": "469cd065-729e-4dee-b1fa-d92e0fab6310",
              "ProfilePhoto.ReadWrite.All": "f5b24df7-511e-48bb-ae88-643f023b55e1",
              "ProgramControl.Read.All": "c492a2e1-2f8f-4caa-b076-99bbf6e40fe4",
              "ProgramControl.ReadWrite.All": "50fd364f-9d93-4ae1-b170-300e87cccf84",
              "ProtectionScopes.Compute.All": "98f5a27a-539a-48bc-a597-f78e9e1e76bf",
              "ProtectionScopes.Compute.User": "4fc04d16-a9fc-4c5e-8da4-79b6c33638a4",
              "ProvisioningLog.Read.All": "95aec97b-cf27-4a8d-a67d-42f60b5b38ef",
              "PublicKeyInfrastructure.Read.All": "04a4b2a2-3f26-4fc8-87ee-9c46e68db175",
              "PublicKeyInfrastructure.ReadWrite.All": "3591b7f3-dba8-4bad-b667-7a64bd4f2b83",
              "QnA.Read.All": "f73fa04f-b9a5-4df9-8843-993ce928925e",
              "RecordsManagement.Read.All": "07f995eb-fc67-4522-ad66-2b8ca8ea3efd",
              "RecordsManagement.ReadWrite.All": "f2833d75-a4e6-40ab-86d4-6dfe73c97605",
              "ReportSettings.Read.All": "84fac5f4-33a9-4100-aa38-a20c6d29e5e7",
              "ReportSettings.ReadWrite.All": "b955410e-7715-4a88-a940-dfd551018df3",
              "Reports.Read.All": "02e97553-ed7b-43d0-ab3c-f8bace0d040c",
              "ResourceSpecificPermissionGrant.ReadForChat": "cb530fca-534b-4e72-aa74-bca7e8bbd06f",
              "ResourceSpecificPermissionGrant.ReadForTeam": "eafad40c-bf7a-415a-b7f8-acdf5706b58f",
              "ResourceSpecificPermissionGrant.ReadForUser": "f1d91a8f-88e7-4774-8401-b668d5bca0c5",
              "RiskPreventionProviders.Read.All": "e197c06f-ae7b-4398-b0a2-89f76ebca159",
              "RiskPreventionProviders.ReadWrite.All": "2a7babba-9623-4109-bc9c-79728cf3bb4f",
              "RoleAssignmentSchedule.Read.Directory": "344a729c-0285-42c6-9014-f12b9b8d6129",
              "RoleAssignmentSchedule.ReadWrite.Directory": "8c026be3-8e26-4774-9372-8d5d6f21daff",
              "RoleAssignmentSchedule.Remove.Directory": "f71cd05c-3fdb-4568-aef2-e1cf62ee20d4",
              "RoleEligibilitySchedule.Read.Directory": "eb0788c2-6d4e-4658-8c9e-c0fb8053f03d",
              "RoleEligibilitySchedule.ReadWrite.Directory": "62ade113-f8e0-4bf9-a6ba-5acb31db32fd",
              "RoleEligibilitySchedule.Remove.Directory": "58ac4fa2-b484-4d6e-ba97-beee2a574220",
              "RoleManagement.Read.All": "48fec646-b2ba-4019-8681-8eb31435aded",
              "RoleManagement.Read.CloudPC": "9619b88a-8a25-48a7-9571-d23be0337a79",
              "RoleManagement.Read.Defender": "dd689728-6eb8-4deb-bd38-2924a935f3de",
              "RoleManagement.Read.Directory": "741c54c3-0c1e-44a1-818b-3f97ab4e8c83",
              "RoleManagement.Read.Exchange": "3bc15058-7858-4141-b24f-ae43b4e80b52",
              "RoleManagement.ReadWrite.CloudPC": "501d06f8-07b8-4f18-b5c6-c191a4af7a82",
              "RoleManagement.ReadWrite.Defender": "d8914f8f-9f64-4bd1-b4d3-f5a701ed8457",
              "RoleManagement.ReadWrite.Directory": "d01b97e9-cbc0-49fe-810a-750afd5527a3",
              "RoleManagement.ReadWrite.Exchange": "c1499fe0-52b1-4b22-bed2-7a244e0e879f",
              "RoleManagementAlert.Read.Directory": "cce71173-f76d-446e-97ff-efb2d82e11b1",
              "RoleManagementAlert.ReadWrite.Directory": "435644c6-a5b1-40bf-8f52-fe8e5b53e19c",
              "RoleManagementPolicy.Read.AzureADGroup": "7e26fdff-9cb1-4e56-bede-211fe0e420e8",
              "RoleManagementPolicy.Read.Directory": "3de2cdbe-0ff5-47d5-bdee-7f45b4749ead",
              "RoleManagementPolicy.ReadWrite.AzureADGroup": "0da165c7-3f15-4236-b733-c0b0f6abe41d",
              "RoleManagementPolicy.ReadWrite.Directory": "1ff1be21-34eb-448c-9ac9-ce1f506b2a68",
              "SMTP.Send": "258f6531-6087-4cc4-bb90-092c5fb3ed3f",
              "Schedule.Read.All": "fccf6dd8-5706-49fa-811f-69e2e1b585d0",
              "Schedule.ReadWrite.All": "63f27281-c9d9-4f29-94dd-6942f7f1feb0",
              "SchedulePermissions.ReadWrite.All": "07919803-6073-4cd8-bc55-28077db0ee10",
              "SearchConfiguration.Read.All": "7d307522-aa38-4cd0-bd60-90c6f0ac50bd",
              "SearchConfiguration.ReadWrite.All": "b1a7d408-cab0-47d2-a2a5-a74a3733600d",
              "SecurityActions.Read.All": "1638cddf-07a4-4de2-8645-69c96cacad73",
              "SecurityActions.ReadWrite.All": "dc38509c-b87d-4da0-bd92-6bec988bac4a",
              "SecurityAlert.Read.All": "bc257fb8-46b4-4b15-8713-01e91bfbe4ea",
              "SecurityAlert.ReadWrite.All": "471f2a7f-2a42-4d45-a2bf-594d0838070d",
              "SecurityAnalyzedMessage.Read.All": "53e6783e-b127-4a35-ab3a-6a52d80a9077",
              "SecurityAnalyzedMessage.ReadWrite.All": "48eb8c83-6e58-46e7-a6d3-8805822f5940",
              "SecurityCopilotWorkspaces.Read.All": "84499c31-ac2e-44d3-a0cf-a6c386d4dfe8",
              "SecurityCopilotWorkspaces.ReadWrite.All": "206291b0-2167-47a7-a640-6cdc1df710ba",
              "SecurityEvents.Read.All": "64733abd-851e-478a-bffb-e47a14b18235",
              "SecurityEvents.ReadWrite.All": "6aedf524-7e1c-45a7-bd76-ded8cab8d0fc",
              "SecurityIdentitiesAccount.Read.All": "3e9ed69a-a48e-473c-8b97-413016703a37",
              "SecurityIdentitiesActions.ReadWrite.All": "818229ce-20e4-47bd-92f4-bc94dbb37a56",
              "SecurityIdentitiesHealth.Read.All": "a0d0da43-a6df-4416-b63d-99c79991aae8",
              "SecurityIdentitiesHealth.ReadWrite.All": "53e51eec-2d9b-4990-97f3-c9aa5d5652c3",
              "SecurityIdentitiesSensors.Read.All": "2c221239-7c5c-4b30-9355-d84663bfcd96",
              "SecurityIdentitiesSensors.ReadWrite.All": "087c3ad9-c2ca-4b82-9885-d5e25ce9e183",
              "SecurityIdentitiesUserActions.Read.All": "c7d0a939-da1c-4aca-80fa-d0a6cd924801",
              "SecurityIdentitiesUserActions.ReadWrite.All": "bf230e97-1957-4df6-b3f6-57f9029eacdf",
              "SecurityIncident.Read.All": "b9abcc4f-94fc-4457-9141-d20ce80ec952",
              "SecurityIncident.ReadWrite.All": "128ca929-1a19-45e6-a3b8-435ec44a36ba",
              "SensitivityLabel.Evaluate": "a4633e44-d355-4474-99df-8c2de6b0e39e",
              "SensitivityLabel.Evaluate.All": "a42e3c42-b31e-4919-b699-696dca5dc9e7",
              "SensitivityLabel.Read": "1aeb73ce-68d7-49b7-913a-eedc80844551",
              "SensitivityLabels.Read.All": "8b377c27-ea19-4863-a948-8a8588c8f2c3",
              "ServiceActivity-Exchange.Read.All": "1fe7aa48-9373-4a47-8df3-168335e0f4c9",
              "ServiceActivity-Microsoft365Web.Read.All": "d74c75b1-d5a9-479d-902d-92f8f99182c1",
              "ServiceActivity-OneDrive.Read.All": "347e3c16-30f3-4ac7-9b52-fc3c053de9c9",
              "ServiceActivity-Teams.Read.All": "404d76f0-e10e-460a-92be-ef19600c54d1",
              "ServiceHealth.Read.All": "55896846-df78-47a7-aa94-8d3d4442ca7f",
              "ServiceMessage.Read.All": "eda39fa6-f8cf-4c3c-a909-432c683e4c9b",
              "ServiceMessageViewpoint.Write": "636e1b0b-1cc2-4b1c-9aa9-4eeed9b9761b",
              "ServicePrincipalEndpoint.Read.All": "9f9ce928-e038-4e3b-8faf-7b59049a8ddc",
              "ServicePrincipalEndpoint.ReadWrite.All": "7297d82c-9546-4aed-91df-3d4f0a9b3ff0",
              "SharePointTenantSettings.Read.All": "2ef70e10-5bfd-4ede-a5f6-67720500b258",
              "SharePointTenantSettings.ReadWrite.All": "aa07f155-3612-49b8-a147-6c590df35536",
              "ShortNotes.Read": "50f66e47-eb56-45b7-aaa2-75057d9afe08",
              "ShortNotes.ReadWrite": "328438b7-4c01-4c07-a840-e625a749bb89",
              "SignInIdentifier.Read.All": "458e1edc-1e75-438c-8c7b-c32115c9d373",
              "SignInIdentifier.ReadWrite.All": "b4673c3c-7b5a-4012-9826-7c7e3c8db6af",
              "Sites.FullControl.All": "5a54b8b3-347c-476d-8f8e-42d5c7424d29",
              "Sites.Manage.All": "65e50fdc-43b7-4915-933e-e8138f11f40a",
              "Sites.Read.All": "205e70e5-aba6-4c52-a976-6d2d46c48043",
              "Sites.ReadWrite.All": "89fe6a52-be36-487e-b7d8-d061c450a026",
              "Sites.Selected": "f89c84ef-20d0-4b54-87e9-02e856d66d53",
              "SpiffeTrustDomain.Read.All": "9b4aa4b1-aaf3-41b7-b743-698b27e77ff6",
              "SpiffeTrustDomain.ReadWrite.All": "8ba47079-8c47-4bfe-b2ce-13f28ef37247",
              "Storyline.ReadWrite.All": "fd1d61cb-4e4b-4d15-a6d2-161348681d84",
              "SubjectRightsRequest.Read.All": "9c3af74c-fd0f-4db4-b17a-71939e2a9d77",
              "SubjectRightsRequest.ReadWrite.All": "2b8fcc74-bce1-4ae3-a0e8-60c53739299d",
              "Subscription.Read.All": "5f88184c-80bb-4d52-9ff2-757288b2e9b7",
              "Synchronization.Read.All": "7aa02aeb-824f-4fbe-a3f7-611f751f5b55",
              "Synchronization.ReadWrite.All": "7bb27fa3-ea8f-4d67-a916-87715b6188bd",
              "SynchronizationData-User.Upload": "1a2e7420-4e92-4d2b-94cb-fb2952e9ddf7",
              "Tasks.Read": "f45671fb-e0fe-4b4b-be20-3d3ce43f1bcb",
              "Tasks.Read.Shared": "88d21fd4-8e5a-4c32-b5e2-4a1c95f34f72",
              "Tasks.ReadWrite": "2219042f-cab5-40cc-b0d2-16b1540b4c5f",
              "Tasks.ReadWrite.Shared": "c5ddf11b-c114-4886-8558-8a4e557cd52b",
              "Team.Create": "7825d5d6-6049-4ce7-bdf6-3b8d53f4bcd0",
              "Team.ReadBasic.All": "485be79e-c497-4b35-9400-0e3fa7f2a5d4",
              "TeamMember.Read.All": "2497278c-d82d-46a2-b1ce-39d4cdde5570",
              "TeamMember.ReadWrite.All": "4a06efd2-f825-4e34-813e-82a57b03d1ee",
              "TeamMember.ReadWriteNonOwnerRole.All": "2104a4db-3a2f-4ea0-9dba-143d457dc666",
              "TeamSettings.Read.All": "48638b3c-ad68-4383-8ac4-e6880ee6ca57",
              "TeamSettings.ReadWrite.All": "39d65650-9d3e-4223-80db-a335590d027e",
              "TeamTemplates.Read": "cd87405c-5792-4f15-92f7-debc0db6d1d6",
              "TeamsActivity.Read": "0e755559-83fb-4b44-91d0-4cc721b9323e",
              "TeamsActivity.Send": "7ab1d787-bae7-4d5d-8db6-37ea32df9186",
              "TeamsAppInstallation.ManageSelectedForChat": "d1ba22c6-3f02-4c91-addb-bc3399bcca88",
              "TeamsAppInstallation.ManageSelectedForTeam": "c67b2d7e-6b80-4218-938a-05e73058e42d",
              "TeamsAppInstallation.ManageSelectedForUser": "830c2bd9-c335-4caf-bf83-c07fa8a23ef1",
              "TeamsAppInstallation.ReadForChat": "bf3fbf03-f35f-4e93-963e-47e4d874c37a",
              "TeamsAppInstallation.ReadForTeam": "5248dcb1-f83b-4ec3-9f4d-a4428a961a72",
              "TeamsAppInstallation.ReadForUser": "c395395c-ff9a-4dba-bc1f-8372ba9dca84",
              "TeamsAppInstallation.ReadSelectedForChat": "0f3420c2-c6ec-46de-ab72-fd51267087d5",
              "TeamsAppInstallation.ReadSelectedForTeam": "b55df1c0-db20-435b-aef2-afe6ed487e16",
              "TeamsAppInstallation.ReadSelectedForUser": "fe2e4e1d-101f-4fb2-9cb1-9d6659db45d4",
              "TeamsAppInstallation.ReadWriteAndConsentForChat": "e1408a66-8f82-451b-a2f3-3c3e38f7413f",
              "TeamsAppInstallation.ReadWriteAndConsentForTeam": "946349d5-2a9d-4535-abc0-7beeacaedd1d",
              "TeamsAppInstallation.ReadWriteAndConsentForUser": "2da62c49-dfbd-40df-ba16-fef3529d391c",
              "TeamsAppInstallation.ReadWriteAndConsentSelfForChat": "a0e0e18b-8fb2-458f-8130-da2d7cab9c75",
              "TeamsAppInstallation.ReadWriteAndConsentSelfForTeam": "4a6bbf29-a0e1-4a4d-a7d1-cef17f772975",
              "TeamsAppInstallation.ReadWriteAndConsentSelfForUser": "7a349935-c54d-44ab-ab66-1b460d315be7",
              "TeamsAppInstallation.ReadWriteForChat": "aa85bf13-d771-4d5d-a9e6-bca04ce44edf",
              "TeamsAppInstallation.ReadWriteForTeam": "2e25a044-2580-450d-8859-42eeb6e996c0",
              "TeamsAppInstallation.ReadWriteForUser": "093f8818-d05f-49b8-95bc-9d2a73e9a43c",
              "TeamsAppInstallation.ReadWriteSelectedForChat": "690aa3b6-4b71-41c2-a990-77a8c4768d2b",
              "TeamsAppInstallation.ReadWriteSelectedForTeam": "9131c833-9a49-4c54-b38f-615ecfc4fc69",
              "TeamsAppInstallation.ReadWriteSelectedForUser": "ea819e27-c92a-4118-b83b-4540b125d744",
              "TeamsAppInstallation.ReadWriteSelfForChat": "0ce33576-30e8-43b7-99e5-62f8569a4002",
              "TeamsAppInstallation.ReadWriteSelfForTeam": "0f4595f7-64b1-4e13-81bc-11a249df07a9",
              "TeamsAppInstallation.ReadWriteSelfForUser": "207e0cb1-3ce7-4922-b991-5a760c346ebc",
              "TeamsPolicyUserAssign.ReadWrite.All": "6997c35c-a586-440c-8a0b-4ffe5d118dc0",
              "TeamsResourceAccount.Read.All": "ea2cbd09-253c-4f69-a0e6-07383c5f07cc",
              "TeamsTab.Create": "a9ff19c2-f369-4a95-9a25-ba9d460efc8e",
              "TeamsTab.Read.All": "59dacb05-e88d-4c13-a684-59f1afc8cc98",
              "TeamsTab.ReadWrite.All": "b98bfd41-87c6-45cc-b104-e2de4f0dafb9",
              "TeamsTab.ReadWriteForChat": "ee928332-e9c2-4747-b4a0-f8c164b68de6",
              "TeamsTab.ReadWriteForTeam": "c975dd04-a06e-4fbb-9704-62daad77bb49",
              "TeamsTab.ReadWriteForUser": "c37c9b61-7762-4bff-a156-afc0005847a0",
              "TeamsTab.ReadWriteSelfForChat": "0c219d04-3abf-47f7-912d-5cca239e90e6",
              "TeamsTab.ReadWriteSelfForTeam": "f266662f-120a-4314-b26a-99b08617c7ef",
              "TeamsTab.ReadWriteSelfForUser": "395dfec1-a0b9-465f-a783-8250a430cb8c",
              "TeamsTelephoneNumber.Read.All": "1bc6eab1-058d-4557-b011-d4c41cec88b7",
              "TeamsTelephoneNumber.ReadWrite.All": "424b07a8-1209-4d17-9fe4-9018a93a1024",
              "TeamsUserConfiguration.Read.All": "5c469ce4-dab5-4afd-b9de-14f1ba4004a7",
              "Teamwork.Read.All": "594f4bb6-c083-4cf9-8aa8-213823bdf351",
              "TeamworkAppSettings.Read.All": "44e060c4-bbdc-4256-a0b9-dcc0396db368",
              "TeamworkAppSettings.ReadWrite.All": "87c556f0-2bd9-4eed-bd74-5dd8af6eaf7e",
              "TeamworkDevice.Read.All": "b659488b-9d28-4208-b2be-1c6652b3c970",
              "TeamworkDevice.ReadWrite.All": "ddd97ecb-5c31-43db-a235-0ee20e635c40",
              "TeamworkTag.Read": "57587d0b-8399-45be-b207-8050cec54575",
              "TeamworkTag.ReadWrite": "539dabd7-b5b6-4117-b164-d60cd15a8671",
              "TeamworkUserInteraction.Read.All": "b4d26916-07e0-4daf-9096-9f6d9174aa96",
              "TermStore.Read.All": "297f747b-0005-475b-8fef-c890f5152b38",
              "TermStore.ReadWrite.All": "6c37c71d-f50f-4bff-8fd3-8a41da390140",
              "ThreatAssessment.ReadWrite.All": "cac97e40-6730-457d-ad8d-4852fddab7ad",
              "ThreatHunting.Read.All": "b152eca8-ea73-4a48-8c98-1a6742673d99",
              "ThreatIndicators.Read.All": "9cc427b4-2004-41c5-aa22-757b755e9796",
              "ThreatIndicators.ReadWrite.OwnedBy": "91e7d36d-022a-490f-a748-f8e011357b42",
              "ThreatIntelligence.Read.All": "f266d9c0-ccb9-4fb8-a228-01ac0d8d6627",
              "ThreatSubmission.Read": "fd5353c6-26dd-449f-a565-c4e16b9fce78",
              "ThreatSubmission.Read.All": "7083913a-4966-44b6-9886-c5822a5fd910",
              "ThreatSubmission.ReadWrite": "68a3156e-46c9-443c-b85c-921397f082b5",
              "ThreatSubmission.ReadWrite.All": "8458e264-4eb9-4922-abe9-768d58f13c7f",
              "ThreatSubmissionPolicy.ReadWrite.All": "059e5840-5353-4c68-b1da-666a033fc5e8",
              "Topic.Read.All": "79c4c76f-409a-4f98-884d-e2c09291ec26",
              "TrustFrameworkKeySet.Read.All": "7ad34336-f5b1-44ce-8682-31d7dfcd9ab9",
              "TrustFrameworkKeySet.ReadWrite.All": "39244520-1e7d-4b4a-aee0-57c65826e427",
              "UnifiedGroupMember.Read.AsGuest": "73e75199-7c3e-41bb-9357-167164dbb415",
              "User-ConvertToInternal.ReadWrite.All": "550e695c-7511-40f4-ac79-e8fb9c82552d",
              "User-LifeCycleInfo.Read.All": "ed8d2a04-0374-41f1-aefe-da8ac87ccc87",
              "User-LifeCycleInfo.ReadWrite.All": "7ee7473e-bd4b-4c9f-987c-bd58481f5fa2",
              "User-Mail.ReadWrite.All": "6166886a-9576-433b-8544-658177bdef1d",
              "User-PasswordProfile.ReadWrite.All": "56760768-b641-451f-8906-e1b8ab31bca7",
              "User-Phone.ReadWrite.All": "e29d5979-5b06-4a7f-ae24-6a9348d2e1ff",
              "User.DeleteRestore.All": "4bb440cd-2cf2-4f90-8004-aa2acd2537c5",
              "User.EnableDisableAccount.All": "f92e74e7-2563-467f-9dd0-902688cb5863",
              "User.Export.All": "405a51b5-8d8d-430b-9842-8be4b0e9f324",
              "User.Invite.All": "63dd7cd9-b489-4adf-a28c-ac38b9a0f962",
              "User.ManageIdentities.All": "637d7bec-b31e-4deb-acc9-24275642a2c9",
              "User.Read": "e1fe6dd8-ba31-4d61-89e7-88639da4683d",
              "User.Read.All": "a154be20-db9c-4678-8ab7-66f6cc099a59",
              "User.ReadBasic.All": "b340eb25-3456-403f-be2f-af7a0d370277",
              "User.ReadWrite": "b4e74841-8e56-480b-be8b-910348b18b4c",
              "User.ReadWrite.All": "204e0828-b5ca-4ad8-b9f3-f32a958e7cc4",
              "User.RevokeSessions.All": "fc30e98b-8810-4501-81f5-c20a3196387b",
              "UserActivity.ReadWrite.CreatedByApp": "47607519-5fb1-47d9-99c7-da4b48f369b1",
              "UserAuthMethod-Passkey.Read.All": "14195339-1fe4-48a7-a0d3-a39eb9fd8958",
              "UserAuthMethod-Passkey.ReadWrite.All": "64930478-d0ea-4671-ad72-fe0d9821df09",
              "UserAuthenticationMethod.Read": "1f6b61c5-2f65-4135-9c9f-31c0f8d32b52",
              "UserAuthenticationMethod.Read.All": "aec28ec7-4d02-4e8c-b864-50163aea77eb",
              "UserAuthenticationMethod.ReadWrite": "48971fc1-70d7-4245-af77-0beb29b53ee2",
              "UserAuthenticationMethod.ReadWrite.All": "b7887744-6746-4312-813d-72daeaee7e2d",
              "UserCloudClipboard.Read": "61e8a09a-087f-4e36-8c8c-1c77c5228017",
              "UserNotification.ReadWrite.CreatedByApp": "26e2f3e8-b2a1-47fc-9620-89bb5b042024",
              "UserTeamwork.Read": "834bcc1c-762f-41b0-bb91-1cdc323ee4bf",
              "UserTimelineActivity.Write.CreatedByApp": "367492fc-594d-4972-a9b5-0d58c622c91c",
              "UserWindowsSettings.Read.All": "77e07bab-1b34-40a5-bb6c-4b197b3f6027",
              "UserWindowsSettings.ReadWrite.All": "dcb1026d-b7e1-4d31-9f61-6724d5140bf9",
              "VirtualAppointment.Read": "27470298-d3b8-4b9c-aad4-6334312a3eac",
              "VirtualAppointment.ReadWrite": "2ccc2926-a528-4b17-b8bb-860eed29d64c",
              "VirtualAppointmentNotification.Send": "20d02fff-a0ef-49e7-a46e-019d4a6523b7",
              "VirtualEvent.Read": "6b616635-ae58-433a-a918-8c45e4f304dc",
              "VirtualEvent.ReadWrite": "d38d189c-e29b-4344-8b3b-829bfa81380b",
              "WindowsUpdates.ReadWrite.All": "11776c0c-6138-4db3-a668-ee621bea2555",
              "WorkforceIntegration.Read.All": "f1ccd5a7-6383-466a-8db8-1a656f7d06fa",
              "WorkforceIntegration.ReadWrite.All": "08c4b377-0d23-4a8b-be2a-23c1c1d88545",
              "eDiscovery.Read.All": "99201db3-7652-4d5a-809a-bdb94f85fe3c",
              "eDiscovery.ReadWrite.All": "acb8f680-0834-4146-b69e-4ab1b39745ad",
              "email": "64a6cdd6-aab1-4aaf-94b8-3cc8405e90d0",
              "offline_access": "7427e0e9-2fba-42fe-b0c0-848c9e6a8182",
              "openid": "37f7f235-527c-4136-accd-4a02d197296e",
              "profile": "14dad69e-099b-42c9-810b-d002981feec1"
            },
            "oauth2_permission_scopes": [
              {
                "admin_consent_description": "Allows the app to read access reviews, reviewers, decisions and settings that the signed-in user has access to in the organization.",
                "admin_consent_display_name": "Read all access reviews that user can access",
                "enabled": true,
                "id": "ebfcd32b-babb-40f4-a14b-42706e83bd28",
                "type": "Admin",
                "user_consent_description": "Allows the app to read information on access reviews, reviewers, decisions and settings that you have access to.",
                "user_consent_display_name": "Read access reviews that you can access",
                "value": "AccessReview.Read.All"
              },
              {
                "admin_consent_description": "Allows the app to read, update, delete and perform actions on access reviews, reviewers, decisions and settings that the signed-in user has access to in the organization.",
                "admin_consent_display_name": "Manage all access reviews that user can access",
                "enabled": true,
                "id": "e4aa47b9-9a69-4109-82ed-36ec70d85ff1",
                "type": "Admin",
                "user_consent_description": "Allows the app to read, update and perform action on access reviews, reviewers, decisions and settings that you have access to.",
                "user_consent_display_name": "Manage access reviews that you can access",
                "value": "AccessReview.ReadWrite.All"
              },
              {
                "admin_consent_description": "Allows the app to read, update, delete and perform actions on access reviews, reviewers, decisions and settings for group and app memberships that the signed-in user has access to in the organization.",
                "admin_consent_display_name": "Manage access reviews for group and app memberships",
                "enabled": true,
                "id": "5af8c3f5-baca-439a-97b0-ea58a435e269",
                "type": "Admin",
                "user_consent_description": "Allows the app to read, update and perform action on access reviews, reviewers, decisions and settings that you have access to.",
                "user_consent_display_name": "Manage access reviews for group and app memberships",
                "value": "AccessReview.ReadWrite.Membership"
              },
              {
                "admin_consent_description": "Allows an app to read all acronyms that the signed-in user can access.",
                "admin_consent_display_name": "Read all acronyms that the user can access",
                "enabled": true,
                "id": "9084c10f-a2d6-4713-8732-348def50fe02",
                "type": "User",
                "user_consent_description": "Allows the app to read all acronyms you can access.",
                "user_consent_display_name": "Read all acronyms that you have access to",
                "value": "Acronym.Read.All"
              },
              {
                "admin_consent_description": "Allows the app to read administrative units and administrative unit membership on behalf of the signed-in user.",
                "admin_consent_display_name": "Read administrative units",
                "enabled": true,
                "id": "3361d15d-be43-4de6-b441-3c746d05163d",
                "type": "Admin",
                "user_consent_description": "Allows the app to read administrative units and administrative unit membership on your behalf.",
                "user_consent_display_name": "Read administrative units",
                "value": "AdministrativeUnit.Read.All"
              },
              {
                "admin_consent_description": "Allows the app to create, read, update, and delete administrative units and manage administrative unit membership on behalf of the signed-in user.",
                "admin_consent_display_name": "Read and write administrative units",
                "enabled": true,
                "id": "7b8a2d34-6b3f-4542-a343-54651608ad81",
                "type": "Admin",
                "user_consent_description": "Allows the app to create, read, update, and delete administrative units and manage administrative unit membership on your behalf.",
                "user_consent_display_name": "Read and write administrative units",
                "value": "AdministrativeUnit.ReadWrite.All"
              },
              {
                "admin_consent_description": "Allows the app to read terms of use agreements on behalf of the signed-in user.",
                "admin_consent_display_name": "Read all terms of use agreements",
                "enabled": true,
                "id": "af2819c9-df71-4dd3-ade7-4d7c9dc653b7",
                "type": "Admin",
                "user_consent_description": "Allows the app to read terms of use agreements on your behalf.",
                "user_consent_display_name": "Read all terms of use agreements",
                "value": "Agreement.Read.All"
              },
              {
                "admin_consent_description": "Allows the app to read and write terms of use agreements on behalf of the signed-in user.",
                "admin_consent_display_name": "Read and write all terms of use agreements",
                "enabled": true,
                "id": "ef4b5d93-3104-4664-9053-a5c49ab44218",
                "type": "Admin",
                "user_consent_description": "Allows the app to read and write terms of use agreements on your behalf.",
                "user_consent_display_name": "Read and write all terms of use agreements",
                "value": "Agreement.ReadWrite.All"
              },
              {
                "admin_consent_description": "Allows the app to read terms of use acceptance statuses on behalf of the signed-in user.",
                "admin_consent_display_name": "Read user terms of use acceptance statuses",
                "enabled": true,
                "id": "0b7643bb-5336-476f-80b5-18fbfbc91806",
                "type": "Admin",
                "user_consent_description": "Allows the app to read your terms of use acceptance statuses.",
                "user_consent_display_name": "Read your terms of use acceptance statuses",
                "value": "AgreementAcceptance.Read"
              },
              {
                "admin_consent_description": "Allows the app to read terms of use acceptance statuses on behalf of the signed-in user.",
                "admin_consent_display_name": "Read terms of use acceptance statuses that user can access",
                "enabled": true,
                "id": "a66a5341-e66e-4897-9d52-c2df58c2bfb9",
                "type": "Admin",
                "user_consent_description": "Allows the app to read terms of use acceptance statuses on your behalf.",
                "user_consent_display_name": "Read all terms of use acceptance statuses",
                "value": "AgreementAcceptance.Read.All"
              },
              {
                "admin_consent_description": "Allows the app to read user AI enterprise interactions, on behalf of the signed-in user.",
                "admin_consent_display_name": "Read user AI enterprise interactions.",
                "enabled": true,
                "id": "859cceb9-2ec2-4e48-bcd7-b8490b5248a5",
                "type": "User",
                "user_consent_description": "Allows an app to read your AI enterprise interactions, on your behalf.",
                "user_consent_display_name": "Read your AI enterprise interactions.",
                "value": "AiEnterpriseInteraction.Read"
              },
              {
                "admin_consent_description": "Allows the app to read the signed-in user's activity statistics, such as how much time the user has spent on emails, in meetings, or in chat sessions.",
                "admin_consent_display_name": "Read user activity statistics",
                "enabled": true,
                "id": "e03cf23f-8056-446a-8994-7d93dfc8b50e",
                "type": "User",
                "user_consent_description": "Allows the app to read your activity statistics, such as how much time you've spent on emails, in meetings, or in chat sessions.",
                "user_consent_display_name": "Read your activity statistics",
                "value": "Analytics.Read"
              },
              {
                "admin_consent_description": "Allows the app to read the API connectors used in user authentication flows, on behalf of the signed-in user.",
                "admin_consent_display_name": "Read API connectors for authentication flows",
                "enabled": true,
                "id": "1b6ff35f-31df-4332-8571-d31ea5a4893f",
                "type": "Admin",
                "user_consent_description": "Allows the app to read the API connectors used in user authentication flows, on your behalf.",
                "user_consent_display_name": "Read API connectors for authentication flows",
                "value": "APIConnectors.Read.All"
              },
              {
                "admin_consent_description": "Allows the app to read, create and manage the API connectors used in user authentication flows, on behalf of the signed-in user.",
                "admin_consent_display_name": "Read and write API connectors for authentication flows",
                "enabled": true,
                "id": "c67b52c5-7c69-48b6-9d48-7b3af3ded914",
                "type": "Admin",
                "user_consent_description": "Allows the app to read, create and manage the API connectors used in user authentication flows, on your behalf.",
                "user_consent_display_name": "Read and write API connectors for authentication flows",
                "value": "APIConnectors.ReadWrite.All"
              },
              {
                "admin_consent_description": "Allows the app to read the apps in the app catalogs.",
                "admin_consent_display_name": "Read all app catalogs",
                "enabled": true,
                "id": "88e58d74-d3df-44f3-ad47-e89edf4472e4",
                "type": "User",
                "user_consent_description": "Allows the app to read apps in the app catalogs.",
                "user_consent_display_name": "Read all app catalogs",
                "value": "AppCatalog.Read.All"
              },
              {
                "admin_consent_description": "Allows the app to create, read, update, and delete apps in the app catalogs.",
                "admin_consent_display_name": "Read and write to all app catalogs",
                "enabled": true,
                "id": "1ca167d5-1655-44a1-8adf-1414072e1ef9",
                "type": "Admin",
                "user_consent_description": "Allows the app to create, read, update, and delete apps in the app catalogs.",
                "user_consent_display_name": "Read and write to all app catalogs",
                "value": "AppCatalog.ReadWrite.All"
              },
              {
                "admin_consent_description": "Allows the app to submit application packages to the catalog and cancel submissions that are pending review on behalf of the signed-in user.",
                "admin_consent_display_name": "Submit application packages to the catalog and cancel pending submissions",
                "enabled": true,
                "id": "3db89e36-7fa6-4012-b281-85f3d9d9fd2e",
                "type": "User",
                "user_consent_description": "Allows the app to submit application packages to the catalog and cancel submissions that are pending review on your behalf.",
                "user_consent_display_name": "Submit application packages to your organization's catalog and cancel pending submissions",
                "value": "AppCatalog.Submit"
              },
              {
                "admin_consent_description": "Allows the app to read the trusted certificate authority configuration which can be used to restrict application certificates based on their issuing authority, on behalf of the signed-in user.",
                "admin_consent_display_name": "Read the trusted certificate authority configuration for applications",
                "enabled": true,
                "id": "af281d3a-030d-4122-886e-146fb30a0413",
                "type": "Admin",
                "user_consent_description": "Allows the app to read the trusted certificate authority configuration which can be used to restrict application certificates based on their issuing authority, on your behalf.",
                "user_consent_display_name": "Read the trusted certificate authority configuration for applications",
                "value": "AppCertTrustConfiguration.Read.All"
              },
              {
                "admin_consent_description": "Allows the app to create, read, update and delete the trusted certificate authority configuration which can be used to restrict application certificates based on their issuing authority, on behalf of the signed-in user.",
                "admin_consent_display_name": "Read and write the trusted certificate authority configuration for applications",
                "enabled": true,
                "id": "4bae2ed4-473e-4841-a493-9829cfd51d48",
                "type": "Admin",
                "user_consent_description": "Allows the app to to create, read, update and delete the trusted certificate authority configuration which can be used to restrict application certificates based on their issuing authority, on your behalf.",
                "user_consent_display_name": "Read and write the trusted certificate authority configuration for applications",
                "value": "AppCertTrustConfiguration.ReadWrite.All"
              },
              {
                "admin_consent_description": "Allows the app to read and write other apps' remote desktop security configuration, on behalf of the signed-in user.",
                "admin_consent_display_name": "Read and write the remote desktop security configuration for apps",
                "enabled": true,
                "id": "ffa91d43-2ad8-45cc-b592-09caddeb24bb",
                "type": "Admin",
                "user_consent_description": "Allows the app to read and write other apps' remote desktop security configuration, on your behalf.",
                "user_consent_display_name": "Read and write the remote desktop security configuration for apps",
                "value": "Application-RemoteDesktopConfig.ReadWrite.All"
              },
              {
                "admin_consent_description": "Allows the app to read applications and service principals on behalf of the signed-in user.",
                "admin_consent_display_name": "Read applications",
                "enabled": true,
                "id": "c79f8feb-a9db-4090-85f9-90d820caa0eb",
                "type": "Admin",
                "user_consent_description": "Allows the app to read applications and service principals on your behalf.",
                "user_consent_display_name": "Read applications",
                "value": "Application.Read.All"
              },
              {
                "admin_consent_description": "Allows the app to create, read, update and delete applications and service principals on behalf of the signed-in user. Does not allow management of consent grants.",
                "admin_consent_display_name": "Read and write all applications",
                "enabled": true,
                "id": "bdfbf15f-ee85-4955-8675-146e8e5296b5",
                "type": "Admin",
                "user_consent_description": "Allows the app to create, read, update and delete applications and service principals on your behalf. Does not allow management of consent grants.",
                "user_consent_display_name": "Read and write applications",
                "value": "Application.ReadWrite.All"
              },
              {
                "admin_consent_description": "Allows the app to manage permission grants for application permissions to any API (including Microsoft Graph) and application assignments for any app, on behalf of the signed-in user.",
                "admin_consent_display_name": "Manage app permission grants and app role assignments",
                "enabled": true,
                "id": "84bccea3-f856-4a8a-967b-dbe0a3d53a64",
                "type": "Admin",
                "user_consent_description": "Allows the app to manage permission grants for application permissions to any API (including Microsoft Graph) and application assignments for any app, on your behalf.",
                "user_consent_display_name": "Manage app permission grants and app role assignments",
                "value": "AppRoleAssignment.ReadWrite.All"
              },
              {
                "admin_consent_description": "Allows the app to read approvals on behalf of the signed-in user.",
                "admin_consent_display_name": "Read approvals",
                "enabled": true,
                "id": "b0df437d-d341-4df0-aa3e-89ca81a1207f",
                "type": "Admin",
                "user_consent_description": "Allows the app to read approvals on your behalf.",
                "user_consent_display_name": "Read approvals",
                "value": "ApprovalSolution.Read"
              },
              {
                "admin_consent_description": "Allows the app to provision, read, create, and respond to approvals on behalf of the signed-in user.",
                "admin_consent_display_name": "Read, create, and respond to approvals",
                "enabled": true,
                "id": "6768d3af-4562-48ff-82d2-c5e19eb21b9c",
                "type": "Admin",
                "user_consent_description": "Allows the app to provision, read, create, and respond to approvals on your behalf.",
                "user_consent_display_name": "Read, create, and respond to approvals",
                "value": "ApprovalSolution.ReadWrite"
              },
              {
                "admin_consent_description": "Allows the app to read and respond to approvals on behalf of the signed-in user.",
                "admin_consent_display_name": "Read and respond to approvals assigned to the current user",
                "enabled": true,
                "id": "89d944f2-2011-44ad-830c-aa9bf5ef2319",
                "type": "Admin",
                "user_consent_description": "Allows the app to read and respond to approvals on your behalf.",
                "user_consent_display_name": "Read and respond to approvals assigned to the current user",
                "value": "ApprovalSolutionResponse.ReadWrite"
              },
              {
                "admin_consent_description": "Allows the app to read attack simulation and training data for an organization for the signed-in user.",
                "admin_consent_display_name": "Read attack simulation data of an organization",
                "enabled": true,
                "id": "104a7a4b-ca76-4677-b7e7-2f4bc482f381",
                "type": "Admin",
                "user_consent_description": "Allows the app to read attack simulation and training data for an organization on your behalf.",
                "user_consent_display_name": "Read attack simulation data of an organization",
                "value": "AttackSimulation.Read.All"
              },
              {
                "admin_consent_description": "Allows the app to read, create, and update attack simulation and training data for an organization for the signed-in user.",
                "admin_consent_display_name": "Read, create, and update attack simulation data of an organization",
                "enabled": true,
                "id": "27608d7c-2c66-4cad-a657-951d575f5a60",
                "type": "User",
                "user_consent_description": "Allows the app to read, create, and update attack simulation and training data for an organization on your behalf.",
                "user_consent_display_name": "Read, create, and update attack simulation data of an organization",
                "value": "AttackSimulation.ReadWrite.All"
              },
              {
                "admin_consent_description": "Read activity audit log from the audit store.",
                "admin_consent_display_name": "Read activity audit log from the audit store.",
                "enabled": true,
                "id": "16786f81-40d2-4116-bb26-d1a753bf0b20",
                "type": "Admin",
                "user_consent_description": "Read activity audit log from the audit store.",
                "user_consent_display_name": "Read activity audit log from the audit store.",
                "value": "AuditActivity.Read"
              },
              {
                "admin_consent_description": "Allows the application to upload bulk activity audit logs to the audit store.",
                "admin_consent_display_name": "Upload activity audit logs to the audit store.",
                "enabled": true,
                "id": "a78fd341-0672-4792-a8ae-a5925b2546eb",
                "type": "Admin",
                "user_consent_description": "Allows the application to upload bulk activity audit logs to the audit store.",
                "user_consent_display_name": "Upload activity audit logs to the audit store.",
                "value": "AuditActivity.Write"
              },
              {
                "admin_consent_description": "Allows the app to read and query your audit log activities, on behalf of the signed-in user.",
                "admin_consent_display_name": "Read audit log data",
                "enabled": true,
                "id": "e4c9e354-4dc5-45b8-9e7c-e1393b0b1a20",
                "type": "Admin",
                "user_consent_description": "Allows the app to read and query your audit log activities, on your behalf.",
                "user_consent_display_name": "Read audit log data",
                "value": "AuditLog.Read.All"
              },
              {
                "admin_consent_description": "Allows the app to read and query audit logs from Dynamics CRM workload, on behalf of the signed-in user.",
                "admin_consent_display_name": "Read audit logs data from Dynamics CRM workload",
                "enabled": true,
                "id": "ba78b16f-1e01-41b6-89ca-73e0a32b304c",
                "type": "Admin",
                "user_consent_description": "Allows the app to read and query Audit logs from CRM workload without a signed-in user",
                "user_consent_display_name": "Read audit logs data from CRM workload",
                "value": "AuditLogsQuery-CRM.Read.All"
              },
              {
                "admin_consent_description": "Allows the app to read and query audit logs from Endpoint Data Loss Prevention workload, on behalf of the signed-in user.",
                "admin_consent_display_name": "Read audit logs data from Endpoint Data Loss Prevention workload",
                "enabled": true,
                "id": "ee3409fe-617f-43cf-bd1e-fc8b38049e69",
                "type": "Admin",
                "user_consent_description": "Allows the app to read and query Audit logs from Endpoint workload without a signed-in user",
                "user_consent_display_name": "Read audit logs data from Endpoint workload",
                "value": "AuditLogsQuery-Endpoint.Read.All"
              },
              {
                "admin_consent_description": "Allows the app to read and query audit logs from Entra (Azure AD) workload, on behalf of the signed-in user.",
                "admin_consent_display_name": "Read audit logs data from Entra (Azure AD) workload",
                "enabled": true,
                "id": "5ff2f415-e0f1-4d11-bfd0-6d87c0f667fd",
                "type": "Admin",
                "user_consent_description": "Allows the app to read and query Audit logs from AzureActiveDirectory workload without a signed-in user",
                "user_consent_display_name": "Read audit logs data from directory (Azure AD) workload",
                "value": "AuditLogsQuery-Entra.Read.All"
              },
              {
                "admin_consent_description": "Allows the app to read and query audit logs from Exchange workload, on behalf of a signed-in user.",
                "admin_consent_display_name": "Read audit logs data from Exchange workload",
                "enabled": true,
                "id": "6c8c71d2-c7e1-45b0-ac6d-1d2724fba6ae",
                "type": "Admin",
                "user_consent_description": "Allows the app to read and query Audit logs from Exchange workload without a signed-in user",
                "user_consent_display_name": "Read audit logs data from Exchange workload",
                "value": "AuditLogsQuery-Exchange.Read.All"
              },
              {
                "admin_consent_description": "Allows the app to read and query audit logs from OneDrive workload, on behalf of a signed-in user.",
                "admin_consent_display_name": "Read audit logs data from OneDrive workload",
                "enabled": true,
                "id": "4a72c235-a50d-4870-b598-fd88fd1fa074",
                "type": "Admin",
                "user_consent_description": "Allows the app to read and query Audit logs from OneDrive workload without a signed-in user",
                "user_consent_display_name": "Read audit logs data from OneDrive workload",
                "value": "AuditLogsQuery-OneDrive.Read.All"
              },
              {
                "admin_consent_description": "Allows the app to read and query audit logs from SharePoint workload, on behalf of a signed-in user.",
                "admin_consent_display_name": "Read audit logs data from SharePoint workload",
                "enabled": true,
                "id": "30630b65-ed12-4a81-9130-e3a964109fae",
                "type": "Admin",
                "user_consent_description": "Allows the app to read and query Audit logs from SharePoint workload without a signed-in user",
                "user_consent_display_name": "Read audit logs data from SharePoint workload",
                "value": "AuditLogsQuery-SharePoint.Read.All"
              },
              {
                "admin_consent_description": "Allows the app to read and query audit logs from all services, on behalf of a signed-in user",
                "admin_consent_display_name": "Read audit logs data from all services",
                "enabled": true,
                "id": "1d9e7ac3-0eca-442c-82f9-e92625af6e6d",
                "type": "Admin",
                "user_consent_description": "Allows the app to read and query audit logs from all services, on your behalf",
                "user_consent_display_name": "Read audit logs data from all services",
                "value": "AuditLogsQuery.Read.All"
              },
              {
                "admin_consent_description": "Allows the app to read all authentication context information in your organization on behalf of the signed-in user.",
                "admin_consent_display_name": "Read all authentication context information",
                "enabled": true,
                "id": "57b030f1-8c35-469c-b0d9-e4a077debe70",
                "type": "Admin",
                "user_consent_description": "Allows the app to read all authentication context information in your organization on your behalf.",
                "user_consent_display_name": "Read all authentication context information",
                "value": "AuthenticationContext.Read.All"
              },
              {
                "admin_consent_description": "Allows the app to read and update all authentication context information in your organization on behalf of the signed-in user.",
                "admin_consent_display_name": "Read and write all authentication context information",
                "enabled": true,
                "id": "ba6d575a-1344-4516-b777-1404f5593057",
                "type": "Admin",
                "user_consent_description": "Allows the app to read and update all authentication context information in your organization on your behalf.",
                "user_consent_display_name": "Read and write all authentication context information",
                "value": "AuthenticationContext.ReadWrite.All"
              },
              {
                "admin_consent_description": "Allows the app to read the backup configuration, and list of Microsoft 365 service resources to be backed-up, on behalf of the signed in user.",
                "admin_consent_display_name": "Read backup configuration policies",
                "enabled": true,
                "id": "444ed4b6-0554-4dc6-8e9c-3f9a34ee3ff6",
                "type": "Admin",
                "user_consent_description": "Allows the app to read the backup configuration, and list of Microsoft 365 service resources to be backed-up, on your behalf.",
                "user_consent_display_name": "Read backup configuration policies",
                "value": "BackupRestore-Configuration.Read.All"
              },
              {
                "admin_consent_description": "Allows the app to read and update the backup configuration, and list of Microsoft 365 service resources to be backed-up, on behalf of the signed in user.",
                "admin_consent_display_name": "Read and edit backup configuration policies",
                "enabled": true,
                "id": "a0244d16-171c-4496-8ffb-7b9b6954d339",
                "type": "Admin",
                "user_consent_description": "Allows the app to read and update the backup configuration, and list of Microsoft 365 service resources to be backed-up, on your behalf.",
                "user_consent_display_name": "Read and edit backup configuration policies",
                "value": "BackupRestore-Configuration.ReadWrite.All"
              },
              {
                "admin_consent_description": "Allows the app to read the status of M365 backup service (enable/disable), on behalf of the signed in user.",
                "admin_consent_display_name": "Read the status of the M365 backup service",
                "enabled": true,
                "id": "af598c63-4292-4437-b925-e996354d3854",
                "type": "Admin",
                "user_consent_description": "Allows the app to read the status of M365 backup service (enable/disable), on your behalf.",
                "user_consent_display_name": "Read the status of the M365 backup service",
                "value": "BackupRestore-Control.Read.All"
              },
              {
                "admin_consent_description": "Allows the app to update or read the status of M365 backup service (enable/disable), on behalf of the signed in user.",
                "admin_consent_display_name": "Update or read the status of the M365 backup service",
                "enabled": true,
                "id": "96d46335-d92d-41b8-bc9f-273a692381ea",
                "type": "Admin",
                "user_consent_description": "Allows the app to update or read the status of M365 backup service (enable/disable), on your behalf.",
                "user_consent_display_name": "Update or read the status of the M365 backup service",
                "value": "BackupRestore-Control.ReadWrite.All"
              },
              {
                "admin_consent_description": "Allows the app to monitor backup and restore jobs, view quota usage and billing details, on behalf of the signed in user.",
                "admin_consent_display_name": "Read monitoring, quota and billing information for the tenant",
                "enabled": true,
                "id": "b4e98de1-4600-4e90-b5e1-7c1dfef04e5c",
                "type": "Admin",
                "user_consent_description": "Allows the app to monitor backup and restore jobs, view quota usage and billing details, on your behalf.",
                "user_consent_display_name": "Read monitoring, quota and billing information for the tenant",
                "value": "BackupRestore-Monitor.Read.All"
              },
              {
                "admin_consent_description": "Allows the app to read restore sessions, on behalf of the signed in user.",
                "admin_consent_display_name": "Read restore sessions",
                "enabled": true,
                "id": "94b36f78-434f-4904-8c08-421d9a9c1dc2",
                "type": "Admin",
                "user_consent_description": "Allows the app to read restore sessions, on your behalf.",
                "user_consent_display_name": "Read restore sessions",
                "value": "BackupRestore-Restore.Read.All"
              },
              {
                "admin_consent_description": "Allows the app to search the backup snapshots for Microsoft 365 resources, and restore Microsoft 365 resources from a backed-up snapshot, on behalf of the signed in user.",
                "admin_consent_display_name": "Read restore sessions and start restore sessions from backups",
                "enabled": true,
                "id": "9f89e109-94b9-4c9b-b4fc-98cdaa54f574",
                "type": "Admin",
                "user_consent_description": "Allows the app to search the backup snapshots for Microsoft 365 resources, and restore Microsoft 365 resources from a backed-up snapshot, on your behalf.",
                "user_consent_display_name": "Read restore sessions and start restore sessions from backups",
                "value": "BackupRestore-Restore.ReadWrite.All"
              },
              {
                "admin_consent_description": "Allows the app to search the backup snapshots for Microsoft 365 resources, on behalf of the signed in user.",
                "admin_consent_display_name": "Search for metadata properties in backup snapshots",
                "enabled": true,
                "id": "2b24830f-f435-446f-ab5a-b1e70d9a2eb5",
                "type": "Admin",
                "user_consent_description": "Allows the app to search the backup snapshots for Microsoft 365 resources, on your behalf.",
                "user_consent_display_name": "Search for metadata properties in backup snapshots",
                "value": "BackupRestore-Search.Read.All"
              },
              {
                "admin_consent_description": "Allows the app to read and write the billing configuration on all applications on behalf of the signed-in user.",
                "admin_consent_display_name": "Read and write application billing configuration",
                "enabled": true,
                "id": "2bf6d319-dfca-4c22-9879-f88dcfaee6be",
                "type": "Admin",
                "user_consent_description": "Allows the app to read and write the billing configuration on all applications on your behalf",
                "user_consent_display_name": "Read and write application billing configuration",
                "value": "BillingConfiguration.ReadWrite.All"
              },
              {
                "admin_consent_description": "Allows the app to read BitLocker keys on behalf of the signed-in user, for their owned devices. Allows read of the recovery key.",
                "admin_consent_display_name": "Read BitLocker keys",
                "enabled": true,
                "id": "b27a61ec-b99c-4d6a-b126-c4375d08ae30",
                "type": "Admin",
                "user_consent_description": "Allows the app to read BitLocker keys for your owned devices. Allows read of the recovery key.",
                "user_consent_display_name": "Read your BitLocker keys",
                "value": "BitlockerKey.Read.All"
              },
              {
                "admin_consent_description": "Allows the app to read basic BitLocker key properties on behalf of the signed-in user, for their owned devices. Does not allow read of the recovery key itself.",
                "admin_consent_display_name": "Read BitLocker keys basic information",
                "enabled": true,
                "id": "5a107bfc-4f00-4e1a-b67e-66451267bc68",
                "type": "Admin",
                "user_consent_description": "Allows the app to read basic BitLocker key properties for your owned devices. Does not allow read of the recovery key itself.",
                "user_consent_display_name": "Read your BitLocker keys basic information",
                "value": "BitlockerKey.ReadBasic.All"
              },
              {
                "admin_consent_description": "Allows an app to read, write and manage bookings appointments, businesses, customers, services, and staff on behalf of the signed-in user.",
                "admin_consent_display_name": "Manage bookings information",
                "enabled": true,
                "id": "7f36b48e-542f-4d3b-9bcb-8406f0ab9fdb",
                "type": "User",
                "user_consent_description": "Allows an app to read, write and manage bookings appointments, businesses, customers, services, and staff on your behalf.",
                "user_consent_display_name": "Manage bookings information",
                "value": "Bookings.Manage.All"
              },
              {
                "admin_consent_description": "Allows an app to read bookings appointments, businesses, customers, services, and staff on behalf of the signed-in user.",
                "admin_consent_display_name": "Read bookings information",
                "enabled": true,
                "id": "33b1df99-4b29-4548-9339-7a7b83eaeebc",
                "type": "User",
                "user_consent_description": "Allows an app to read bookings appointments, businesses, customers, services, and staff on your behalf.",
                "user_consent_display_name": "Read bookings information",
                "value": "Bookings.Read.All"
              },
              {
                "admin_consent_description": "Allows an app to read and write bookings appointments, businesses, customers, services, and staff on behalf of the signed-in user. Does not allow create, delete and publish of booking businesses.",
                "admin_consent_display_name": "Read and write bookings information",
                "enabled": true,
                "id": "948eb538-f19d-4ec5-9ccc-f059e1ea4c72",
                "type": "User",
                "user_consent_description": "Allows an app to read and write Bookings appointments, businesses, customers, services, and staff on your behalf. Does not allow create, delete and publish of booking businesses.",
                "user_consent_display_name": "Read and write bookings information",
                "value": "Bookings.ReadWrite.All"
              },
              {
                "admin_consent_description": "Allows an app to read and write bookings appointments and customers, and additionally allows read businesses information, services, and staff on behalf of the signed-in user.",
                "admin_consent_display_name": "Read and write booking appointments",
                "enabled": true,
                "id": "02a5a114-36a6-46ff-a102-954d89d9ab02",
                "type": "User",
                "user_consent_description": "Allows an app to read and write bookings appointments and customers, and additionally allows read businesses information, services, and staff on your behalf.",
                "user_consent_display_name": "Read and write booking appointments",
                "value": "BookingsAppointment.ReadWrite.All"
              },
              {
                "admin_consent_description": "Allows an app to read all bookmarks that the signed-in user can access.",
                "admin_consent_display_name": "Read all bookmarks that the user can access",
                "enabled": true,
                "id": "98b17b35-f3b1-4849-a85f-9f13733002f0",
                "type": "User",
                "user_consent_description": "Allows the app to read all bookmarks you can access.",
                "user_consent_display_name": "Read all bookmarks that you have access to",
                "value": "Bookmark.Read.All"
              },
              {
                "admin_consent_description": "Allows an app to read the browser site lists configured for your organization, on behalf of the signed-in user.",
                "admin_consent_display_name": "Read browser site lists for your organization",
                "enabled": true,
                "id": "fb9be2b7-a7fc-4182-aec1-eda4597c43d5",
                "type": "User",
                "user_consent_description": "Allows an app to read the browser site lists configured for your organization, on your behalf.",
                "user_consent_display_name": "Read browser site lists for your organization",
                "value": "BrowserSiteLists.Read.All"
              },
              {
                "admin_consent_description": "Allows an app to read and write the browser site lists configured for your organization, on behalf of the signed-in user.",
                "admin_consent_display_name": "Read and write browser site lists for your organization",
                "enabled": true,
                "id": "83b34c85-95bf-497b-a04e-b58eca9d49d0",
                "type": "User",
                "user_consent_description": "Allows an app to read and write the browser site lists configured for your organization, on your behalf.",
                "user_consent_display_name": "Read and write browser site lists for your organization",
                "value": "BrowserSiteLists.ReadWrite.All"
              },
              {
                "admin_consent_description": "Allows the app to read the configurations of your organization's business scenarios, on behalf of the signed-in user.",
                "admin_consent_display_name": "Read business scenario configurations",
                "enabled": true,
                "id": "d16480b2-e469-4118-846b-d3d177327bee",
                "type": "Admin",
                "user_consent_description": "Allows the app to read the configurations of your organization's business scenarios, on your behalf.",
                "user_consent_display_name": "Read business scenario configurations",
                "value": "BusinessScenarioConfig.Read.All"
              },
              {
                "admin_consent_description": "Allows the app to read the configurations of business scenarios it owns, on behalf of the signed-in user.",
                "admin_consent_display_name": "Read business scenario configurations this app creates or owns",
                "enabled": true,
                "id": "c47e7b6e-d6f1-4be9-9ffd-1e00f3e32892",
                "type": "Admin",
                "user_consent_description": "Allows the app to read the configurations of business scenarios it owns, on your behalf.",
                "user_consent_display_name": "Read business scenario configurations this app creates or owns",
                "value": "BusinessScenarioConfig.Read.OwnedBy"
              },
              {
                "admin_consent_description": "Allows the app to read and write the configurations of your organization's business scenarios, on behalf of the signed-in user.",
                "admin_consent_display_name": "Read and write business scenario configurations",
                "enabled": true,
                "id": "755e785b-b658-446f-bb22-5a46abd029ea",
                "type": "Admin",
                "user_consent_description": "Allows the app to read and write the configurations of your organization's business scenarios, on your behalf.",
                "user_consent_display_name": "Read and write business scenario configurations",
                "value": "BusinessScenarioConfig.ReadWrite.All"
              },
              {
                "admin_consent_description": "Allows the app to create new business scenarios and fully manage the configurations of scenarios it owns, on behalf of the signed-in user.",
                "admin_consent_display_name": "Read and write business scenario configurations this app creates or owns",
                "enabled": true,
                "id": "b3b7fcff-b4d4-4230-bf6f-90bd91285395",
                "type": "Admin",
                "user_consent_description": "Allows the app to create new business scenarios and fully manage the configurations of scenarios it owns, on your behalf.",
                "user_consent_display_name": "Read and write business scenario configurations this app creates or owns",
                "value": "BusinessScenarioConfig.ReadWrite.OwnedBy"
              },
              {
                "admin_consent_description": "Allows the app to read all data associated with the business scenarios it owns. Data access will be attributed to the signed-in user.",
                "admin_consent_display_name": "Read all data for business scenarios this app creates or owns",
                "enabled": true,
                "id": "25b265c4-5d34-4e44-952d-b567f6d3b96d",
                "type": "Admin",
                "user_consent_description": "Allows the app to read all data associated with the business scenarios it owns. Data access will be attributed to you.",
                "user_consent_display_name": "Read data for business scenarios this app creates or owns",
                "value": "BusinessScenarioData.Read.OwnedBy"
              },
              {
                "admin_consent_description": "Allows the app to fully manage all data associated with the business scenarios it owns. Data access and changes will be attributed to the signed-in user.",
                "admin_consent_display_name": "Read and write all data for business scenarios this app creates or owns",
                "enabled": true,
                "id": "19932d57-2952-4c60-8634-3655c79fc527",
                "type": "Admin",
                "user_consent_description": "Allows the app to fully manage all data associated with the business scenarios it owns. These changes will be attributed to you.",
                "user_consent_display_name": "Read and write data for business scenarios this app creates or owns",
                "value": "BusinessScenarioData.ReadWrite.OwnedBy"
              },
              {
                "admin_consent_description": "Allows the app to read events in user calendars.",
                "admin_consent_display_name": "Read user calendars ",
                "enabled": true,
                "id": "465a38f9-76ea-45b9-9f34-9e8b0d4b0b42",
                "type": "User",
                "user_consent_description": "Allows the app to read events in your calendars.",
                "user_consent_display_name": "Read your calendars ",
                "value": "Calendars.Read"
              },
              {
                "admin_consent_description": "Allows the app to read events in all calendars that the user can access, including delegate and shared calendars.",
                "admin_consent_display_name": "Read user and shared calendars",
                "enabled": true,
                "id": "2b9c4092-424d-4249-948d-b43879977640",
                "type": "User",
                "user_consent_description": "Allows the app to read events in all calendars that you can access, including delegate and shared calendars. ",
                "user_consent_display_name": "Read calendars you can access",
                "value": "Calendars.Read.Shared"
              },
              {
                "admin_consent_description": "Allows the app to read events in user calendars, except for properties such as body, attachments, and extensions.",
                "admin_consent_display_name": "Read basic details of user calendars",
                "enabled": true,
                "id": "662d75ba-a364-42ad-adee-f5f880ea4878",
                "type": "User",
                "user_consent_description": "Allows the app to read events in your calendars, except for properties such as body, attachments, and extensions.",
                "user_consent_display_name": "Read basic details of your calendars",
                "value": "Calendars.ReadBasic"
              },
              {
                "admin_consent_description": "Allows the app to create, read, update, and delete events in user calendars.",
                "admin_consent_display_name": "Have full access to user calendars ",
                "enabled": true,
                "id": "1ec239c2-d7c9-4623-a91a-a9775856bb36",
                "type": "User",
                "user_consent_description": "Allows the app to read, update, create and delete events in your calendars.",
                "user_consent_display_name": "Have full access to your calendars  ",
                "value": "Calendars.ReadWrite"
              },
              {
                "admin_consent_description": "Allows the app to create, read, update and delete events in all calendars in the organization user has permissions to access. This includes delegate and shared calendars.",
                "admin_consent_display_name": "Read and write user and shared calendars",
                "enabled": true,
                "id": "12466101-c9b8-439a-8589-dd09ee67e8e9",
                "type": "User",
                "user_consent_description": "Allows the app to read, update, create and delete events in all calendars in your organization you have permissions to access. This includes delegate and shared calendars.",
                "user_consent_display_name": "Read and write to your and shared calendars",
                "value": "Calendars.ReadWrite.Shared"
              },
              {
                "admin_consent_description": "Allows the app to read delegation settings of you",
                "admin_consent_display_name": "Read delegation settings",
                "enabled": true,
                "id": "305b375b-00fe-48bf-81bc-e8d78954c1b6",
                "type": "Admin",
                "user_consent_description": "Allows you to read your delegation settings",
                "user_consent_display_name": "Read your delegation settings",
                "value": "CallDelegation.Read"
              },
              {
                "admin_consent_description": "Allows the app to read and write delegation settings of you",
                "admin_consent_display_name": "Read and write delegation settings",
                "enabled": true,
                "id": "599abf67-f72b-4b5f-98a3-cb38fe646118",
                "type": "Admin",
                "user_consent_description": "Allows the app to read and write delegation settings for you",
                "user_consent_display_name": "Read and write your delegation settings",
                "value": "CallDelegation.ReadWrite"
              },
              {
                "admin_consent_description": "Allows the app to read call event information for an organization for the signed-in user.",
                "admin_consent_display_name": "Read call event data",
                "enabled": true,
                "id": "43431c03-960e-400f-87c6-8f910321dca3",
                "type": "Admin",
                "user_consent_description": "Allows the app to read call event information for an organization on your behalf.",
                "user_consent_display_name": "Read call event data",
                "value": "CallEvents.Read"
              },
              {
                "admin_consent_description": "Allows to read all Change Management items.",
                "admin_consent_display_name": "Read Change Management items",
                "enabled": true,
                "id": "4628dff5-c33e-4fde-b17a-b64e7acb1bed",
                "type": "User",
                "user_consent_description": "Allows to read all Change Management items.",
                "user_consent_display_name": "Read Change Management items",
                "value": "ChangeManagement.Read.All"
              },
              {
                "admin_consent_description": "Create channels in any team, on behalf of the signed-in user.",
                "admin_consent_display_name": "Create channels",
                "enabled": true,
                "id": "101147cf-4178-4455-9d58-02b5c164e759",
                "type": "Admin",
                "user_consent_description": "Create channels in any team, on your behalf.",
                "user_consent_display_name": "Create channels",
                "value": "Channel.Create"
              },
              {
                "admin_consent_description": "Delete channels in any team, on behalf of the signed-in user.",
                "admin_consent_display_name": "Delete channels",
                "enabled": true,
                "id": "cc83893a-e232-4723-b5af-bd0b01bcfe65",
                "type": "Admin",
                "user_consent_description": "Delete channels in any team, on your behalf.",
                "user_consent_display_name": "Delete channels",
                "value": "Channel.Delete.All"
              },
              {
                "admin_consent_description": "Read channel names and channel descriptions, on behalf of the signed-in user.",
                "admin_consent_display_name": "Read the names and descriptions of channels",
                "enabled": true,
                "id": "9d8982ae-4365-4f57-95e9-d6032a4c0b87",
                "type": "User",
                "user_consent_description": "Read channel names and channel descriptions, on your behalf.",
                "user_consent_display_name": "Read the names and descriptions of channels",
                "value": "Channel.ReadBasic.All"
              },
              {
                "admin_consent_description": "Read the members of channels, on behalf of the signed-in user.",
                "admin_consent_display_name": "Read the members of channels",
                "enabled": true,
                "id": "2eadaff8-0bce-4198-a6b9-2cfc35a30075",
                "type": "Admin",
                "user_consent_description": "Read the members of channels, on your behalf.",
                "user_consent_display_name": "Read the members of teams and channels",
                "value": "ChannelMember.Read.All"
              },
              {
                "admin_consent_description": "Add and remove members from channels, on behalf of the signed-in user. Also allows changing a member's role, for example from owner to non-owner.",
                "admin_consent_display_name": "Add and remove members from channels",
                "enabled": true,
                "id": "0c3e411a-ce45-4cd1-8f30-f99a3efa7b11",
                "type": "Admin",
                "user_consent_description": "Add and remove members from channels, on your behalf. Also allows changing a member's role, for example from owner to non-owner.",
                "user_consent_display_name": "Add and remove members from teams and channels",
                "value": "ChannelMember.ReadWrite.All"
              },
              {
                "admin_consent_description": "Allows an app to edit channel messages in Microsoft Teams, on behalf of the signed-in user.",
                "admin_consent_display_name": "Edit user's channel messages",
                "enabled": true,
                "id": "2b61aa8a-6d36-4b2f-ac7b-f29867937c53",
                "type": "User",
                "user_consent_description": "Allows the app to edit channel messages in Microsoft Teams, on your behalf.",
                "user_consent_display_name": "Edit your channel messages",
                "value": "ChannelMessage.Edit"
              },
              {
                "admin_consent_description": "Allows an app to read a channel's messages in Microsoft Teams, on behalf of the signed-in user.",
                "admin_consent_display_name": "Read user channel messages",
                "enabled": true,
                "id": "767156cb-16ae-4d10-8f8b-41b657c8c8c8",
                "type": "Admin",
                "user_consent_description": "Allows the app to read a channel's messages in Microsoft Teams, on your behalf.",
                "user_consent_display_name": "Read your channel messages",
                "value": "ChannelMessage.Read.All"
              },
              {
                "admin_consent_description": "Allows the app to read and write channel messages, on behalf of the signed-in user. This doesn't allow the app to edit the policyViolation of a channel message.",
                "admin_consent_display_name": "Read and write user channel messages",
                "enabled": true,
                "id": "5922d31f-46c8-4404-9eaf-2117e390a8a4",
                "type": "Admin",
                "user_consent_description": "Allows the app to read and write channel messages, on your behalf. This doesn't allow the app to edit the policyViolation of a channel message.",
                "user_consent_display_name": "Read and write user channel messages",
                "value": "ChannelMessage.ReadWrite"
              },
              {
                "admin_consent_description": "Allows an app to send channel messages in Microsoft Teams, on behalf of the signed-in user.",
                "admin_consent_display_name": "Send channel messages",
                "enabled": true,
                "id": "ebf0f66e-9fb1-49e4-a278-222f76911cf4",
                "type": "User",
                "user_consent_description": "Allows the app to send channel messages in Microsoft Teams, on your behalf.",
                "user_consent_display_name": "Send channel messages",
                "value": "ChannelMessage.Send"
              },
              {
                "admin_consent_description": "Read all channel names, channel descriptions, and channel settings, on behalf of the signed-in user.",
                "admin_consent_display_name": "Read the names, descriptions, and settings of channels",
                "enabled": true,
                "id": "233e0cf1-dd62-48bc-b65b-b38fe87fcf8e",
                "type": "Admin",
                "user_consent_description": "Read all channel names, channel descriptions, and channel settings, on your behalf.",
                "user_consent_display_name": "Read the names, descriptions, and settings of channels",
                "value": "ChannelSettings.Read.All"
              },
              {
                "admin_consent_description": "Read and write the names, descriptions, and settings of all channels, on behalf of the signed-in user.",
                "admin_consent_display_name": "Read and write the names, descriptions, and settings of channels",
                "enabled": true,
                "id": "d649fb7c-72b4-4eec-b2b4-b15acf79e378",
                "type": "Admin",
                "user_consent_description": "Read and write the names, descriptions, and settings of all channels, on your behalf.",
                "user_consent_display_name": "Read and write the names, descriptions, and settings of channels",
                "value": "ChannelSettings.ReadWrite.All"
              },
              {
                "admin_consent_description": "Allows the app to create chats on behalf of the signed-in user.",
                "admin_consent_display_name": "Create chats",
                "enabled": true,
                "id": "38826093-1258-4dea-98f0-00003be2b8d0",
                "type": "User",
                "user_consent_description": "Allows the app to create chats on your behalf. ",
                "user_consent_display_name": "Create chats",
                "value": "Chat.Create"
              },
              {
                "admin_consent_description": "Allows the app to delete and recover deleted chats, on behalf of the signed-in user.",
                "admin_consent_display_name": "Delete and recover deleted chats",
                "enabled": true,
                "id": "bb64e6fc-6b6d-4752-aea0-dd922dbba588",
                "type": "Admin",
                "user_consent_description": "Allows the app to delete and recover deleted chats, on your behalf.",
                "user_consent_display_name": "Delete and recover deleted chats",
                "value": "Chat.ManageDeletion.All"
              },
              {
                "admin_consent_description": "Allows an app to read 1 on 1 or group chats threads, on behalf of the signed-in user.",
                "admin_consent_display_name": "Read user chat messages",
                "enabled": true,
                "id": "f501c180-9344-439a-bca0-6cbf209fd270",
                "type": "User",
                "user_consent_description": "Allows an app to read your 1 on 1 or group chat messages in Microsoft Teams, on your behalf.",
                "user_consent_display_name": "Read your chat messages",
                "value": "Chat.Read"
              },
              {
                "admin_consent_description": "Allows an app to read the members and descriptions of one-to-one and group chat threads, on behalf of the signed-in user.",
                "admin_consent_display_name": "Read names and members of user chat threads",
                "enabled": true,
                "id": "9547fcb5-d03f-419d-9948-5928bbf71b0f",
                "type": "User",
                "user_consent_description": "Allows an app to read the members and descriptions of one-to-one and group chat threads, on your behalf.",
                "user_consent_display_name": "Read names and members of your chat threads",
                "value": "Chat.ReadBasic"
              },
              {
                "admin_consent_description": "Allows an app to read and write 1 on 1 or group chats threads, on behalf of the signed-in user.",
                "admin_consent_display_name": "Read and write user chat messages",
                "enabled": true,
                "id": "9ff7295e-131b-4d94-90e1-69fde507ac11",
                "type": "User",
                "user_consent_description": "Allows an app to read and write your 1 on 1 or group chat messages in Microsoft Teams, on your behalf.",
                "user_consent_display_name": "Read and write your chat messages",
                "value": "Chat.ReadWrite"
              },
              {
                "admin_consent_description": "Allows an app to read and write all one-to-one and group chats in Microsoft Teams, without a signed-in user. Does not allow sending messages.",
                "admin_consent_display_name": "Read and write all chat messages",
                "enabled": true,
                "id": "7e9a077b-3711-42b9-b7cb-5fa5f3f7fea7",
                "type": "Admin",
                "user_consent_description": "Allows an app to read and write all one-to-one and group chats in Microsoft Teams, without a signed-in user. Does not allow sending messages.",
                "user_consent_display_name": "Read and write all chat messages",
                "value": "Chat.ReadWrite.All"
              },
              {
                "admin_consent_description": "Read the members of chats, on behalf of the signed-in user.",
                "admin_consent_display_name": "Read the members of chats",
                "enabled": true,
                "id": "c5a9e2b1-faf6-41d4-8875-d381aa549b24",
                "type": "Admin",
                "user_consent_description": "Read the members of chats, on your behalf.",
                "user_consent_display_name": "Read the members of chats",
                "value": "ChatMember.Read"
              },
              {
                "admin_consent_description": "Add and remove members from chats, on behalf of the signed-in user.",
                "admin_consent_display_name": "Add and remove members from chats",
                "enabled": true,
                "id": "dea13482-7ea6-488f-8b98-eb5bbecf033d",
                "type": "Admin",
                "user_consent_description": "Add and remove members from chats, on your behalf.",
                "user_consent_display_name": "Add and remove members from chats",
                "value": "ChatMember.ReadWrite"
              },
              {
                "admin_consent_description": "Allows an app to read one-to-one and group chat messages, on behalf of the signed-in user.",
                "admin_consent_display_name": "Read user chat messages",
                "enabled": true,
                "id": "cdcdac3a-fd45-410d-83ef-554db620e5c7",
                "type": "User",
                "user_consent_description": "Allows an app to read one-to-one or group chat messages in Microsoft Teams, on your behalf.",
                "user_consent_display_name": "Read user chat messages",
                "value": "ChatMessage.Read"
              },
              {
                "admin_consent_description": "Allows an app to send one-to-one and group chat messages in Microsoft Teams, on behalf of the signed-in user.",
                "admin_consent_display_name": "Send user chat messages",
                "enabled": true,
                "id": "116b7235-7cc6-461e-b163-8e55691d839e",
                "type": "User",
                "user_consent_description": "Allows an app to send one-to-one and group chat messages in Microsoft Teams, on your behalf.",
                "user_consent_display_name": "Send chat messages",
                "value": "ChatMessage.Send"
              },
              {
                "admin_consent_description": "Allows the app to read details of discovered cloud apps in the organization, on behalf of the signed in user.",
                "admin_consent_display_name": "Read discovered cloud applications data",
                "enabled": true,
                "id": "ad46d60e-1027-4b75-af88-7c14ccf43a19",
                "type": "User",
                "user_consent_description": "Allows the app to read details of discovered cloud apps in the organization, on your behalf.",
                "user_consent_display_name": "Read discovered cloud application data",
                "value": "CloudApp-Discovery.Read.All"
              },
              {
                "admin_consent_description": "Allows the app to read the properties of Cloud PCs on behalf of the signed-in user.",
                "admin_consent_display_name": "Read Cloud PCs",
                "enabled": true,
                "id": "5252ec4e-fd40-4d92-8c68-89dd1d3c6110",
                "type": "User",
                "user_consent_description": "Allows the app to read the properties of Cloud PCs, on your behalf.",
                "user_consent_display_name": "Read Cloud PCs",
                "value": "CloudPC.Read.All"
              },
              {
                "admin_consent_description": "Allows the app to read and write the properties of Cloud PCs on behalf of the signed-in user.",
                "admin_consent_display_name": "Read and write Cloud PCs",
                "enabled": true,
                "id": "9d77138f-f0e2-47ba-ab33-cd246c8b79d1",
                "type": "Admin",
                "user_consent_description": "Allows the app to read and write the properties of Cloud PCs, on your behalf.",
                "user_consent_display_name": "Read and write Cloud PCs",
                "value": "CloudPC.ReadWrite.All"
              },
              {
                "admin_consent_description": "Allows the app to list Viva Engage communities, and to read their properties on behalf of the signed-in user.",
                "admin_consent_display_name": "Read all Viva Engage communities",
                "enabled": true,
                "id": "12ae2e92-14b5-47b2-babb-4e890bbedc0a",
                "type": "Admin",
                "user_consent_description": "Allows the app to list Viva Engage communities, and to read their properties on your behalf.",
                "user_consent_display_name": "Read all Viva Engage communities",
                "value": "Community.Read.All"
              },
              {
                "admin_consent_description": "Allows the app to create Viva Engage communities and read all community properties on behalf of the signed-in user.",
                "admin_consent_display_name": "Read and write all Viva Engage communities",
                "enabled": true,
                "id": "9e69467d-e0e2-402b-a926-3d796990197f",
                "type": "Admin",
                "user_consent_description": "Allows the app to create Viva Engage communities and read all community properties on your behalf.",
                "user_consent_display_name": "Read and write all Viva Engage communities",
                "value": "Community.ReadWrite.All"
              },
              {
                "admin_consent_description": "Allows the app to read all Configuration Monitoring entities on behalf of the signed-in user.",
                "admin_consent_display_name": "Read all Configuration Monitoring entities",
                "enabled": true,
                "id": "c645bb69-adc4-4242-b620-02e635f03bf6",
                "type": "Admin",
                "user_consent_description": "Allows the app to read all Configuration Monitoring entities on your behalf.",
                "user_consent_display_name": "Read all Configuration Monitoring entities",
                "value": "ConfigurationMonitoring.Read.All"
              },
              {
                "admin_consent_description": "Allows the app to read and write all Configuration Monitoring entities on behalf of the signed-in user.",
                "admin_consent_display_name": "Read and write all Configuration Monitoring entities",
                "enabled": true,
                "id": "54505ce9-e719-41f7-a7cc-dbe114e1d811",
                "type": "Admin",
                "user_consent_description": "Allows the app to read and write all Configuration Monitoring entities on your behalf.",
                "user_consent_display_name": "Read and write all Configuration Monitoring entities",
                "value": "ConfigurationMonitoring.ReadWrite.All"
              },
              {
                "admin_consent_description": "Allows the app to read create consent requests on behalf of the signed-in user.",
                "admin_consent_display_name": "Create consent requests",
                "enabled": true,
                "id": "f2143d35-9b4b-480d-951c-d083e69eeb2c",
                "type": "Admin",
                "user_consent_description": "Allows the app to create consent requests on your behalf.",
                "user_consent_display_name": "Create consent requests",
                "value": "ConsentRequest.Create"
              },
              {
                "admin_consent_description": "Allows the app to read consent requests and approvals created by the signed-in user, on behalf of the signed-in user.",
                "admin_consent_display_name": "Read consent requests created by the user",
                "enabled": true,
                "id": "5942b2f6-5a7b-40af-aa37-4b6ea5447506",
                "type": "User",
                "user_consent_description": "Allows the app to read consent requests and approvals that you created, on your behalf.",
                "user_consent_display_name": "Read your consent requests",
                "value": "ConsentRequest.Read"
              },
              {
                "admin_consent_description": "Allows the app to read consent requests and approvals on behalf of the signed-in user.",
                "admin_consent_display_name": "Read consent requests",
                "enabled": true,
                "id": "f3bfad56-966e-4590-a536-82ecf548ac1e",
                "type": "Admin",
                "user_consent_description": "Allows the app to read consent requests and approvals, on your behalf.",
                "user_consent_display_name": "Read consent requests",
                "value": "ConsentRequest.Read.All"
              },
              {
                "admin_consent_description": "Allows the app to read and approve consent requests on behalf of the signed in user.",
                "admin_consent_display_name": "Read and approve consent requests",
                "enabled": true,
                "id": "e694a3a1-7878-46d8-8c29-3d195f6589f4",
                "type": "Admin",
                "user_consent_description": "Allows the app to read and approve consent requests, on your behalf.",
                "user_consent_display_name": "Read and approve consent requests",
                "value": "ConsentRequest.ReadApprove.All"
              },
              {
                "admin_consent_description": "Allows the app to read app consent requests and approvals, and deny or approve those requests on behalf of the signed-in user.",
                "admin_consent_display_name": "Read and write consent requests",
                "enabled": true,
                "id": "497d9dfa-3bd1-481a-baab-90895e54568c",
                "type": "Admin",
                "user_consent_description": "Allows the app to read app consent requests for your approval, and deny or approve those request on your behalf.",
                "user_consent_display_name": "Read and write consent requests",
                "value": "ConsentRequest.ReadWrite.All"
              },
              {
                "admin_consent_description": "Allows the app to read user contacts.  ",
                "admin_consent_display_name": "Read user contacts ",
                "enabled": true,
                "id": "ff74d97f-43af-4b68-9f2a-b77ee6968c5d",
                "type": "User",
                "user_consent_description": "Allows the app to read contacts in your contact folders.",
                "user_consent_display_name": "Read your contacts ",
                "value": "Contacts.Read"
              },
              {
                "admin_consent_description": "Allows the app to read contacts a user has permissions to access, including their own and shared contacts.",
                "admin_consent_display_name": "Read user and shared contacts",
                "enabled": true,
                "id": "242b9d9e-ed24-4d09-9a52-f43769beb9d4",
                "type": "User",
                "user_consent_description": "Allows the app to read contacts you have permissions to access, including your own and shared contacts.",
                "user_consent_display_name": "Read your and shared contacts",
                "value": "Contacts.Read.Shared"
              },
              {
                "admin_consent_description": "Allows the app to create, read, update, and delete user contacts.",
                "admin_consent_display_name": "Have full access to user contacts ",
                "enabled": true,
                "id": "d56682ec-c09e-4743-aaf4-1a3aac4caa21",
                "type": "User",
                "user_consent_description": "Allows the app to read, update, create and delete contacts in your contact folders.",
                "user_consent_display_name": "Have full access of your contacts ",
                "value": "Contacts.ReadWrite"
              },
              {
                "admin_consent_description": "Allows the app to create, read, update, and delete contacts a user has permissions to, including their own and shared contacts.",
                "admin_consent_display_name": "Read and write user and shared contacts",
                "enabled": true,
                "id": "afb6c84b-06be-49af-80bb-8f3f77004eab",
                "type": "User",
                "user_consent_description": "Allows the app to read, update, create, and delete contacts you have permissions to access, including your own and shared contacts.",
                "user_consent_display_name": "Read and write to your and shared contacts",
                "value": "Contacts.ReadWrite.Shared"
              },
              {
                "admin_consent_description": "Allows the app to process and evaluate content for data security, governance and compliance outcomes at tenant scope.",
                "admin_consent_display_name": "Process content for data security, governance and compliance",
                "enabled": true,
                "id": "7e2467d1-f874-46bb-828e-24cb06b29d3f",
                "type": "Admin",
                "user_consent_description": "Allows the app to process and evaluate content for data security, governance and compliance outcomes at tenant scope.",
                "user_consent_display_name": "Process content for data security, governance and compliance",
                "value": "Content.Process.All"
              },
              {
                "admin_consent_description": "Allows the app to process and evaluate content for data security, governance and compliance outcomes for a user.",
                "admin_consent_display_name": "Process content for data security, governance and compliance",
                "enabled": true,
                "id": "1d787a13-f750-4ad6-875a-fcbd2725596b",
                "type": "Admin",
                "user_consent_description": "Allows the app to process and evaluate content for data security, governance and compliance outcomes for a user.",
                "user_consent_display_name": "Process content for data security, governance and compliance",
                "value": "Content.Process.User"
              },
              {
                "admin_consent_description": "Read contents activity audit log from the audit store.",
                "admin_consent_display_name": "Read contents activity audit log from the audit store.",
                "enabled": true,
                "id": "62c55b2f-a2b1-4312-8385-be57afd901b4",
                "type": "Admin",
                "user_consent_description": "Read contents activity audit log from the audit store.",
                "user_consent_display_name": "Read contents activity audit log from the audit store.",
                "value": "ContentActivity.Read"
              },
              {
                "admin_consent_description": "Allows the application to upload bulk contents activity audit logs to the audit store.",
                "admin_consent_display_name": "Upload contents activity audit logs to the audit store.",
                "enabled": true,
                "id": "948caae6-152a-48cd-a746-4844af30e8e9",
                "type": "Admin",
                "user_consent_description": "Allows the application to upload bulk contents activity audit logs to the audit store.",
                "user_consent_display_name": "Upload contents activity audit logs to the audit store.",
                "value": "ContentActivity.Write"
              },
              {
                "admin_consent_description": "Allows the app to read organization-wide copilot limited mode setting on behalf of the signed-in user.",
                "admin_consent_display_name": "Read organization-wide copilot limited mode setting",
                "enabled": true,
                "id": "aeb2982d-632d-4155-b533-18756ab6fdd8",
                "type": "Admin",
                "user_consent_description": "Allows the app to read organization-wide copilot limited mode setting on your behalf.",
                "user_consent_display_name": "Read organization-wide copilot limited mode setting",
                "value": "CopilotSettings-LimitedMode.Read"
              },
              {
                "admin_consent_description": "Allows the app to read and write organization-wide copilot limited mode setting on behalf of the signed-in user.",
                "admin_consent_display_name": "Read and write organization-wide copilot limited mode setting",
                "enabled": true,
                "id": "4704e5b2-0ada-4aa0-b18c-00ad7525bc06",
                "type": "Admin",
                "user_consent_description": "Allows the app to read and write organization-wide copilot limited mode setting on your behalf.",
                "user_consent_display_name": "Read and write organization-wide copilot limited mode setting",
                "value": "CopilotSettings-LimitedMode.ReadWrite"
              },
              {
                "admin_consent_description": "Allows the application to obtain basic tenant information about another target tenant within the Azure AD ecosystem on behalf of the signed-in user.",
                "admin_consent_display_name": "Read cross-tenant basic information",
                "enabled": true,
                "id": "81594d25-e88e-49cf-ac8c-fecbff49f994",
                "type": "Admin",
                "user_consent_description": "Allows the application to obtain basic tenant information about another target tenant within the Azure AD ecosystem on your behalf.",
                "user_consent_display_name": "Read cross-tenant basic information",
                "value": "CrossTenantInformation.ReadBasic.All"
              },
              {
                "admin_consent_description": "Allows the application to list and query user profile information associated with the current tenant on behalf of the signed-in user.  It also permits the application to export external user data (e.g. customer content or system-generated logs), associated with the current tenant on behalf of the signed-in user.",
                "admin_consent_display_name": "Read shared cross-tenant user profile and export data",
                "enabled": true,
                "id": "cb1ba48f-d22b-4325-a07f-74135a62ee41",
                "type": "Admin",
                "user_consent_description": "Allows the application to list and query shared user profile information associated with the current tenant on your behalf.  It also permits the application to export your external user data (e.g. customer content or system-generated logs), associated with the current tenant on your behalf.",
                "user_consent_display_name": "Read shared cross-tenant user profile and export data",
                "value": "CrossTenantUserProfileSharing.Read"
              },
              {
                "admin_consent_description": "Allows the application to list and query any shared user profile information associated with the current tenant on behalf of the signed-in user.  It also permits the application to export external user data (e.g. customer content or system-generated logs), for any user associated with the current tenant on behalf of the signed-in user.",
                "admin_consent_display_name": "Read all shared cross-tenant user profiles and export their data",
                "enabled": true,
                "id": "759dcd16-3c90-463c-937e-abf89f991c18",
                "type": "Admin",
                "user_consent_description": "Allows the application to list and query any shared user profile information associated with the current tenant on your behalf.  It also permits the application to export external user data (e.g. customer content or system-generated logs), for any user associated with the current tenant on your behalf.",
                "user_consent_display_name": "Read any shared cross-tenant user profiles and export data",
                "value": "CrossTenantUserProfileSharing.Read.All"
              },
              {
                "admin_consent_description": "Allows the application to list and query user profile information associated with the current tenant on behalf of the signed-in user.  It also permits the application to export and remove external user data (e.g. customer content or system-generated logs), associated with the current tenant on behalf of the signed-in user.",
                "admin_consent_display_name": "Read shared cross-tenant user profile and export or delete data",
                "enabled": true,
                "id": "eed0129d-dc60-4f30-8641-daf337a39ffd",
                "type": "Admin",
                "user_consent_description": "Allows the application to list and query shared user profile information associated with the current tenant on your behalf.  It also permits the application to export and remove your external user data (e.g. customer content or system-generated logs), associated with the current tenant on your behalf.",
                "user_consent_display_name": "Read shared cross-tenant user profile and export or delete data",
                "value": "CrossTenantUserProfileSharing.ReadWrite"
              },
              {
                "admin_consent_description": "Allows the application to list and query any shared user profile information associated with the current tenant on behalf of the signed-in user.  It also permits the application to export and remove external user data (e.g. customer content or system-generated logs), for any user associated with the current tenant on behalf of the signed-in user.",
                "admin_consent_display_name": "Read all shared cross-tenant user profiles and export or delete their data",
                "enabled": true,
                "id": "64dfa325-cbf8-48e3-938d-51224a0cac01",
                "type": "Admin",
                "user_consent_description": "Allows the application to list and query any shared user profile information associated with the current tenant on your behalf.  It also permits the application to export and remove external user data (e.g. customer content or system-generated logs), for any user associated with the current tenant on your behalf.",
                "user_consent_display_name": "Read any shared cross-tenant user profiles and export or delete data",
                "value": "CrossTenantUserProfileSharing.ReadWrite.All"
              },
              {
                "admin_consent_description": "Allows the app to read your organization's custom authentication extensions on behalf of the signed-in user.",
                "admin_consent_display_name": "Read your organization's custom authentication extensions",
                "enabled": true,
                "id": "b2052569-c98c-4f36-a5fb-43e5c111e6d0",
                "type": "Admin",
                "user_consent_description": "Allows the app to read your organization's custom authentication extensions on your behalf.",
                "user_consent_display_name": "Read your organization's custom authentication extensions",
                "value": "CustomAuthenticationExtension.Read.All"
              },
              {
                "admin_consent_description": "Allows the app to read or write your organization's custom authentication extensions on behalf of the signed-in user.",
                "admin_consent_display_name": "Read and write your organization's custom authentication extensions",
                "enabled": true,
                "id": "8dfcf82f-15d0-43b3-bc78-a958a13a5792",
                "type": "Admin",
                "user_consent_description": "Allows the app to read or write your organization's custom authentication extensions on your behalf.",
                "user_consent_display_name": "Read and write your organization's custom authentication extensions",
                "value": "CustomAuthenticationExtension.ReadWrite.All"
              },
              {
                "admin_consent_description": "Allows the app to read custom detection rules on behalf of the signed-in user.",
                "admin_consent_display_name": "Read custom detection rules",
                "enabled": true,
                "id": "b13ff42e-f321-4d7d-a462-141c46a1b832",
                "type": "Admin",
                "user_consent_description": "Allows the app to read custom detection rules on your behalf.",
                "user_consent_display_name": "Read custom detection rules",
                "value": "CustomDetection.Read.All"
              },
              {
                "admin_consent_description": "Allows the app to read and write custom detection rules on behalf of the signed-in user.",
                "admin_consent_display_name": "Read and write custom detection rules",
                "enabled": true,
                "id": "c34088fb-0649-4714-af0b-bcbfec155897",
                "type": "Admin",
                "user_consent_description": "Allows the app to read and write custom detection rules on your behalf.",
                "user_consent_display_name": "Read and write custom detection rules",
                "value": "CustomDetection.ReadWrite.All"
              },
              {
                "admin_consent_description": "Allows the app to read custom security attribute assignments for all principals in the tenant on behalf of a signed in user.",
                "admin_consent_display_name": "Read custom security attribute assignments",
                "enabled": true,
                "id": "b46ffa80-fe3d-4822-9a1a-c200932d54d0",
                "type": "Admin",
                "user_consent_description": "Allows the app to read custom security attribute assignments for all principals in the tenant on your behalf.",
                "user_consent_display_name": "Read custom security attribute assignments",
                "value": "CustomSecAttributeAssignment.Read.All"
              },
              {
                "admin_consent_description": "Allows the app to read and write custom security attribute assignments for all principals in the tenant on behalf of a signed in user.",
                "admin_consent_display_name": "Read and write custom security attribute assignments",
                "enabled": true,
                "id": "ca46335e-8453-47cd-a001-8459884efeae",
                "type": "Admin",
                "user_consent_description": "Allows the app to read and write custom security attribute assignments for all principals in the tenant on your behalf.",
                "user_consent_display_name": "Read and write custom security attribute assignments",
                "value": "CustomSecAttributeAssignment.ReadWrite.All"
              },
              {
                "admin_consent_description": "Allows the app to read audit logs for events that contain information about custom security attributes, on behalf of the signed-in user.",
                "admin_consent_display_name": "Read custom security attribute audit logs",
                "enabled": true,
                "id": "1fcdeaab-b519-44dd-bffc-ed1fd15a24e0",
                "type": "Admin",
                "user_consent_description": "Allows the app to read custom security attributes audit logs on your behalf.",
                "user_consent_display_name": "Read custom security attribute audit logs",
                "value": "CustomSecAttributeAuditLogs.Read.All"
              },
              {
                "admin_consent_description": "Allows the app to read custom security attribute definitions for the tenant on behalf of a signed in user.",
                "admin_consent_display_name": "Read custom security attribute definitions",
                "enabled": true,
                "id": "ce026878-a0ff-4745-a728-d4fedd086c07",
                "type": "Admin",
                "user_consent_description": "Allows the app to read custom security attribute definitions for the tenant on your behalf.",
                "user_consent_display_name": "Read custom security attribute definitions",
                "value": "CustomSecAttributeDefinition.Read.All"
              },
              {
                "admin_consent_description": "Allows the app to read and write custom security attribute definitions for the tenant on behalf of a signed in user.",
                "admin_consent_display_name": "Read and write custom security attribute definitions",
                "enabled": true,
                "id": "8b0160d4-5743-482b-bb27-efc0a485ca4a",
                "type": "Admin",
                "user_consent_description": "Allows the app to read and write custom security attribute definitions for the tenant on your behalf.",
                "user_consent_display_name": "Read and write custom security attribute definitions",
                "value": "CustomSecAttributeDefinition.ReadWrite.All"
              },
              {
                "admin_consent_description": "Allows the app to read the provisioning configuration of all active custom security attributes on behalf of a signed in user.",
                "admin_consent_display_name": "Read the provisioning configuration of all active custom security attributes",
                "enabled": true,
                "id": "9ddd870d-077c-49e7-b3e3-6b3012a8a880",
                "type": "Admin",
                "user_consent_description": "Allows the app to read the provisioning configuration of all active custom security attributes on behalf of a signed in user.",
                "user_consent_display_name": "Read the provisioning configuration of all active custom security attributes",
                "value": "CustomSecAttributeProvisioning.Read.All"
              },
              {
                "admin_consent_description": "Allows the app to read and edit the provisioning configuration of all active custom security attributes on behalf of a signed in user.",
                "admin_consent_display_name": "Read and edit the provisioning configuration of all active custom security attributes",
                "enabled": true,
                "id": "1140d9e4-6776-433e-a9e4-b9831adbb2e0",
                "type": "Admin",
                "user_consent_description": "Allows the app to read and edit the provisioning configuration of all active custom security attributes on behalf of a signed in user.",
                "user_consent_display_name": "Read and edit the provisioning configuration of all active custom security attributes",
                "value": "CustomSecAttributeProvisioning.ReadWrite.All"
              },
              {
                "admin_consent_description": "Read custom tags data on behalf of the signed-in user",
                "admin_consent_display_name": "Read all custom tags data",
                "enabled": true,
                "id": "de6ea87d-10bd-467c-8682-d525a0c61b89",
                "type": "Admin",
                "user_consent_description": "Read custom tags data on your behalf",
                "user_consent_display_name": "Read all custom tags data",
                "value": "CustomTags.Read.All"
              },
              {
                "admin_consent_description": "Read and write custom tags data on behalf of the signed-in user",
                "admin_consent_display_name": "Read and write custom tags data",
                "enabled": true,
                "id": "2f1bbe0a-f34b-4efb-9edb-8db8dcb50eca",
                "type": "Admin",
                "user_consent_description": "Read and write custom tags data on your behalf",
                "user_consent_display_name": "Read and write all custom tags data",
                "value": "CustomTags.ReadWrite.All"
              },
              {
                "admin_consent_description": "Allows the app to read details of delegated admin relationships with customers like access details (that includes roles) and the duration as well as specific role assignments to security groups on behalf of the signed-in user.",
                "admin_consent_display_name": "Read Delegated Admin relationships with customers",
                "enabled": true,
                "id": "0c0064ea-477b-4130-82a5-4c2cc4ff68aa",
                "type": "Admin",
                "user_consent_description": "Allows the app to read details of Delegated Admin relationships with customers like access details (that includes roles) and the duration as well as specific role assignments to security groups on your behalf.",
                "user_consent_display_name": "Read Delegated Admin relationships with customers",
                "value": "DelegatedAdminRelationship.Read.All"
              },
              {
                "admin_consent_description": "Allows the app to manage (create-update-terminate) Delegated Admin relationships with customers as well as role assignments to security groups for active Delegated Admin relationships on behalf of the signed-in user.",
                "admin_consent_display_name": "Manage Delegated Admin relationships with customers",
                "enabled": true,
                "id": "885f682f-a990-4bad-a642-36736a74b0c7",
                "type": "Admin",
                "user_consent_description": "Allows the app to manage (create-update-terminate) Delegated Admin relationships with customers and role assignments to security groups for active Delegated Admin relationships on your behalf.",
                "user_consent_display_name": "Manage Delegated Admin relationships with customers",
                "value": "DelegatedAdminRelationship.ReadWrite.All"
              },
              {
                "admin_consent_description": "Allows the app to read delegated permission grants, on behalf of the signed in user.",
                "admin_consent_display_name": "Read delegated permission grants",
                "enabled": true,
                "id": "a197cdc4-a8e8-4d49-9d35-4ca7c83887b4",
                "type": "Admin",
                "user_consent_description": "Allows the app to read delegated permission grants, on your behalf.",
                "user_consent_display_name": "Read delegated permission grants",
                "value": "DelegatedPermissionGrant.Read.All"
              },
              {
                "admin_consent_description": "Allows the app to manage permission grants for delegated permissions exposed by any API (including Microsoft Graph), on behalf of the signed in user.",
                "admin_consent_display_name": "Manage all delegated permission grants",
                "enabled": true,
                "id": "41ce6ca6-6826-4807-84f1-1c82854f7ee5",
                "type": "Admin",
                "user_consent_description": "Allows the app to manage permission grants for delegated permissions exposed by any API (including Microsoft Graph), on your behalf.",
                "user_consent_display_name": "Manage all delegated permission grants",
                "value": "DelegatedPermissionGrant.ReadWrite.All"
              },
              {
                "admin_consent_description": "Allows the app to launch another app or communicate with another app on a user's device on behalf of the signed-in user.",
                "admin_consent_display_name": "Communicate with user devices",
                "enabled": true,
                "id": "bac3b9c2-b516-4ef4-bd3b-c2ef73d8d804",
                "type": "User",
                "user_consent_description": "Allows the app to launch another app or communicate with another app on a device that you own.",
                "user_consent_display_name": "Communicate with your other devices",
                "value": "Device.Command"
              },
              {
                "admin_consent_description": "Allows the app to create device objects based on device templates owned by the signed-in user, on behalf of the signed in user.",
                "admin_consent_display_name": "Create devices based on owned device templates",
                "enabled": true,
                "id": "edc92e89-a987-48a9-911a-a7b1967dd7b1",
                "type": "Admin",
                "user_consent_description": "Allows the app to create device objects based on device templates you own, on your behalf.",
                "user_consent_display_name": "Create devices based on device templates you own",
                "value": "Device.CreateFromOwnedTemplate"
              },
              {
                "admin_consent_description": "Allows the app to read a user's list of devices on behalf of the signed-in user.",
                "admin_consent_display_name": "Read user devices",
                "enabled": true,
                "id": "11d4cd79-5ba5-460f-803f-e22c8ab85ccd",
                "type": "User",
                "user_consent_description": "Allows the app to see your list of devices.",
                "user_consent_display_name": "View your list of devices",
                "value": "Device.Read"
              },
              {
                "admin_consent_description": "Allows the app to read your organization's devices' configuration information on behalf of the signed-in user.",
                "admin_consent_display_name": "Read all devices",
                "enabled": true,
                "id": "951183d1-1a61-466f-a6d1-1fde911bfd95",
                "type": "Admin",
                "user_consent_description": "Allows the app to read devices' configuration information on your behalf.",
                "user_consent_display_name": "Read all devices",
                "value": "Device.Read.All"
              },
              {
                "admin_consent_description": "Allows the app to read device local credential properties including passwords, on behalf of the signed-in user.",
                "admin_consent_display_name": "Read device local credential passwords",
                "enabled": true,
                "id": "280b3b69-0437-44b1-bc20-3b2fca1ee3e9",
                "type": "Admin",
                "user_consent_description": "Allows the app to read device local credential properties including passwords, on your behalf.",
                "user_consent_display_name": "Read device local credential passwords",
                "value": "DeviceLocalCredential.Read.All"
              },
              {
                "admin_consent_description": "Allows the app to read device local credential properties excluding passwords, on behalf of the signed-in user.",
                "admin_consent_display_name": "Read device local credential properties",
                "enabled": true,
                "id": "9917900e-410b-4d15-846e-42a357488545",
                "type": "Admin",
                "user_consent_description": "Allows the app to read device local credential properties excluding passwords, on your behalf.",
                "user_consent_display_name": "Read device local credential properties",
                "value": "DeviceLocalCredential.ReadBasic.All"
              },
              {
                "admin_consent_description": "Allows the app to read the properties, group assignments and status of apps, app configurations and app protection policies managed by Microsoft Intune.",
                "admin_consent_display_name": "Read Microsoft Intune apps",
                "enabled": true,
                "id": "4edf5f54-4666-44af-9de9-0144fb4b6e8c",
                "type": "Admin",
                "user_consent_description": "Allows the app to read the properties, group assignments and status of apps, app configurations and app protection policies managed by Microsoft Intune.",
                "user_consent_display_name": "Read Microsoft Intune apps",
                "value": "DeviceManagementApps.Read.All"
              },
              {
                "admin_consent_description": "Allows the app to read and write the properties, group assignments and status of apps, app configurations and app protection policies managed by Microsoft Intune.",
                "admin_consent_display_name": "Read and write Microsoft Intune apps",
                "enabled": true,
                "id": "7b3f05d5-f68c-4b8d-8c59-a2ecd12f24af",
                "type": "Admin",
                "user_consent_description": "Allows the app to read and write the properties, group assignments and status of apps, app configurations and app protection policies managed by Microsoft Intune.",
                "user_consent_display_name": "Read and write Microsoft Intune apps",
                "value": "DeviceManagementApps.ReadWrite.All"
              },
              {
                "admin_consent_description": "Allows the app to read certification authority information on behalf of the signed-in user.",
                "admin_consent_display_name": "Read Microsoft Cloud PKI objects",
                "enabled": true,
                "id": "ac5c8443-d999-471f-9247-ce92cf5c5560",
                "type": "Admin",
                "user_consent_description": "Allows the app to read certification authority information on your behalf.",
                "user_consent_display_name": "Read Microsoft Cloud PKI objects",
                "value": "DeviceManagementCloudCA.Read.All"
              },
              {
                "admin_consent_description": "Allows the app to read and write certification authority information on behalf of the signed-in user.",
                "admin_consent_display_name": "Read and write Microsoft Cloud PKI objects",
                "enabled": true,
                "id": "93028c58-65aa-48db-a706-1fe4ada325ec",
                "type": "Admin",
                "user_consent_description": "Allows the app to read and write certification authority information on your behalf.",
                "user_consent_display_name": "Read and write Microsoft Cloud PKI objects",
                "value": "DeviceManagementCloudCA.ReadWrite.All"
              },
              {
                "admin_consent_description": "Allows the app to read properties of Microsoft Intune-managed device configuration and device compliance policies and their assignment to groups.",
                "admin_consent_display_name": "Read Microsoft Intune Device Configuration and Policies",
                "enabled": true,
                "id": "f1493658-876a-4c87-8fa7-edb559b3476a",
                "type": "Admin",
                "user_consent_description": "Allows the app to read properties of Microsoft Intune-managed device configuration and device compliance policies and their assignment to groups.",
                "user_consent_display_name": "Read Microsoft Intune Device Configuration and Policies",
                "value": "DeviceManagementConfiguration.Read.All"
              },
              {
                "admin_consent_description": "Allows the app to read and write properties of Microsoft Intune-managed device configuration and device compliance policies and their assignment to groups.",
                "admin_consent_display_name": "Read and write Microsoft Intune Device Configuration and Policies",
                "enabled": true,
                "id": "0883f392-0a7a-443d-8c76-16a6d39c7b63",
                "type": "Admin",
                "user_consent_description": "Allows the app to read and write properties of Microsoft Intune-managed device configuration and device compliance policies and their assignment to groups.",
                "user_consent_display_name": "Read and write Microsoft Intune Device Configuration and Policies",
                "value": "DeviceManagementConfiguration.ReadWrite.All"
              },
              {
                "admin_consent_description": "Allows the app to perform remote high impact actions such as wiping the device or resetting the passcode on devices managed by Microsoft Intune.",
                "admin_consent_display_name": "Perform user-impacting remote actions on Microsoft Intune devices",
                "enabled": true,
                "id": "3404d2bf-2b13-457e-a330-c24615765193",
                "type": "Admin",
                "user_consent_description": "Allows the app to perform remote high impact actions such as wiping the device or resetting the passcode on devices managed by Microsoft Intune.",
                "user_consent_display_name": "Perform user-impacting remote actions on Microsoft Intune devices",
                "value": "DeviceManagementManagedDevices.PrivilegedOperations.All"
              },
              {
                "admin_consent_description": "Allows the app to read the properties of devices managed by Microsoft Intune.",
                "admin_consent_display_name": "Read Microsoft Intune devices",
                "enabled": true,
                "id": "314874da-47d6-4978-88dc-cf0d37f0bb82",
                "type": "Admin",
                "user_consent_description": "Allows the app to read the properties of devices managed by Microsoft Intune.",
                "user_consent_display_name": "Read devices Microsoft Intune devices",
                "value": "DeviceManagementManagedDevices.Read.All"
              },
              {
                "admin_consent_description": "Allows the app to read and write the properties of devices managed by Microsoft Intune. Does not allow high impact operations such as remote wipe and password reset on the device’s owner.",
                "admin_consent_display_name": "Read and write Microsoft Intune devices",
                "enabled": true,
                "id": "44642bfe-8385-4adc-8fc6-fe3cb2c375c3",
                "type": "Admin",
                "user_consent_description": "Allows the app to read and write the properties of devices managed by Microsoft Intune. Does not allow high impact operations such as remote wipe and password reset on the device’s owner.",
                "user_consent_display_name": "Read and write Microsoft Intune devices",
                "value": "DeviceManagementManagedDevices.ReadWrite.All"
              },
              {
                "admin_consent_description": "Allows the app to read the properties relating to the Microsoft Intune Role-Based Access Control (RBAC) settings.",
                "admin_consent_display_name": "Read Microsoft Intune RBAC settings",
                "enabled": true,
                "id": "49f0cc30-024c-4dfd-ab3e-82e137ee5431",
                "type": "Admin",
                "user_consent_description": "Allows the app to read the properties relating to the Microsoft Intune Role-Based Access Control (RBAC) settings.",
                "user_consent_display_name": "Read Microsoft Intune RBAC settings",
                "value": "DeviceManagementRBAC.Read.All"
              },
              {
                "admin_consent_description": "Allows the app to read and write the properties relating to the Microsoft Intune Role-Based Access Control (RBAC) settings.",
                "admin_consent_display_name": "Read and write Microsoft Intune RBAC settings",
                "enabled": true,
                "id": "0c5e8a55-87a6-4556-93ab-adc52c4d862d",
                "type": "Admin",
                "user_consent_description": "Allows the app to read and write the properties relating to the Microsoft Intune Role-Based Access Control (RBAC) settings.",
                "user_consent_display_name": "Read and write Microsoft Intune RBAC settings",
                "value": "DeviceManagementRBAC.ReadWrite.All"
              },
              {
                "admin_consent_description": "Allows the app to read Microsoft Intune device compliance scripts, device management scripts, device shell scripts, device custom attribute shell scripts and device health scripts on behalf of the signed in user.",
                "admin_consent_display_name": "Read Microsoft Intune Scripts",
                "enabled": true,
                "id": "d32381d8-ee89-4220-9c83-b672aa68d404",
                "type": "Admin",
                "user_consent_description": "Allows the app to read Microsoft Intune device compliance scripts, device management scripts, device shell scripts, device custom attripute shell scripts and device health scripts.",
                "user_consent_display_name": "Read Microsoft Intune Scripts",
                "value": "DeviceManagementScripts.Read.All"
              },
              {
                "admin_consent_description": "Allows the app to read and write Microsoft Intune device compliance scripts, device management scripts, device shell scripts, device custom attribute shell scripts and device health scripts on behalf of the signed in user.",
                "admin_consent_display_name": "Read and write Microsoft Intune Scripts",
                "enabled": true,
                "id": "8b9d79d0-ad75-4566-8619-f7500ecfcebe",
                "type": "Admin",
                "user_consent_description": "Allows the app to read and write Microsoft Intune device compliance scripts, device management scripts, device shell scripts, device custom attripute shell scripts and device health scripts.",
                "user_consent_display_name": "Read and write Microsoft Intune Scripts",
                "value": "DeviceManagementScripts.ReadWrite.All"
              },
              {
                "admin_consent_description": "Allows the app to read Microsoft Intune service properties including device enrollment and third party service connection configuration.",
                "admin_consent_display_name": "Read Microsoft Intune configuration",
                "enabled": true,
                "id": "8696daa5-bce5-4b2e-83f9-51b6defc4e1e",
                "type": "Admin",
                "user_consent_description": "Allows the app to read Microsoft Intune service properties including device enrollment and third party service connection configuration.",
                "user_consent_display_name": "Read Microsoft Intune configuration",
                "value": "DeviceManagementServiceConfig.Read.All"
              },
              {
                "admin_consent_description": "Allows the app to read and write Microsoft Intune service properties including device enrollment and third party service connection configuration.",
                "admin_consent_display_name": "Read and write Microsoft Intune configuration",
                "enabled": true,
                "id": "662ed50a-ac44-4eef-ad86-62eed9be2a29",
                "type": "Admin",
                "user_consent_description": "Allows the app to read and write Microsoft Intune service properties including device enrollment and third party service connection configuration.",
                "user_consent_display_name": "Read and write Microsoft Intune configuration",
                "value": "DeviceManagementServiceConfig.ReadWrite.All"
              },
              {
                "admin_consent_description": "Allows the app to create device templates on behalf of the signed in user. The user is marked as owners of the created device template. As a member of owners, the user will be allowed to manage devices created from the template.",
                "admin_consent_display_name": "Create device templates",
                "enabled": true,
                "id": "0b1717ff-3e42-4a73-8c29-e6b2e1093960",
                "type": "Admin",
                "user_consent_description": "Allows the app to create device templates on your behalf. You will be marked as owners of the created device template. As a member of owners, you will be allowed to manage devices created from the template.",
                "user_consent_display_name": "Create device templates",
                "value": "DeviceTemplate.Create"
              },
              {
                "admin_consent_description": "Allows the app to read all device templates, on behalf of the signed in user.",
                "admin_consent_display_name": "Read all device templates",
                "enabled": true,
                "id": "2bcae0b0-aa93-48e4-a9e4-855482dffdcd",
                "type": "Admin",
                "user_consent_description": "Allows the app to read all device templates, on your behalf.",
                "user_consent_display_name": "Read all device templates",
                "value": "DeviceTemplate.Read.All"
              },
              {
                "admin_consent_description": "Allows the app to create, read, update and delete the device template, on behalf of the signed in user. It also allows the app to add or remove owners on any device template.",
                "admin_consent_display_name": "Read and write all device templates",
                "enabled": true,
                "id": "2d372e98-f1ae-406c-a157-2ea83f6f5e4a",
                "type": "Admin",
                "user_consent_description": "Allows the app to create, read, update and delete any device template, on your behalf. It also allows the app to add or remove owners on any device template.",
                "user_consent_display_name": "Read and write all device templates",
                "value": "DeviceTemplate.ReadWrite.All"
              },
              {
                "admin_consent_description": "Allows the app to have the same access to information in the directory as the signed-in user.",
                "admin_consent_display_name": "Access directory as the signed in user",
                "enabled": true,
                "id": "0e263e50-5827-48a4-b97c-d940288653c7",
                "type": "Admin",
                "user_consent_description": "Allows the app to have the same access to information in your work or school directory as you do.",
                "user_consent_display_name": "Access the directory as you",
                "value": "Directory.AccessAsUser.All"
              },
              {
                "admin_consent_description": "Allows the app to read data in your organization's directory, such as users, groups and apps.",
                "admin_consent_display_name": "Read directory data",
                "enabled": true,
                "id": "06da0dbc-49e2-44d2-8312-53f166ab848a",
                "type": "Admin",
                "user_consent_description": "Allows the app to read data in your organization's directory.",
                "user_consent_display_name": "Read directory data",
                "value": "Directory.Read.All"
              },
              {
                "admin_consent_description": "Allows the app to read and write data in your organization's directory, such as users, and groups.  It does not allow the app to delete users or groups, or reset user passwords.",
                "admin_consent_display_name": "Read and write directory data",
                "enabled": true,
                "id": "c5366453-9fb0-48a5-a156-24f0c49a4b84",
                "type": "Admin",
                "user_consent_description": "Allows the app to read and write data in your organization's directory, such as other users, groups.  It does not allow the app to delete users or groups, or reset user passwords.",
                "user_consent_display_name": "Read and write directory data",
                "value": "Directory.ReadWrite.All"
              },
              {
                "admin_consent_description": "Allows the app to read Azure AD recommendations, on behalf of the signed-in user.",
                "admin_consent_display_name": "Read Azure AD recommendations",
                "enabled": true,
                "id": "34d3bd24-f6a6-468c-b67c-0c365c1d6410",
                "type": "Admin",
                "user_consent_description": "Allows the app to read Azure AD recommendations, on your behalf.",
                "user_consent_display_name": "Read Azure AD recommendations",
                "value": "DirectoryRecommendations.Read.All"
              },
              {
                "admin_consent_description": "Allows the app to read and update Azure AD recommendations, on behalf of the signed-in user.",
                "admin_consent_display_name": "Read and update Azure AD recommendations",
                "enabled": true,
                "id": "f37235e8-90a0-4189-93e2-e55b53867ccd",
                "type": "Admin",
                "user_consent_description": "Allows the app to read and update Azure AD recommendations, on your behalf.",
                "user_consent_display_name": "Read and update Azure AD recommendations",
                "value": "DirectoryRecommendations.ReadWrite.All"
              },
              {
                "admin_consent_description": "Allows the app to read internal federation configuration for a domain.",
                "admin_consent_display_name": "Read internal federation configuration for a domain.",
                "enabled": true,
                "id": "33203a2a-a761-40f0-8a7c-a7e74a9f8ac6",
                "type": "Admin",
                "user_consent_description": "Allows the app to read internal federation configuration for a domain.",
                "user_consent_display_name": "Read internal federation configuration for a domain.",
                "value": "Domain-InternalFederation.Read.All"
              },
              {
                "admin_consent_description": "Allows the app to create, read, update and delete internal federation configuration for a domain.",
                "admin_consent_display_name": "Create, read, update and delete internal federation configuration for a domain.",
                "enabled": true,
                "id": "857bd3ea-490e-4284-88a7-a7de1893b6ee",
                "type": "Admin",
                "user_consent_description": "Allows the app to create, read, update and delete internal federation configuration for a domain.",
                "user_consent_display_name": "Create, read, update and delete internal federation configuration for a domain.",
                "value": "Domain-InternalFederation.ReadWrite.All"
              },
              {
                "admin_consent_description": "Allows the app to read all domain properties on behalf of the signed-in user.",
                "admin_consent_display_name": "Read domains.",
                "enabled": true,
                "id": "2f9ee017-59c1-4f1d-9472-bd5529a7b311",
                "type": "Admin",
                "user_consent_description": "Allows the app to read all domain properties on your behalf.",
                "user_consent_display_name": "Read domains.",
                "value": "Domain.Read.All"
              },
              {
                "admin_consent_description": "Allows the app to read and write all domain properties on behalf of the signed-in user. Also allows the app to add, verify and remove domains.",
                "admin_consent_display_name": "Read and write domains",
                "enabled": true,
                "id": "0b5d694c-a244-4bde-86e6-eb5cd07730fe",
                "type": "Admin",
                "user_consent_description": "Allows the app to read and write all domain properties on your behalf. Also allows the app to add, verify and remove domains.",
                "user_consent_display_name": "Read and write domains",
                "value": "Domain.ReadWrite.All"
              },
              {
                "admin_consent_description": "Allows the app to have the same access to mailboxes as the signed-in user via Exchange ActiveSync.",
                "admin_consent_display_name": "Access mailboxes via Exchange ActiveSync",
                "enabled": true,
                "id": "ff91d191-45a0-43fd-b837-bd682c4a0b0f",
                "type": "User",
                "user_consent_description": "Allows the app full access to your mailboxes on your behalf.",
                "user_consent_display_name": "Access your mailboxes",
                "value": "EAS.AccessAsUser.All"
              },
              {
                "admin_consent_description": "Allows the app to read eDiscovery objects such as cases, custodians, review sets and other related objects on behalf of the signed-in user.",
                "admin_consent_display_name": "Read all eDiscovery objects",
                "enabled": true,
                "id": "99201db3-7652-4d5a-809a-bdb94f85fe3c",
                "type": "Admin",
                "user_consent_description": "Allows the app to read eDiscovery objects such as cases, custodians, review sets and other related objects on your behalf.",
                "user_consent_display_name": "Read all eDiscovery objects",
                "value": "eDiscovery.Read.All"
              },
              {
                "admin_consent_description": "Allows the app to read and write eDiscovery objects such as cases, custodians, review sets and other related objects on behalf of the signed-in user.",
                "admin_consent_display_name": "Read and write all eDiscovery objects",
                "enabled": true,
                "id": "acb8f680-0834-4146-b69e-4ab1b39745ad",
                "type": "Admin",
                "user_consent_description": "Allows the app to read and write eDiscovery objects such as cases, custodians, review sets and other related objects on your behalf.",
                "user_consent_display_name": "Read and write all eDiscovery objects",
                "value": "eDiscovery.ReadWrite.All"
              },
              {
                "admin_consent_description": "Read the state and settings of all Microsoft education apps on behalf of the user.",
                "admin_consent_display_name": "Read education app settings",
                "enabled": true,
                "id": "8523895c-6081-45bf-8a5d-f062a2f12c9f",
                "type": "Admin",
                "user_consent_description": "Allows the app to view the state and settings of all Microsoft education apps on your behalf.",
                "user_consent_display_name": "View your education app settings",
                "value": "EduAdministration.Read"
              },
              {
                "admin_consent_description": "Manage the state and settings of all Microsoft education apps on behalf of the user.",
                "admin_consent_display_name": "Manage education app settings",
                "enabled": true,
                "id": "63589852-04e3-46b4-bae9-15d5b1050748",
                "type": "Admin",
                "user_consent_description": "Allows the app to manage the state and settings of all Microsoft education apps on your behalf.",
                "user_consent_display_name": "Manage your education app settings",
                "value": "EduAdministration.ReadWrite"
              },
              {
                "admin_consent_description": "Allows the app to read assignments and their grades on behalf of the user.",
                "admin_consent_display_name": "Read users' class assignments and their grades",
                "enabled": true,
                "id": "091460c9-9c4a-49b2-81ef-1f3d852acce2",
                "type": "Admin",
                "user_consent_description": "Allows the app to view your assignments on your behalf including grades.",
                "user_consent_display_name": "View your assignments and grades",
                "value": "EduAssignments.Read"
              },
              {
                "admin_consent_description": "Allows the app to read assignments without grades on behalf of the user.",
                "admin_consent_display_name": "Read users' class assignments without grades",
                "enabled": true,
                "id": "c0b0103b-c053-4b2e-9973-9f3a544ec9b8",
                "type": "Admin",
                "user_consent_description": "Allows the app to view your assignments on your behalf without seeing grades.",
                "user_consent_display_name": "View your assignments without grades",
                "value": "EduAssignments.ReadBasic"
              },
              {
                "admin_consent_description": "Allows the app to read and write assignments and their grades on behalf of the user.",
                "admin_consent_display_name": "Read and write users' class assignments and their grades",
                "enabled": true,
                "id": "2f233e90-164b-4501-8bce-31af2559a2d3",
                "type": "Admin",
                "user_consent_description": "Allows the app to view and modify your assignments on your behalf including  grades.",
                "user_consent_display_name": "View and modify your assignments and grades",
                "value": "EduAssignments.ReadWrite"
              },
              {
                "admin_consent_description": "Allows the app to read and write assignments without grades on behalf of the user.",
                "admin_consent_display_name": "Read and write users' class assignments without grades",
                "enabled": true,
                "id": "2ef770a1-622a-47c4-93ee-28d6adbed3a0",
                "type": "Admin",
                "user_consent_description": "Allows the app to view and modify your assignments on your behalf without seeing grades.",
                "user_consent_display_name": "View and modify your assignments without grades",
                "value": "EduAssignments.ReadWriteBasic"
              },
              {
                "admin_consent_description": "Allows the app to read the user's modules and resources on behalf of the signed-in user.",
                "admin_consent_display_name": "Read the user's class modules and resources",
                "enabled": true,
                "id": "484859e8-b9e2-4e92-b910-84db35dadd29",
                "type": "Admin",
                "user_consent_description": "Allows the app to read modules and resources on your behalf.",
                "user_consent_display_name": "Read your class modules and resources",
                "value": "EduCurricula.Read"
              },
              {
                "admin_consent_description": "Allows the app to read and write user's modules and resources on behalf of the signed-in user.",
                "admin_consent_display_name": "Read and write the user's class modules and resources",
                "enabled": true,
                "id": "4793c53b-df34-44fd-8d26-d15c517732f5",
                "type": "Admin",
                "user_consent_description": "Allows the app to read and write modules and resources on your behalf.",
                "user_consent_display_name": "Read and write your class modules and resources",
                "value": "EduCurricula.ReadWrite"
              },
              {
                "admin_consent_description": "Allows the app to read the structure of schools and classes in an organization's roster and education-specific information about users to be read on behalf of the user.",
                "admin_consent_display_name": "Read users' view of the roster",
                "enabled": true,
                "id": "a4389601-22d9-4096-ac18-36a927199112",
                "type": "Admin",
                "user_consent_description": "Allows the app to view information about schools and classes in your organization and education-related information about you and other users on your behalf.",
                "user_consent_display_name": "View your school, class and user information",
                "value": "EduRoster.Read"
              },
              {
                "admin_consent_description": "Allows the app to read a limited subset of the properties from the structure of schools and classes in an organization's roster and a limited subset of properties about users to be read on behalf of the user. Includes name, status, education role, email address and photo.",
                "admin_consent_display_name": "Read a limited subset of users' view of the roster",
                "enabled": true,
                "id": "5d186531-d1bf-4f07-8cea-7c42119e1bd9",
                "type": "Admin",
                "user_consent_description": "Allows the app to view minimal  information about both schools and classes in your organization and education-related information about you and other users on your behalf.",
                "user_consent_display_name": "View a limited subset of your school, class and user information",
                "value": "EduRoster.ReadBasic"
              },
              {
                "admin_consent_description": "Allows the app to read and write the structure of schools and classes in an organization's roster and education-specific information about users to be read and written on behalf of the user.",
                "admin_consent_display_name": "Read and write users' view of the roster",
                "enabled": true,
                "id": "359e19a6-e3fa-4d7f-bcab-d28ec592b51e",
                "type": "Admin",
                "user_consent_description": "Allows the app to view and modify information about schools and classes in your organization and education-related information about you and other users on your behalf.",
                "user_consent_display_name": "View and modify your school, class and user information",
                "value": "EduRoster.ReadWrite"
              },
              {
                "admin_consent_description": "Allows the app to read your users' primary email address",
                "admin_consent_display_name": "View users' email address",
                "enabled": true,
                "id": "64a6cdd6-aab1-4aaf-94b8-3cc8405e90d0",
                "type": "User",
                "user_consent_description": "Allows the app to read your primary email address",
                "user_consent_display_name": "View your email address",
                "value": "email"
              },
              {
                "admin_consent_description": "Allows the app to read Viva Engage Teams QA conversations, and to read their properties on behalf of the signed-in user.",
                "admin_consent_display_name": "Read all Viva Engage Teams QA conversations",
                "enabled": true,
                "id": "58c5819e-29bd-4400-ad52-82cd82a63fbd",
                "type": "Admin",
                "user_consent_description": "Allows the app to list Viva Engage conversations, and to read their properties on your behalf.",
                "user_consent_display_name": "Read all Viva Engage Teams QA conversations",
                "value": "EngagementMeetingConversation.Read.All"
              },
              {
                "admin_consent_description": "Allows the app to list a user's Viva Engage roles, on behalf of the signed-in user.",
                "admin_consent_display_name": "Read a user's Viva Engage roles ",
                "enabled": true,
                "id": "9f1da0fc-345c-4dfb-bab5-5215a073a417",
                "type": "User",
                "user_consent_description": "Allows the app to list your Viva Engage roles, on your behalf.",
                "user_consent_display_name": "Read your Viva Engage roles",
                "value": "EngagementRole.Read"
              },
              {
                "admin_consent_description": "Allows the app to list all Viva Engage roles and role memberships on behalf of the signed-in user.",
                "admin_consent_display_name": "Read all Viva Engage roles and role memberships",
                "enabled": true,
                "id": "3cad91a5-8413-4c4a-acfe-dfeb83d1366d",
                "type": "Admin",
                "user_consent_description": "Allows the app to list all Viva Engage roles and role memberships on your behalf.",
                "user_consent_display_name": "Read all Viva Engage roles and memberships",
                "value": "EngagementRole.Read.All"
              },
              {
                "admin_consent_description": "Allows the app to assign Viva Engage role to a user, and remove a Viva Engage role from a user behalf of the signed-in user.",
                "admin_consent_display_name": "Modify Viva Engage role membership",
                "enabled": true,
                "id": "4905982d-6459-4ccd-949c-949fefc0a8f2",
                "type": "Admin",
                "user_consent_description": "Allows the app to assign Viva Engage role to a user, and remove a Viva Engage role from a user on your behalf.",
                "user_consent_display_name": "Modify Viva Engage role membership",
                "value": "EngagementRole.ReadWrite.All"
              },
              {
                "admin_consent_description": "Allows the app to read access packages and related entitlement management resources on behalf of the signed-in user.",
                "admin_consent_display_name": "Read all entitlement management resources",
                "enabled": true,
                "id": "5449aa12-1393-4ea2-a7c7-d0e06c1a56b2",
                "type": "Admin",
                "user_consent_description": "Allows the app to read access packages and related entitlement management resources that you have access to.",
                "user_consent_display_name": "Read all entitlement management resources",
                "value": "EntitlementManagement.Read.All"
              },
              {
                "admin_consent_description": "Allows the app to request access to and management of access packages and related entitlement management resources on behalf of the signed-in user.",
                "admin_consent_display_name": "Read and write entitlement management resources",
                "enabled": true,
                "id": "ae7a573d-81d7-432b-ad44-4ed5c9d89038",
                "type": "Admin",
                "user_consent_description": "Allows the app to request access to and management of access packages and related entitlement management resources that you have access to.",
                "user_consent_display_name": "Read and write entitlement management resources",
                "value": "EntitlementManagement.ReadWrite.All"
              },
              {
                "admin_consent_description": "Allows the app to manage self-service entitlement management resources on behalf of the signed-in user.  This includes operations such as requesting access and approving access of others.",
                "admin_consent_display_name": "Read and write entitlement management resources related to self-service operations",
                "enabled": true,
                "id": "e9fdcbbb-8807-410f-b9ec-8d5468c7c2ac",
                "type": "User",
                "user_consent_description": "Allows the app to create and manage self-service entitlement management resources that you have access to.  This includes operations such as requesting access and approving access for others.",
                "user_consent_display_name": "Read and write self-service entitlement management resources",
                "value": "EntitlementMgmt-SubjectAccess.ReadWrite"
              },
              {
                "admin_consent_description": "Allows the app to read your organization's authentication event listeners on behalf of the signed-in user.",
                "admin_consent_display_name": "Read your organization's authentication event listeners",
                "enabled": true,
                "id": "f7dd3bed-5eec-48da-bc73-1c0ef50bc9a1",
                "type": "Admin",
                "user_consent_description": "Allows the app to read your organization's authentication event listeners on your behalf.",
                "user_consent_display_name": "Read your organization's authentication event listeners",
                "value": "EventListener.Read.All"
              },
              {
                "admin_consent_description": "Allows the app to read or write your organization's authentication event listeners on behalf of the signed-in user.",
                "admin_consent_display_name": "Read and write your organization's authentication event listeners",
                "enabled": true,
                "id": "d11625a6-fe21-4fc6-8d3d-063eba5525ad",
                "type": "Admin",
                "user_consent_description": "Allows the app to read or write your organization's authentication event listeners on your behalf.",
                "user_consent_display_name": "Read and write your organization's authentication event listeners",
                "value": "EventListener.ReadWrite.All"
              },
              {
                "admin_consent_description": "Allows the app to have the same access to mailboxes as the signed-in user via Exchange Web Services.",
                "admin_consent_display_name": "Access mailboxes as the signed-in user via Exchange Web Services",
                "enabled": true,
                "id": "9769c687-087d-48ac-9cb3-c37dde652038",
                "type": "User",
                "user_consent_description": "Allows the app full access to your mailboxes on your behalf.",
                "user_consent_display_name": "Access your mailboxes",
                "value": "EWS.AccessAsUser.All"
              },
              {
                "admin_consent_description": "Allows the app to read all external connections on behalf of a signed-in user. The signed-in user must be an administrator.",
                "admin_consent_display_name": "Read all external connections",
                "enabled": true,
                "id": "a38267a5-26b6-4d76-9493-935b7599116b",
                "type": "Admin",
                "user_consent_description": "Allows the app to read all external connections on your behalf. The signed-in user must be an administrator.",
                "user_consent_display_name": "Read all external connections",
                "value": "ExternalConnection.Read.All"
              },
              {
                "admin_consent_description": "Allows the app to read and write all external connections on behalf of a signed-in user. The signed-in user must be an administrator.",
                "admin_consent_display_name": "Read and write all external connections",
                "enabled": true,
                "id": "bbbbd9b3-3566-4931-ac37-2b2180d9e334",
                "type": "Admin",
                "user_consent_description": "Allows the app to read and write all external connections on your behalf. The signed-in user must be an administrator.",
                "user_consent_display_name": "Read and write all external connections",
                "value": "ExternalConnection.ReadWrite.All"
              },
              {
                "admin_consent_description": "Allows the app to read and write settings of external connections on behalf of a signed-in user. The signed-in user must be an administrator. The app can only read and write settings of connections that it is authorized to.",
                "admin_consent_display_name": "Read and write external connections",
                "enabled": true,
                "id": "4082ad95-c812-4f02-be92-780c4c4f1830",
                "type": "Admin",
                "user_consent_description": "Allows the app to read and write external connections on your behalf. The signed-in user must be an administrator. The app can only read and write external connections that it is authorized to, or it can create new external connections.",
                "user_consent_display_name": "Read and write external connections",
                "value": "ExternalConnection.ReadWrite.OwnedBy"
              },
              {
                "admin_consent_description": "Allow the app to read external datasets and content, on behalf of the signed-in user.",
                "admin_consent_display_name": "Read items in external datasets",
                "enabled": true,
                "id": "922f9392-b1b7-483c-a4be-0089be7704fb",
                "type": "Admin",
                "user_consent_description": "Allows the app to read external datasets and content that you have access to.",
                "user_consent_display_name": "Read items in external datasets",
                "value": "ExternalItem.Read.All"
              },
              {
                "admin_consent_description": "Allows the app to read and write all external items on behalf of a signed-in user. The signed-in user must be an administrator.",
                "admin_consent_display_name": "Read and write all external items",
                "enabled": true,
                "id": "b02c54f8-eb48-4c50-a9f0-a149e5a2012f",
                "type": "Admin",
                "user_consent_description": "Allows the app to read and write all external items on your behalf. The signed-in user must be an administrator.",
                "user_consent_display_name": "Read and write all external items",
                "value": "ExternalItem.ReadWrite.All"
              },
              {
                "admin_consent_description": "Allows the app to read and write external items on behalf of a signed-in user. The signed-in user must be an administrator. The app can only read external items of the connection that it is authorized to.",
                "admin_consent_display_name": "Read and write external items",
                "enabled": true,
                "id": "4367b9d7-cee7-4995-853c-a0bdfe95c1f9",
                "type": "Admin",
                "user_consent_description": "Allows the app to read and write external items on your behalf. The signed-in user must be an administrator. The app can only read external items of the connection that it is authorized to.",
                "user_consent_display_name": "Read and write external items",
                "value": "ExternalItem.ReadWrite.OwnedBy"
              },
              {
                "admin_consent_description": "Allows the app to read available properties of external user profiles, on behalf of the signed-in user.",
                "admin_consent_display_name": "Read external user profiles",
                "enabled": true,
                "id": "47167bec-55a7-4caf-9ecc-8d4566e3cfb1",
                "type": "Admin",
                "user_consent_description": "Allows the app to read available properties of external user profiles, on your behalf.",
                "user_consent_display_name": "Read external user profiles",
                "value": "ExternalUserProfile.Read.All"
              },
              {
                "admin_consent_description": "Allows the app to read and write available properties of external user profiles, on behalf of the signed-in user.",
                "admin_consent_display_name": "Read and write external user profiles",
                "enabled": true,
                "id": "c6068dc7-a791-46a4-a811-b8228e6649ab",
                "type": "Admin",
                "user_consent_description": "Allows the app to read and write available properties of external user profiles, on your behalf.",
                "user_consent_display_name": "Read and write external user profiles",
                "value": "ExternalUserProfile.ReadWrite.All"
              },
              {
                "admin_consent_description": "Allows the app to read your family information, members and their basic profile.",
                "admin_consent_display_name": "Read your family info",
                "enabled": true,
                "id": "3a1e4806-a744-4c70-80fc-223bf8582c46",
                "type": "User",
                "user_consent_description": "Allows the app to read your family information, members and their basic profile.",
                "user_consent_display_name": "Read your family info",
                "value": "Family.Read"
              },
              {
                "admin_consent_description": "Allows the app to read the signed-in user's files.",
                "admin_consent_display_name": "Read user files",
                "enabled": true,
                "id": "10465720-29dd-4523-a11a-6a75c743c9d9",
                "type": "User",
                "user_consent_description": "Allows the app to read your files.",
                "user_consent_display_name": "Read your files",
                "value": "Files.Read"
              },
              {
                "admin_consent_description": "Allows the app to read all files the signed-in user can access.",
                "admin_consent_display_name": "Read all files that user can access",
                "enabled": true,
                "id": "df85f4d6-205c-4ac5-a5ea-6bf408dba283",
                "type": "User",
                "user_consent_description": "Allows the app to read all files you can access.",
                "user_consent_display_name": "Read all files that you have access to",
                "value": "Files.Read.All"
              },
              {
                "admin_consent_description": "(Preview) Allows the app to read files that the user selects. The app has access for several hours after the user selects a file.",
                "admin_consent_display_name": "Read files that the user selects (preview)",
                "enabled": true,
                "id": "5447fe39-cb82-4c1a-b977-520e67e724eb",
                "type": "User",
                "user_consent_description": "(Preview) Allows the app to read files that you select. After you select a file, the app has access to the file for several hours.",
                "user_consent_display_name": "Read selected files",
                "value": "Files.Read.Selected"
              },
              {
                "admin_consent_description": "Allows the app to read, create, update and delete the signed-in user's files.",
                "admin_consent_display_name": "Have full access to user files",
                "enabled": true,
                "id": "5c28f0bf-8a70-41f1-8ab2-9032436ddb65",
                "type": "User",
                "user_consent_description": "Allows the app to read, create, update, and delete your files.",
                "user_consent_display_name": "Have full access to your files",
                "value": "Files.ReadWrite"
              },
              {
                "admin_consent_description": "Allows the app to read, create, update and delete all files the signed-in user can access.",
                "admin_consent_display_name": "Have full access to all files user can access",
                "enabled": true,
                "id": "863451e7-0667-486c-a5d6-d135439485f0",
                "type": "User",
                "user_consent_description": "Allows the app to read, create, update and delete all files that you can access.",
                "user_consent_display_name": "Have full access to all files you have access to",
                "value": "Files.ReadWrite.All"
              },
              {
                "admin_consent_description": "(Preview) Allows the app to read, create, update and delete files in the application's folder.",
                "admin_consent_display_name": "Have full access to the application's folder (preview)",
                "enabled": true,
                "id": "8019c312-3263-48e6-825e-2b833497195b",
                "type": "User",
                "user_consent_description": "(Preview) Allows the app to read, create, update and delete files in the application's folder.",
                "user_consent_display_name": "Have full access to the application's folder",
                "value": "Files.ReadWrite.AppFolder"
              },
              {
                "admin_consent_description": "(Preview) Allows the app to read and write files that the user selects. The app has access for several hours after the user selects a file.",
                "admin_consent_display_name": "Read and write files that the user selects (preview)",
                "enabled": true,
                "id": "17dde5bd-8c17-420f-a486-969730c1b827",
                "type": "User",
                "user_consent_description": "(Preview) Allows the app to read and write files that you select. After you select a file, the app has access to the file for several hours.",
                "user_consent_display_name": "Read and write selected files",
                "value": "Files.ReadWrite.Selected"
              },
              {
                "admin_consent_description": "Allow the application to access files explicitly permissioned to the application on behalf of the signed in user.  The specific files and the permissions granted will be configured in SharePoint Online or OneDrive.",
                "admin_consent_display_name": "Access selected Files, on behalf of the signed-in user",
                "enabled": true,
                "id": "ef2779dc-ef1b-4211-8310-8a0ac2450081",
                "type": "Admin",
                "user_consent_description": "Allow the application to access files explicitly permissioned to the application on behalf of the signed in user.  The specific files and the permissions granted will be configured in SharePoint Online or OneDrive.",
                "user_consent_display_name": "Access selected Files, on behalf of the signed-in user",
                "value": "Files.SelectedOperations.Selected"
              },
              {
                "admin_consent_description": "Allows the application to utilize the file storage container administration capabilities on behalf of an administrator user.",
                "admin_consent_display_name": "Manage all file storage containers",
                "enabled": true,
                "id": "527b6d64-cdf5-4b8b-b336-4aa0b8ca2ce5",
                "type": "Admin",
                "user_consent_description": "Allows the application to utilize the file storage container administration capabilities on behalf of an administrator user.",
                "user_consent_display_name": "Manage all file storage containers",
                "value": "FileStorageContainer.Manage.All"
              },
              {
                "admin_consent_description": "Allows the application to utilize the file storage container platform to manage containers on behalf of the signed in user. The specific file storage containers and the permissions granted to them will be configured in Microsoft 365 by the developer of each container type.",
                "admin_consent_display_name": "Access selected file storage containers",
                "enabled": true,
                "id": "085ca537-6565-41c2-aca7-db852babc212",
                "type": "Admin",
                "user_consent_description": "Allows the app to access a subset of Storage Containers on your behalf. The specific file storage containers and the permissions granted will be configured in Microsoft 365 by the developer of each container type.",
                "user_consent_display_name": "Access selected file storage containers",
                "value": "FileStorageContainer.Selected"
              },
              {
                "admin_consent_description": "Allows the app to read and write financials data on behalf of the signed-in user.",
                "admin_consent_display_name": "Read and write financials data",
                "enabled": true,
                "id": "f534bf13-55d4-45a9-8f3c-c92fe64d6131",
                "type": "User",
                "user_consent_description": "Allows the app to read and write financials data on your behalf.",
                "user_consent_display_name": "Read and write financials data",
                "value": "Financials.ReadWrite.All"
              },
              {
                "admin_consent_description": "Allows the app to read all goals and export jobs that the signed-in user can access.",
                "admin_consent_display_name": "Read all goals and export jobs that a user can access",
                "enabled": true,
                "id": "092211d9-ca1a-427b-813e-b79c7653fe71",
                "type": "Admin",
                "user_consent_description": "Allows the app to read all goals and export jobs you can access.",
                "user_consent_display_name": "Read all goals and export jobs that you have access to",
                "value": "Goals-Export.Read.All"
              },
              {
                "admin_consent_description": "Allows the app to read goals, create and read export jobs that the signed-in user can access.",
                "admin_consent_display_name": "Have full access to all goals and export jobs a user can access",
                "enabled": true,
                "id": "2edeb9fd-4228-480c-a26d-2ed52011cf3d",
                "type": "Admin",
                "user_consent_description": "Allows the app to read goals, create and read export jobs that you can access.",
                "user_consent_display_name": "Read goals, create and read export jobs that you can access",
                "value": "Goals-Export.ReadWrite.All"
              },
              {
                "admin_consent_description": "Allows the app to read group conversations that the signed-in user has access to.",
                "admin_consent_display_name": "Read group conversations",
                "enabled": true,
                "id": "c92fbbc2-50e0-4842-93ef-385c3293ea3d",
                "type": "Admin",
                "user_consent_description": "Allows the app to read group conversations that the signed-in user has access to.",
                "user_consent_display_name": "Read group conversations",
                "value": "Group-Conversation.Read.All"
              },
              {
                "admin_consent_description": "Allows the app to read and write group conversations that the signed-in user has access to.",
                "admin_consent_display_name": "Read and write group conversations",
                "enabled": true,
                "id": "302bcbb5-855a-4e49-ae20-94a331b0281e",
                "type": "Admin",
                "user_consent_description": "Allows the app to read and write group conversations that the signed-in user has access to.",
                "user_consent_display_name": "Read and write group conversations",
                "value": "Group-Conversation.ReadWrite.All"
              },
              {
                "admin_consent_description": "Allows the app to list groups, and to read their properties and all group memberships on behalf of the signed-in user.  Also allows the app to read calendar, conversations, files, and other group content for all groups the signed-in user can access.",
                "admin_consent_display_name": "Read all groups",
                "enabled": true,
                "id": "5f8c59db-677d-491f-a6b8-5f174b11ec1d",
                "type": "Admin",
                "user_consent_description": "Allows the app to list groups, and to read their properties and all group memberships on your behalf.  Also allows the app to read calendar, conversations, files, and other group content for all groups you can access.  ",
                "user_consent_display_name": "Read all groups",
                "value": "Group.Read.All"
              },
              {
                "admin_consent_description": "Allows the app to create groups and read all group properties and memberships on behalf of the signed-in user.  Additionally allows group owners to manage their groups and allows group members to update group content.",
                "admin_consent_display_name": "Read and write all groups",
                "enabled": true,
                "id": "4e46008b-f24c-477d-8fff-7bb4ec7aafe0",
                "type": "Admin",
                "user_consent_description": "Allows the app to create groups and read all group properties and memberships on your behalf.  Additionally allows the app to manage your groups and to update group content for groups you are a member of.",
                "user_consent_display_name": "Read and write all groups",
                "value": "Group.ReadWrite.All"
              },
              {
                "admin_consent_description": "Allows the app to list groups, read basic group properties and read membership of all groups the signed-in user has access to.",
                "admin_consent_display_name": "Read group memberships",
                "enabled": true,
                "id": "bc024368-1153-4739-b217-4326f2e966d0",
                "type": "Admin",
                "user_consent_description": "Allows the app to list groups, read basic group properties and read membership of all your groups.",
                "user_consent_display_name": "Read group memberships",
                "value": "GroupMember.Read.All"
              },
              {
                "admin_consent_description": "Allows the app to list groups, read basic properties, read and update the membership of the groups the signed-in user has access to. Group properties and owners cannot be updated and groups cannot be deleted.",
                "admin_consent_display_name": "Read and write group memberships",
                "enabled": true,
                "id": "f81125ac-d3b7-4573-a3b2-7099cc39df9e",
                "type": "Admin",
                "user_consent_description": "Allows the app to list groups, read basic properties, read and update the membership of your groups. Group properties and owners cannot be updated and groups cannot be deleted.",
                "user_consent_display_name": "Read and write group memberships",
                "value": "GroupMember.ReadWrite.All"
              },
              {
                "admin_consent_description": "Allows the app to read a list of tenant-level or group-specific group settings objects, on behalf of the signed-in user.",
                "admin_consent_display_name": "Read all group settings that user can access",
                "enabled": true,
                "id": "2eb2bc92-94ef-4c6b-b4ab-2a09bc975e0e",
                "type": "Admin",
                "user_consent_description": "Allows the app to read a list of tenant-level or group-specific group settings objects, on your behalf.",
                "user_consent_display_name": "Read all group settings that user can access",
                "value": "GroupSettings.Read.All"
              },
              {
                "admin_consent_description": "Allows the app to create, read, update, and delete on the list of tenant-level or group-specific group settings objects that you have access to in the organization, on behalf of the signed-in user.",
                "admin_consent_display_name": "Read and write all group settings that user can access",
                "enabled": true,
                "id": "c1691a6d-99e2-4cfa-b4b5-9e4d67dc0f36",
                "type": "Admin",
                "user_consent_description": "Allows the app to create, read, update, and delete on the list of tenant-level or group-specific group settings objects that you have access to in the organization, on your behalf.",
                "user_consent_display_name": "Read and write all group settings that user can access",
                "value": "GroupSettings.ReadWrite.All"
              },
              {
                "admin_consent_description": "Allows the app to read all scenario health monitoring alerts",
                "admin_consent_display_name": "Read all scenario health monitoring alerts",
                "enabled": true,
                "id": "74b4ff32-4917-4536-a66d-38a4861e6220",
                "type": "Admin",
                "user_consent_description": "Allows the app to read all scenario health monitoring alerts, on your behalf.",
                "user_consent_display_name": "Read all alerts",
                "value": "HealthMonitoringAlert.Read.All"
              },
              {
                "admin_consent_description": "Allows the app to read and write all scenario monitoring alerts, on behalf of the signed-in user.",
                "admin_consent_display_name": "Read and write all scenario monitoring alerts",
                "enabled": true,
                "id": "b7c60f27-2195-4d5f-96a7-6b98bdfd9664",
                "type": "Admin",
                "user_consent_description": "Allows the app to read and write all scenario monitoring alerts, on your behalf.",
                "user_consent_display_name": "Read and write all scenario monitoring alerts",
                "value": "HealthMonitoringAlert.ReadWrite.All"
              },
              {
                "admin_consent_description": "Allows the app to read all scenario health monitoring alert configurations",
                "admin_consent_display_name": "Read all scenario health monitoring alert configurations",
                "enabled": true,
                "id": "fb873030-8626-47e6-96ff-8a5bff3b725f",
                "type": "Admin",
                "user_consent_description": "Allows the app to read all scenario health monitoring alert configurations, on your behalf.",
                "user_consent_display_name": "Read all alert configurations",
                "value": "HealthMonitoringAlertConfig.Read.All"
              },
              {
                "admin_consent_description": "Allows the app to read and write all scenario monitoring alert configurations, on behalf of the signed-in user.",
                "admin_consent_display_name": "Read and write all scenario monitoring alert configurations.",
                "enabled": true,
                "id": "b3e5ebc6-1c23-4337-8286-3f27165addb4",
                "type": "Admin",
                "user_consent_description": "Allows the app to read and write all scenario monitoring alert configurations, on your behalf.",
                "user_consent_display_name": "Read and write all scenario monitoring alert configurations",
                "value": "HealthMonitoringAlertConfig.ReadWrite.All"
              },
              {
                "admin_consent_description": "Allows the app to read your organization’s identity (authentication) providers’ properties on behalf of the user.",
                "admin_consent_display_name": "Read identity providers",
                "enabled": true,
                "id": "43781733-b5a7-4d1b-98f4-e8edff23e1a9",
                "type": "Admin",
                "user_consent_description": "Allows the app to read your organization’s identity (authentication) providers’ properties on your behalf.",
                "user_consent_display_name": "Read identity providers",
                "value": "IdentityProvider.Read.All"
              },
              {
                "admin_consent_description": "Allows the app to read and write your organization’s identity (authentication) providers’ properties on behalf of the user.",
                "admin_consent_display_name": "Read and write identity providers",
                "enabled": true,
                "id": "f13ce604-1677-429f-90bd-8a10b9f01325",
                "type": "Admin",
                "user_consent_description": "Allows the app to read and write your organization’s identity (authentication) providers’ properties on your behalf.",
                "user_consent_display_name": "Read and write identity providers",
                "value": "IdentityProvider.ReadWrite.All"
              },
              {
                "admin_consent_description": "Allows the app to read identity risk event information for all users in your organization on behalf of the signed-in user.",
                "admin_consent_display_name": "Read identity risk event information",
                "enabled": true,
                "id": "8f6a01e7-0391-4ee5-aa22-a3af122cef27",
                "type": "Admin",
                "user_consent_description": "Allows the app to read identity risk event information for all users in your organization on behalf of the signed-in user.",
                "user_consent_display_name": "Read identity risk event information",
                "value": "IdentityRiskEvent.Read.All"
              },
              {
                "admin_consent_description": "Allows the app to read and update identity risk event information for all users in your organization on behalf of the signed-in user. Update operations include confirming risk event detections. ",
                "admin_consent_display_name": "Read and write risk event information",
                "enabled": true,
                "id": "9e4862a5-b68f-479e-848a-4e07e25c9916",
                "type": "Admin",
                "user_consent_description": "Allows the app to read and update identity risk event information for all users in your organization on your behalf. Update operations include confirming risk event detections. ",
                "user_consent_display_name": "Read and write risk event information",
                "value": "IdentityRiskEvent.ReadWrite.All"
              },
              {
                "admin_consent_description": "Allows the app to read all identity risky service principal information for your organization, on behalf of the signed-in user.",
                "admin_consent_display_name": "Read all identity risky service principal information",
                "enabled": true,
                "id": "ea5c4ab0-5a73-4f35-8272-5d5337884e5d",
                "type": "Admin",
                "user_consent_description": "Allows the app to read all identity risky service principal information for your organization, on your behalf.",
                "user_consent_display_name": "Read all identity risky service principal information",
                "value": "IdentityRiskyServicePrincipal.Read.All"
              },
              {
                "admin_consent_description": "Allows the app to read and update identity risky service principal information for all service principals in your organization, on behalf of the signed-in user. Update operations include dismissing risky service principals.",
                "admin_consent_display_name": "Read and write all identity risky service principal information",
                "enabled": true,
                "id": "bb6f654c-d7fd-4ae3-85c3-fc380934f515",
                "type": "Admin",
                "user_consent_description": "Allows the app to read and update identity risky service principal information for all service principals in your organization, on your behalf. Update operations include dismissing risky service principals.",
                "user_consent_display_name": "Read and write all identity risky service principal information",
                "value": "IdentityRiskyServicePrincipal.ReadWrite.All"
              },
              {
                "admin_consent_description": "Allows the app to read identity risky user information for all users in your organization on behalf of the signed-in user.",
                "admin_consent_display_name": "Read identity risky user information",
                "enabled": true,
                "id": "d04bb851-cb7c-4146-97c7-ca3e71baf56c",
                "type": "Admin",
                "user_consent_description": "Allows the app to read identity risky user information for all users in your organization on behalf of the signed-in user.",
                "user_consent_display_name": "Read identity risky user information",
                "value": "IdentityRiskyUser.Read.All"
              },
              {
                "admin_consent_description": "Allows the app to read and update identity risky user information for all users in your organization on behalf of the signed-in user. Update operations include dismissing risky users.",
                "admin_consent_display_name": "Read and write risky user information",
                "enabled": true,
                "id": "e0a7cdbb-08b0-4697-8264-0069786e9674",
                "type": "Admin",
                "user_consent_description": "Allows the app to read and update identity risky user information for all users in your organization on your behalf. Update operations include dismissing risky users.",
                "user_consent_display_name": "Read and write identity risky user information",
                "value": "IdentityRiskyUser.ReadWrite.All"
              },
              {
                "admin_consent_description": "Allows the app to read your organization's user flows, on behalf of the signed-in user.",
                "admin_consent_display_name": "Read all identity user flows",
                "enabled": true,
                "id": "2903d63d-4611-4d43-99ce-a33f3f52e343",
                "type": "Admin",
                "user_consent_description": "Allows the app to read your organization's user flows, on your behalf.",
                "user_consent_display_name": "Read all identity user flows",
                "value": "IdentityUserFlow.Read.All"
              },
              {
                "admin_consent_description": "Allows the app to read or write your organization's user flows, on behalf of the signed-in user.",
                "admin_consent_display_name": "Read and write all identity user flows",
                "enabled": true,
                "id": "281892cc-4dbf-4e3a-b6cc-b21029bb4e82",
                "type": "Admin",
                "user_consent_description": "Allows the app to read or write your organization's user flows, on your behalf.",
                "user_consent_display_name": "Read and write all identity user flows",
                "value": "IdentityUserFlow.ReadWrite.All"
              },
              {
                "admin_consent_description": "Allows the app to have the same access to mailboxes as the signed-in user via IMAP protocol.",
                "admin_consent_display_name": "Read and write access to mailboxes via IMAP.",
                "enabled": true,
                "id": "652390e4-393a-48de-9484-05f9b1212954",
                "type": "User",
                "user_consent_description": "Allows the app to read, update, create and delete email in your mailbox. Does not include permission to send mail.",
                "user_consent_display_name": "Read and write access to your mail.",
                "value": "IMAP.AccessAsUser.All"
              },
              {
                "admin_consent_description": "Allows the app to read data connectors on behalf of the signed-in user.",
                "admin_consent_display_name": "View data connector definitions",
                "enabled": true,
                "id": "d19c0de5-7ecb-4aba-b090-da35ebcd5425",
                "type": "Admin",
                "user_consent_description": "Allows the app to read data connectors on your behalf.",
                "user_consent_display_name": "View data connector definitions",
                "value": "IndustryData-DataConnector.Read.All"
              },
              {
                "admin_consent_description": "Allows the app to read and write data connectors on behalf of the signed-in user.",
                "admin_consent_display_name": "Manage data connector definitions",
                "enabled": true,
                "id": "5ce933ac-3997-4280-aed0-cc072e5c062a",
                "type": "Admin",
                "user_consent_description": "Allows the app to read and write data connectors on your behalf.",
                "user_consent_display_name": "Manage data connector definitions",
                "value": "IndustryData-DataConnector.ReadWrite.All"
              },
              {
                "admin_consent_description": "Allows the app to upload data files to a data connector on behalf of the signed-in user.",
                "admin_consent_display_name": "Upload files to a data connector",
                "enabled": true,
                "id": "fc47391d-ab2c-410f-9059-5600f7af660d",
                "type": "Admin",
                "user_consent_description": "Allows the app to upload data files to a data connector on your behalf.",
                "user_consent_display_name": "Upload files to a data connector",
                "value": "IndustryData-DataConnector.Upload"
              },
              {
                "admin_consent_description": "Allows the app to read inbound data flows on behalf of the signed-in user.",
                "admin_consent_display_name": "View inbound flow definitions",
                "enabled": true,
                "id": "cb0774da-a605-42af-959c-32f438fb38f4",
                "type": "Admin",
                "user_consent_description": "Allows the app to read inbound data flows on your behalf.",
                "user_consent_display_name": "View inbound flow definitions",
                "value": "IndustryData-InboundFlow.Read.All"
              },
              {
                "admin_consent_description": "Allows the app to read and write inbound data flows on behalf of the signed-in user.",
                "admin_consent_display_name": "Manage inbound flow definitions",
                "enabled": true,
                "id": "97044676-2cec-40ee-bd70-38df444c9e70",
                "type": "Admin",
                "user_consent_description": "Allows the app to read and write inbound data flows on your behalf.",
                "user_consent_display_name": "Manage inbound flow definitions",
                "value": "IndustryData-InboundFlow.ReadWrite.All"
              },
              {
                "admin_consent_description": "Allows the app to read outbound data flows on behalf of the signed-in user.",
                "admin_consent_display_name": "View outbound flow definitions",
                "enabled": true,
                "id": "4741a003-8952-4be4-9217-33a0ac327122",
                "type": "Admin",
                "user_consent_description": "Allows the app to read outbound data flows on your behalf.",
                "user_consent_display_name": "View outbound flow definitions",
                "value": "IndustryData-OutboundFlow.Read.All"
              },
              {
                "admin_consent_description": "Allows the app to read and write outbound data flows on behalf of the signed-in user.",
                "admin_consent_display_name": "Manage outbound flow definitions",
                "enabled": true,
                "id": "aeb68e0b-e562-4a1f-b6dd-3484ad0cbb4b",
                "type": "Admin",
                "user_consent_description": "Allows the app to read and write outbound data flows on your behalf.",
                "user_consent_display_name": "Manage outbound flow definitions",
                "value": "IndustryData-OutboundFlow.ReadWrite.All"
              },
              {
                "admin_consent_description": "Allows the app to read reference definitions on behalf of the signed-in user.",
                "admin_consent_display_name": "View reference definitions",
                "enabled": true,
                "id": "a3f96ffe-cb84-40a8-ac85-582d7ef97c2a",
                "type": "Admin",
                "user_consent_description": "Allows the app to read reference definitions on your behalf.",
                "user_consent_display_name": "View reference definitions",
                "value": "IndustryData-ReferenceDefinition.Read.All"
              },
              {
                "admin_consent_description": "Allows the app to read and write reference definitions on behalf of the signed-in user.",
                "admin_consent_display_name": "Manage reference definitions",
                "enabled": true,
                "id": "a757d430-be6d-430f-af57-28aabe79d247",
                "type": "Admin",
                "user_consent_description": "Allows the app to read and write reference definitions on your behalf.",
                "user_consent_display_name": "Manage reference definition",
                "value": "IndustryData-ReferenceDefinition.ReadWrite.All"
              },
              {
                "admin_consent_description": "Allows the app to read current and previous IndustryData runs on behalf of the signed-in user.",
                "admin_consent_display_name": "View current and previous runs",
                "enabled": true,
                "id": "92685235-50c4-4702-b2c8-36043db6fa79",
                "type": "Admin",
                "user_consent_description": "Allows the app to read current and previous IndustryData runs on your behalf.",
                "user_consent_display_name": "View current and previous runs",
                "value": "IndustryData-Run.Read.All"
              },
              {
                "admin_consent_description": "Allows the app to view and start IndustryData runs on behalf of the signed-in user.",
                "admin_consent_display_name": "View and start runs",
                "enabled": true,
                "id": "f03a6d0e-0989-460f-80b2-e57c8561763e",
                "type": "Admin",
                "user_consent_description": "Allows the app to view and start IndustryData runs on your behalf.",
                "user_consent_display_name": "View and start runs",
                "value": "IndustryData-Run.Start"
              },
              {
                "admin_consent_description": "Allows the app to read source system definitions on behalf of the signed-in user.",
                "admin_consent_display_name": "View source system definitions",
                "enabled": true,
                "id": "49b7016c-89ae-41e7-bd6f-b7170c5490bf",
                "type": "Admin",
                "user_consent_description": "Allows the app to read source system definitions on your behalf.",
                "user_consent_display_name": "View source system definitions",
                "value": "IndustryData-SourceSystem.Read.All"
              },
              {
                "admin_consent_description": "Allows the app to read and write source system definitions on behalf of the signed-in user.",
                "admin_consent_display_name": "Manage source system definitions",
                "enabled": true,
                "id": "9599f005-05d6-4ea7-b1b1-4929768af5d0",
                "type": "Admin",
                "user_consent_description": "Allows the app to read and write source system definitions on your behalf.",
                "user_consent_display_name": "Manage source system definitions",
                "value": "IndustryData-SourceSystem.ReadWrite.All"
              },
              {
                "admin_consent_description": "Allows the app to read time period definitions on behalf of the signed-in user.",
                "admin_consent_display_name": "Read time period definitions",
                "enabled": true,
                "id": "c9d51f28-8ccd-42b2-a836-fd8fe9ebf2ae",
                "type": "Admin",
                "user_consent_description": "Allows the app to read time period definitions on your behalf.",
                "user_consent_display_name": "Read time period definitions",
                "value": "IndustryData-TimePeriod.Read.All"
              },
              {
                "admin_consent_description": "Allows the app to read and write time period definitions on behalf of the signed-in user.",
                "admin_consent_display_name": "Manage time period definitions",
                "enabled": true,
                "id": "b6d56528-3032-4f9d-830f-5a24a25e6661",
                "type": "Admin",
                "user_consent_description": "Allows the app to read and write time period definitions on your behalf.",
                "user_consent_display_name": "Manage time period definitions",
                "value": "IndustryData-TimePeriod.ReadWrite.All"
              },
              {
                "admin_consent_description": "Allows the app to read basic Industry Data service and resource information on behalf of the signed-in user.",
                "admin_consent_display_name": "Read basic Industry Data service and resource definitions",
                "enabled": true,
                "id": "60382b96-1f5e-46ea-a544-0407e489e588",
                "type": "User",
                "user_consent_description": "Allows the app to read Industry Data basic service and resource information on your behalf.",
                "user_consent_display_name": "Read basic Industry Data service and resource definitions",
                "value": "IndustryData.ReadBasic.All"
              },
              {
                "admin_consent_description": "Allows the app to read the configurations applicable to the signed-in user for protecting organizational data, on behalf of the signed-in user.",
                "admin_consent_display_name": "Read configurations for protecting organizational data applicable to the user",
                "enabled": true,
                "id": "12f4bffb-b598-413c-984b-db99728f8b54",
                "type": "Admin",
                "user_consent_description": "Allows the app to read the configurations applicable to you for protecting organizational data, on your behalf.",
                "user_consent_display_name": "Read configurations for protecting organizational data applicable to you",
                "value": "InformationProtectionConfig.Read"
              },
              {
                "admin_consent_description": "Allows an app to read information protection sensitivity labels and label policy settings, on behalf of the signed-in user.",
                "admin_consent_display_name": "Read user sensitivity labels and label policies.",
                "enabled": true,
                "id": "4ad84827-5578-4e18-ad7a-86530b12f884",
                "type": "User",
                "user_consent_description": "Allows an app to read information protection sensitivity labels and label policy settings, on behalf of the signed-in user.",
                "user_consent_display_name": "Read user sensitivity labels and label policies.",
                "value": "InformationProtectionPolicy.Read"
              },
              {
                "admin_consent_description": "Allows an app to read user metrics insights, such as daily and monthly active users, on behalf of the signed-in user.",
                "admin_consent_display_name": "Read user metrics insights",
                "enabled": true,
                "id": "7d249730-51a3-4180-8ec1-214f144f1bff",
                "type": "Admin",
                "user_consent_description": "Allows an app to read user metrics insights, such as daily and monthly active users, on your behalf.",
                "user_consent_display_name": "Read user metrics insights",
                "value": "Insights-UserMetric.Read.All"
              },
              {
                "admin_consent_description": "Allows the app to read data for the learner's assignments in the organization's directory, on behalf of the signed-in user.",
                "admin_consent_display_name": "Read user's assignments",
                "enabled": true,
                "id": "ac08cdae-e845-41db-adf9-5899a0ec9ef6",
                "type": "User",
                "user_consent_description": "Allows the app to read data for your assignments in the organization's directory, on your behalf.",
                "user_consent_display_name": "Read your assignments",
                "value": "LearningAssignedCourse.Read"
              },
              {
                "admin_consent_description": "Allows the app to read learning content in the organization's directory, on behalf of the signed-in user.",
                "admin_consent_display_name": "Read learning content",
                "enabled": true,
                "id": "ea4c1fd9-6a9f-4432-8e5d-86e06cc0da77",
                "type": "Admin",
                "user_consent_description": "Allows the app to read learning content in the organization's directory, on your behalf.",
                "user_consent_display_name": "Read learning content",
                "value": "LearningContent.Read.All"
              },
              {
                "admin_consent_description": "Allows the app to manage learning content in the organization's directory, on behalf of the signed-in user.",
                "admin_consent_display_name": "Manage learning content",
                "enabled": true,
                "id": "53cec1c4-a65f-4981-9dc1-ad75dbf1c077",
                "type": "Admin",
                "user_consent_description": "Allows the app to manage learning content in the organization's directory, on your behalf.",
                "user_consent_display_name": "Manage learning content",
                "value": "LearningContent.ReadWrite.All"
              },
              {
                "admin_consent_description": "Allows the app to read data for the learning provider in the organization's directory, on behalf of the signed-in user.",
                "admin_consent_display_name": "Read learning provider",
                "enabled": true,
                "id": "dd8ce36f-9245-45ea-a99e-8ac398c22861",
                "type": "Admin",
                "user_consent_description": "Allows the app to read data for the learning provider in the organization's directory, on your behalf.",
                "user_consent_display_name": "Read learning provider",
                "value": "LearningProvider.Read"
              },
              {
                "admin_consent_description": "Allows the app to create, update, read, and delete data for the learning provider in the organization's directory, on behalf of the signed-in user.",
                "admin_consent_display_name": "Manage learning provider",
                "enabled": true,
                "id": "40c2eb57-abaf-49f5-9331-e90fd01f7130",
                "type": "Admin",
                "user_consent_description": "Allows the app to create, update, read, and delete data for the learning provider in the organization's directory, on your behalf.",
                "user_consent_display_name": "Manage learning provider",
                "value": "LearningProvider.ReadWrite"
              },
              {
                "admin_consent_description": "Allows the app to read data for the learner's self-initiated courses in the organization's directory, on behalf of the signed-in user.",
                "admin_consent_display_name": "Read user's self-initiated courses",
                "enabled": true,
                "id": "f6403ef7-4a96-47be-a190-69ba274c3f11",
                "type": "User",
                "user_consent_description": "Allows the app to read data for your self-initiated courses in the organization's directory, on your behalf.",
                "user_consent_display_name": "Read your self-initiated courses",
                "value": "LearningSelfInitiatedCourse.Read"
              },
              {
                "admin_consent_description": "Allows an app to read license assignments for users and groups, on behalf of the signed-in user.",
                "admin_consent_display_name": "Read all license assignments.",
                "enabled": true,
                "id": "f395577a-0960-456b-979f-7228de0c5996",
                "type": "User",
                "user_consent_description": "Allows the app to read all license assignments, on your behalf.",
                "user_consent_display_name": "Read all license assignments.",
                "value": "LicenseAssignment.Read.All"
              },
              {
                "admin_consent_description": "Allows an app to manage license assignments for users and groups, on behalf of the signed-in user.",
                "admin_consent_display_name": "Manage all license assignments",
                "enabled": true,
                "id": "f55016cc-149c-447e-8f21-7cf3ec1d6350",
                "type": "Admin",
                "user_consent_description": "Allows the app to manage all license assignments, on your behalf.",
                "user_consent_display_name": "Manage all license assignments",
                "value": "LicenseAssignment.ReadWrite.All"
              },
              {
                "admin_consent_description": "Allows the app to read all Lifecycle workflows custom task extensions on behalf of a signed-in user.",
                "admin_consent_display_name": "Read all Lifecycle workflows custom task extensions",
                "enabled": true,
                "id": "2973a298-1d69-4f87-8d30-7025f0ec19d7",
                "type": "Admin",
                "user_consent_description": "Allows the app to read all Lifecycle workflows custom task extensions on your behalf.",
                "user_consent_display_name": "Read all Lifecycle workflows custom task extensions",
                "value": "LifecycleWorkflows-CustomExt.Read.All"
              },
              {
                "admin_consent_description": "Allows the app to create, update, list, read and delete all Lifecycle workflows custom task extensions on behalf of a signed-in user.",
                "admin_consent_display_name": "Read and write all Lifecycle workflows custom task extensions",
                "enabled": true,
                "id": "ef6bafb1-3019-4a22-a332-103aff92225f",
                "type": "Admin",
                "user_consent_description": "Allows the app to create, update, list, read and delete all Lifecycle workflows custom task extensions on your behalf.",
                "user_consent_display_name": "Read and write all Lifecycle workflows custom task extensions",
                "value": "LifecycleWorkflows-CustomExt.ReadWrite.All"
              },
              {
                "admin_consent_description": "Allows the app to read all Lifecycle workflows reports on behalf of a signed-in user.",
                "admin_consent_display_name": "Read all Lifecycle workflows reports",
                "enabled": true,
                "id": "4d3d7f81-163f-426a-8432-5638d2e82083",
                "type": "Admin",
                "user_consent_description": "Allows the app to read all Lifecycle workflows reports on your behalf.",
                "user_consent_display_name": "Read all Lifecycle workflows reports",
                "value": "LifecycleWorkflows-Reports.Read.All"
              },
              {
                "admin_consent_description": "Allows the app to run workflows on-demand on behalf of a signed-in user.",
                "admin_consent_display_name": "Run workflows on-demand in Lifecycle workflows",
                "enabled": true,
                "id": "df1c25b3-072c-45cd-8403-c63441e4cca1",
                "type": "Admin",
                "user_consent_description": "Allows the app to run workflows on-demand on your behalf.",
                "user_consent_display_name": "Run workflows on-demand in Lifecycle workflows",
                "value": "LifecycleWorkflows-Workflow.Activate"
              },
              {
                "admin_consent_description": "Allows the app to list and read all workflows and tasks on behalf of a signed-in user.",
                "admin_consent_display_name": "Read all workflows in Lifecycle workflows",
                "enabled": true,
                "id": "7fabe5bd-2e47-4e61-b924-327117024e18",
                "type": "Admin",
                "user_consent_description": "Allows the app to list and read all workflows and tasks on your behalf.",
                "user_consent_display_name": "Read all workflows in Lifecycle workflows",
                "value": "LifecycleWorkflows-Workflow.Read.All"
              },
              {
                "admin_consent_description": "Allows the app to list all workflows on behalf of a signed-in user.",
                "admin_consent_display_name": "List all workflows in Lifecycle workflows",
                "enabled": true,
                "id": "789c445d-433c-4575-a1fc-367a58a1bd4a",
                "type": "Admin",
                "user_consent_description": "Allows the app to list all workflows on your behalf.",
                "user_consent_display_name": "List all workflows in Lifecycle workflows",
                "value": "LifecycleWorkflows-Workflow.ReadBasic.All"
              },
              {
                "admin_consent_description": "Allows the app to create, update, list, read and delete all workflows and tasks in lifecycle workflows on behalf of a signed-in user.",
                "admin_consent_display_name": "Read and write all workflows in Lifecycle workflows",
                "enabled": true,
                "id": "29e49f0c-a053-4cc5-a4b1-7da0c8c1e643",
                "type": "Admin",
                "user_consent_description": "Allows the app to create, update, list, read and delete all workflows and tasks in lifecycle workflows on your behalf.",
                "user_consent_display_name": "Read and write all workflows in Lifecycle workflows",
                "value": "LifecycleWorkflows-Workflow.ReadWrite.All"
              },
              {
                "admin_consent_description": "Allows the app to list and read all workflows, tasks and related lifecycle workflows resources on behalf of the signed-in user.",
                "admin_consent_display_name": "Read all lifecycle workflows resources",
                "enabled": true,
                "id": "9bcb9916-765a-42af-bf77-02282e26b01a",
                "type": "Admin",
                "user_consent_description": "Allows the app to list and read all workflows, tasks and related lifecycle workflows resources on your behalf.",
                "user_consent_display_name": "Read all lifecycle workflows resources",
                "value": "LifecycleWorkflows.Read.All"
              },
              {
                "admin_consent_description": "Allows the app to create, update, list, read and delete all workflows, tasks and related lifecycle workflows resources on behalf of the signed-in user.",
                "admin_consent_display_name": "Read and write all lifecycle workflows resources",
                "enabled": true,
                "id": "84b9d731-7db8-4454-8c90-fd9e95350179",
                "type": "Admin",
                "user_consent_description": "Allows the app to create, update, list, read and delete all workflows, tasks and related lifecycle workflows resources on your behalf.",
                "user_consent_display_name": "Read and write all lifecycle workflows resources",
                "value": "LifecycleWorkflows.ReadWrite.All"
              },
              {
                "admin_consent_description": "Allow the application to access a subset of listitems on behalf of the signed in user.  The specific listitems and the permissions granted will be configured in SharePoint Online.",
                "admin_consent_display_name": "Access selected ListItems, on behalf of the signed-in user",
                "enabled": true,
                "id": "d6d361b3-211a-4191-9fa7-15f72de4aac4",
                "type": "Admin",
                "user_consent_description": "Allow the application to access a subset of listitems on behalf of the signed in user.  The specific listitems and the permissions granted will be configured in SharePoint Online.",
                "user_consent_display_name": "Access selected ListItems, on behalf of the signed-in user",
                "value": "ListItems.SelectedOperations.Selected"
              },
              {
                "admin_consent_description": "Allow the application to access a subset of lists on behalf of the signed in user.  The specific lists and the permissions granted will be configured in SharePoint Online.",
                "admin_consent_display_name": "Access selected Lists, on behalf of the signed-in user",
                "enabled": true,
                "id": "033b51ee-d6fa-4add-b627-ee680c7212b5",
                "type": "Admin",
                "user_consent_description": "Allow the application to access a subset of lists on behalf of the signed in user.  The specific lists and the permissions granted will be configured in SharePoint Online.",
                "user_consent_display_name": "Access selected Lists, on behalf of the signed-in user",
                "value": "Lists.SelectedOperations.Selected"
              },
              {
                "admin_consent_description": "Allows the app to read the signed-in user's mailbox.",
                "admin_consent_display_name": "Read user mail ",
                "enabled": true,
                "id": "570282fd-fa5c-430d-a7fd-fc8dc98a9dca",
                "type": "User",
                "user_consent_description": "Allows the app to read email in your mailbox.",
                "user_consent_display_name": "Read your mail ",
                "value": "Mail.Read"
              },
              {
                "admin_consent_description": "Allows the app to read mail a user can access, including their own and shared mail.",
                "admin_consent_display_name": "Read user and shared mail",
                "enabled": true,
                "id": "7b9103a5-4610-446b-9670-80643382c1fa",
                "type": "User",
                "user_consent_description": "Allows the app to read mail you can access, including shared mail.",
                "user_consent_display_name": "Read mail you can access",
                "value": "Mail.Read.Shared"
              },
              {
                "admin_consent_description": "Allows the app to read email in the signed-in user's mailbox except body, previewBody, attachments and any extended properties.",
                "admin_consent_display_name": "Read user basic mail",
                "enabled": true,
                "id": "a4b8392a-d8d1-4954-a029-8e668a39a170",
                "type": "User",
                "user_consent_description": "Allows the app to read email in the signed-in user's mailbox except body, previewBody, attachments and any extended properties.",
                "user_consent_display_name": "Read user basic mail",
                "value": "Mail.ReadBasic"
              },
              {
                "admin_consent_description": "Allows the app to read mail the signed-in user can access, including their own and shared mail, except for body, bodyPreview, uniqueBody, attachments, extensions, and any extended properties.",
                "admin_consent_display_name": "Read user and shared basic mail",
                "enabled": true,
                "id": "b11fa0e7-fdb7-4dc9-b1f1-59facd463480",
                "type": "User",
                "user_consent_description": "Allows the app to read mail you can access, including shared mail except body, previewBody, uniqueBody, attachments, extensions, and any extended properties.",
                "user_consent_display_name": "Read basic mail you can access",
                "value": "Mail.ReadBasic.Shared"
              },
              {
                "admin_consent_description": "Allows the app to create, read, update, and delete email in user mailboxes. Does not include permission to send mail.",
                "admin_consent_display_name": "Read and write access to user mail ",
                "enabled": true,
                "id": "024d486e-b451-40bb-833d-3e66d98c5c73",
                "type": "User",
                "user_consent_description": "Allows the app to read, update, create and delete email in your mailbox. Does not include permission to send mail.",
                "user_consent_display_name": "Read and write access to your mail ",
                "value": "Mail.ReadWrite"
              },
              {
                "admin_consent_description": "Allows the app to create, read, update, and delete mail a user has permission to access, including their own and shared mail. Does not include permission to send mail.",
                "admin_consent_display_name": "Read and write user and shared mail",
                "enabled": true,
                "id": "5df07973-7d5d-46ed-9847-1271055cbd51",
                "type": "User",
                "user_consent_description": "Allows the app to read, update, create, and delete mail you have permission to access, including your own and shared mail. Does not allow the app to send mail on your behalf.",
                "user_consent_display_name": "Read and write mail you can access",
                "value": "Mail.ReadWrite.Shared"
              },
              {
                "admin_consent_description": "Allows the app to send mail as users in the organization.",
                "admin_consent_display_name": "Send mail as a user ",
                "enabled": true,
                "id": "e383f46e-2787-4529-855e-0e479a3ffac0",
                "type": "User",
                "user_consent_description": "Allows the app to send mail as you.",
                "user_consent_display_name": "Send mail as you ",
                "value": "Mail.Send"
              },
              {
                "admin_consent_description": "Allows the app to send mail as the signed-in user, including sending on-behalf of others.",
                "admin_consent_display_name": "Send mail on behalf of others",
                "enabled": true,
                "id": "a367ab51-6b49-43bf-a716-a1fb06d2a174",
                "type": "User",
                "user_consent_description": "Allows the app to send mail as you or on-behalf of someone else.",
                "user_consent_display_name": "Send mail on behalf of others or yourself",
                "value": "Mail.Send.Shared"
              },
              {
                "admin_consent_description": "Allows the app to read the user's mailbox folders, on behalf of the signed-in user.",
                "admin_consent_display_name": "Read a user's mailbox folders",
                "enabled": true,
                "id": "52dc2051-4958-4636-8f2a-281d39c6981c",
                "type": "User",
                "user_consent_description": "Allows the app to read your mailbox folders, on your behalf",
                "user_consent_display_name": "Read your mailbox folders",
                "value": "MailboxFolder.Read"
              },
              {
                "admin_consent_description": "Allows the app to read and write the user's mailbox folders, on behalf of the signed-in user.",
                "admin_consent_display_name": "Read and write a user's mailbox folders",
                "enabled": true,
                "id": "077fde41-7e0b-4c5b-bcd1-e9d743a30c80",
                "type": "User",
                "user_consent_description": "Allows the app to read and write your mailbox folders, on your behalf",
                "user_consent_display_name": "Read and write your mailbox folders",
                "value": "MailboxFolder.ReadWrite"
              },
              {
                "admin_consent_description": "Allows the app to backup, restore, and modify mailbox items on behalf of the signed-in user.",
                "admin_consent_display_name": "Allows the app to perform backup and restore of mailbox items",
                "enabled": true,
                "id": "df96e8a0-f4e1-4ecf-8d83-a429f822cbd6",
                "type": "Admin",
                "user_consent_description": "Allows the app to backup, restore, and modify your mailbox items on your behalf.",
                "user_consent_display_name": "Allows the app to perform backup and restore of mailbox items",
                "value": "MailboxItem.ImportExport"
              },
              {
                "admin_consent_description": "Allows the app to read the user's mailbox items, on behalf of the signed-in user.",
                "admin_consent_display_name": "Read a user's mailbox items",
                "enabled": true,
                "id": "82305458-296d-4edd-8b0b-74dd74c34526",
                "type": "User",
                "user_consent_description": "Allows the app to read your mailbox items, on your behalf",
                "user_consent_display_name": "Read your mailbox items",
                "value": "MailboxItem.Read"
              },
              {
                "admin_consent_description": "Allows the app to the read user's mailbox settings. Does not include permission to send mail.",
                "admin_consent_display_name": "Read user mailbox settings",
                "enabled": true,
                "id": "87f447af-9fa4-4c32-9dfa-4a57a73d18ce",
                "type": "User",
                "user_consent_description": "Allows the app to read your mailbox settings.",
                "user_consent_display_name": "Read your mailbox settings",
                "value": "MailboxSettings.Read"
              },
              {
                "admin_consent_description": "Allows the app to create, read, update, and delete user's mailbox settings. Does not include permission to send mail.",
                "admin_consent_display_name": "Read and write user mailbox settings",
                "enabled": true,
                "id": "818c620a-27a9-40bd-a6a5-d96f7d610b4b",
                "type": "User",
                "user_consent_description": "Allows the app to read, update, create, and delete your mailbox settings.",
                "user_consent_display_name": "Read and write to your mailbox settings",
                "value": "MailboxSettings.ReadWrite"
              },
              {
                "admin_consent_description": "Allows the app to read all managed tenant information on behalf of the signed-in user.",
                "admin_consent_display_name": "Read all managed tenant information",
                "enabled": true,
                "id": "dc34164e-6c4a-41a0-be89-3ae2fbad7cd3",
                "type": "Admin",
                "user_consent_description": "Allows the app to read all managed tenant information on your behalf.",
                "user_consent_display_name": "Read all managed tenant information",
                "value": "ManagedTenants.Read.All"
              },
              {
                "admin_consent_description": "Allows the app to read and write all managed tenant information on behalf of the signed-in user.",
                "admin_consent_display_name": "Read and write all managed tenant information",
                "enabled": true,
                "id": "b31fa710-c9b3-4d9e-8f5e-8036eecddab9",
                "type": "Admin",
                "user_consent_description": "Allows the app to read and write all managed tenant information on your behalf.",
                "user_consent_display_name": "Read and write all managed tenant information",
                "value": "ManagedTenants.ReadWrite.All"
              },
              {
                "admin_consent_description": "Allows the app to read the memberships of hidden groups and administrative units on behalf of the signed-in user, for those hidden groups and administrative units that the signed-in user has access to.",
                "admin_consent_display_name": "Read hidden memberships",
                "enabled": true,
                "id": "f6a3db3e-f7e8-4ed2-a414-557c8c9830be",
                "type": "Admin",
                "user_consent_description": "Allows the app to read the memberships of hidden groups or administrative units on your behalf, for those hidden groups or adminstrative units that you have access to.",
                "user_consent_display_name": "Read your hidden memberships",
                "value": "Member.Read.Hidden"
              },
              {
                "admin_consent_description": "Allows the app to read multi-tenant organization details and tenants on behalf of the signed-in user.",
                "admin_consent_display_name": "Read multi-tenant organization details and tenants",
                "enabled": true,
                "id": "526aa72a-5878-49fe-bf4e-357973af9b06",
                "type": "Admin",
                "user_consent_description": "Allows the app to read multi-tenant organization details and tenants on your behalf.",
                "user_consent_display_name": "Read multi-tenant organization details and tenants",
                "value": "MultiTenantOrganization.Read.All"
              },
              {
                "admin_consent_description": "Allows the app to read multi-tenant organization basic details and active tenants on behalf of the signed-in user.",
                "admin_consent_display_name": "Read multi-tenant organization basic details and active tenants",
                "enabled": true,
                "id": "225db56b-15b2-4daa-acb3-0eec2bbe4849",
                "type": "User",
                "user_consent_description": "Allows the app to read multi-tenant organization basic details and active tenants on your behalf.",
                "user_consent_display_name": "Read multi-tenant organization basic details and active tenants",
                "value": "MultiTenantOrganization.ReadBasic.All"
              },
              {
                "admin_consent_description": "Allows the app to read and write multi-tenant organization details and tenants on behalf of the signed-in user.",
                "admin_consent_display_name": "Read and write multi-tenant organization details and tenants",
                "enabled": true,
                "id": "77af1528-84f3-4023-8d90-d219cd433108",
                "type": "Admin",
                "user_consent_description": "Allows the app to read and write multi-tenant organization details and tenants on your behalf.",
                "user_consent_display_name": "Read and write multi-tenant organization details and tenants",
                "value": "MultiTenantOrganization.ReadWrite.All"
              },
              {
                "admin_consent_description": "Allows the app to read configuration used for OAuth 2.0 mutual-TLS client authentication, on behalf of the signed-in user. This includes reading trusted certificate authorities.",
                "admin_consent_display_name": "Read all configurations used for mutual-TLS client authentication.",
                "enabled": true,
                "id": "51ae584e-e736-4718-897b-10af70f8e3cc",
                "type": "Admin",
                "user_consent_description": "Allows the app to read configuration used for OAuth 2.0 mutual-TLS client authentication, on your behalf. This includes reading trusted certificate authorities.",
                "user_consent_display_name": "Read all configurations used for mutual-TLS client authentication.",
                "value": "MutualTlsOauthConfiguration.Read.All"
              },
              {
                "admin_consent_description": "Allows the app to read and update configuration used for OAuth 2.0 mutual-TLS client authentication, on behalf of the signed-in user. This includes adding and updating trusted certificate authorities.",
                "admin_consent_display_name": "Read and write all configurations used for mutual-TLS client authentication.",
                "enabled": true,
                "id": "a51115bc-f64f-498f-bcee-00dcd28f4a03",
                "type": "Admin",
                "user_consent_description": "Allows the app to read and update configuration used for OAuth 2.0 mutual-TLS client authentication, on your behalf. This includes adding and updating trusted certificate authorities.",
                "user_consent_display_name": "Read and write all configurations used for mutual-TLS client authentication.",
                "value": "MutualTlsOauthConfiguration.ReadWrite.All"
              },
              {
                "admin_consent_description": "Allows the app to read all network access reports on behalf of the signed-in user.",
                "admin_consent_display_name": "Read all network access reports",
                "enabled": true,
                "id": "b0c61509-cfc3-42bd-9bd4-66d81785fee4",
                "type": "Admin",
                "user_consent_description": "Allows the app to read all network access reports and configuration settings, on your behalf.",
                "user_consent_display_name": "Read all network access reports",
                "value": "NetworkAccess-Reports.Read.All"
              },
              {
                "admin_consent_description": "Allows the app to read all network access information on behalf of the signed-in user.",
                "admin_consent_display_name": "Read all network access information",
                "enabled": true,
                "id": "2f7013e0-ab4e-447f-a5e1-5d419950692d",
                "type": "Admin",
                "user_consent_description": "Allows the app to read all network access information and configuration settings, on your behalf.",
                "user_consent_display_name": "Read all network access information",
                "value": "NetworkAccess.Read.All"
              },
              {
                "admin_consent_description": "Allows the app to read and write all network access information and configuration settings on behalf of the signed-in user.",
                "admin_consent_display_name": "Read and write all network access information",
                "enabled": true,
                "id": "ae2df9c5-f18d-4ec4-a51b-bdeb807f177b",
                "type": "Admin",
                "user_consent_description": "Allows the app to read and write all network access information and configuration settings, on your behalf.",
                "user_consent_display_name": "Read and write all network access information",
                "value": "NetworkAccess.ReadWrite.All"
              },
              {
                "admin_consent_description": "Allows the app to read your organization's branches for network access on behalf of the signed-in user.",
                "admin_consent_display_name": "Read properties of branches for network access",
                "enabled": true,
                "id": "4051c7fc-b429-4804-8d80-8f1f8c24a6f7",
                "type": "User",
                "user_consent_description": "Allows the app to read your organization's branches for network access on your behalf.",
                "user_consent_display_name": "Read properties of branches for network access",
                "value": "NetworkAccessBranch.Read.All"
              },
              {
                "admin_consent_description": "Allows the app to read and write your organization's branches for network access on behalf of the signed-in user.",
                "admin_consent_display_name": "Read and write properties of branches for network access",
                "enabled": true,
                "id": "b8a36cc2-b810-461a-baa4-a7281e50bd5c",
                "type": "Admin",
                "user_consent_description": "Allows the app to read and write your organization's branches for network access on your behalf.",
                "user_consent_display_name": "Read and write properties of branches for network access",
                "value": "NetworkAccessBranch.ReadWrite.All"
              },
              {
                "admin_consent_description": "Allows the app to read your organization's security and routing network access policies on behalf of the signed-in user.",
                "admin_consent_display_name": "Read security and routing policies for network access",
                "enabled": true,
                "id": "ba22922b-752c-446f-89d7-a2d92398fceb",
                "type": "User",
                "user_consent_description": "Allows the app to read your organization's security and routing network access policies on your behalf.",
                "user_consent_display_name": "Read security and routing policies for network access",
                "value": "NetworkAccessPolicy.Read.All"
              },
              {
                "admin_consent_description": "Allows the app to read and write your organization's security and routing network access policies on behalf of the signed-in user.",
                "admin_consent_display_name": "Read and write security and routing policies for network access",
                "enabled": true,
                "id": "b1fbad0f-ef6e-42ed-8676-bca7fa3e7291",
                "type": "Admin",
                "user_consent_description": "Allows the app to read and write your organization's security and routing network access policies on your behalf.",
                "user_consent_display_name": "Read and write security and routing policies for network access",
                "value": "NetworkAccessPolicy.ReadWrite.All"
              },
              {
                "admin_consent_description": "Allows the app to read the titles of OneNote notebooks and sections and to create new pages, notebooks, and sections on behalf of the signed-in user.",
                "admin_consent_display_name": "Create user OneNote notebooks",
                "enabled": true,
                "id": "9d822255-d64d-4b7a-afdb-833b9a97ed02",
                "type": "User",
                "user_consent_description": "Allows the app to view the titles of your OneNote notebooks and sections and to create new pages, notebooks, and sections on your behalf.",
                "user_consent_display_name": "Create your OneNote notebooks",
                "value": "Notes.Create"
              },
              {
                "admin_consent_description": "Allows the app to read OneNote notebooks on behalf of the signed-in user.",
                "admin_consent_display_name": "Read user OneNote notebooks",
                "enabled": true,
                "id": "371361e4-b9e2-4a3f-8315-2a301a3b0a3d",
                "type": "User",
                "user_consent_description": "Allows the app to read OneNote notebooks on your behalf.",
                "user_consent_display_name": "Read your OneNote notebooks",
                "value": "Notes.Read"
              },
              {
                "admin_consent_description": "Allows the app to read OneNote notebooks that the signed-in user has access to in the organization.",
                "admin_consent_display_name": "Read all OneNote notebooks that user can access",
                "enabled": true,
                "id": "dfabfca6-ee36-4db2-8208-7a28381419b3",
                "type": "User",
                "user_consent_description": "Allows the app to read all the OneNote notebooks that you have access to.",
                "user_consent_display_name": "Read all OneNote notebooks that you can access",
                "value": "Notes.Read.All"
              },
              {
                "admin_consent_description": "Allows the app to read, share, and modify OneNote notebooks on behalf of the signed-in user.",
                "admin_consent_display_name": "Read and write user OneNote notebooks",
                "enabled": true,
                "id": "615e26af-c38a-4150-ae3e-c3b0d4cb1d6a",
                "type": "User",
                "user_consent_description": "Allows the app to read, share, and modify OneNote notebooks on your behalf.",
                "user_consent_display_name": "Read and write your OneNote notebooks",
                "value": "Notes.ReadWrite"
              },
              {
                "admin_consent_description": "Allows the app to read, share, and modify OneNote notebooks that the signed-in user has access to in the organization.",
                "admin_consent_display_name": "Read and write all OneNote notebooks that user can access",
                "enabled": true,
                "id": "64ac0503-b4fa-45d9-b544-71a463f05da0",
                "type": "User",
                "user_consent_description": "Allows the app to read, share, and modify all the OneNote notebooks that you have access to.",
                "user_consent_display_name": "Read and write all OneNote notebooks that you can access",
                "value": "Notes.ReadWrite.All"
              },
              {
                "admin_consent_description": "This is deprecated!  Do not use! This permission no longer has any effect. You can safely consent to it. No additional privileges will be granted to the app.",
                "admin_consent_display_name": "Limited notebook access (deprecated)",
                "enabled": true,
                "id": "ed68249d-017c-4df5-9113-e684c7f8760b",
                "type": "User",
                "user_consent_description": "This permission no longer has any effect. You can safely consent to it. No additional privileges will be granted to the app.",
                "user_consent_display_name": "Limited access to your OneNote notebooks for this app (preview)",
                "value": "Notes.ReadWrite.CreatedByApp"
              },
              {
                "admin_consent_description": "Allows the app to deliver its notifications on behalf of signed-in users. Also allows the app to read, update, and delete the user's notification items for this app.",
                "admin_consent_display_name": "Deliver and manage user notifications for this app",
                "enabled": true,
                "id": "89497502-6e42-46a2-8cb2-427fd3df970a",
                "type": "User",
                "user_consent_description": "Allows the app to deliver its notifications, on your behalf. Also allows the app to read, update, and delete your notification items for this app.",
                "user_consent_display_name": "Deliver and manage your notifications for this app",
                "value": "Notifications.ReadWrite.CreatedByApp"
              },
              {
                "admin_consent_description": "Allows the app to see and update the data you gave it access to, even when users are not currently using the app. This does not give the app any additional permissions.",
                "admin_consent_display_name": "Maintain access to data you have given it access to",
                "enabled": true,
                "id": "7427e0e9-2fba-42fe-b0c0-848c9e6a8182",
                "type": "User",
                "user_consent_description": "Allows the app to see and update the data you gave it access to, even when you are not currently using the app. This does not give the app any additional permissions.",
                "user_consent_display_name": "Maintain access to data you have given it access to",
                "value": "offline_access"
              },
              {
                "admin_consent_description": "Allows the app to read all AI Insights for online meetings, on behalf of the signed-in user.",
                "admin_consent_display_name": "Read all AI Insights for online meetings.",
                "enabled": true,
                "id": "166741d6-eeb8-46fe-91f4-817d2af7bc88",
                "type": "Admin",
                "user_consent_description": "Allows the app to read all AI Insights for online meetings, on your behalf.",
                "user_consent_display_name": "Read all AI Insights for online meetings.",
                "value": "OnlineMeetingAiInsight.Read.All"
              },
              {
                "admin_consent_description": "Allows the app to read online meeting artifacts on behalf of the signed-in user.",
                "admin_consent_display_name": "Read user's online meeting artifacts",
                "enabled": true,
                "id": "110e5abb-a10c-4b59-8b55-9b4daa4ef743",
                "type": "User",
                "user_consent_description": "Allows the app to read online meeting artifacts on your behalf.",
                "user_consent_display_name": "Read user's online meeting artifacts",
                "value": "OnlineMeetingArtifact.Read.All"
              },
              {
                "admin_consent_description": "Allows the app to read all recordings of online meetings, on behalf of the signed-in user.",
                "admin_consent_display_name": "Read all recordings of online meetings.",
                "enabled": true,
                "id": "190c2bb6-1fdd-4fec-9aa2-7d571b5e1fe3",
                "type": "Admin",
                "user_consent_description": "Allows the app to read all recordings of online meetings, on your behalf. ",
                "user_consent_display_name": "Read all recordings of online meetings. ",
                "value": "OnlineMeetingRecording.Read.All"
              },
              {
                "admin_consent_description": "Allows the app to read online meeting details on behalf of the signed-in user.",
                "admin_consent_display_name": "Read user's online meetings",
                "enabled": true,
                "id": "9be106e1-f4e3-4df5-bdff-e4bc531cbe43",
                "type": "User",
                "user_consent_description": "Allows the app to read online meeting details on your behalf.",
                "user_consent_display_name": "Read your online meetings",
                "value": "OnlineMeetings.Read"
              },
              {
                "admin_consent_description": "Allows the app to read and create online meetings on behalf of the signed-in user.",
                "admin_consent_display_name": "Read and create user's online meetings",
                "enabled": true,
                "id": "a65f2972-a4f8-4f5e-afd7-69ccb046d5dc",
                "type": "User",
                "user_consent_description": "Allows the app to read and create online meetings on your behalf.",
                "user_consent_display_name": "Read and create your online meetings",
                "value": "OnlineMeetings.ReadWrite"
              },
              {
                "admin_consent_description": "Allows the app to read all transcripts of online meetings, on behalf of the signed-in user.",
                "admin_consent_display_name": "Read all transcripts of online meetings.",
                "enabled": true,
                "id": "30b87d18-ebb1-45db-97f8-82ccb1f0190c",
                "type": "Admin",
                "user_consent_description": "Allows the app to read all transcripts of online meetings, on your behalf.",
                "user_consent_display_name": "Read all transcripts of online meetings.",
                "value": "OnlineMeetingTranscript.Read.All"
              },
              {
                "admin_consent_description": "Allows the app to read all on-premises directory synchronization information for the organization, on behalf of the signed-in user.",
                "admin_consent_display_name": "Read all on-premises directory synchronization information",
                "enabled": true,
                "id": "f6609722-4100-44eb-b747-e6ca0536989d",
                "type": "Admin",
                "user_consent_description": "Allows the app to read all on-premises directory synchronization information for the organization, on your behalf.",
                "user_consent_display_name": "Read all on-premises directory synchronization information",
                "value": "OnPremDirectorySynchronization.Read.All"
              },
              {
                "admin_consent_description": "Allows the app to read and write all on-premises directory synchronization information for the organization, on behalf of the signed-in user.",
                "admin_consent_display_name": "Read and write all on-premises directory synchronization information",
                "enabled": true,
                "id": "c2d95988-7604-4ba1-aaed-38a5f82a51c7",
                "type": "Admin",
                "user_consent_description": "Allows the app to read and write all on-premises directory synchronization information for the organization, on your behalf.",
                "user_consent_display_name": "Read and write all on-premises directory synchronization information",
                "value": "OnPremDirectorySynchronization.ReadWrite.All"
              },
              {
                "admin_consent_description": "Allows the app to manage hybrid identity service configuration by creating, viewing, updating and deleting on-premises published resources, on-premises agents and agent groups, on behalf of the signed-in user.",
                "admin_consent_display_name": "Manage on-premises published resources",
                "enabled": true,
                "id": "8c4d5184-71c2-4bf8-bb9d-bc3378c9ad42",
                "type": "Admin",
                "user_consent_description": "Allows the app to manage hybrid identity service configuration by creating, viewing, updating and deleting on-premises published resources, on-premises agents and agent groups, on your behalf.",
                "user_consent_display_name": "Manage on-premises published resources",
                "value": "OnPremisesPublishingProfiles.ReadWrite.All"
              },
              {
                "admin_consent_description": "Allows users to sign in to the app with their work or school accounts and allows the app to see basic user profile information.",
                "admin_consent_display_name": "Sign users in",
                "enabled": true,
                "id": "37f7f235-527c-4136-accd-4a02d197296e",
                "type": "User",
                "user_consent_description": "Allows you to sign in to the app with your work or school account and allows the app to read your basic profile information.",
                "user_consent_display_name": "Sign in as you",
                "value": "openid"
              },
              {
                "admin_consent_description": "Allows the app to read the organization and related resources, on behalf of the signed-in user. Related resources include things like subscribed skus and tenant branding information.",
                "admin_consent_display_name": "Read organization information",
                "enabled": true,
                "id": "4908d5b9-3fb2-4b1e-9336-1888b7937185",
                "type": "Admin",
                "user_consent_description": "Allows the app to read the organization and related resources, on your behalf. Related resources include things like subscribed skus and tenant branding information.",
                "user_consent_display_name": "Read organization information",
                "value": "Organization.Read.All"
              },
              {
                "admin_consent_description": "Allows the app to read and write the organization and related resources, on behalf of the signed-in user. Related resources include things like subscribed skus and tenant branding information.",
                "admin_consent_display_name": "Read and write organization information",
                "enabled": true,
                "id": "46ca0847-7e6b-426e-9775-ea810a948356",
                "type": "Admin",
                "user_consent_description": "Allows the app to read and write the organization and related resources, on your behalf. Related resources include things like subscribed skus and tenant branding information.",
                "user_consent_display_name": "Read and write organization information",
                "value": "Organization.ReadWrite.All"
              },
              {
                "admin_consent_description": "Allows the app to read the organizational branding information, on behalf of the signed-in user.",
                "admin_consent_display_name": "Read organizational branding information",
                "enabled": true,
                "id": "9082f138-6f02-4f3a-9f4d-5f3c2ce5c688",
                "type": "Admin",
                "user_consent_description": "Allows the app to read the organizational branding information, on your behalf.",
                "user_consent_display_name": "Read organizational branding information",
                "value": "OrganizationalBranding.Read.All"
              },
              {
                "admin_consent_description": "Allows the app to read and write the organizational branding information, on behalf of the signed-in user.",
                "admin_consent_display_name": "Read and write organizational branding information",
                "enabled": true,
                "id": "15ce63de-b141-4c9a-a9a5-241bf27c6aaf",
                "type": "Admin",
                "user_consent_description": "Allows the app to read and write the organizational branding information, on your behalf.",
                "user_consent_display_name": "Read and write organizational branding information",
                "value": "OrganizationalBranding.ReadWrite.All"
              },
              {
                "admin_consent_description": "Allows the app to read all organizational contacts on behalf of the signed-in user.  These contacts are managed by the organization and are different from a user's personal contacts.",
                "admin_consent_display_name": "Read organizational contacts",
                "enabled": true,
                "id": "08432d1b-5911-483c-86df-7980af5cdee0",
                "type": "Admin",
                "user_consent_description": "Allows the app to read all organizational contacts on your behalf.  These contacts are managed by the organization and are different from your personal contacts.",
                "user_consent_display_name": "Read organizational contacts",
                "value": "OrgContact.Read.All"
              },
              {
                "admin_consent_description": "Allows the app to read organization-wide apps and services settings on behalf of the signed-in user.",
                "admin_consent_display_name": "Read organization-wide apps and services settings",
                "enabled": true,
                "id": "1e9b7a7e-4d64-44ff-acf5-2e9651c1519f",
                "type": "Admin",
                "user_consent_description": "Allows the app to read organization-wide apps and services settings on your behalf.",
                "user_consent_display_name": "Read organization-wide apps and services settings",
                "value": "OrgSettings-AppsAndServices.Read.All"
              },
              {
                "admin_consent_description": "Allows the app to read and write organization-wide apps and services settings on behalf of the signed-in user.",
                "admin_consent_display_name": "Read and write organization-wide apps and services settings",
                "enabled": true,
                "id": "c167b0e7-47c0-48e8-9eee-9892f58018fa",
                "type": "Admin",
                "user_consent_description": "Allows the app to read and write organization-wide apps and services settings on your behalf.",
                "user_consent_display_name": "Read and write organization-wide apps and services settings",
                "value": "OrgSettings-AppsAndServices.ReadWrite.All"
              },
              {
                "admin_consent_description": "Allows the app to read organization-wide Dynamics customer voice settings on behalf of the signed-in user.",
                "admin_consent_display_name": "Read organization-wide Dynamics customer voice settings",
                "enabled": true,
                "id": "9862d930-5aec-4a98-8d4f-7277a8db9bcb",
                "type": "Admin",
                "user_consent_description": "Allows the app to read organization-wide Dynamics customer voice settings on your behalf.",
                "user_consent_display_name": "Read organization-wide dynamics customer voice settings",
                "value": "OrgSettings-DynamicsVoice.Read.All"
              },
              {
                "admin_consent_description": "Allows the app to read and write organization-wide Dynamics customer voice settings on behalf of the signed-in user.",
                "admin_consent_display_name": "Read and write organization-wide Dynamics customer voice settings",
                "enabled": true,
                "id": "4cea26fb-6967-4234-82c4-c044414743f8",
                "type": "Admin",
                "user_consent_description": "Allows the app to read and write organization-wide Dynamics customer voice settings on your behalf.",
                "user_consent_display_name": "Read and write organization-wide Dynamics customer voice settings",
                "value": "OrgSettings-DynamicsVoice.ReadWrite.All"
              },
              {
                "admin_consent_description": "Allows the app to read organization-wide Microsoft Forms settings on behalf of the signed-in user.",
                "admin_consent_display_name": "Read organization-wide Microsoft Forms settings",
                "enabled": true,
                "id": "210051a0-1ffc-435c-ae76-02d226d05752",
                "type": "Admin",
                "user_consent_description": "Allows the app to read organization-wide Microsoft Forms settings on your behalf.",
                "user_consent_display_name": "Read organization-wide Microsoft Forms settings",
                "value": "OrgSettings-Forms.Read.All"
              },
              {
                "admin_consent_description": "Allows the app to read and write organization-wide Microsoft Forms settings on behalf of the signed-in user.",
                "admin_consent_display_name": "Read and write organization-wide Microsoft Forms settings",
                "enabled": true,
                "id": "346c19ff-3fb2-4e81-87a0-bac9e33990c1",
                "type": "Admin",
                "user_consent_description": "Allows the app to read and write organization-wide Microsoft Forms settings on your behalf.",
                "user_consent_display_name": "Read and write organization-wide Microsoft Forms settings",
                "value": "OrgSettings-Forms.ReadWrite.All"
              },
              {
                "admin_consent_description": "Allows the app to read organization-wide Microsoft 365 apps installation settings on behalf of the signed-in user.",
                "admin_consent_display_name": "Read organization-wide Microsoft 365 apps installation settings",
                "enabled": true,
                "id": "8cbdb9f6-9c2e-451a-814d-ec606e5d0212",
                "type": "Admin",
                "user_consent_description": "Allows the app to read organization-wide Microsoft 365 apps installation settings on your behalf.",
                "user_consent_display_name": "Read organization-wide Microsoft 365 apps installation settings",
                "value": "OrgSettings-Microsoft365Install.Read.All"
              },
              {
                "admin_consent_description": "Allows the app to read and write organization-wide Microsoft 365 apps installation settings on behalf of the signed-in user.",
                "admin_consent_display_name": "Read and write organization-wide Microsoft 365 apps installation settings",
                "enabled": true,
                "id": "1ff35e91-19eb-42d8-aa2d-cc9891127ae5",
                "type": "Admin",
                "user_consent_description": "Allows the app to read and write organization-wide Microsoft 365 apps installation settings on your behalf.",
                "user_consent_display_name": "Read and write organization-wide Microsoft 365 apps installation settings",
                "value": "OrgSettings-Microsoft365Install.ReadWrite.All"
              },
              {
                "admin_consent_description": "Allows the app to read organization-wide Microsoft To Do settings on behalf of the signed-in user.",
                "admin_consent_display_name": "Read organization-wide Microsoft To Do settings",
                "enabled": true,
                "id": "7ff96f41-f022-45ba-acd8-ef3f03063d6b",
                "type": "Admin",
                "user_consent_description": "Allows the app to read organization-wide Microsoft To Do settings on your behalf.",
                "user_consent_display_name": "Read organization-wide Microsoft To Do settings",
                "value": "OrgSettings-Todo.Read.All"
              },
              {
                "admin_consent_description": "Allows the app to read and write organization-wide Microsoft To Do settings on behalf of the signed-in user.",
                "admin_consent_display_name": "Read and write organization-wide Microsoft To Do settings",
                "enabled": true,
                "id": "087502c2-5263-433e-abe3-8f77231a0627",
                "type": "Admin",
                "user_consent_description": "Allows the app to read and write organization-wide Microsoft To Do settings on your behalf.",
                "user_consent_display_name": "Read and write organization-wide Microsoft To Do settings",
                "value": "OrgSettings-Todo.ReadWrite.All"
              },
              {
                "admin_consent_description": "Allows the app to read all of billing data from Microsoft for your company's tenant, on behalf of the signed-in user. This includes reading billed and unbilled Usage and Invoice reconciliation data.",
                "admin_consent_display_name": "Read all billing data for your company's tenant",
                "enabled": true,
                "id": "8804798e-5934-4e30-8ce3-ef88257cecd4",
                "type": "Admin",
                "user_consent_description": "Allows the app to read all of billing data from Microsoft for your company's tenant that you have access to. This includes reading billed and unbilled Usage and Invoice reconciliation data.",
                "user_consent_display_name": "Allows the app to read billing data you have access to.",
                "value": "PartnerBilling.Read.All"
              },
              {
                "admin_consent_description": "Allows the app to read security alerts of customer with CSP relationship on behalf of the partner signed-in user.",
                "admin_consent_display_name": "Read security alerts of customer with CSP relationship",
                "enabled": true,
                "id": "5567b981-0bf1-4796-9038-0648b46e116d",
                "type": "Admin",
                "user_consent_description": "Allows the app to read security alerts of customer with CSP relationship on behalf of you.",
                "user_consent_display_name": "Read security alerts of customer with CSP relationship",
                "value": "PartnerSecurity.Read.All"
              },
              {
                "admin_consent_description": "Allows the app to read security alerts and update status of alerts of customer with CSP relationship on behalf of the partner signed-in user.",
                "admin_consent_display_name": "Read security alerts and update status of security alerts of customer with CSP relationship",
                "enabled": true,
                "id": "0cd2c1f6-94a1-4075-ab8c-0b1aff2e1ad5",
                "type": "Admin",
                "user_consent_description": "Allows the app to read security alerts and update status of alerts of customer with CSP relationship on behalf of you.",
                "user_consent_display_name": "Read security alerts and update status of security alerts of customer with CSP relationship",
                "value": "PartnerSecurity.ReadWrite.All"
              },
              {
                "admin_consent_description": "Allows the app to read available properties of pending external user profiles, on behalf of the signed-in user.",
                "admin_consent_display_name": "Read pending external user profiles",
                "enabled": true,
                "id": "d88fd3fb-53d3-4c1c-8c39-787fcac2ed7a",
                "type": "Admin",
                "user_consent_description": "Allows the app to read available properties of pending external user profiles, on your behalf.",
                "user_consent_display_name": "Read pending external user profiles",
                "value": "PendingExternalUserProfile.Read.All"
              },
              {
                "admin_consent_description": "Allows the app to read and write available properties of pending external user profiles, on behalf of the signed-in user.",
                "admin_consent_display_name": "Read and write pending external user profiles",
                "enabled": true,
                "id": "93a1fb28-c908-4826-904e-0c74ad352b73",
                "type": "Admin",
                "user_consent_description": "Allows the app to read and write available properties of pending external user profiles, on your behalf.",
                "user_consent_display_name": "Read and write pending external user profiles",
                "value": "PendingExternalUserProfile.ReadWrite.All"
              },
              {
                "admin_consent_description": "Allows the app to read a ranked list of relevant people of the signed-in user. The list includes local contacts, contacts from social networking, your organization's directory, and people from recent communications (such as email and Skype).",
                "admin_consent_display_name": "Read users' relevant people lists",
                "enabled": true,
                "id": "ba47897c-39ec-4d83-8086-ee8256fa737d",
                "type": "User",
                "user_consent_description": "Allows the app to read a list of people in the order that's most relevant to you. This includes your local contacts, your contacts from social networking, people listed in your organization's directory, and people from recent communications.",
                "user_consent_display_name": "Read your relevant people list",
                "value": "People.Read"
              },
              {
                "admin_consent_description": "Allows the app to read a scored list of relevant people of the signed-in user or other users in the signed-in user's organization. The list can include local contacts, contacts from social networking, your organization's directory, and people from recent communications (such as email and Skype).",
                "admin_consent_display_name": "Read all users' relevant people lists",
                "enabled": true,
                "id": "b89f9189-71a5-4e70-b041-9887f0bc7e4a",
                "type": "Admin",
                "user_consent_description": "Allows the app to read a list of people in the order that is most relevant to you. Allows the app to read a list of people in the order that is most relevant to another user in your organization. These can include local contacts, contacts from social networking, people listed in your organization’s directory, and people from recent communications.",
                "user_consent_display_name": "Read all users’ relevant people lists",
                "value": "People.Read.All"
              },
              {
                "admin_consent_description": "Allows the application to read tenant-wide people settings on behalf of the signed-in user.",
                "admin_consent_display_name": "Read tenant-wide people settings",
                "enabled": true,
                "id": "ec762c5f-388b-4b16-8693-ac1efbc611bc",
                "type": "Admin",
                "user_consent_description": "Allows the application to read tenant-wide people settings on your behalf.",
                "user_consent_display_name": "Read tenant-wide people settings",
                "value": "PeopleSettings.Read.All"
              },
              {
                "admin_consent_description": "Allows the application to read and write tenant-wide people settings on behalf of the signed-in user.",
                "admin_consent_display_name": "Read and write tenant-wide people settings",
                "enabled": true,
                "id": "e67e6727-c080-415e-b521-e3f35d5248e9",
                "type": "Admin",
                "user_consent_description": "Allows the application to read and write tenant-wide people settings on your behalf.",
                "user_consent_display_name": "Read and write tenant-wide people settings",
                "value": "PeopleSettings.ReadWrite.All"
              },
              {
                "admin_consent_description": "Allows the app to read your company's places (conference rooms and room lists) for calendar events and other applications, on behalf of the signed-in user.",
                "admin_consent_display_name": "Read all company places",
                "enabled": true,
                "id": "cb8f45a0-5c2e-4ea1-b803-84b870a7d7ec",
                "type": "Admin",
                "user_consent_description": "Allows the app to read your company's places (conference rooms and room lists) for calendar events and other applications, on your behalf.",
                "user_consent_display_name": "Read all company places",
                "value": "Place.Read.All"
              },
              {
                "admin_consent_description": "Allows the app to manage organization places (conference rooms and room lists) for calendar events and other applications, on behalf of the signed-in user.",
                "admin_consent_display_name": "Read and write organization places",
                "enabled": true,
                "id": "4c06a06a-098a-4063-868e-5dfee3827264",
                "type": "Admin",
                "user_consent_description": "Allows the app to manage organization places (conference rooms and room lists) for calendar events and other applications, on your behalf.",
                "user_consent_display_name": "Read and write organization places",
                "value": "Place.ReadWrite.All"
              },
              {
                "admin_consent_description": "Allows the app to read all workplace devices, on behalf of the signed-in user.",
                "admin_consent_display_name": "Read all workplace devices",
                "enabled": true,
                "id": "4c7f93d2-6b0b-4e05-91aa-87842f0a2142",
                "type": "Admin",
                "user_consent_description": "Allows the app to read all workplace devices, on your behalf.",
                "user_consent_display_name": "Read all workplace devices",
                "value": "PlaceDevice.Read.All"
              },
              {
                "admin_consent_description": "Allows the app to read and write all workplace devices, on behalf of the signed-in user.",
                "admin_consent_display_name": "Read and write all workplace devices",
                "enabled": true,
                "id": "eafd6a71-e95a-4f8a-bb6e-fb84ab7fbd9e",
                "type": "Admin",
                "user_consent_description": "Allows the app to read and write all workplace devices, on your behalf.",
                "user_consent_display_name": "Read and write all workplace devices",
                "value": "PlaceDevice.ReadWrite.All"
              },
              {
                "admin_consent_description": "Allows the app to read your organization's policies on behalf of the signed-in user.",
                "admin_consent_display_name": "Read your organization's policies",
                "enabled": true,
                "id": "572fea84-0151-49b2-9301-11cb16974376",
                "type": "Admin",
                "user_consent_description": "Allows the app to read your organization's policies on your behalf.",
                "user_consent_display_name": "Read your organization's policies",
                "value": "Policy.Read.All"
              },
              {
                "admin_consent_description": "Allows the app to read the authentication method policies, on behalf of the signed-in user. ",
                "admin_consent_display_name": "Read authentication method policies",
                "enabled": true,
                "id": "a6ff13ac-1851-4993-8ca9-a671d70de2d5",
                "type": "Admin",
                "user_consent_description": "Allows the app to read the authentication method policies for your tenant, on your behalf.",
                "user_consent_display_name": "Read your authentication method policies ",
                "value": "Policy.Read.AuthenticationMethod"
              },
              {
                "admin_consent_description": "Allows the app to read your organization's conditional access policies on behalf of the signed-in user.",
                "admin_consent_display_name": "Read your organization's conditional access policies",
                "enabled": true,
                "id": "633e0fce-8c58-4cfb-9495-12bbd5a24f7c",
                "type": "User",
                "user_consent_description": "Allows the app to read your organization's conditional access policies on your behalf.",
                "user_consent_display_name": "Read your organization's conditional access policies",
                "value": "Policy.Read.ConditionalAccess"
              },
              {
                "admin_consent_description": "Allows the app to read your organization's device configuration policies on behalf of the signed-in user.  For example, device registration policy can limit initial provisioning controls using quota restrictions, additional authentication and authorization checks.",
                "admin_consent_display_name": "Read your organization's device configuration policies",
                "enabled": true,
                "id": "3616a4b0-6746-49c4-a678-4c237599074d",
                "type": "Admin",
                "user_consent_description": "Allows the app to read your organization's device configuration policies on your behalf.  For example, device registration policy can limit initial provisioning controls using quota restrictions, additional authentication and authorization checks.",
                "user_consent_display_name": "Read your organization's device configuration policies",
                "value": "Policy.Read.DeviceConfiguration"
              },
              {
                "admin_consent_description": "Allows the app to read your organization’s identity protection policy on behalf of the signed-in user.",
                "admin_consent_display_name": "Read your organization’s identity protection policy",
                "enabled": true,
                "id": "d146432f-b803-4ed4-8d42-ba74193a6ede",
                "type": "Admin",
                "user_consent_description": "Allows the app to read your organization’s identity protection policy on your behalf.",
                "user_consent_display_name": "Read your organization’s identity protection policy",
                "value": "Policy.Read.IdentityProtection"
              },
              {
                "admin_consent_description": "Allows the app to read policies related to consent and permission grants for applications, on behalf of the signed-in user.",
                "admin_consent_display_name": "Read consent and permission grant policies",
                "enabled": true,
                "id": "414de6ea-2d92-462f-b120-6e2a809a6d01",
                "type": "Admin",
                "user_consent_description": "Allows the app to read policies related to consent and permission grants for applications, on your behalf.",
                "user_consent_display_name": "Read consent and permission grant policies",
                "value": "Policy.Read.PermissionGrant"
              },
              {
                "admin_consent_description": "Allows the app to read and write your organization's directory access review default policy on behalf of the signed-in user.",
                "admin_consent_display_name": "Read and write your organization's directory access review default policy",
                "enabled": true,
                "id": "4f5bc9c8-ea54-4772-973a-9ca119cb0409",
                "type": "Admin",
                "user_consent_description": "Allows the app to read and write your organization's directory access review default policy on your behalf.",
                "user_consent_display_name": "Read and write your organization's directory access review default policy",
                "value": "Policy.ReadWrite.AccessReview"
              },
              {
                "admin_consent_description": "Allows the app to read and write your organization's application configuration policies on behalf of the signed-in user.  This includes policies such as activityBasedTimeoutPolicy, claimsMappingPolicy, homeRealmDiscoveryPolicy,  tokenIssuancePolicy and tokenLifetimePolicy.",
                "admin_consent_display_name": "Read and write your organization's application configuration policies",
                "enabled": true,
                "id": "b27add92-efb2-4f16-84f5-8108ba77985c",
                "type": "Admin",
                "user_consent_description": "Allows the app to read and write your organization's application configuration policies on your behalf.  This includes policies such as activityBasedTimeoutPolicy, claimsMappingPolicy, homeRealmDiscoveryPolicy, tokenIssuancePolicy  and tokenLifetimePolicy.",
                "user_consent_display_name": "Read and write your organization's application configuration policies",
                "value": "Policy.ReadWrite.ApplicationConfiguration"
              },
              {
                "admin_consent_description": "Allows the app to read and write the authentication flow policies, on behalf of the signed-in user.",
                "admin_consent_display_name": "Read and write authentication flow policies",
                "enabled": true,
                "id": "edb72de9-4252-4d03-a925-451deef99db7",
                "type": "Admin",
                "user_consent_description": "Allows the app to read and write the authentication flow policies for your tenant, on your behalf.",
                "user_consent_display_name": "Read and write your authentication flow policies",
                "value": "Policy.ReadWrite.AuthenticationFlows"
              },
              {
                "admin_consent_description": "Allows the app to read and write the authentication method policies, on behalf of the signed-in user. ",
                "admin_consent_display_name": "Read and write authentication method policies",
                "enabled": true,
                "id": "7e823077-d88e-468f-a337-e18f1f0e6c7c",
                "type": "Admin",
                "user_consent_description": "Allows the app to read and write the authentication method policies for your tenant, on your behalf.",
                "user_consent_display_name": "Read and write your authentication method policies ",
                "value": "Policy.ReadWrite.AuthenticationMethod"
              },
              {
                "admin_consent_description": "Allows the app to read and write your organization's authorization policy on behalf of the signed-in user.  For example, authorization policies can control some of the permissions that the out-of-the-box user role has by default.",
                "admin_consent_display_name": "Read and write your organization's authorization policy",
                "enabled": true,
                "id": "edd3c878-b384-41fd-95ad-e7407dd775be",
                "type": "Admin",
                "user_consent_description": "Allows the app to read and write your organization's authorization policy on your behalf. For example, authorization policies can control some of the permissions that the out-of-the-box user role has by default.",
                "user_consent_display_name": "Read and write your organization's authorization policy",
                "value": "Policy.ReadWrite.Authorization"
              },
              {
                "admin_consent_description": "Allows the app to read and write your organization's conditional access policies on behalf of the signed-in user.",
                "admin_consent_display_name": "Read and write your organization's conditional access policies",
                "enabled": true,
                "id": "ad902697-1014-4ef5-81ef-2b4301988e8c",
                "type": "Admin",
                "user_consent_description": "Allows the app to read and write your organization's conditional access policies on your behalf.",
                "user_consent_display_name": "Read and write your organization's conditional access policies",
                "value": "Policy.ReadWrite.ConditionalAccess"
              },
              {
                "admin_consent_description": "Allows the app to read and write your organization's consent requests policy on behalf of the signed-in user.",
                "admin_consent_display_name": "Read and write consent request policy",
                "enabled": true,
                "id": "4d135e65-66b8-41a8-9f8b-081452c91774",
                "type": "Admin",
                "user_consent_description": "Allows the app to read and write your organization's consent request policy on your behalf.",
                "user_consent_display_name": "Read and write consent request policy",
                "value": "Policy.ReadWrite.ConsentRequest"
              },
              {
                "admin_consent_description": "Allows the app to read and write your organization's cross tenant access policies on behalf of the signed-in user.",
                "admin_consent_display_name": "Read and write your organization's cross tenant access policies",
                "enabled": true,
                "id": "014b43d0-6ed4-4fc6-84dc-4b6f7bae7d85",
                "type": "Admin",
                "user_consent_description": "Allows the app to read and write your organization's cross tenant access policies on your behalf.",
                "user_consent_display_name": "Read and write your organization's cross tenant access policies",
                "value": "Policy.ReadWrite.CrossTenantAccess"
              },
              {
                "admin_consent_description": "Allows the app to read and write your organization's M365 cross tenant access capabilities on behalf of the signed-in user.",
                "admin_consent_display_name": "Read and write your organization's M365 cross tenant access capabilities",
                "enabled": true,
                "id": "9ef7463f-1d39-406f-89ea-3483a4645e1c",
                "type": "Admin",
                "user_consent_description": "Allows the app to read and write your organization's M365 cross tenant access capabilities on your behalf.",
                "user_consent_display_name": "Read and write your organization's M365 cross tenant access capabilities",
                "value": "Policy.ReadWrite.CrossTenantCapability"
              },
              {
                "admin_consent_description": "Allows the app to read and write your organization's device configuration policies on behalf of the signed-in user.  For example, device registration policy can limit initial provisioning controls using quota restrictions, additional authentication and authorization checks.",
                "admin_consent_display_name": "Read and write your organization's device configuration policies",
                "enabled": true,
                "id": "40b534c3-9552-4550-901b-23879c90bcf9",
                "type": "Admin",
                "user_consent_description": "Allows the app to read and write your organization's device configuration policies on your behalf.  For example, device registration policy can limit initial provisioning controls using quota restrictions, additional authentication and authorization checks.",
                "user_consent_display_name": "Read and write your organization's device configuration policies",
                "value": "Policy.ReadWrite.DeviceConfiguration"
              },
              {
                "admin_consent_description": "Allows the application to read and update the organization's external identities policy on behalf of the signed-in user.  For example, external identities policy controls if users invited to access resources in your organization via B2B collaboration or B2B direct connect are allowed to self-service leave.",
                "admin_consent_display_name": "Read and write your organization's external identities policy",
                "enabled": true,
                "id": "b5219784-1215-45b5-b3f1-88fe1081f9c0",
                "type": "Admin",
                "user_consent_description": "Allows the application to read and update the organization's external identities policy on your behalf.  For example, external identities policy controls if users invited to access resources in your organization via B2B collaboration or B2B direct connect are allowed to self-service leave.",
                "user_consent_display_name": "Read and write your organization's external identities policy",
                "value": "Policy.ReadWrite.ExternalIdentities"
              },
              {
                "admin_consent_description": "Allows the app to read and write your organization's feature rollout policies on behalf of the signed-in user. Includes abilities to assign and remove users and groups to rollout of a specific feature.",
                "admin_consent_display_name": "Read and write your organization's feature rollout policies",
                "enabled": true,
                "id": "92a38652-f13b-4875-bc77-6e1dbb63e1b2",
                "type": "Admin",
                "user_consent_description": "Allows the app to read and write your organization's feature rollout policies on your behalf. Includes abilities to assign and remove users and groups to rollout of a specific feature.",
                "user_consent_display_name": "Read and write your organization's feature rollout policies",
                "value": "Policy.ReadWrite.FeatureRollout"
              },
              {
                "admin_consent_description": "Allows the application to read and update the organization's federated token validation policy on behalf of the signed-in user.",
                "admin_consent_display_name": "Read and write your organization's federated token validation policy",
                "enabled": true,
                "id": "be1be369-4540-4ac9-8928-79de99f70d8f",
                "type": "Admin",
                "user_consent_description": "Allows the application to read and update the organization's federated token validation policy on your behalf.",
                "user_consent_display_name": "Read and write your organization's federated token validation policy",
                "value": "Policy.ReadWrite.FedTokenValidation"
              },
              {
                "admin_consent_description": "Allows the app to read and write your organization’s identity protection policy on behalf of the signed-in user.",
                "admin_consent_display_name": "Read and write your organization’s identity protection policy ",
                "enabled": true,
                "id": "7256e131-3efb-4323-9854-cf41c6021770",
                "type": "Admin",
                "user_consent_description": "Allows the app to read and write your organization’s identity protection policy on your behalf.",
                "user_consent_display_name": "Read and write your organization’s identity protection policy.",
                "value": "Policy.ReadWrite.IdentityProtection"
              },
              {
                "admin_consent_description": "Allows the app to read and write your organization's mobility management policies on behalf of the signed-in user.  For example, a mobility management policy can set the enrollment scope for a given mobility management application.",
                "admin_consent_display_name": "Read and write your organization's mobility management policies",
                "enabled": true,
                "id": "a8ead177-1889-4546-9387-f25e658e2a79",
                "type": "Admin",
                "user_consent_description": "Allows the app to read and write your organization's mobility management policies on your behalf.  For example, a mobility management policy can set the enrollment scope for a given mobility management application.",
                "user_consent_display_name": "Read and write your organization's mobility management policies",
                "value": "Policy.ReadWrite.MobilityManagement"
              },
              {
                "admin_consent_description": "Allows the app to manage policies related to consent and permission grants for applications, on behalf of the signed-in user.",
                "admin_consent_display_name": "Manage consent and permission grant policies",
                "enabled": true,
                "id": "2672f8bb-fd5e-42e0-85e1-ec764dd2614e",
                "type": "Admin",
                "user_consent_description": "Allows the app to manage policies related to consent and permission grants for applications, on behalf of the signed-in user.",
                "user_consent_display_name": "Manage consent and permission grant policies",
                "value": "Policy.ReadWrite.PermissionGrant"
              },
              {
                "admin_consent_description": "Allows the app to read and write your organization's security defaults policy on behalf of the signed-in user.",
                "admin_consent_display_name": "Read and write your organization's security defaults policy",
                "enabled": true,
                "id": "0b2a744c-2abf-4f1e-ad7e-17a087e2be99",
                "type": "Admin",
                "user_consent_description": "Allows the app to read and write your organization's security defaults policy on your behalf.",
                "user_consent_display_name": "Read and write your organization's security defaults policy",
                "value": "Policy.ReadWrite.SecurityDefaults"
              },
              {
                "admin_consent_description": "Allows the app to read and write your organization's trust framework policies on behalf of the signed-in user.",
                "admin_consent_display_name": "Read and write your organization's trust framework policies",
                "enabled": true,
                "id": "cefba324-1a70-4a6e-9c1d-fd670b7ae392",
                "type": "Admin",
                "user_consent_description": "Allows the app to read and write your organization's trust framework policies on your behalf.",
                "user_consent_display_name": "Read and write trust framework policies",
                "value": "Policy.ReadWrite.TrustFramework"
              },
              {
                "admin_consent_description": "Allows the app to have the same access to mailboxes as the signed-in user via POP protocol.",
                "admin_consent_display_name": "Read and write access to mailboxes via POP.",
                "enabled": true,
                "id": "d7b7f2d9-0f45-4ea1-9d42-e50810c06991",
                "type": "User",
                "user_consent_description": "Allows the app to read, update, create and delete email in your mailbox. Does not include permission to send mail.",
                "user_consent_display_name": "Read and write access to your mail.",
                "value": "POP.AccessAsUser.All"
              },
              {
                "admin_consent_description": "Allows the app to read presence information on behalf of the signed-in user. Presence information includes activity, availability, status note, calendar out-of-office message, timezone and location.",
                "admin_consent_display_name": "Read user's presence information",
                "enabled": true,
                "id": "76bc735e-aecd-4a1d-8b4c-2b915deabb79",
                "type": "User",
                "user_consent_description": "Allows the app to read your presence information on your behalf. Presence information includes activity, availability, status note, calendar out-of-office message, timezone and location.",
                "user_consent_display_name": "Read your presence information",
                "value": "Presence.Read"
              },
              {
                "admin_consent_description": "Allows the app to read presence information of all users in the directory on behalf of the signed-in user. Presence information includes activity, availability, status note, calendar out-of-office message, timezone and location.",
                "admin_consent_display_name": "Read presence information of all users in your organization",
                "enabled": true,
                "id": "9c7a330d-35b3-4aa1-963d-cb2b9f927841",
                "type": "User",
                "user_consent_description": "Allows the app to read presence information of all users in the directory on your behalf. Presence information includes activity, availability, status note, calendar out-of-office message, timezone and location.",
                "user_consent_display_name": "Read presence information of all users in your organization",
                "value": "Presence.Read.All"
              },
              {
                "admin_consent_description": "Allows the app to read the presence information and write activity and availability on behalf of the signed-in user. Presence information includes activity, availability, status note, calendar out-of-office message, timezone and location.",
                "admin_consent_display_name": "Read and write a user's presence information",
                "enabled": true,
                "id": "8d3c54a7-cf58-4773-bf81-c0cd6ad522bb",
                "type": "User",
                "user_consent_description": "Allows the app to read the presence information and write activity and availability on your behalf. Presence information includes activity, availability, status note, calendar out-of-office message, timezone and location.",
                "user_consent_display_name": "Read and write your presence information",
                "value": "Presence.ReadWrite"
              },
              {
                "admin_consent_description": "Allows the application to read print connectors on behalf of the signed-in user.",
                "admin_consent_display_name": "Read print connectors",
                "enabled": true,
                "id": "d69c2d6d-4f72-4f99-a6b9-663e32f8cf68",
                "type": "Admin",
                "user_consent_description": "Allows the application to read print connectors on your behalf.",
                "user_consent_display_name": "Read print connectors",
                "value": "PrintConnector.Read.All"
              },
              {
                "admin_consent_description": "Allows the application to read and write print connectors on behalf of the signed-in user.",
                "admin_consent_display_name": "Read and write print connectors",
                "enabled": true,
                "id": "79ef9967-7d59-4213-9c64-4b10687637d8",
                "type": "Admin",
                "user_consent_description": "Allows the application to read and write print connectors on your behalf.",
                "user_consent_display_name": "Read and write print connectors",
                "value": "PrintConnector.ReadWrite.All"
              },
              {
                "admin_consent_description": "Allows the application to create (register) printers on behalf of the signed-in user. ",
                "admin_consent_display_name": "Register printers  ",
                "enabled": true,
                "id": "90c30bed-6fd1-4279-bf39-714069619721",
                "type": "Admin",
                "user_consent_description": "Allows the application to create (register) printers on your behalf. ",
                "user_consent_display_name": "Register printers  ",
                "value": "Printer.Create"
              },
              {
                "admin_consent_description": "Allows the application to create (register), read, update, and delete (unregister) printers on behalf of the signed-in user. ",
                "admin_consent_display_name": "Register, read, update, and unregister printers",
                "enabled": true,
                "id": "93dae4bd-43a1-4a23-9a1a-92957e1d9121",
                "type": "Admin",
                "user_consent_description": "Allows the application to create (register), read, update, and delete (unregister) printers on your behalf.  ",
                "user_consent_display_name": "Register, read, update, and unregister printers",
                "value": "Printer.FullControl.All"
              },
              {
                "admin_consent_description": "Allows the application to read printers on behalf of the signed-in user. ",
                "admin_consent_display_name": "Read printers",
                "enabled": true,
                "id": "3a736c8a-018e-460a-b60c-863b2683e8bf",
                "type": "Admin",
                "user_consent_description": "Allows the application to read printers on your behalf. ",
                "user_consent_display_name": "Read printers",
                "value": "Printer.Read.All"
              },
              {
                "admin_consent_description": "Allows the application to read and update printers on behalf of the signed-in user. Does not allow creating (registering) or deleting (unregistering) printers.",
                "admin_consent_display_name": "Read and update printers",
                "enabled": true,
                "id": "89f66824-725f-4b8f-928e-e1c5258dc565",
                "type": "Admin",
                "user_consent_description": "Allows the application to read and update printers on your behalf. Does not allow creating (registering) or deleting (unregistering) printers.",
                "user_consent_display_name": "Read and update printers",
                "value": "Printer.ReadWrite.All"
              },
              {
                "admin_consent_description": "Allows the application to read printer shares on behalf of the signed-in user. ",
                "admin_consent_display_name": "Read printer shares",
                "enabled": true,
                "id": "ed11134d-2f3f-440d-a2e1-411efada2502",
                "type": "User",
                "user_consent_description": "Allows the application to read printer shares on your behalf. ",
                "user_consent_display_name": "Read printer shares",
                "value": "PrinterShare.Read.All"
              },
              {
                "admin_consent_description": "Allows the application to read basic information about printer shares on behalf of the signed-in user. Does not allow reading access control information.",
                "admin_consent_display_name": "Read basic information about printer shares",
                "enabled": true,
                "id": "5fa075e9-b951-4165-947b-c63396ff0a37",
                "type": "User",
                "user_consent_description": "Allows the application to read basic information about printer shares on your behalf.",
                "user_consent_display_name": "Read basic information about printer shares",
                "value": "PrinterShare.ReadBasic.All"
              },
              {
                "admin_consent_description": "Allows the application to read and update printer shares on behalf of the signed-in user. ",
                "admin_consent_display_name": "Read and write printer shares",
                "enabled": true,
                "id": "06ceea37-85e2-40d7-bec3-91337a46038f",
                "type": "Admin",
                "user_consent_description": "Allows the application to read and update printer shares on your behalf. ",
                "user_consent_display_name": "Read and update printer shares",
                "value": "PrinterShare.ReadWrite.All"
              },
              {
                "admin_consent_description": "Allows the application to create print jobs on behalf of the signed-in user and upload document content to print jobs that the signed-in user created.",
                "admin_consent_display_name": "Create print jobs",
                "enabled": true,
                "id": "21f0d9c0-9f13-48b3-94e0-b6b231c7d320",
                "type": "User",
                "user_consent_description": "Allows the application to create print jobs on your behalf and upload document content to print jobs  that you created.",
                "user_consent_display_name": "Create your print jobs",
                "value": "PrintJob.Create"
              },
              {
                "admin_consent_description": "Allows the application to read the metadata and document content of print jobs that the signed-in user created.",
                "admin_consent_display_name": "Read user's print jobs",
                "enabled": true,
                "id": "248f5528-65c0-4c88-8326-876c7236df5e",
                "type": "User",
                "user_consent_description": "Allows the application to read the metadata and document content of print jobs that you created.",
                "user_consent_display_name": "Read your print jobs",
                "value": "PrintJob.Read"
              },
              {
                "admin_consent_description": "Allows the application to read the metadata and document content of print jobs on behalf of the signed-in user. ",
                "admin_consent_display_name": "Read print jobs",
                "enabled": true,
                "id": "afdd6933-a0d8-40f7-bd1a-b5d778e8624b",
                "type": "Admin",
                "user_consent_description": "Allows the application to read the metadata and document content of print jobs on your behalf. ",
                "user_consent_display_name": "Read print jobs",
                "value": "PrintJob.Read.All"
              },
              {
                "admin_consent_description": "Allows the application to read the metadata of print jobs that the signed-in user created. Does not allow access to print job document content.",
                "admin_consent_display_name": "Read basic information of user's print jobs",
                "enabled": true,
                "id": "6a71a747-280f-4670-9ca0-a9cbf882b274",
                "type": "User",
                "user_consent_description": "Allows the application to read the metadata of print jobs that you created. Does not allow access to print job document content.",
                "user_consent_display_name": "Read basic information of your print jobs",
                "value": "PrintJob.ReadBasic"
              },
              {
                "admin_consent_description": "Allows the application to read the metadata of print jobs on behalf of the signed-in user. Does not allow access to print job document content.",
                "admin_consent_display_name": "Read basic information of print jobs",
                "enabled": true,
                "id": "04ce8d60-72ce-4867-85cf-6d82f36922f3",
                "type": "Admin",
                "user_consent_description": "Allows the application to read the metadata of print jobs on your behalf. Does not allow access to print job document content.",
                "user_consent_display_name": "Read basic information of print jobs",
                "value": "PrintJob.ReadBasic.All"
              },
              {
                "admin_consent_description": "Allows the application to read and update the metadata and document content of print jobs that the signed-in user created.",
                "admin_consent_display_name": "Read and write user's print jobs",
                "enabled": true,
                "id": "b81dd597-8abb-4b3f-a07a-820b0316ed04",
                "type": "User",
                "user_consent_description": "Allows the application to read and update the metadata and document content of print jobs that you created.",
                "user_consent_display_name": "Read and update your print jobs",
                "value": "PrintJob.ReadWrite"
              },
              {
                "admin_consent_description": "Allows the application to read and update the metadata and document content of print jobs on behalf of the signed-in user. ",
                "admin_consent_display_name": "Read and write print jobs",
                "enabled": true,
                "id": "036b9544-e8c5-46ef-900a-0646cc42b271",
                "type": "Admin",
                "user_consent_description": "Allows the application to read and update the metadata and document content of print jobs on your behalf. ",
                "user_consent_display_name": "Read and update print jobs",
                "value": "PrintJob.ReadWrite.All"
              },
              {
                "admin_consent_description": "Allows the application to read and update the metadata of print jobs that the signed-in user created. Does not allow access to print job document content.",
                "admin_consent_display_name": "Read and write basic information of user's print jobs",
                "enabled": true,
                "id": "6f2d22f2-1cb6-412c-a17c-3336817eaa82",
                "type": "User",
                "user_consent_description": "Allows the application to read and update the metadata of print jobs that you created. Does not allow access to print job document content.",
                "user_consent_display_name": "Read and write basic information of your print jobs",
                "value": "PrintJob.ReadWriteBasic"
              },
              {
                "admin_consent_description": "Allows the application to read and update the metadata of print jobs on behalf of the signed-in user. Does not allow access to print job document content.",
                "admin_consent_display_name": "Read and write basic information of print jobs",
                "enabled": true,
                "id": "3a0db2f6-0d2a-4c19-971b-49109b19ad3d",
                "type": "Admin",
                "user_consent_description": "Allows the application to read and update the metadata of print jobs on your behalf. Does not allow access to print job document content.",
                "user_consent_display_name": "Read and write basic information of print jobs",
                "value": "PrintJob.ReadWriteBasic.All"
              },
              {
                "admin_consent_description": "Allows the application to read tenant-wide print settings on behalf of the signed-in user.",
                "admin_consent_display_name": "Read tenant-wide print settings",
                "enabled": true,
                "id": "490f32fd-d90f-4dd7-a601-ff6cdc1a3f6c",
                "type": "Admin",
                "user_consent_description": "Allows the application to read tenant-wide print settings on your behalf.",
                "user_consent_display_name": "Read tenant-wide print settings",
                "value": "PrintSettings.Read.All"
              },
              {
                "admin_consent_description": "Allows the application to read and write tenant-wide print settings on behalf of the signed-in user.",
                "admin_consent_display_name": "Read and write tenant-wide print settings",
                "enabled": true,
                "id": "9ccc526a-c51c-4e5c-a1fd-74726ef50b8f",
                "type": "Admin",
                "user_consent_description": "Allows the application to read and write tenant-wide print settings on your behalf.",
                "user_consent_display_name": "Read and write tenant-wide print settings",
                "value": "PrintSettings.ReadWrite.All"
              },
              {
                "admin_consent_description": "Allows the app to read time-based assignment and just-in-time elevation (including scheduled elevation) of Azure AD built-in and custom administrative roles, on behalf of the signed-in user.",
                "admin_consent_display_name": "Read privileged access to Azure AD",
                "enabled": true,
                "id": "b3a539c9-59cb-4ad5-825a-041ddbdc2bdb",
                "type": "Admin",
                "user_consent_description": "Allows the app to read time-based assignment and just-in-time elevation (including scheduled elevation) of Azure AD built-in and custom administrative roles, on your behalf.",
                "user_consent_display_name": "Read privileged access to Azure AD",
                "value": "PrivilegedAccess.Read.AzureAD"
              },
              {
                "admin_consent_description": "Allows the app to read time-based assignment and just-in-time elevation (including scheduled elevation) of Azure AD groups, on behalf of the signed-in user.",
                "admin_consent_display_name": "Read privileged access to Azure AD groups",
                "enabled": true,
                "id": "d329c81c-20ad-4772-abf9-3f6fdb7e5988",
                "type": "Admin",
                "user_consent_description": "Allows the app to read time-based assignment and just-in-time elevation (including scheduled elevation) of Azure AD groups, on your behalf.",
                "user_consent_display_name": "Read privileged access to Azure AD groups",
                "value": "PrivilegedAccess.Read.AzureADGroup"
              },
              {
                "admin_consent_description": "Allows the app to read time-based assignment and just-in-time elevation of Azure resources (like your subscriptions, resource groups, storage, compute) on behalf of the signed-in user.",
                "admin_consent_display_name": "Read privileged access to Azure resources",
                "enabled": true,
                "id": "1d89d70c-dcac-4248-b214-903c457af83a",
                "type": "Admin",
                "user_consent_description": "Allows the app to read time-based assignment and just-in-time elevation of Azure resources (like your subscriptions, resource groups, storage, compute) on your behalf.",
                "user_consent_display_name": "Read privileged access to your Azure resources",
                "value": "PrivilegedAccess.Read.AzureResources"
              },
              {
                "admin_consent_description": "Allows the app to request and manage just in time elevation (including scheduled elevation) of users to Azure AD built-in administrative roles, on behalf of signed-in users.",
                "admin_consent_display_name": "Read and write privileged access to Azure AD",
                "enabled": true,
                "id": "3c3c74f5-cdaa-4a97-b7e0-4e788bfcfb37",
                "type": "Admin",
                "user_consent_description": "Allows the app to request and manage just in time elevation (including scheduled elevation) of users to Azure AD built-in administrative roles, on your behalf.",
                "user_consent_display_name": "Read and write privileged access to Azure AD",
                "value": "PrivilegedAccess.ReadWrite.AzureAD"
              },
              {
                "admin_consent_description": "Allows the app to request and manage time-based assignment and just-in-time elevation (including scheduled elevation) of Azure AD groups, on behalf of the signed-in user.",
                "admin_consent_display_name": "Read and write privileged access to Azure AD groups",
                "enabled": true,
                "id": "32531c59-1f32-461f-b8df-6f8a3b89f73b",
                "type": "Admin",
                "user_consent_description": "Allows the app to request and manage time-based assignment and just-in-time elevation (including scheduled elevation) of Azure AD groups, on your behalf.",
                "user_consent_display_name": "Read and write privileged access to Azure AD groups",
                "value": "PrivilegedAccess.ReadWrite.AzureADGroup"
              },
              {
                "admin_consent_description": "Allows the app to request and manage time-based assignment and just-in-time elevation of user privileges to manage Azure resources (like subscriptions, resource groups, storage, compute) on behalf of the signed-in users.",
                "admin_consent_display_name": "Read and write privileged access to Azure resources",
                "enabled": true,
                "id": "a84a9652-ffd3-496e-a991-22ba5529156a",
                "type": "Admin",
                "user_consent_description": "Allows the app to request and manage time-based assignment and just-in-time elevation of user privileges to manage  your Azure resources (like your subscriptions, resource groups, storage, compute) on your behalf.",
                "user_consent_display_name": "Read and write privileged access to Azure resources",
                "value": "PrivilegedAccess.ReadWrite.AzureResources"
              },
              {
                "admin_consent_description": "Allows the app to read time-based assignment schedules for access to Azure AD groups, on behalf of the signed-in user.",
                "admin_consent_display_name": "Read assignment schedules for access to Azure AD groups",
                "enabled": true,
                "id": "02a32cc4-7ab5-4b58-879a-0586e0f7c495",
                "type": "Admin",
                "user_consent_description": "Allows the app to read time-based assignment schedules for access to Azure AD groups, on your behalf.",
                "user_consent_display_name": "Read assignment schedules for access to Azure AD groups",
                "value": "PrivilegedAssignmentSchedule.Read.AzureADGroup"
              },
              {
                "admin_consent_description": "Allows the app to read, create, and delete time-based assignment schedules for access to Azure AD groups, on behalf of the signed-in user.",
                "admin_consent_display_name": "Read, create, and delete assignment schedules for access to Azure AD groups",
                "enabled": true,
                "id": "06dbc45d-6708-4ef0-a797-f797ee68bf4b",
                "type": "Admin",
                "user_consent_description": "Allows the app to read, create, and delete time-based assignment schedules for access to Azure AD groups, on your behalf.",
                "user_consent_display_name": "Read, create, and delete assignment schedules for access to Azure AD groups",
                "value": "PrivilegedAssignmentSchedule.ReadWrite.AzureADGroup"
              },
              {
                "admin_consent_description": "Allows the app to delete time-based assignment schedules for access to Azure AD groups, on behalf of the signed-in user.",
                "admin_consent_display_name": "Delete assignment schedules for access to Azure AD groups",
                "enabled": true,
                "id": "ca5fe595-68ff-4dfd-907d-4509501a0e49",
                "type": "Admin",
                "user_consent_description": "Allows the app to delete time-based assignment schedules for access to Azure AD groups, on your behalf.",
                "user_consent_display_name": "Delete assignment schedules for access to Azure AD groups",
                "value": "PrivilegedAssignmentSchedule.Remove.AzureADGroup"
              },
              {
                "admin_consent_description": "Allows the app to read time-based eligibility schedules for access to Azure AD groups, on behalf of the signed-in user.",
                "admin_consent_display_name": "Read eligibility schedules for access to Azure AD groups",
                "enabled": true,
                "id": "8f44f93d-ecef-46ae-a9bf-338508d44d6b",
                "type": "Admin",
                "user_consent_description": "Allows the app to read time-based eligibility schedules for access to Azure AD groups, on your behalf.",
                "user_consent_display_name": "Read eligibility schedules for access to Azure AD groups",
                "value": "PrivilegedEligibilitySchedule.Read.AzureADGroup"
              },
              {
                "admin_consent_description": "Allows the app to read, create, and delete time-based eligibility schedules for access to Azure AD groups, on behalf of the signed-in user.",
                "admin_consent_display_name": "Read, create, and delete eligibility schedules for access to Azure AD groups",
                "enabled": true,
                "id": "ba974594-d163-484e-ba39-c330d5897667",
                "type": "Admin",
                "user_consent_description": "Allows the app to read, create, and delete time-based eligibility schedules for access to Azure AD groups, on your behalf.",
                "user_consent_display_name": "Read, create, and delete eligibility schedules for access to Azure AD groups",
                "value": "PrivilegedEligibilitySchedule.ReadWrite.AzureADGroup"
              },
              {
                "admin_consent_description": "Allows the app to delete time-based eligibility schedules for access to Azure AD groups, on behalf of the signed-in user.",
                "admin_consent_display_name": "Delete eligibility schedules for access to Azure AD groups",
                "enabled": true,
                "id": "c5ea9ab4-9b41-4c09-a400-53e652fb5096",
                "type": "Admin",
                "user_consent_description": "Allows the app to delete time-based eligibility schedules for access to Azure AD groups, on your behalf.",
                "user_consent_display_name": "Delete eligibility schedules for access to Azure AD groups",
                "value": "PrivilegedEligibilitySchedule.Remove.AzureADGroup"
              },
              {
                "admin_consent_description": "Allows the app to see your users' basic profile (e.g., name, picture, user name, email address)",
                "admin_consent_display_name": "View users' basic profile",
                "enabled": true,
                "id": "14dad69e-099b-42c9-810b-d002981feec1",
                "type": "User",
                "user_consent_description": "Allows the app to see your basic profile (e.g., name, picture, user name, email address)",
                "user_consent_display_name": "View your basic profile",
                "value": "profile"
              },
              {
                "admin_consent_description": "Allows the app to read all profile photos of users and groups, on behalf of the signed-in user.",
                "admin_consent_display_name": "Read profile photo of a user or group",
                "enabled": true,
                "id": "469cd065-729e-4dee-b1fa-d92e0fab6310",
                "type": "Admin",
                "user_consent_description": "Allows the app to read all profile photos of users and groups, on your behalf",
                "user_consent_display_name": "Read profile photo of a user or group",
                "value": "ProfilePhoto.Read.All"
              },
              {
                "admin_consent_description": "Allows the app to read and write all profile photos of users and groups, on behalf of the signed-in user.",
                "admin_consent_display_name": "Read and write profile photo of a user or group",
                "enabled": true,
                "id": "f5b24df7-511e-48bb-ae88-643f023b55e1",
                "type": "Admin",
                "user_consent_description": "Allows the app to read and write all profile photos of users and groups, on your behalf",
                "user_consent_display_name": "Read and write profile photo of a user or group",
                "value": "ProfilePhoto.ReadWrite.All"
              },
              {
                "admin_consent_description": "Allows the app to read programs and program controls that the signed-in user has access to in the organization.",
                "admin_consent_display_name": "Read all programs that user can access",
                "enabled": true,
                "id": "c492a2e1-2f8f-4caa-b076-99bbf6e40fe4",
                "type": "Admin",
                "user_consent_description": "Allows the app to read information on programs and program controls that you have access to.",
                "user_consent_display_name": "Read programs that you can access",
                "value": "ProgramControl.Read.All"
              },
              {
                "admin_consent_description": "Allows the app to read, update, delete and perform actions on programs and program controls that the signed-in user has access to in the organization.",
                "admin_consent_display_name": "Manage all programs that user can access",
                "enabled": true,
                "id": "50fd364f-9d93-4ae1-b170-300e87cccf84",
                "type": "Admin",
                "user_consent_description": "Allows the app to read, update and perform action on programs and program controls that you have access to.",
                "user_consent_display_name": "Manage programs that you can access",
                "value": "ProgramControl.ReadWrite.All"
              },
              {
                "admin_consent_description": "Allows the app to identify Purview data protection, compliance and governance policy scopes defined for all users across tenant.",
                "admin_consent_display_name": "Compute Purview policies at tenant scope",
                "enabled": true,
                "id": "98f5a27a-539a-48bc-a597-f78e9e1e76bf",
                "type": "Admin",
                "user_consent_description": "Allows the app to identify Purview data protection, compliance and governance policy scopes defined for all users across tenant.",
                "user_consent_display_name": "Compute Purview policies at tenant scope",
                "value": "ProtectionScopes.Compute.All"
              },
              {
                "admin_consent_description": "Allows the app to identify Purview data protection, compliance and governance policy scopes defined for an individual user.",
                "admin_consent_display_name": "Compute Purview policies for an individual user",
                "enabled": true,
                "id": "4fc04d16-a9fc-4c5e-8da4-79b6c33638a4",
                "type": "Admin",
                "user_consent_description": "Allows the app to identify Purview data protection, compliance and governance policy scopes defined for an individual user.",
                "user_consent_display_name": "Compute Purview policies for an individual user",
                "value": "ProtectionScopes.Compute.User"
              },
              {
                "admin_consent_description": "Allows the app to read and query your provisioning log activities, on behalf of the signed-in user.",
                "admin_consent_display_name": "Read provisioning log data",
                "enabled": true,
                "id": "95aec97b-cf27-4a8d-a67d-42f60b5b38ef",
                "type": "Admin",
                "user_consent_description": "Allows the app to read and query your provisioning log activities, on your behalf.",
                "user_consent_display_name": "Read provisioning log data",
                "value": "ProvisioningLog.Read.All"
              },
              {
                "admin_consent_description": "Allows the application to read certificate-based authentication configuration such as all public key infrastructures (PKI) and certificate authorities (CA) configured for the organization, on behalf of the signed-in user.",
                "admin_consent_display_name": "Read certificate based authentication configurations",
                "enabled": true,
                "id": "04a4b2a2-3f26-4fc8-87ee-9c46e68db175",
                "type": "Admin",
                "user_consent_description": "Allows the application to read certificate-based authentication configuration such as all public key infrastructures (PKI) and certificate authorities (CA) configured for the organization, on your behalf.",
                "user_consent_display_name": "Read certificate based authentication configurations",
                "value": "PublicKeyInfrastructure.Read.All"
              },
              {
                "admin_consent_description": "Allows the application to read  and write certificate-based authentication configuration such as all public key infrastructures (PKI) and certificate authorities (CA) configured for the organization, on behalf of the signed-in user.",
                "admin_consent_display_name": "Read and write certificate based authentication configurations",
                "enabled": true,
                "id": "3591b7f3-dba8-4bad-b667-7a64bd4f2b83",
                "type": "Admin",
                "user_consent_description": "Allows the application to read  and write certificate-based authentication configuration such as all public key infrastructures (PKI) and certificate authorities (CA) configured for the organization, on your behalf.",
                "user_consent_display_name": "Read and write certificate based authentication configurations",
                "value": "PublicKeyInfrastructure.ReadWrite.All"
              },
              {
                "admin_consent_description": "Allows an app to read all question and answer sets that the signed-in user can access.",
                "admin_consent_display_name": "Read all Questions and Answers that the user can access.",
                "enabled": true,
                "id": "f73fa04f-b9a5-4df9-8843-993ce928925e",
                "type": "User",
                "user_consent_description": "Allows the app to read all question and answer sets that you can access.",
                "user_consent_display_name": "Read all Questions and Answers that you can access.",
                "value": "QnA.Read.All"
              },
              {
                "admin_consent_description": "Allows the application to read any data from Records Management, such as configuration, labels, and policies on behalf of the signed-in user.",
                "admin_consent_display_name": "Read Records Management configuration, labels, and policies",
                "enabled": true,
                "id": "07f995eb-fc67-4522-ad66-2b8ca8ea3efd",
                "type": "Admin",
                "user_consent_description": "Allows the application to read any data from Records Management, such as configuration, labels and policies on your behalf.",
                "user_consent_display_name": "Read Records Management configuration, labels, and policies",
                "value": "RecordsManagement.Read.All"
              },
              {
                "admin_consent_description": "Allow the application to create, update and delete any data from Records Management, such as configuration, labels, and policies on behalf of the signed-in user.",
                "admin_consent_display_name": "Read and write Records Management configuration, labels, and policies",
                "enabled": true,
                "id": "f2833d75-a4e6-40ab-86d4-6dfe73c97605",
                "type": "Admin",
                "user_consent_description": "Allow the application to create, update and delete any data from Records Management, such as configuration, labels, and policies on your behalf.",
                "user_consent_display_name": "Read and write Records Management configuration, labels, and policies",
                "value": "RecordsManagement.ReadWrite.All"
              },
              {
                "admin_consent_description": "Allows an app to read all service usage reports on behalf of the signed-in user.  Services that provide usage reports include Office 365 and Azure Active Directory.",
                "admin_consent_display_name": "Read all usage reports",
                "enabled": true,
                "id": "02e97553-ed7b-43d0-ab3c-f8bace0d040c",
                "type": "Admin",
                "user_consent_description": "Allows an app to read all service usage reports on your behalf. Services that provide usage reports include Office 365 and Azure Active Directory.",
                "user_consent_display_name": "Read all usage reports",
                "value": "Reports.Read.All"
              },
              {
                "admin_consent_description": "Allows the app to read admin report settings, such as whether to display concealed information in reports, on behalf of the signed-in user",
                "admin_consent_display_name": "Read admin report settings",
                "enabled": true,
                "id": "84fac5f4-33a9-4100-aa38-a20c6d29e5e7",
                "type": "Admin",
                "user_consent_description": "Allows the app to read admin report settings, such as whether to display concealed information in reports, on your behalf.",
                "user_consent_display_name": "Read admin report settings",
                "value": "ReportSettings.Read.All"
              },
              {
                "admin_consent_description": "Allows the app to read and update admin report settings, such as whether to display concealed information in reports, on behalf of the signed-in user.",
                "admin_consent_display_name": "Read and write admin report settings",
                "enabled": true,
                "id": "b955410e-7715-4a88-a940-dfd551018df3",
                "type": "Admin",
                "user_consent_description": "Allows the app to read and update admin report settings, such as whether to display concealed information in reports, on your behalf.",
                "user_consent_display_name": "Read and write admin report settings",
                "value": "ReportSettings.ReadWrite.All"
              },
              {
                "admin_consent_description": "Allows the app to read the resource specific permissions granted on the chat, on behalf of the signed-in user.",
                "admin_consent_display_name": "Read resource specific permissions granted on a chat",
                "enabled": true,
                "id": "cb530fca-534b-4e72-aa74-bca7e8bbd06f",
                "type": "Admin",
                "user_consent_description": "Allows the app to read the resource specific permission granted on the chat, on your behalf.",
                "user_consent_display_name": "Read resource specific permissions granted on a chat",
                "value": "ResourceSpecificPermissionGrant.ReadForChat"
              },
              {
                "admin_consent_description": "Allows the app to read the resource specific permissions granted on the team, on behalf of the signed-in user.",
                "admin_consent_display_name": "Read resource specific permissions granted on a team",
                "enabled": true,
                "id": "eafad40c-bf7a-415a-b7f8-acdf5706b58f",
                "type": "Admin",
                "user_consent_description": "Allows the app to read the resource specific permission granted on the team, on your behalf.",
                "user_consent_display_name": "Read resource specific permissions granted on a team",
                "value": "ResourceSpecificPermissionGrant.ReadForTeam"
              },
              {
                "admin_consent_description": "Allows the app to read the resource specific permissions granted on a user account, on behalf of the signed-in user.",
                "admin_consent_display_name": "Read resource specific permissions granted on a user account",
                "enabled": true,
                "id": "f1d91a8f-88e7-4774-8401-b668d5bca0c5",
                "type": "Admin",
                "user_consent_description": "Allows the app to read the resource specific permission granted on your account, on your behalf.",
                "user_consent_display_name": "Read resource specific permissions granted on your user account",
                "value": "ResourceSpecificPermissionGrant.ReadForUser"
              },
              {
                "admin_consent_description": "Allows the app to read your organization's risk prevention providers, on behalf of the signed-in user.",
                "admin_consent_display_name": "Read all identity risk prevention providers",
                "enabled": true,
                "id": "e197c06f-ae7b-4398-b0a2-89f76ebca159",
                "type": "Admin",
                "user_consent_description": "Allows the app to read your organization's risk prevention providers, on your behalf.",
                "user_consent_display_name": "Read all identity risk prevention providers",
                "value": "RiskPreventionProviders.Read.All"
              },
              {
                "admin_consent_description": "Allows the app to read and write your organization's risk prevention providers, on behalf of the signed-in user.",
                "admin_consent_display_name": "Read and write all identity risk prevention providers",
                "enabled": true,
                "id": "2a7babba-9623-4109-bc9c-79728cf3bb4f",
                "type": "Admin",
                "user_consent_description": "Allows the app to read and write your organization's risk prevention providers, on your behalf.",
                "user_consent_display_name": "Read and write all identity risk prevention providers",
                "value": "RiskPreventionProviders.ReadWrite.All"
              },
              {
                "admin_consent_description": "Allows the app to read the active role-based access control (RBAC) assignments for your company's directory, on behalf of the signed-in user. This includes reading directory role templates, and directory roles.",
                "admin_consent_display_name": "Read all active role assignments for your company's directory",
                "enabled": true,
                "id": "344a729c-0285-42c6-9014-f12b9b8d6129",
                "type": "Admin",
                "user_consent_description": "Allows the app to read the active role-based access control (RBAC) assignments for your company's directory, on your behalf. This includes reading directory role templates, and directory roles.",
                "user_consent_display_name": "Read all active role assignments for your company's directory",
                "value": "RoleAssignmentSchedule.Read.Directory"
              },
              {
                "admin_consent_description": "Allows the app to read and manage the active role-based access control (RBAC) assignments for your company's directory, on behalf of the signed-in user. This includes managing active directory role membership, and reading directory role templates, directory roles and active memberships.",
                "admin_consent_display_name": "Read, update, and delete all active role assignments for your company's directory",
                "enabled": true,
                "id": "8c026be3-8e26-4774-9372-8d5d6f21daff",
                "type": "Admin",
                "user_consent_description": "Allows the app to read and manage the active role-based access control (RBAC) assignments for your company's directory, on your behalf. This includes managing active directory role membership, and reading directory role templates, directory roles and active memberships.",
                "user_consent_display_name": "Read, update, and delete all active role assignments for your company's directory",
                "value": "RoleAssignmentSchedule.ReadWrite.Directory"
              },
              {
                "admin_consent_description": "Allows the app to delete the active role-based access control (RBAC) assignments for your company's directory, on behalf of the signed-in user.",
                "admin_consent_display_name": "Delete all active role assignments for your company's directory",
                "enabled": true,
                "id": "f71cd05c-3fdb-4568-aef2-e1cf62ee20d4",
                "type": "Admin",
                "user_consent_description": "Allows the app to delete the active role-based access control (RBAC) assignments for your company's directory, on your behalf.",
                "user_consent_display_name": "Delete all active role assignments for your company's directory",
                "value": "RoleAssignmentSchedule.Remove.Directory"
              },
              {
                "admin_consent_description": "Allows the app to read the eligible role-based access control (RBAC) assignments for your company's directory, on behalf of the signed-in user. This includes reading directory role templates, and directory roles.",
                "admin_consent_display_name": "Read all eligible role assignments for your company's directory",
                "enabled": true,
                "id": "eb0788c2-6d4e-4658-8c9e-c0fb8053f03d",
                "type": "Admin",
                "user_consent_description": "Allows the app to read the eligible role-based access control (RBAC) assignments for your company's directory, on your behalf. This includes reading directory role templates, and directory roles.",
                "user_consent_display_name": "Read all eligible role assignments for your company's directory",
                "value": "RoleEligibilitySchedule.Read.Directory"
              },
              {
                "admin_consent_description": "Allows the app to read and manage the eligible role-based access control (RBAC) assignments for your company's directory, on behalf of the signed-in user. This includes managing eligible directory role membership, and reading directory role templates, directory roles and eligible memberships.",
                "admin_consent_display_name": "Read, update, and delete  all eligible role assignments for your company's directory",
                "enabled": true,
                "id": "62ade113-f8e0-4bf9-a6ba-5acb31db32fd",
                "type": "Admin",
                "user_consent_description": "Allows the app to read and manage the eligible role-based access control (RBAC) assignments for your company's directory, on your behalf. This includes managing eligible directory role membership, and reading directory role templates, directory roles and eligible memberships.",
                "user_consent_display_name": "Read, update, and delete  all eligible role assignments for your company's directory",
                "value": "RoleEligibilitySchedule.ReadWrite.Directory"
              },
              {
                "admin_consent_description": "Allows the app to delete the eligible role-based access control (RBAC) assignments for your company's directory, on behalf of the signed-in user.",
                "admin_consent_display_name": "Delete all eligible role assignments for your company's directory",
                "enabled": true,
                "id": "58ac4fa2-b484-4d6e-ba97-beee2a574220",
                "type": "Admin",
                "user_consent_description": "Allows the app to delete the eligible role-based access control (RBAC) assignments for your company's directory, on your behalf.",
                "user_consent_display_name": "Delete all eligible role assignments for your company's directory",
                "value": "RoleEligibilitySchedule.Remove.Directory"
              },
              {
                "admin_consent_description": "Allows the app to read the role-based access control (RBAC) settings for all RBAC providers, on behalf of the signed-in user.  This includes reading role definitions and role assignments.",
                "admin_consent_display_name": "Read role management data for all RBAC providers",
                "enabled": true,
                "id": "48fec646-b2ba-4019-8681-8eb31435aded",
                "type": "Admin",
                "user_consent_description": "Allows the app to read the role-based access control (RBAC) settings for all RBAC providers, on your behalf.  This includes reading role definitions and role assignments.",
                "user_consent_display_name": "Read role management data for all RBAC providers",
                "value": "RoleManagement.Read.All"
              },
              {
                "admin_consent_description": "Allows the app to read the Cloud PC role-based access control (RBAC) settings, on behalf of the signed-in user.  This includes reading Cloud PC role definitions and role assignments.",
                "admin_consent_display_name": "Read Cloud PC RBAC settings",
                "enabled": true,
                "id": "9619b88a-8a25-48a7-9571-d23be0337a79",
                "type": "Admin",
                "user_consent_description": "Allows the app to read the Cloud PC role-based access control (RBAC) settings, on your behalf.  This includes reading Cloud PC role definitions and role assignments.",
                "user_consent_display_name": "Read Cloud PC RBAC settings",
                "value": "RoleManagement.Read.CloudPC"
              },
              {
                "admin_consent_description": "Allows the app to read the role-based access control (RBAC) settings for your company's directory, on behalf of the signed-in user. This includes reading M365 Defender role definitions and role assignments.",
                "admin_consent_display_name": "Read M365 Defender RBAC configuration",
                "enabled": true,
                "id": "dd689728-6eb8-4deb-bd38-2924a935f3de",
                "type": "Admin",
                "user_consent_description": "Allows the app to read the role-based access control (RBAC) settings for your company's directory, on behalf of the signed-in user. This includes reading M365 Defender role definitions and role assignments.",
                "user_consent_display_name": "Read M365 Defender RBAC configuration",
                "value": "RoleManagement.Read.Defender"
              },
              {
                "admin_consent_description": "Allows the app to read the role-based access control (RBAC) settings for your company's directory, on behalf of the signed-in user.  This includes reading directory role templates, directory roles and memberships.",
                "admin_consent_display_name": "Read directory RBAC settings",
                "enabled": true,
                "id": "741c54c3-0c1e-44a1-818b-3f97ab4e8c83",
                "type": "Admin",
                "user_consent_description": "Allows the app to read the role-based access control (RBAC) settings for your company's directory, on your behalf.  This includes reading directory role templates, directory roles and memberships.",
                "user_consent_display_name": "Read directory RBAC settings",
                "value": "RoleManagement.Read.Directory"
              },
              {
                "admin_consent_description": "Allows the app to read the role-based access control (RBAC) settings for your organization's Exchange Online service, on behalf of the signed-in user. This includes reading Exchange management role definitions, role groups, role group membership, role assignments, management scopes, and role assignment policies.",
                "admin_consent_display_name": "Read Exchange Online RBAC configuration",
                "enabled": true,
                "id": "3bc15058-7858-4141-b24f-ae43b4e80b52",
                "type": "Admin",
                "user_consent_description": "Allows the app to read the role-based access control (RBAC) settings for your organization's Exchange Online service, on your behalf. This includes reading Exchange management role definitions, role groups, role group membership, role assignments, management scopes, and role assignment policies.",
                "user_consent_display_name": "Read Exchange Online RBAC configuration",
                "value": "RoleManagement.Read.Exchange"
              },
              {
                "admin_consent_description": "Allows the app to read and manage the Cloud PC role-based access control (RBAC) settings, on behalf of the signed-in user. This includes reading and managing Cloud PC role definitions and role assignments.",
                "admin_consent_display_name": "Read and write Cloud PC RBAC settings",
                "enabled": true,
                "id": "501d06f8-07b8-4f18-b5c6-c191a4af7a82",
                "type": "Admin",
                "user_consent_description": "Allows the app to read and manage the Cloud PC role-based access control (RBAC) settings, on your behalf. This includes reading and managing Cloud PC role definitions and memberships.",
                "user_consent_display_name": "Read and write Cloud PC RBAC settings",
                "value": "RoleManagement.ReadWrite.CloudPC"
              },
              {
                "admin_consent_description": "Allows the app to read the role-based access control (RBAC) settings for your company's directory, on behalf of the signed-in user. This includes reading M365 Defender role definitions and role assignments.",
                "admin_consent_display_name": "Read M365 Defender RBAC configuration",
                "enabled": true,
                "id": "d8914f8f-9f64-4bd1-b4d3-f5a701ed8457",
                "type": "Admin",
                "user_consent_description": "Allows the app to read the role-based access control (RBAC) settings for your company's directory, on behalf of the signed-in user. This includes reading M365 Defender role definitions and role assignments.",
                "user_consent_display_name": "Read M365 Defender RBAC configuration",
                "value": "RoleManagement.ReadWrite.Defender"
              },
              {
                "admin_consent_description": "Allows the app to read and manage the role-based access control (RBAC) settings for your company's directory, on behalf of the signed-in user. This includes instantiating directory roles and managing directory role membership, and reading directory role templates, directory roles and memberships.",
                "admin_consent_display_name": "Read and write directory RBAC settings",
                "enabled": true,
                "id": "d01b97e9-cbc0-49fe-810a-750afd5527a3",
                "type": "Admin",
                "user_consent_description": "Allows the app to read and manage the role-based access control (RBAC) settings for your company's directory, on your behalf. This includes instantiating directory roles and managing directory role membership, and reading directory role templates, directory roles and memberships.",
                "user_consent_display_name": "Read and write directory RBAC settings",
                "value": "RoleManagement.ReadWrite.Directory"
              },
              {
                "admin_consent_description": "Allows the app to read and manage the role-based access control (RBAC) settings for your organization's Exchange Online service, on behalf of the signed-in user. This includes reading, creating, updating, and deleting Exchange management role definitions, role groups, role group membership, role assignments, management scopes, and role assignment policies.",
                "admin_consent_display_name": "Read and write Exchange Online RBAC configuration",
                "enabled": true,
                "id": "c1499fe0-52b1-4b22-bed2-7a244e0e879f",
                "type": "Admin",
                "user_consent_description": "Allows the app to read and manage the role-based access control (RBAC) settings for your organization's Exchange Online service, on your behalf. This includes reading, creating, updating, and deleting Exchange management role definitions, role groups, role group membership, role assignments, management scopes, and role assignment policies.",
                "user_consent_display_name": "Read and write Exchange Online RBAC configuration",
                "value": "RoleManagement.ReadWrite.Exchange"
              },
              {
                "admin_consent_description": "Allows the app to read the role-based access control (RBAC) alerts for your company's directory, on behalf of the signed-in user. This includes reading alert statuses, alert definitions, alert configurations and incidents that lead to an alert.",
                "admin_consent_display_name": "Read all alert data for your company's directory",
                "enabled": true,
                "id": "cce71173-f76d-446e-97ff-efb2d82e11b1",
                "type": "Admin",
                "user_consent_description": "Allows the app to read the role-based access control (RBAC) alerts for your company's directory, on your behalf. This includes reading alert statuses, alert definitions, alert configurations and incidents that lead to an alert.",
                "user_consent_display_name": "Read all alert data for your company's directory",
                "value": "RoleManagementAlert.Read.Directory"
              },
              {
                "admin_consent_description": "Allows the app to read and manage the role-based access control (RBAC) alerts for your company's directory, on behalf of the signed-in user. This includes managing alert settings, initiating alert scans, dismissing alerts, remediating alert incidents, and reading alert statuses, alert definitions, alert configurations and incidents that lead to an alert.",
                "admin_consent_display_name": "Read all alert data, configure alerts, and take actions on all alerts for your company's directory",
                "enabled": true,
                "id": "435644c6-a5b1-40bf-8f52-fe8e5b53e19c",
                "type": "Admin",
                "user_consent_description": "Allows the app to read and manage the role-based access control (RBAC) alerts for your company's directory, on your behalf. This includes managing alert settings, initiating alert scans, dismissing alerts, remediating alert incidents, and reading alert statuses, alert definitions, alert configurations and incidents that lead to an alert.",
                "user_consent_display_name": "Read all alert data, configure alerts, and take actions on all alerts for your company's directory",
                "value": "RoleManagementAlert.ReadWrite.Directory"
              },
              {
                "admin_consent_description": "Allows the app to read policies in Privileged Identity Management for Groups, on behalf of the signed-in user.",
                "admin_consent_display_name": "Read all policies in PIM for Groups",
                "enabled": true,
                "id": "7e26fdff-9cb1-4e56-bede-211fe0e420e8",
                "type": "Admin",
                "user_consent_description": "Allows the app to read policies in Privileged Identity Management for Groups, on your behalf.",
                "user_consent_display_name": "Read all policies in PIM for Groups",
                "value": "RoleManagementPolicy.Read.AzureADGroup"
              },
              {
                "admin_consent_description": "Allows the app to read policies for privileged role-based access control (RBAC) assignments of your company's directory, on behalf of the signed-in user.",
                "admin_consent_display_name": "Read all policies for privileged role assignments of your company's directory",
                "enabled": true,
                "id": "3de2cdbe-0ff5-47d5-bdee-7f45b4749ead",
                "type": "Admin",
                "user_consent_description": "Allows the app to read policies for privileged role-based access control (RBAC) assignments of your company's directory, on your behalf.",
                "user_consent_display_name": "Read all policies for privileged role assignments of your company's directory",
                "value": "RoleManagementPolicy.Read.Directory"
              },
              {
                "admin_consent_description": "Allows the app to read, update, and delete policies in Privileged Identity Management for Groups, on behalf of the signed-in user.",
                "admin_consent_display_name": "Read, update, and delete all policies in PIM for Groups",
                "enabled": true,
                "id": "0da165c7-3f15-4236-b733-c0b0f6abe41d",
                "type": "Admin",
                "user_consent_description": "Allows the app to read, update, and delete policies in Privileged Identity Management for Groups, on your behalf.",
                "user_consent_display_name": "Read, update, and delete all policies in PIM for Groups",
                "value": "RoleManagementPolicy.ReadWrite.AzureADGroup"
              },
              {
                "admin_consent_description": "Allows the app to read, update, and delete policies for privileged role-based access control (RBAC) assignments of your company's directory, on behalf of the signed-in user.",
                "admin_consent_display_name": "Read, update, and delete all policies for privileged role assignments of your company's directory",
                "enabled": true,
                "id": "1ff1be21-34eb-448c-9ac9-ce1f506b2a68",
                "type": "Admin",
                "user_consent_description": "Allows the app to read, update, and delete policies for privileged role-based access control (RBAC) assignments of your company's directory, on your behalf.",
                "user_consent_display_name": "Read, update, and delete all policies for privileged role assignments of your company's directory",
                "value": "RoleManagementPolicy.ReadWrite.Directory"
              },
              {
                "admin_consent_description": "Allows the app to read schedule, schedule groups, shifts and associated entities in the Teams or Shifts application on behalf of the signed-in user.",
                "admin_consent_display_name": "Read user schedule items",
                "enabled": true,
                "id": "fccf6dd8-5706-49fa-811f-69e2e1b585d0",
                "type": "Admin",
                "user_consent_description": "Allows the app to read schedule, schedule groups, shifts and associated entities in the Teams or Shifts application on your behalf.",
                "user_consent_display_name": "Read your schedule items",
                "value": "Schedule.Read.All"
              },
              {
                "admin_consent_description": "Allows the app to manage schedule, schedule groups, shifts and associated entities in the Teams or Shifts application on behalf of the signed-in user.",
                "admin_consent_display_name": "Read and write user schedule items",
                "enabled": true,
                "id": "63f27281-c9d9-4f29-94dd-6942f7f1feb0",
                "type": "Admin",
                "user_consent_description": "Allows the app to manage schedule, schedule groups, shifts and associated entities in the Teams or Shifts application on your behalf.",
                "user_consent_display_name": "Read and write your schedule items",
                "value": "Schedule.ReadWrite.All"
              },
              {
                "admin_consent_description": "Allows the app to read/write schedule permissions for a specific role in Shifts application on behalf of the signed-in user.",
                "admin_consent_display_name": "Read/Write schedule permissions for a role.",
                "enabled": true,
                "id": "07919803-6073-4cd8-bc55-28077db0ee10",
                "type": "Admin",
                "user_consent_description": "Allows the app to read/write schedule permissions for a specific role in Shifts application on behalf of the signed-in user.",
                "user_consent_display_name": "Read/Write your schedule permissions for a role.",
                "value": "SchedulePermissions.ReadWrite.All"
              },
              {
                "admin_consent_description": "Allows the app to read search configuration, on behalf of the signed-in user.",
                "admin_consent_display_name": "Read your organization's search configuration",
                "enabled": true,
                "id": "7d307522-aa38-4cd0-bd60-90c6f0ac50bd",
                "type": "Admin",
                "user_consent_description": "Allows the app to read search configuration, on your behalf.",
                "user_consent_display_name": "Read your organization's search configuration",
                "value": "SearchConfiguration.Read.All"
              },
              {
                "admin_consent_description": "Allows the app to read and write search configuration, on behalf of the signed-in user.",
                "admin_consent_display_name": "Read and write your organization's search configuration",
                "enabled": true,
                "id": "b1a7d408-cab0-47d2-a2a5-a74a3733600d",
                "type": "Admin",
                "user_consent_description": "Allows the app to read and write search configuration, on your behalf.",
                "user_consent_display_name": "Read and write your organization's search configuration",
                "value": "SearchConfiguration.ReadWrite.All"
              },
              {
                "admin_consent_description": "Allows the app to read security actions, on behalf of the signed-in user.",
                "admin_consent_display_name": "Read your organization's security actions",
                "enabled": true,
                "id": "1638cddf-07a4-4de2-8645-69c96cacad73",
                "type": "Admin",
                "user_consent_description": "Allows the app to read security actions, on your behalf.",
                "user_consent_display_name": "Read your organization's security actions",
                "value": "SecurityActions.Read.All"
              },
              {
                "admin_consent_description": "Allows the app to read or update security actions, on behalf of the signed-in user.",
                "admin_consent_display_name": "Read and update your organization's security actions",
                "enabled": true,
                "id": "dc38509c-b87d-4da0-bd92-6bec988bac4a",
                "type": "Admin",
                "user_consent_description": "Allows the app to read and update security actions, on your behalf.",
                "user_consent_display_name": "Read and update your organization's security actions",
                "value": "SecurityActions.ReadWrite.All"
              },
              {
                "admin_consent_description": "Allows the app to read all security alerts, on behalf of the signed-in user.",
                "admin_consent_display_name": "Read all security alerts",
                "enabled": true,
                "id": "bc257fb8-46b4-4b15-8713-01e91bfbe4ea",
                "type": "Admin",
                "user_consent_description": "Allows the app to read all security alerts that you have access to.",
                "user_consent_display_name": "Read all alerts",
                "value": "SecurityAlert.Read.All"
              },
              {
                "admin_consent_description": "Allows the app to read and write to all security alerts, on behalf of the signed-in user.",
                "admin_consent_display_name": "Read and write to all security alerts",
                "enabled": true,
                "id": "471f2a7f-2a42-4d45-a2bf-594d0838070d",
                "type": "Admin",
                "user_consent_description": "Allows the app to read and write all alerts that you have access to.",
                "user_consent_display_name": "Read and write all alerts",
                "value": "SecurityAlert.ReadWrite.All"
              },
              {
                "admin_consent_description": "Read email metadata and security detection details on behalf of the signed in user.",
                "admin_consent_display_name": "Read metadata and detection details for emails in your organization",
                "enabled": true,
                "id": "53e6783e-b127-4a35-ab3a-6a52d80a9077",
                "type": "Admin",
                "user_consent_description": "Read email metadata and security detection details on your behalf.",
                "user_consent_display_name": "Read metadata and detection details for emails in your organization",
                "value": "SecurityAnalyzedMessage.Read.All"
              },
              {
                "admin_consent_description": "Read email metadata, security detection details, and execute remediation actions like deleting an email, on behalf of the signed in user.",
                "admin_consent_display_name": "Read metadata, detection details, and execute remediation actions on emails in your organization",
                "enabled": true,
                "id": "48eb8c83-6e58-46e7-a6d3-8805822f5940",
                "type": "Admin",
                "user_consent_description": "Read email metadata, security detection details, and execute remediation actions like deleting an email, on your behalf.",
                "user_consent_display_name": "Read metadata, detection details, and execute remediation actions on emails in your organization",
                "value": "SecurityAnalyzedMessage.ReadWrite.All"
              },
              {
                "admin_consent_description": "Allows the app to read all Security Copilot signed-in user's resources on behalf of the signed-in user",
                "admin_consent_display_name": "Read all Security Copilot resources for the signed-in user",
                "enabled": true,
                "id": "84499c31-ac2e-44d3-a0cf-a6c386d4dfe8",
                "type": "User",
                "user_consent_description": "Allows the app to read Security Copilot resources owned by user on user's behalf.",
                "user_consent_display_name": "Read user's Security Copilot resources",
                "value": "SecurityCopilotWorkspaces.Read.All"
              },
              {
                "admin_consent_description": "Allows the app to read and write Security Copilot resources owned by the signed-in user on their behalf.",
                "admin_consent_display_name": "Read and write individually owned Security Copilot resources of the signed-in user",
                "enabled": true,
                "id": "206291b0-2167-47a7-a640-6cdc1df710ba",
                "type": "User",
                "user_consent_description": "Allows the app to write Security Copilot resources owned by user on user's behalf.",
                "user_consent_display_name": "Write user's Security Copilot resources",
                "value": "SecurityCopilotWorkspaces.ReadWrite.All"
              },
              {
                "admin_consent_description": "Allows the app to read your organization’s security events on behalf of the signed-in user.",
                "admin_consent_display_name": "Read your organization’s security events",
                "enabled": true,
                "id": "64733abd-851e-478a-bffb-e47a14b18235",
                "type": "Admin",
                "user_consent_description": "Allows the app to read your organization’s security events on your behalf.",
                "user_consent_display_name": "Read your organization’s security events",
                "value": "SecurityEvents.Read.All"
              },
              {
                "admin_consent_description": "Allows the app to read your organization’s security events on behalf of the signed-in user. Also allows the app to update editable properties in security events on behalf of the signed-in user.",
                "admin_consent_display_name": "Read and update your organization’s security events",
                "enabled": true,
                "id": "6aedf524-7e1c-45a7-bd76-ded8cab8d0fc",
                "type": "Admin",
                "user_consent_description": "Allows the app to read your organization’s security events on your behalf. Also allows you to update editable properties in security events.",
                "user_consent_display_name": "Read and update your organization’s security events",
                "value": "SecurityEvents.ReadWrite.All"
              },
              {
                "admin_consent_description": "Allows the app to read all the identity security available identity accounts",
                "admin_consent_display_name": "Read identity security available identity accounts",
                "enabled": true,
                "id": "3e9ed69a-a48e-473c-8b97-413016703a37",
                "type": "Admin",
                "user_consent_description": "Allows the app to read all the identity security available identity accounts on your behalf.",
                "user_consent_display_name": "Read identity security available identity accounts",
                "value": "SecurityIdentitiesAccount.Read.All"
              },
              {
                "admin_consent_description": "Allows the app to read and write identity security available actions on behalf of the signed-in identity.",
                "admin_consent_display_name": "Read and perform identity security available actions",
                "enabled": true,
                "id": "818229ce-20e4-47bd-92f4-bc94dbb37a56",
                "type": "Admin",
                "user_consent_description": "Allows the app to read and write identity security available actions on your behalf.",
                "user_consent_display_name": "Read and perform identity security available actions",
                "value": "SecurityIdentitiesActions.ReadWrite.All"
              },
              {
                "admin_consent_description": "Allows the app to read all the identity security health issues of signed user",
                "admin_consent_display_name": "Read identity security health issues",
                "enabled": true,
                "id": "a0d0da43-a6df-4416-b63d-99c79991aae8",
                "type": "Admin",
                "user_consent_description": "Allows the app to read all the identity security health issues on your behalf.",
                "user_consent_display_name": "Read identity security health issues",
                "value": "SecurityIdentitiesHealth.Read.All"
              },
              {
                "admin_consent_description": "Allows the app to read and write identity security health issues on behalf of the signed-in user.",
                "admin_consent_display_name": "Read and write identity security health issues",
                "enabled": true,
                "id": "53e51eec-2d9b-4990-97f3-c9aa5d5652c3",
                "type": "Admin",
                "user_consent_description": "Allows the app to read and write identity security health issues on your behalf.",
                "user_consent_display_name": "Read and write identity security health issues",
                "value": "SecurityIdentitiesHealth.ReadWrite.All"
              },
              {
                "admin_consent_description": "Allows the app to read all the identity security sensors of signed user",
                "admin_consent_display_name": "Read identity security sensors",
                "enabled": true,
                "id": "2c221239-7c5c-4b30-9355-d84663bfcd96",
                "type": "Admin",
                "user_consent_description": "Allows the app to read all the identity security sensors on your behalf.",
                "user_consent_display_name": "Read identity security sensors",
                "value": "SecurityIdentitiesSensors.Read.All"
              },
              {
                "admin_consent_description": "Allows the app to read and write identity security sensors on behalf of the signed-in user.",
                "admin_consent_display_name": "Read and write identity security sensors",
                "enabled": true,
                "id": "087c3ad9-c2ca-4b82-9885-d5e25ce9e183",
                "type": "Admin",
                "user_consent_description": "Allows the app to read and write identity security sensors on your behalf.",
                "user_consent_display_name": "Read and write identity security sensors",
                "value": "SecurityIdentitiesSensors.ReadWrite.All"
              },
              {
                "admin_consent_description": "Allows the app to read all the identity security available user actions of signed user",
                "admin_consent_display_name": "Read identity security available user actions",
                "enabled": true,
                "id": "c7d0a939-da1c-4aca-80fa-d0a6cd924801",
                "type": "Admin",
                "user_consent_description": "Allows the app to read all the identity security available user actions on your behalf.",
                "user_consent_display_name": "Read identity security available user actions",
                "value": "SecurityIdentitiesUserActions.Read.All"
              },
              {
                "admin_consent_description": "Allows the app to read and write identity security available user actions on behalf of the signed-in user.",
                "admin_consent_display_name": "Read and perform identity security available user actions",
                "enabled": true,
                "id": "bf230e97-1957-4df6-b3f6-57f9029eacdf",
                "type": "Admin",
                "user_consent_description": "Allows the app to read and write identity security available user actions on your behalf.",
                "user_consent_display_name": "Read and perform identity security available user actions",
                "value": "SecurityIdentitiesUserActions.ReadWrite.All"
              },
              {
                "admin_consent_description": "Allows the app to read security incidents, on behalf of the signed-in user.",
                "admin_consent_display_name": "Read incidents",
                "enabled": true,
                "id": "b9abcc4f-94fc-4457-9141-d20ce80ec952",
                "type": "Admin",
                "user_consent_description": "Allows the app to read all security incidents that you have access to.",
                "user_consent_display_name": "Read security incidents",
                "value": "SecurityIncident.Read.All"
              },
              {
                "admin_consent_description": "Allows the app to read and write security incidents, on behalf of the signed-in user.",
                "admin_consent_display_name": "Read and write to incidents",
                "enabled": true,
                "id": "128ca929-1a19-45e6-a3b8-435ec44a36ba",
                "type": "Admin",
                "user_consent_description": "Allows the app to read and write to all security incidents that you have access to.",
                "user_consent_display_name": "Read and write to security incidents",
                "value": "SecurityIncident.ReadWrite.All"
              },
              {
                "admin_consent_description": "Allow the app to determine if there is any sensitivity label to be applied automatically to the content or recommended to the user for manual application, on behalf of the signed-in user.",
                "admin_consent_display_name": "Evaluate sensitivity labels",
                "enabled": true,
                "id": "a4633e44-d355-4474-99df-8c2de6b0e39e",
                "type": "Admin",
                "user_consent_description": "Allow the app to determine if there is any sensitivity label to be applied automatically to the content or recommended to the user for manual application, on your behalf.",
                "user_consent_display_name": "Evaluate sensitivity labels",
                "value": "SensitivityLabel.Evaluate"
              },
              {
                "admin_consent_description": "Allows the app to evaluate all sensitivity label.",
                "admin_consent_display_name": "Evaluate labels tenant scope.",
                "enabled": true,
                "id": "a42e3c42-b31e-4919-b699-696dca5dc9e7",
                "type": "Admin",
                "user_consent_description": "Evaluate labels tenant scope, on your behalf.",
                "user_consent_display_name": "Evaluate labels tenant scope",
                "value": "SensitivityLabel.Evaluate.All"
              },
              {
                "admin_consent_description": "Allows the app to get sensitivity labels.",
                "admin_consent_display_name": "Get labels user scope.",
                "enabled": true,
                "id": "1aeb73ce-68d7-49b7-913a-eedc80844551",
                "type": "Admin",
                "user_consent_description": "Get labels tenant scope, on your behalf.",
                "user_consent_display_name": "Get labels user scope",
                "value": "SensitivityLabel.Read"
              },
              {
                "admin_consent_description": "Allows the app to get sensitivity labels.",
                "admin_consent_display_name": "Get labels app scope.",
                "enabled": true,
                "id": "8b377c27-ea19-4863-a948-8a8588c8f2c3",
                "type": "Admin",
                "user_consent_description": "Get labels on behalf of user.",
                "user_consent_display_name": "Get labels on behalf of user",
                "value": "SensitivityLabels.Read.All"
              },
              {
                "admin_consent_description": "Allows the app to read all Exchange service activity, on behalf of the signed-in user.",
                "admin_consent_display_name": "Read all Exchange service activity",
                "enabled": true,
                "id": "1fe7aa48-9373-4a47-8df3-168335e0f4c9",
                "type": "Admin",
                "user_consent_description": "Allows the app to read all Exchange service activity, on your behalf.",
                "user_consent_display_name": "Read all Exchange service activity",
                "value": "ServiceActivity-Exchange.Read.All"
              },
              {
                "admin_consent_description": "Allows the app to read all Microsoft 365 Web service activity, on behalf of the signed-in user.",
                "admin_consent_display_name": "Read all Microsoft 365 Web service activity",
                "enabled": true,
                "id": "d74c75b1-d5a9-479d-902d-92f8f99182c1",
                "type": "Admin",
                "user_consent_description": "Allows the app to read all Microsoft 365 Web service activity, on your behalf.",
                "user_consent_display_name": "Read all Microsoft 365 Web service activity",
                "value": "ServiceActivity-Microsoft365Web.Read.All"
              },
              {
                "admin_consent_description": "Allows the app to read all One Drive service activity, on behalf of the signed-in user.",
                "admin_consent_display_name": "Read all One Drive service activity",
                "enabled": true,
                "id": "347e3c16-30f3-4ac7-9b52-fc3c053de9c9",
                "type": "Admin",
                "user_consent_description": "Allows the app to read all One Drive service activity, on your behalf.",
                "user_consent_display_name": "Read all One Drive service activity",
                "value": "ServiceActivity-OneDrive.Read.All"
              },
              {
                "admin_consent_description": "Allows the app to read all Teams service activity, on behalf of the signed-in user.",
                "admin_consent_display_name": "Read all Teams service activity",
                "enabled": true,
                "id": "404d76f0-e10e-460a-92be-ef19600c54d1",
                "type": "Admin",
                "user_consent_description": "Allows the app to read all Teams service activity, on your behalf.",
                "user_consent_display_name": "Read all Teams service activity",
                "value": "ServiceActivity-Teams.Read.All"
              },
              {
                "admin_consent_description": "Allows the app to read your tenant's service health information on behalf of the signed-in user. Health information may include service issues or service health overviews.",
                "admin_consent_display_name": "Read service health",
                "enabled": true,
                "id": "55896846-df78-47a7-aa94-8d3d4442ca7f",
                "type": "Admin",
                "user_consent_description": "Allows the app to read your tenant's service health information on your behalf.Health information may include service issues or service health overviews.",
                "user_consent_display_name": "Read service health",
                "value": "ServiceHealth.Read.All"
              },
              {
                "admin_consent_description": "Allows the app to read your tenant's service announcement messages on behalf of the signed-in user. Messages may include information about new or changed features.",
                "admin_consent_display_name": "Read service announcement messages",
                "enabled": true,
                "id": "eda39fa6-f8cf-4c3c-a909-432c683e4c9b",
                "type": "Admin",
                "user_consent_description": "Allows the app to read your tenant's service announcement messages on your behalf. Messages may include information about new or changed features.",
                "user_consent_display_name": "Read service messages",
                "value": "ServiceMessage.Read.All"
              },
              {
                "admin_consent_description": "Allows the app to update service announcement messages' user status on behalf of the signed-in user. The message status can be marked as read, archive, or favorite.",
                "admin_consent_display_name": "Update user status on service announcement messages",
                "enabled": true,
                "id": "636e1b0b-1cc2-4b1c-9aa9-4eeed9b9761b",
                "type": "Admin",
                "user_consent_description": "Allows the app to update service announcement messages' status on your behalf. Your status for messages can be marked as read, archive, or favorite.",
                "user_consent_display_name": "Update your user status on service announcement messages",
                "value": "ServiceMessageViewpoint.Write"
              },
              {
                "admin_consent_description": "Allows the app to read service principal endpoints",
                "admin_consent_display_name": "Read service principal endpoints",
                "enabled": true,
                "id": "9f9ce928-e038-4e3b-8faf-7b59049a8ddc",
                "type": "Admin",
                "user_consent_description": "Allows the app to read service principal endpoints",
                "user_consent_display_name": "Read service principal endpoints",
                "value": "ServicePrincipalEndpoint.Read.All"
              },
              {
                "admin_consent_description": "Allows the app to update service principal endpoints",
                "admin_consent_display_name": "Read and update service principal endpoints",
                "enabled": true,
                "id": "7297d82c-9546-4aed-91df-3d4f0a9b3ff0",
                "type": "Admin",
                "user_consent_description": "Allows the app to update service principal endpoints",
                "user_consent_display_name": "Read and update service principal endpoints",
                "value": "ServicePrincipalEndpoint.ReadWrite.All"
              },
              {
                "admin_consent_description": "Allows the application to read the tenant-level settings in SharePoint and OneDrive on behalf of the signed-in user.",
                "admin_consent_display_name": "Read SharePoint and OneDrive tenant settings",
                "enabled": true,
                "id": "2ef70e10-5bfd-4ede-a5f6-67720500b258",
                "type": "Admin",
                "user_consent_description": "Allows the application to read the tenant-level settings in SharePoint and OneDrive on your behalf.",
                "user_consent_display_name": "Read SharePoint and OneDrive tenant settings",
                "value": "SharePointTenantSettings.Read.All"
              },
              {
                "admin_consent_description": "Allows the application to read and change the tenant-level settings of SharePoint and OneDrive on behalf of the signed-in user.",
                "admin_consent_display_name": "Read and change SharePoint and OneDrive tenant settings",
                "enabled": true,
                "id": "aa07f155-3612-49b8-a147-6c590df35536",
                "type": "Admin",
                "user_consent_description": "Allows the application to read and change the tenant-level settings of SharePoint and OneDrive on your behalf.",
                "user_consent_display_name": "Read and change SharePoint and OneDrive tenant settings",
                "value": "SharePointTenantSettings.ReadWrite.All"
              },
              {
                "admin_consent_description": "Allows the app to read all the short notes a sign-in user has access to.",
                "admin_consent_display_name": "Read short notes of the signed-in user",
                "enabled": true,
                "id": "50f66e47-eb56-45b7-aaa2-75057d9afe08",
                "type": "User",
                "user_consent_description": "Allows the app to read your short notes.",
                "user_consent_display_name": "Read your short notes",
                "value": "ShortNotes.Read"
              },
              {
                "admin_consent_description": "Allows the app to read, create, edit, and delete short notes of a signed-in user.",
                "admin_consent_display_name": "Read, create, edit, and delete short notes of the signed-in user",
                "enabled": true,
                "id": "328438b7-4c01-4c07-a840-e625a749bb89",
                "type": "User",
                "user_consent_description": "Allows the app to read, create, edit, and delete your short notes.",
                "user_consent_display_name": "Read, create, edit, and delete your short notes",
                "value": "ShortNotes.ReadWrite"
              },
              {
                "admin_consent_description": "Allows the app to read your organization's sign-in identifiers, on behalf of the signed-in user.",
                "admin_consent_display_name": "Read SignInIdentifiers",
                "enabled": true,
                "id": "458e1edc-1e75-438c-8c7b-c32115c9d373",
                "type": "Admin",
                "user_consent_description": "Allows the app to read your organization's sign-in identifiers, on your behalf.",
                "user_consent_display_name": "Read all sign-in identifiers",
                "value": "SignInIdentifier.Read.All"
              },
              {
                "admin_consent_description": "Allows the app to read and write your organization's sign-in identifiers, on behalf of the signed-in user.",
                "admin_consent_display_name": "Read and write all sign-in identifiers",
                "enabled": true,
                "id": "b4673c3c-7b5a-4012-9826-7c7e3c8db6af",
                "type": "Admin",
                "user_consent_description": "Allows the app to read and write your organization's sign-in identifiers, on your behalf.",
                "user_consent_display_name": "Read and write all sign-in identifiers",
                "value": "SignInIdentifier.ReadWrite.All"
              },
              {
                "admin_consent_description": "Allows the application to have full control of all site collections on behalf of the signed-in user.",
                "admin_consent_display_name": "Have full control of all site collections",
                "enabled": true,
                "id": "5a54b8b3-347c-476d-8f8e-42d5c7424d29",
                "type": "Admin",
                "user_consent_description": "Allow the application to have full control of all site collections on your behalf.",
                "user_consent_display_name": "Have full control of all your site collections",
                "value": "Sites.FullControl.All"
              },
              {
                "admin_consent_description": "Allows the application to create or delete document libraries and lists in all site collections on behalf of the signed-in user.",
                "admin_consent_display_name": "Create, edit, and delete items and lists in all site collections",
                "enabled": true,
                "id": "65e50fdc-43b7-4915-933e-e8138f11f40a",
                "type": "User",
                "user_consent_description": "Allow the application to create or delete document libraries and lists in all site collections on your behalf.",
                "user_consent_display_name": "Create, edit, and delete items and lists in all your site collections",
                "value": "Sites.Manage.All"
              },
              {
                "admin_consent_description": "Allows the application to read documents and list  items in all site collections on behalf of the signed-in user",
                "admin_consent_display_name": "Read items in all site collections",
                "enabled": true,
                "id": "205e70e5-aba6-4c52-a976-6d2d46c48043",
                "type": "User",
                "user_consent_description": "Allow the application to read documents and list items in all site collections on your behalf",
                "user_consent_display_name": "Read items in all site collections",
                "value": "Sites.Read.All"
              },
              {
                "admin_consent_description": "Allows the application to edit or delete documents and list items in all site collections on behalf of the signed-in user.",
                "admin_consent_display_name": "Edit or delete items in all site collections",
                "enabled": true,
                "id": "89fe6a52-be36-487e-b7d8-d061c450a026",
                "type": "User",
                "user_consent_description": "Allow the application to edit or delete documents and list items in all site collections on your behalf.",
                "user_consent_display_name": "Edit or delete items in all site collections",
                "value": "Sites.ReadWrite.All"
              },
              {
                "admin_consent_description": "Allow the application to access a subset of site collections on behalf of the signed-in user.  The specific site collections and the permissions granted will be configured in SharePoint Online.",
                "admin_consent_display_name": "Access selected Sites, on behalf of the signed-in user",
                "enabled": true,
                "id": "f89c84ef-20d0-4b54-87e9-02e856d66d53",
                "type": "User",
                "user_consent_description": "Allow the application to access a subset of site collections on behalf of the signed-in user.  The specific site collections and the permissions granted will be configured in SharePoint Online.",
                "user_consent_display_name": "Access selected Sites, on behalf of the signed-in user",
                "value": "Sites.Selected"
              },
              {
                "admin_consent_description": "Allows the app to be able to send emails from the user’s mailbox using the SMTP AUTH client submission protocol.",
                "admin_consent_display_name": "Send emails from mailboxes using SMTP AUTH.",
                "enabled": true,
                "id": "258f6531-6087-4cc4-bb90-092c5fb3ed3f",
                "type": "User",
                "user_consent_description": "Allows the app to send emails on your behalf from your mailbox.",
                "user_consent_display_name": "Access to sending emails from your mailbox.",
                "value": "SMTP.Send"
              },
              {
                "admin_consent_description": "Allows the app to read your organization's SPIFFE trust domains and child resources on behalf of the user.",
                "admin_consent_display_name": "Read SPIFFE trust domains and child resources",
                "enabled": true,
                "id": "9b4aa4b1-aaf3-41b7-b743-698b27e77ff6",
                "type": "Admin",
                "user_consent_description": "Allows the app to read your organization's SPIFFE trust domains and child resources on your behalf.",
                "user_consent_display_name": "Read SPIFFE trust domains and child resources",
                "value": "SpiffeTrustDomain.Read.All"
              },
              {
                "admin_consent_description": "Allows the app to read and write your organization's SPIFFE trust domains and child resources on behalf of the user.",
                "admin_consent_display_name": "Read and write SPIFFE trust domains and child resources",
                "enabled": true,
                "id": "8ba47079-8c47-4bfe-b2ce-13f28ef37247",
                "type": "Admin",
                "user_consent_description": "Allows the app to read and write your organization's SPIFFE trust domains and child resources on your behalf.",
                "user_consent_display_name": "Read and write SPIFFE trust domains and child resources",
                "value": "SpiffeTrustDomain.ReadWrite.All"
              },
              {
                "admin_consent_description": "Allows the app to modify the Viva Engage storyline and read all storyline properties on behalf of the signed-in user.",
                "admin_consent_display_name": "Read and write all Viva Engage storylines",
                "enabled": true,
                "id": "fd1d61cb-4e4b-4d15-a6d2-161348681d84",
                "type": "Admin",
                "user_consent_description": "Allows the app to create Viva Engage storyline items and read all storyline properties on your behalf.",
                "user_consent_display_name": "Read and write all Viva Engage storylines",
                "value": "Storyline.ReadWrite.All"
              },
              {
                "admin_consent_description": "Allows the app to read subject rights requests on behalf of the signed-in user",
                "admin_consent_display_name": "Read subject rights requests",
                "enabled": true,
                "id": "9c3af74c-fd0f-4db4-b17a-71939e2a9d77",
                "type": "Admin",
                "user_consent_description": "Allows the app to read subject rights requests on your behalf.",
                "user_consent_display_name": "Read data subject requests",
                "value": "SubjectRightsRequest.Read.All"
              },
              {
                "admin_consent_description": "Allows the app to read and write subject rights requests on behalf of the signed-in user",
                "admin_consent_display_name": "Read and write subject rights requests",
                "enabled": true,
                "id": "2b8fcc74-bce1-4ae3-a0e8-60c53739299d",
                "type": "Admin",
                "user_consent_description": "Allows the app to read and write subject rights requests on your behalf.",
                "user_consent_display_name": "Read and write data subject requests",
                "value": "SubjectRightsRequest.ReadWrite.All"
              },
              {
                "admin_consent_description": "Allows the app to read all webhook subscriptions on behalf of the signed-in user.",
                "admin_consent_display_name": "Read all webhook subscriptions ",
                "enabled": true,
                "id": "5f88184c-80bb-4d52-9ff2-757288b2e9b7",
                "type": "Admin",
                "user_consent_description": "Allows the app to read all webhook subscriptions on your behalf.",
                "user_consent_display_name": "Read all webhook subscriptions ",
                "value": "Subscription.Read.All"
              },
              {
                "admin_consent_description": "Allows the app to read Azure AD synchronization information, on behalf of the signed-in user.",
                "admin_consent_display_name": "Read all Azure AD synchronization data",
                "enabled": true,
                "id": "7aa02aeb-824f-4fbe-a3f7-611f751f5b55",
                "type": "Admin",
                "user_consent_description": "Allows the app to read Azure AD synchronization information, on your behalf.",
                "user_consent_display_name": "Read all Azure AD synchronization data",
                "value": "Synchronization.Read.All"
              },
              {
                "admin_consent_description": "Allows the app to configure the Azure AD synchronization service, on behalf of the signed-in user.",
                "admin_consent_display_name": "Read and write all Azure AD synchronization data",
                "enabled": true,
                "id": "7bb27fa3-ea8f-4d67-a916-87715b6188bd",
                "type": "Admin",
                "user_consent_description": "Allows the app to configure the Azure AD synchronization service, on your behalf.",
                "user_consent_display_name": "Read and write all Azure AD synchronization data",
                "value": "Synchronization.ReadWrite.All"
              },
              {
                "admin_consent_description": "Allows the app to upload bulk user data to the identity synchronization service, on behalf of the signed-in user.",
                "admin_consent_display_name": "Upload user data to the identity synchronization service",
                "enabled": true,
                "id": "1a2e7420-4e92-4d2b-94cb-fb2952e9ddf7",
                "type": "Admin",
                "user_consent_description": "Allows the app to upload bulk user data to the identity synchronization service, on your behalf.",
                "user_consent_display_name": "Bulk upload user data to identity synchronization service",
                "value": "SynchronizationData-User.Upload"
              },
              {
                "admin_consent_description": "Allows the app to read the signed-in user’s tasks and task lists, including any shared with the user. Doesn't include permission to create, delete, or update anything.",
                "admin_consent_display_name": "Read user's tasks and task lists",
                "enabled": true,
                "id": "f45671fb-e0fe-4b4b-be20-3d3ce43f1bcb",
                "type": "User",
                "user_consent_description": "Allows the app to read your tasks and task lists, including any shared with you. Doesn't include permission to create, delete, or update anything.",
                "user_consent_display_name": "Read your tasks and task lists",
                "value": "Tasks.Read"
              },
              {
                "admin_consent_description": "Allows the app to read tasks a user has permissions to access, including their own and shared tasks.",
                "admin_consent_display_name": "Read user and shared tasks",
                "enabled": true,
                "id": "88d21fd4-8e5a-4c32-b5e2-4a1c95f34f72",
                "type": "User",
                "user_consent_description": "Allows the app to read tasks you have permissions to access, including your own and shared tasks.",
                "user_consent_display_name": "Read your and shared tasks",
                "value": "Tasks.Read.Shared"
              },
              {
                "admin_consent_description": "Allows the app to create, read, update, and delete the signed-in user's tasks and task lists, including any shared with the user.",
                "admin_consent_display_name": "Create, read, update, and delete user’s tasks and task lists",
                "enabled": true,
                "id": "2219042f-cab5-40cc-b0d2-16b1540b4c5f",
                "type": "User",
                "user_consent_description": "Allows the app to create, read, update, and delete your tasks and task lists, including any shared with you.",
                "user_consent_display_name": "Create, read, update, and delete your tasks and task lists",
                "value": "Tasks.ReadWrite"
              },
              {
                "admin_consent_description": "Allows the app to create, read, update, and delete tasks a user has permissions to, including their own and shared tasks.",
                "admin_consent_display_name": "Read and write user and shared tasks",
                "enabled": true,
                "id": "c5ddf11b-c114-4886-8558-8a4e557cd52b",
                "type": "User",
                "user_consent_description": "Allows the app to read, update, create, and delete tasks you have permissions to access, including your own and shared tasks.",
                "user_consent_display_name": "Read and write to your and shared tasks",
                "value": "Tasks.ReadWrite.Shared"
              },
              {
                "admin_consent_description": "Allows the app to create teams on behalf of the signed-in user.",
                "admin_consent_display_name": "Create teams",
                "enabled": true,
                "id": "7825d5d6-6049-4ce7-bdf6-3b8d53f4bcd0",
                "type": "User",
                "user_consent_description": "Allows the app to create teams on your behalf. ",
                "user_consent_display_name": "Create teams",
                "value": "Team.Create"
              },
              {
                "admin_consent_description": "Read the names and  descriptions of teams, on behalf of the signed-in user.",
                "admin_consent_display_name": "Read the names and descriptions of teams",
                "enabled": true,
                "id": "485be79e-c497-4b35-9400-0e3fa7f2a5d4",
                "type": "User",
                "user_consent_description": "Read the names and  descriptions of teams, on your behalf.",
                "user_consent_display_name": "Read the names and descriptions of teams",
                "value": "Team.ReadBasic.All"
              },
              {
                "admin_consent_description": "Read the members of teams, on behalf of the signed-in user.",
                "admin_consent_display_name": "Read the members of teams",
                "enabled": true,
                "id": "2497278c-d82d-46a2-b1ce-39d4cdde5570",
                "type": "Admin",
                "user_consent_description": "Read the members of teams, on your behalf.",
                "user_consent_display_name": "Read the members of teams",
                "value": "TeamMember.Read.All"
              },
              {
                "admin_consent_description": "Add and remove members from teams, on behalf of the signed-in user. Also allows changing a member's role, for example from owner to non-owner.",
                "admin_consent_display_name": "Add and remove members from teams",
                "enabled": true,
                "id": "4a06efd2-f825-4e34-813e-82a57b03d1ee",
                "type": "Admin",
                "user_consent_description": "Add and remove members from teams, on your behalf. Also allows changing a member's role, for example from owner to non-owner.",
                "user_consent_display_name": "Add and remove members from teams and channels",
                "value": "TeamMember.ReadWrite.All"
              },
              {
                "admin_consent_description": "Add and remove members from all teams, on behalf of the signed-in user. Does not allow adding or removing a member with the owner role. Additionally, does not allow the app to elevate an existing member to the owner role.",
                "admin_consent_display_name": "Add and remove members with non-owner role for all teams",
                "enabled": true,
                "id": "2104a4db-3a2f-4ea0-9dba-143d457dc666",
                "type": "Admin",
                "user_consent_description": "Add and remove members from all teams, on your behalf. Does not allow adding or removing a member with the owner role. Additionally, does not allow the app to elevate an existing member to the owner role.",
                "user_consent_display_name": "Add and remove members with non-owner role for all teams",
                "value": "TeamMember.ReadWriteNonOwnerRole.All"
              },
              {
                "admin_consent_description": "Allows the app to read the signed-in user's teamwork activity feed.",
                "admin_consent_display_name": "Read user's teamwork activity feed",
                "enabled": true,
                "id": "0e755559-83fb-4b44-91d0-4cc721b9323e",
                "type": "User",
                "user_consent_description": "Allows the app to read your teamwork activity feed.",
                "user_consent_display_name": "Read your teamwork activity feed",
                "value": "TeamsActivity.Read"
              },
              {
                "admin_consent_description": "Allows the app to create new notifications in users' teamwork activity feeds on behalf of the signed in user. These notifications may not be discoverable or be held or governed by compliance policies.",
                "admin_consent_display_name": "Send a teamwork activity as the user",
                "enabled": true,
                "id": "7ab1d787-bae7-4d5d-8db6-37ea32df9186",
                "type": "User",
                "user_consent_description": "Allows the app to create new activities in your teamwork activity feed, and send new activities to other users' activity feed, on your behalf.",
                "user_consent_display_name": "Send a teamwork activity",
                "value": "TeamsActivity.Send"
              },
              {
                "admin_consent_description": "Allows the app to read, install, upgrade, and uninstall selected Teams apps in chats the signed-in user can access. Gives the ability to manage permission grants for accessing those specific chats' data.",
                "admin_consent_display_name": "Manage installation and permission grants of selected Teams apps in chats",
                "enabled": true,
                "id": "d1ba22c6-3f02-4c91-addb-bc3399bcca88",
                "type": "Admin",
                "user_consent_description": "Allows the app to read, install, upgrade, and uninstall selected Teams apps in chats the signed-in user can access. Gives the ability to manage permission grants for accessing those specific chats' data.",
                "user_consent_display_name": "Manage installation and permission grants of selected Teams apps in chats",
                "value": "TeamsAppInstallation.ManageSelectedForChat"
              },
              {
                "admin_consent_description": "Allows the app to read, install, upgrade, and uninstall Teams apps in teams the signed-in user can access. Gives the ability to manage permission grants for accessing those specific teams' data.",
                "admin_consent_display_name": "Manage installation and permission grants of selected Teams apps in teams",
                "enabled": true,
                "id": "c67b2d7e-6b80-4218-938a-05e73058e42d",
                "type": "Admin",
                "user_consent_description": "Allows the app to read, install, upgrade, and uninstall Teams apps in teams the signed-in user can access. Gives the ability to manage permission grants for accessing those specific teams' data.",
                "user_consent_display_name": "Manage installation and permission grants of selected Teams apps in teams",
                "value": "TeamsAppInstallation.ManageSelectedForTeam"
              },
              {
                "admin_consent_description": "Allows the app to read, install, upgrade, and uninstall seleected Teams apps in user accounts, on behalf of the signed-in user. Gives the ability to manage permission grants for accessing those specific users' data.",
                "admin_consent_display_name": "Manage installation and permission grants of selected Teams apps in users' personal scope",
                "enabled": true,
                "id": "830c2bd9-c335-4caf-bf83-c07fa8a23ef1",
                "type": "Admin",
                "user_consent_description": "Allows the app to read, install, upgrade, and uninstall seleected Teams apps in user accounts, on behalf of the signed-in user. Gives the ability to manage permission grants for accessing those specific users' data.",
                "user_consent_display_name": "Manage installation and permission grants of selected Teams apps in users' personal scope",
                "value": "TeamsAppInstallation.ManageSelectedForUser"
              },
              {
                "admin_consent_description": "Allows the app to read the Teams apps that are installed in chats the signed-in user can access. Does not give the ability to read application-specific settings.",
                "admin_consent_display_name": "Read installed Teams apps in chats",
                "enabled": true,
                "id": "bf3fbf03-f35f-4e93-963e-47e4d874c37a",
                "type": "User",
                "user_consent_description": "Allows the app to read the Teams apps that are installed in chats that you can access. Does not give the ability to read application-specific settings.",
                "user_consent_display_name": "Read installed Teams apps in chats",
                "value": "TeamsAppInstallation.ReadForChat"
              },
              {
                "admin_consent_description": "Allows the app to read the Teams apps that are installed in teams the signed-in user can access. Does not give the ability to read application-specific settings.",
                "admin_consent_display_name": "Read installed Teams apps in teams",
                "enabled": true,
                "id": "5248dcb1-f83b-4ec3-9f4d-a4428a961a72",
                "type": "Admin",
                "user_consent_description": "Allows the app to read the Teams apps that are installed in teams that you can access. Does not give the ability to read application-specific settings.",
                "user_consent_display_name": "Read installed Teams apps in teams",
                "value": "TeamsAppInstallation.ReadForTeam"
              },
              {
                "admin_consent_description": "Allows the app to read the Teams apps that are installed for the signed-in user. Does not give the ability to read application-specific settings.",
                "admin_consent_display_name": "Read user's installed Teams apps",
                "enabled": true,
                "id": "c395395c-ff9a-4dba-bc1f-8372ba9dca84",
                "type": "User",
                "user_consent_description": "Allows the app to read the Teams apps that are installed for you. Does not give the ability to read application-specific settings.",
                "user_consent_display_name": "Read your installed Teams apps",
                "value": "TeamsAppInstallation.ReadForUser"
              },
              {
                "admin_consent_description": "Allows the app to read the selected Teams apps that are installed in chats the signed-in user can access. Does not give the ability to read application-specific settings.",
                "admin_consent_display_name": "Read selected installed Teams apps in chats",
                "enabled": true,
                "id": "0f3420c2-c6ec-46de-ab72-fd51267087d5",
                "type": "Admin",
                "user_consent_description": "Allows the app to read the selected Teams apps that are installed in chats the signed-in user can access. Does not give the ability to read application-specific settings.",
                "user_consent_display_name": "Read selected installed Teams apps in chats",
                "value": "TeamsAppInstallation.ReadSelectedForChat"
              },
              {
                "admin_consent_description": "Allows the app to read the selected Teams apps that are installed in teams the signed-in user can access. Does not give the ability to read application-specific settings.",
                "admin_consent_display_name": "Read selected installed Teams apps in teams",
                "enabled": true,
                "id": "b55df1c0-db20-435b-aef2-afe6ed487e16",
                "type": "Admin",
                "user_consent_description": "Allows the app to read the selected Teams apps that are installed in teams the signed-in user can access. Does not give the ability to read application-specific settings.",
                "user_consent_display_name": "Read selected installed Teams apps in teams",
                "value": "TeamsAppInstallation.ReadSelectedForTeam"
              },
              {
                "admin_consent_description": "Allows the app to read the selected Teams apps that are installed for the signed-in user. Does not give the ability to read application-specific settings.",
                "admin_consent_display_name": "Read user's selected installed Teams apps",
                "enabled": true,
                "id": "fe2e4e1d-101f-4fb2-9cb1-9d6659db45d4",
                "type": "Admin",
                "user_consent_description": "Allows the app to read the selected Teams apps that are installed for the signed-in user. Does not give the ability to read application-specific settings.",
                "user_consent_display_name": "Read user's selected installed Teams apps",
                "value": "TeamsAppInstallation.ReadSelectedForUser"
              },
              {
                "admin_consent_description": "Allows the app to read, install, upgrade, and uninstall Teams apps in chats the signed-in user can access. Gives the ability to manage permission grants for accessing those specific chats' data.",
                "admin_consent_display_name": "Manage installed Teams apps in chats",
                "enabled": true,
                "id": "e1408a66-8f82-451b-a2f3-3c3e38f7413f",
                "type": "Admin",
                "user_consent_description": "Allows the app to read, install, upgrade, and uninstall Teams apps in chats the signed-in user can access. Gives the ability to manage permission grants for accessing those specific chats' data.",
                "user_consent_display_name": "Manage installation and permission grants of Teams apps in chats",
                "value": "TeamsAppInstallation.ReadWriteAndConsentForChat"
              },
              {
                "admin_consent_description": "Allows the app to read, install, upgrade, and uninstall Teams apps in teams the signed-in user can access. Gives the ability to manage permission grants for accessing those specific teams' data.",
                "admin_consent_display_name": "Manage installed Teams apps in teams",
                "enabled": true,
                "id": "946349d5-2a9d-4535-abc0-7beeacaedd1d",
                "type": "Admin",
                "user_consent_description": "Allows the app to read, install, upgrade, and uninstall Teams apps in teams the signed-in user can access. Gives the ability to manage permission grants for accessing those specific teams' data.",
                "user_consent_display_name": "Manage installation and permission grants of Teams apps in teams",
                "value": "TeamsAppInstallation.ReadWriteAndConsentForTeam"
              },
              {
                "admin_consent_description": "Allows the app to read, install, upgrade, and uninstall Teams apps in user accounts, on behalf of the signed-in user. Gives the ability to manage permission grants for accessing those specific users' data.",
                "admin_consent_display_name": "Manage installation and permission grants of Teams apps in users' personal scope",
                "enabled": true,
                "id": "2da62c49-dfbd-40df-ba16-fef3529d391c",
                "type": "Admin",
                "user_consent_description": "Allows the app to read, install, upgrade, and uninstall Teams apps for your account, on your behalf. Gives the ability to manage permission grants for accessing your data.",
                "user_consent_display_name": "Manage installation and permission grants of Teams apps on your user account",
                "value": "TeamsAppInstallation.ReadWriteAndConsentForUser"
              },
              {
                "admin_consent_description": "Allows a Teams app to read, install, upgrade, and uninstall itself in chats the signed-in user can access, and manage its permission grants for accessing those specific chats' data.",
                "admin_consent_display_name": "Allow the Teams app to manage itself and its permission grants in chats",
                "enabled": true,
                "id": "a0e0e18b-8fb2-458f-8130-da2d7cab9c75",
                "type": "Admin",
                "user_consent_description": "Allows a Teams app to read, install, upgrade, and uninstall itself in chats the signed-in user can access, and manage its permission grants for accessing those specific chats' data.",
                "user_consent_display_name": "Allow the Teams app to manage itself and its permission grants in chats",
                "value": "TeamsAppInstallation.ReadWriteAndConsentSelfForChat"
              },
              {
                "admin_consent_description": "Allows a Teams app to read, install, upgrade, and uninstall itself in teams the signed-in user can access, and manage its permission grants for accessing those specific teams' data.",
                "admin_consent_display_name": "Allow the Teams app to manage itself and its permission grants in teams",
                "enabled": true,
                "id": "4a6bbf29-a0e1-4a4d-a7d1-cef17f772975",
                "type": "Admin",
                "user_consent_description": "Allows a Teams app to read, install, upgrade, and uninstall itself in teams the signed-in user can access, and manage its permission grants for accessing those specific teams' data.",
                "user_consent_display_name": "Allow the Teams app to manage itself and its permission grants in teams",
                "value": "TeamsAppInstallation.ReadWriteAndConsentSelfForTeam"
              },
              {
                "admin_consent_description": "Allows a Teams app to read, install, upgrade, and uninstall itself in user accounts, and manage its permission grants for accessing those specific users' data, on behalf of the signed-in user.",
                "admin_consent_display_name": "Allow the Teams app to manage itself and its permission grants in user accounts",
                "enabled": true,
                "id": "7a349935-c54d-44ab-ab66-1b460d315be7",
                "type": "Admin",
                "user_consent_description": "Allows a Teams app to read, install, upgrade, and uninstall itself in your account, and manage its permission grants for accessing your data, on your behalf.",
                "user_consent_display_name": "Allow the Teams app to manage itself and its permission grants on your user account",
                "value": "TeamsAppInstallation.ReadWriteAndConsentSelfForUser"
              },
              {
                "admin_consent_description": "Allows the app to read, install, upgrade, and uninstall Teams apps in chats the signed-in user can access. Does not give the ability to read application-specific settings.",
                "admin_consent_display_name": "Manage installed Teams apps in chats",
                "enabled": true,
                "id": "aa85bf13-d771-4d5d-a9e6-bca04ce44edf",
                "type": "Admin",
                "user_consent_description": "Allows the app to read, install, upgrade, and uninstall Teams apps in chats you can access. Does not give the ability to read application-specific settings.",
                "user_consent_display_name": "Manage installed Teams apps in chats",
                "value": "TeamsAppInstallation.ReadWriteForChat"
              },
              {
                "admin_consent_description": "Allows the app to read, install, upgrade, and uninstall Teams apps in teams the signed-in user can access. Does not give the ability to read application-specific settings.",
                "admin_consent_display_name": "Manage installed Teams apps in teams",
                "enabled": true,
                "id": "2e25a044-2580-450d-8859-42eeb6e996c0",
                "type": "Admin",
                "user_consent_description": "Allows the app to read, install, upgrade, and uninstall Teams apps in teams you can access. Does not give the ability to read application-specific settings.",
                "user_consent_display_name": "Manage installed Teams apps in teams",
                "value": "TeamsAppInstallation.ReadWriteForTeam"
              },
              {
                "admin_consent_description": "Allows the app to read, install, upgrade, and uninstall Teams apps installed for the signed-in user. Does not give the ability to read application-specific settings.",
                "admin_consent_display_name": "Manage user's installed Teams apps",
                "enabled": true,
                "id": "093f8818-d05f-49b8-95bc-9d2a73e9a43c",
                "type": "Admin",
                "user_consent_description": "Allows the app to read, install, upgrade, and uninstall Teams apps installed for you. Does not give the ability to read application-specific settings.",
                "user_consent_display_name": "Manage your installed Teams apps",
                "value": "TeamsAppInstallation.ReadWriteForUser"
              },
              {
                "admin_consent_description": "Allows the app to read, install, upgrade, and uninstall selected Teams apps in chats the signed-in user can access. Does not give the ability to read application-specific settings.",
                "admin_consent_display_name": "Manage selected Teams apps installed in chats",
                "enabled": true,
                "id": "690aa3b6-4b71-41c2-a990-77a8c4768d2b",
                "type": "Admin",
                "user_consent_description": "Allows the app to read, install, upgrade, and uninstall selected Teams apps in chats the signed-in user can access. Does not give the ability to read application-specific settings.",
                "user_consent_display_name": "Manage selected Teams apps installed in chats",
                "value": "TeamsAppInstallation.ReadWriteSelectedForChat"
              },
              {
                "admin_consent_description": "Allows the app to read, install, upgrade, and uninstall selected Teams apps in teams the signed-in user can access. Does not give the ability to read application-specific settings.",
                "admin_consent_display_name": "Manage selected Teams apps installed in teams",
                "enabled": true,
                "id": "9131c833-9a49-4c54-b38f-615ecfc4fc69",
                "type": "Admin",
                "user_consent_description": "Allows the app to read, install, upgrade, and uninstall selected Teams apps in teams the signed-in user can access. Does not give the ability to read application-specific settings.",
                "user_consent_display_name": "Manage selected Teams apps installed in teams",
                "value": "TeamsAppInstallation.ReadWriteSelectedForTeam"
              },
              {
                "admin_consent_description": "Allows the app to read, install, upgrade, and uninstall selected Teams apps installed for the signed in user. Does not give the ability to read application-specific settings.",
                "admin_consent_display_name": "Manage selected Teams apps installed for a user",
                "enabled": true,
                "id": "ea819e27-c92a-4118-b83b-4540b125d744",
                "type": "Admin",
                "user_consent_description": "Allows the app to read, install, upgrade, and uninstall selected Teams apps installed for the signed in user. Does not give the ability to read application-specific settings.",
                "user_consent_display_name": "Manage selected Teams apps installed for a user",
                "value": "TeamsAppInstallation.ReadWriteSelectedForUser"
              },
              {
                "admin_consent_description": "Allows a Teams app to read, install, upgrade, and uninstall itself in chats the signed-in user can access.",
                "admin_consent_display_name": "Allow the Teams app to manage itself in chats",
                "enabled": true,
                "id": "0ce33576-30e8-43b7-99e5-62f8569a4002",
                "type": "Admin",
                "user_consent_description": "Allows a Teams app to read, install, upgrade, and uninstall itself in chats you can access.",
                "user_consent_display_name": "Allow the Teams app to manage itself in chats",
                "value": "TeamsAppInstallation.ReadWriteSelfForChat"
              },
              {
                "admin_consent_description": "Allows a Teams app to read, install, upgrade, and uninstall itself to teams the signed-in user can access.",
                "admin_consent_display_name": "Allow the app to manage itself in teams",
                "enabled": true,
                "id": "0f4595f7-64b1-4e13-81bc-11a249df07a9",
                "type": "Admin",
                "user_consent_description": "Allows a Teams app to read, install, upgrade, and uninstall itself to teams you can access.",
                "user_consent_display_name": "Allow the Teams app to manage itself in teams",
                "value": "TeamsAppInstallation.ReadWriteSelfForTeam"
              },
              {
                "admin_consent_description": "Allows a Teams app to read, install, upgrade, and uninstall itself for the signed-in user.",
                "admin_consent_display_name": "Allow the Teams app to manage itself for a user",
                "enabled": true,
                "id": "207e0cb1-3ce7-4922-b991-5a760c346ebc",
                "type": "User",
                "user_consent_description": "Allows a Teams app to read, install, upgrade, and uninstall itself for you.",
                "user_consent_display_name": "Allow the Teams app to manage itself for you",
                "value": "TeamsAppInstallation.ReadWriteSelfForUser"
              },
              {
                "admin_consent_description": "Read all teams' settings, on behalf of the signed-in user.",
                "admin_consent_display_name": "Read teams' settings",
                "enabled": true,
                "id": "48638b3c-ad68-4383-8ac4-e6880ee6ca57",
                "type": "Admin",
                "user_consent_description": "Read all teams' settings, on your behalf.",
                "user_consent_display_name": "Read teams' settings",
                "value": "TeamSettings.Read.All"
              },
              {
                "admin_consent_description": "Read and change all teams' settings, on behalf of the signed-in user.",
                "admin_consent_display_name": "Read and change teams' settings",
                "enabled": true,
                "id": "39d65650-9d3e-4223-80db-a335590d027e",
                "type": "Admin",
                "user_consent_description": "Read and change all teams' settings, on your behalf.",
                "user_consent_display_name": "Read and change teams' settings",
                "value": "TeamSettings.ReadWrite.All"
              },
              {
                "admin_consent_description": "Allow the app to read or write/update the policy assignment and unassigment for Teams users for all policy type categories.",
                "admin_consent_display_name": "Read and Write Teams policy user assignment and unassigment for all policy types.",
                "enabled": true,
                "id": "6997c35c-a586-440c-8a0b-4ffe5d118dc0",
                "type": "Admin",
                "user_consent_description": "Allow the app to read or write/update the policy assignment and unassigment for Teams users for all policy type categories.",
                "user_consent_display_name": "Read and Write Teams policy user assignment and unassigment for all policy types.",
                "value": "TeamsPolicyUserAssign.ReadWrite.All"
              },
              {
                "admin_consent_description": "Allows the app to read your tenant's resource accounts on behalf of the signed-in admin user.",
                "admin_consent_display_name": "Read Teams resource accounts",
                "enabled": true,
                "id": "ea2cbd09-253c-4f69-a0e6-07383c5f07cc",
                "type": "Admin",
                "user_consent_description": "Allows the app to read your tenant's resource accounts on behalf of the signed-in admin user.",
                "user_consent_display_name": "Read Teams resource accounts",
                "value": "TeamsResourceAccount.Read.All"
              },
              {
                "admin_consent_description": "Allows the app to create tabs in any team in Microsoft Teams, on behalf of the signed-in user. This does not grant the ability to read, modify or delete tabs after they are created, or give access to the content inside the tabs.",
                "admin_consent_display_name": "Create tabs in Microsoft Teams.",
                "enabled": true,
                "id": "a9ff19c2-f369-4a95-9a25-ba9d460efc8e",
                "type": "Admin",
                "user_consent_description": "Allows the app to create tabs in any team in Microsoft Teams, on your behalf. This does not grant the ability to read, modify or delete tabs after they are created, or give access to the content inside the tabs.",
                "user_consent_display_name": "Create tabs in Microsoft Teams.",
                "value": "TeamsTab.Create"
              },
              {
                "admin_consent_description": "Read the names and settings of tabs inside any team in Microsoft Teams, on behalf of the signed-in user. This does not give access to the content inside the tabs.",
                "admin_consent_display_name": "Read tabs in Microsoft Teams.",
                "enabled": true,
                "id": "59dacb05-e88d-4c13-a684-59f1afc8cc98",
                "type": "Admin",
                "user_consent_description": "Read the names and settings of tabs inside any team in Microsoft Teams, on your behalf. This does not give access to the content inside the tabs.",
                "user_consent_display_name": "Read tabs in Microsoft Teams.",
                "value": "TeamsTab.Read.All"
              },
              {
                "admin_consent_description": "Read and write tabs in any team in Microsoft Teams, on behalf of the signed-in user. This does not give access to the content inside the tabs.",
                "admin_consent_display_name": "Read and write tabs in Microsoft Teams.",
                "enabled": true,
                "id": "b98bfd41-87c6-45cc-b104-e2de4f0dafb9",
                "type": "Admin",
                "user_consent_description": "Read and write tabs in any team in Microsoft Teams, on your behalf. This does not give access to the content inside the tabs.",
                "user_consent_display_name": "Read and write tabs in Microsoft Teams.",
                "value": "TeamsTab.ReadWrite.All"
              },
              {
                "admin_consent_description": "Allows a Teams app to read, install, upgrade, and uninstall all tabs in chats the signed-in user can access.",
                "admin_consent_display_name": "Allow the Teams app to manage all tabs in chats",
                "enabled": true,
                "id": "ee928332-e9c2-4747-b4a0-f8c164b68de6",
                "type": "Admin",
                "user_consent_description": "Allows a Teams app to read, install, upgrade, and uninstall all tabs in chats you can access.",
                "user_consent_display_name": "Allow the Teams app to manage all tabs in chats",
                "value": "TeamsTab.ReadWriteForChat"
              },
              {
                "admin_consent_description": "Allows a Teams app to read, install, upgrade, and uninstall all tabs to teams the signed-in user can access.",
                "admin_consent_display_name": "Allow the Teams app to manage all tabs in teams",
                "enabled": true,
                "id": "c975dd04-a06e-4fbb-9704-62daad77bb49",
                "type": "Admin",
                "user_consent_description": "Allows a Teams app to read, install, upgrade, and uninstall all tabs to teams you can access.",
                "user_consent_display_name": "Allow the app to manage all tabs in teams",
                "value": "TeamsTab.ReadWriteForTeam"
              },
              {
                "admin_consent_description": "Allows a Teams app to read, install, upgrade, and uninstall all tabs for the signed-in user.",
                "admin_consent_display_name": "Allow the Teams app to manage all tabs for a user",
                "enabled": true,
                "id": "c37c9b61-7762-4bff-a156-afc0005847a0",
                "type": "User",
                "user_consent_description": "Allows a Teams app to read, install, upgrade, and uninstall all tabs for you.",
                "user_consent_display_name": "Allow the Teams app to manage all tabs for you",
                "value": "TeamsTab.ReadWriteForUser"
              },
              {
                "admin_consent_description": "Allows a Teams app to read, install, upgrade, and uninstall its own tabs in chats the signed-in user can access.",
                "admin_consent_display_name": "Allow the Teams app to manage only its own tabs in chats",
                "enabled": true,
                "id": "0c219d04-3abf-47f7-912d-5cca239e90e6",
                "type": "Admin",
                "user_consent_description": "Allows a Teams app to read, install, upgrade, and uninstall its own tabs in chats you can access.",
                "user_consent_display_name": "Allow the Teams app to manage only its own tabs in chats",
                "value": "TeamsTab.ReadWriteSelfForChat"
              },
              {
                "admin_consent_description": "Allows a Teams app to read, install, upgrade, and uninstall its own tabs to teams the signed-in user can access.",
                "admin_consent_display_name": "Allow the Teams app to manage only its own tabs in teams",
                "enabled": true,
                "id": "f266662f-120a-4314-b26a-99b08617c7ef",
                "type": "Admin",
                "user_consent_description": "Allows a Teams app to read, install, upgrade, and uninstall its own tabs to teams you can access.",
                "user_consent_display_name": "Allow the Teams app to manage only its own tabs in teams",
                "value": "TeamsTab.ReadWriteSelfForTeam"
              },
              {
                "admin_consent_description": "Allows a Teams app to read, install, upgrade, and uninstall its own tabs for the signed-in user.",
                "admin_consent_display_name": "Allow the Teams app to manage only its own tabs for a user",
                "enabled": true,
                "id": "395dfec1-a0b9-465f-a783-8250a430cb8c",
                "type": "User",
                "user_consent_description": "Allows a Teams app to read, install, upgrade, and uninstall its own tabs for you.",
                "user_consent_display_name": "Allow the Teams app to manage only its own tabs for you",
                "value": "TeamsTab.ReadWriteSelfForUser"
              },
              {
                "admin_consent_description": "Allows the app to read your tenant's acquired telephone number details on behalf of the signed-in admin user. Acquired telephone numbers may include attributes related to assigned object, emergency location, network site, etc.",
                "admin_consent_display_name": "Read Tenant-Acquired Telephone Number Details",
                "enabled": true,
                "id": "1bc6eab1-058d-4557-b011-d4c41cec88b7",
                "type": "Admin",
                "user_consent_description": "Allows the app to read your tenant's acquired telephone number details on behalf of the signed-in admin user. Acquired telephone numbers may include attributes related to assigned object, emergency location, network site, etc.",
                "user_consent_display_name": "Read Tenant-Acquired Telephone Number Details",
                "value": "TeamsTelephoneNumber.Read.All"
              },
              {
                "admin_consent_description": "Allows the app to read and modify your tenant's acquired telephone number details on behalf of the signed-in admin user. Acquired telephone numbers may include attributes related to assigned object, emergency location, network site, etc.",
                "admin_consent_display_name": "Read and Modify Tenant-Acquired Telephone Number Details",
                "enabled": true,
                "id": "424b07a8-1209-4d17-9fe4-9018a93a1024",
                "type": "Admin",
                "user_consent_description": "Allows the app to read and modify your tenant's acquired telephone number details on behalf of the signed-in admin user. Acquired telephone numbers may include attributes related to assigned object, emergency location, network site, etc.",
                "user_consent_display_name": "Read and Modify Tenant-Acquired Telephone Number Details",
                "value": "TeamsTelephoneNumber.ReadWrite.All"
              },
              {
                "admin_consent_description": "Allows the app to read your tenant's user configurations on behalf of the signed-in admin user. User configuration may include attributes related to user, such as telephone number, assigned policies, etc.",
                "admin_consent_display_name": "Read Teams user configurations",
                "enabled": true,
                "id": "5c469ce4-dab5-4afd-b9de-14f1ba4004a7",
                "type": "Admin",
                "user_consent_description": "Allows the app to read your tenant's user configurations on behalf of the signed-in admin user. User configuration may include attributes related to user, such as telephone number, assigned policies, etc.",
                "user_consent_display_name": "Read Teams user configurations",
                "value": "TeamsUserConfiguration.Read.All"
              },
              {
                "admin_consent_description": "Allows the app to read the available Teams templates, on behalf of the signed-in user.",
                "admin_consent_display_name": "Read available Teams templates",
                "enabled": true,
                "id": "cd87405c-5792-4f15-92f7-debc0db6d1d6",
                "type": "User",
                "user_consent_description": "Read available Teams templates, on your behalf.",
                "user_consent_display_name": "Read available Teams templates",
                "value": "TeamTemplates.Read"
              },
              {
                "admin_consent_description": "Allows the app to read the teamwork settings of the organization, on behalf of the signed-in user.",
                "admin_consent_display_name": "Read organizational teamwork settings",
                "enabled": true,
                "id": "594f4bb6-c083-4cf9-8aa8-213823bdf351",
                "type": "Admin",
                "user_consent_description": "Allows the app to read the teamwork settings of your organization, on your behalf.",
                "user_consent_display_name": "Read organizational teamwork settings",
                "value": "Teamwork.Read.All"
              },
              {
                "admin_consent_description": "Allows the app to read the Teams app settings on behalf of the signed-in user.",
                "admin_consent_display_name": "Read Teams app settings",
                "enabled": true,
                "id": "44e060c4-bbdc-4256-a0b9-dcc0396db368",
                "type": "User",
                "user_consent_description": "Allows the app to read the Teams app settings on your behalf.",
                "user_consent_display_name": "Read Teams app settings",
                "value": "TeamworkAppSettings.Read.All"
              },
              {
                "admin_consent_description": "Allows the app to read and write the Teams app settings on behalf of the signed-in user.",
                "admin_consent_display_name": "Read and write Teams app settings",
                "enabled": true,
                "id": "87c556f0-2bd9-4eed-bd74-5dd8af6eaf7e",
                "type": "Admin",
                "user_consent_description": "Allows the app to read and write the Teams app settings on your behalf.",
                "user_consent_display_name": "Read and write Teams app settings",
                "value": "TeamworkAppSettings.ReadWrite.All"
              },
              {
                "admin_consent_description": "Allow the app to read the management data for Teams devices on behalf of the signed-in user.",
                "admin_consent_display_name": "Read Teams devices",
                "enabled": true,
                "id": "b659488b-9d28-4208-b2be-1c6652b3c970",
                "type": "Admin",
                "user_consent_description": "Allow the app to read the management data for Teams devices on your behalf.",
                "user_consent_display_name": "Read Teams devices",
                "value": "TeamworkDevice.Read.All"
              },
              {
                "admin_consent_description": "Allow the app to read and write the management data for Teams devices on behalf of the signed-in user.",
                "admin_consent_display_name": "Read and write Teams devices",
                "enabled": true,
                "id": "ddd97ecb-5c31-43db-a235-0ee20e635c40",
                "type": "Admin",
                "user_consent_description": "Allow the app to read and write the management data for Teams devices on your behalf.",
                "user_consent_display_name": "Read and write Teams devices",
                "value": "TeamworkDevice.ReadWrite.All"
              },
              {
                "admin_consent_description": "Allows the app to read tags in Teams, on behalf of the signed-in user.",
                "admin_consent_display_name": "Read tags in Teams",
                "enabled": true,
                "id": "57587d0b-8399-45be-b207-8050cec54575",
                "type": "Admin",
                "user_consent_description": "Allows the app to read tags in Teams, on your behalf.",
                "user_consent_display_name": "Read tags in Teams",
                "value": "TeamworkTag.Read"
              },
              {
                "admin_consent_description": "Allows the app to read and write tags in Teams, on behalf of the signed-in user.",
                "admin_consent_display_name": "Read and write tags in Teams",
                "enabled": true,
                "id": "539dabd7-b5b6-4117-b164-d60cd15a8671",
                "type": "Admin",
                "user_consent_description": "Allows the app to read and write tags in Teams, on your behalf.",
                "user_consent_display_name": "Read and write tags in Teams",
                "value": "TeamworkTag.ReadWrite"
              },
              {
                "admin_consent_description": "Allows the app to read all of the possible Teams interactions between the signed-in user and other users",
                "admin_consent_display_name": "Read all of the possible Teams interactions between the user and other users",
                "enabled": true,
                "id": "b4d26916-07e0-4daf-9096-9f6d9174aa96",
                "type": "Admin",
                "user_consent_description": "Allows the app to read all of the possible Teams interactions between you and other users.",
                "user_consent_display_name": "Read all of the possible Teams interactions between you and other users",
                "value": "TeamworkUserInteraction.Read.All"
              },
              {
                "admin_consent_description": "Allows the app to read the term store data that the signed-in user has access to. This includes all sets, groups and terms in the term store.",
                "admin_consent_display_name": "Read term store data",
                "enabled": true,
                "id": "297f747b-0005-475b-8fef-c890f5152b38",
                "type": "Admin",
                "user_consent_description": "Allows the app to read the term store data that you have access to. This includes all sets, groups and terms in the term store.",
                "user_consent_display_name": "Read term store data",
                "value": "TermStore.Read.All"
              },
              {
                "admin_consent_description": "Allows the app to read or modify data that the signed-in user has access to. This includes all sets, groups and terms in the term store.",
                "admin_consent_display_name": "Read and write term store data",
                "enabled": true,
                "id": "6c37c71d-f50f-4bff-8fd3-8a41da390140",
                "type": "Admin",
                "user_consent_description": "Allows the app to read or modify data that you have access to. This includes all sets, groups and terms in the term store.",
                "user_consent_display_name": "Read and write term store data",
                "value": "TermStore.ReadWrite.All"
              },
              {
                "admin_consent_description": "Allows an app to read your organization's threat assessment requests on behalf of the signed-in user. Also allows the app to create new requests to assess threats received by your organization on behalf of the signed-in user.",
                "admin_consent_display_name": "Read and write threat assessment requests",
                "enabled": true,
                "id": "cac97e40-6730-457d-ad8d-4852fddab7ad",
                "type": "Admin",
                "user_consent_description": "Allows an app to read your organization's threat assessment requests on your behalf. Also allows the app to create new requests to assess threats received by your organization on your behalf.",
                "user_consent_display_name": "Read and write threat assessment requests",
                "value": "ThreatAssessment.ReadWrite.All"
              },
              {
                "admin_consent_description": "Allows the app to run hunting queries, on behalf of the signed-in user.",
                "admin_consent_display_name": "Run hunting queries",
                "enabled": true,
                "id": "b152eca8-ea73-4a48-8c98-1a6742673d99",
                "type": "Admin",
                "user_consent_description": "Allows the app to run hunting queries that you can execute.",
                "user_consent_display_name": "Run hunting queries",
                "value": "ThreatHunting.Read.All"
              },
              {
                "admin_consent_description": "Allows the app to read all the indicators for your organization, on behalf of the signed-in user.",
                "admin_consent_display_name": "Read all threat indicators",
                "enabled": true,
                "id": "9cc427b4-2004-41c5-aa22-757b755e9796",
                "type": "Admin",
                "user_consent_description": "Allows the app to read all the indicators for your organization, on your behalf.",
                "user_consent_display_name": "Read all threat indicators",
                "value": "ThreatIndicators.Read.All"
              },
              {
                "admin_consent_description": "Allows the app to create threat indicators, and fully manage those threat indicators (read, update and delete), on behalf of the signed-in user.  It cannot update any threat indicators it does not own.",
                "admin_consent_display_name": "Manage threat indicators this app creates or owns",
                "enabled": true,
                "id": "91e7d36d-022a-490f-a748-f8e011357b42",
                "type": "Admin",
                "user_consent_description": "Allows the app to create threat indicators, and fully manage those threat indicators (read, update and delete), on your behalf.  It cannot update any threat indicators that it is not an owner of.",
                "user_consent_display_name": "Manage threat indicators this app creates or owns",
                "value": "ThreatIndicators.ReadWrite.OwnedBy"
              },
              {
                "admin_consent_description": "Allows the app to read threat intelligence information, such as indicators, observations, and articles, on behalf of the signed-in user.",
                "admin_consent_display_name": "Read all threat intelligence information",
                "enabled": true,
                "id": "f266d9c0-ccb9-4fb8-a228-01ac0d8d6627",
                "type": "Admin",
                "user_consent_description": "Allows the app to read threat intelligence information, such as indicators, observations, and articles, on your behalf.",
                "user_consent_display_name": "Read threat intelligence Information",
                "value": "ThreatIntelligence.Read.All"
              },
              {
                "admin_consent_description": "Allows the app to read the threat submissions and threat submission policies owned by the signed-in user.",
                "admin_consent_display_name": "Read threat submissions",
                "enabled": true,
                "id": "fd5353c6-26dd-449f-a565-c4e16b9fce78",
                "type": "User",
                "user_consent_description": "Allows the app to read the threat submissions and threat submission policies that you own on your behalf.",
                "user_consent_display_name": "Read threat submissions",
                "value": "ThreatSubmission.Read"
              },
              {
                "admin_consent_description": "Allows the app to read your organization's threat submissions and threat submission policies on behalf of the signed-in user.",
                "admin_consent_display_name": "Read all threat submissions",
                "enabled": true,
                "id": "7083913a-4966-44b6-9886-c5822a5fd910",
                "type": "Admin",
                "user_consent_description": "Allows the app to read your organization's threat submissions and threat submission policies on your behalf.",
                "user_consent_display_name": "Read all threat submissions",
                "value": "ThreatSubmission.Read.All"
              },
              {
                "admin_consent_description": "Allows the app to read the threat submissions and threat submission policies owned by the signed-in user. Also allows the app to create new threat submissions on behalf of the signed-in user.",
                "admin_consent_display_name": "Read and write threat submissions",
                "enabled": true,
                "id": "68a3156e-46c9-443c-b85c-921397f082b5",
                "type": "User",
                "user_consent_description": "Allows the app to read the threat submissions and threat submission policies that you own. Also allows the app to create new threat submissions on your behalf.",
                "user_consent_display_name": "Read and write threat submissions",
                "value": "ThreatSubmission.ReadWrite"
              },
              {
                "admin_consent_description": "Allows the app to read your organization's threat submissions and threat submission policies on behalf of the signed-in user. Also allows the app to create new threat submissions on behalf of the signed-in user.",
                "admin_consent_display_name": "Read and write all threat submissions",
                "enabled": true,
                "id": "8458e264-4eb9-4922-abe9-768d58f13c7f",
                "type": "Admin",
                "user_consent_description": "Allows the app to read your organization's threat submissions and threat submission policies on your behalf. Also allows the app to create new threat submissions on your behalf.",
                "user_consent_display_name": "Read and write all threat submissions",
                "value": "ThreatSubmission.ReadWrite.All"
              },
              {
                "admin_consent_description": "Allows the app to read your organization's threat submission policies on behalf of the signed-in user. Also allows the app to create new threat submission policies on behalf of the signed-in user.",
                "admin_consent_display_name": "Read and write all threat submission policies",
                "enabled": true,
                "id": "059e5840-5353-4c68-b1da-666a033fc5e8",
                "type": "Admin",
                "user_consent_description": "Allows the app to read your organization's threat submission policies  on your behalf. Also allows the app to create new threat submission policies  on your behalf.",
                "user_consent_display_name": "Read and write all threat submission policies",
                "value": "ThreatSubmissionPolicy.ReadWrite.All"
              },
              {
                "admin_consent_description": "Allows the app to read topics data on behalf of the signed-in user.",
                "admin_consent_display_name": "Read topic items",
                "enabled": true,
                "id": "79c4c76f-409a-4f98-884d-e2c09291ec26",
                "type": "Admin",
                "user_consent_description": "Allows the app to read topics data on your behalf.",
                "user_consent_display_name": "Read topic items",
                "value": "Topic.Read.All"
              },
              {
                "admin_consent_description": "Allows the app to read trust framework key set properties on behalf of the signed-in user.",
                "admin_consent_display_name": "Read trust framework key sets",
                "enabled": true,
                "id": "7ad34336-f5b1-44ce-8682-31d7dfcd9ab9",
                "type": "Admin",
                "user_consent_description": "Allows the app to read trust framework key sets, on your behalf.",
                "user_consent_display_name": "Read trust framework key sets",
                "value": "TrustFrameworkKeySet.Read.All"
              },
              {
                "admin_consent_description": "Allows the app to read and write trust framework key set properties on behalf of the signed-in user.",
                "admin_consent_display_name": "Read and write trust framework key sets",
                "enabled": true,
                "id": "39244520-1e7d-4b4a-aee0-57c65826e427",
                "type": "Admin",
                "user_consent_description": "Allows the app to read or write trust framework key sets, on your behalf.",
                "user_consent_display_name": "Read and write trust framework key sets",
                "value": "TrustFrameworkKeySet.ReadWrite.All"
              },
              {
                "admin_consent_description": "Allows the app to read basic unified group properties, memberships and owners of the group the signed-in guest is a member of.",
                "admin_consent_display_name": "Read unified group memberships as guest",
                "enabled": true,
                "id": "73e75199-7c3e-41bb-9357-167164dbb415",
                "type": "Admin",
                "user_consent_description": "Allows the app to read basic unified group properties, memberships and owners of the group you are a member of.",
                "user_consent_display_name": "Read unified group memberships as guest",
                "value": "UnifiedGroupMember.Read.AsGuest"
              },
              {
                "admin_consent_description": "Allow the app to convert an external user to an internal member user, on behalf of signed-in user.",
                "admin_consent_display_name": "Convert an external user to internal memeber user",
                "enabled": true,
                "id": "550e695c-7511-40f4-ac79-e8fb9c82552d",
                "type": "Admin",
                "user_consent_description": "Allow the app to convert an external user to an internal member user on your behalf.",
                "user_consent_display_name": "Convert an external user to internal member user",
                "value": "User-ConvertToInternal.ReadWrite.All"
              },
              {
                "admin_consent_description": "Allows the app to read the lifecycle information like employeeLeaveDateTime of users in your organization, on behalf of the signed-in user.",
                "admin_consent_display_name": "Read all users' lifecycle information",
                "enabled": true,
                "id": "ed8d2a04-0374-41f1-aefe-da8ac87ccc87",
                "type": "Admin",
                "user_consent_description": "Allows the app to read the lifecycle information like employeeLeaveDateTime of users in your organization, on behalf of the signed-in user.",
                "user_consent_display_name": "Read all users' lifecycle information",
                "value": "User-LifeCycleInfo.Read.All"
              },
              {
                "admin_consent_description": "Allows the app to read and write the lifecycle information like employeeLeaveDateTime of users in your organization, on behalf of the signed-in user.",
                "admin_consent_display_name": "Read and write all users' lifecycle information",
                "enabled": true,
                "id": "7ee7473e-bd4b-4c9f-987c-bd58481f5fa2",
                "type": "Admin",
                "user_consent_description": "Allows the app to read and write the lifecycle information like employeeLeaveDateTime of users in your organization, on behalf of the signed-in user.",
                "user_consent_display_name": "Read and write all users' lifecycle information",
                "value": "User-LifeCycleInfo.ReadWrite.All"
              },
              {
                "admin_consent_description": "Allows the app to read and write secondary mail addresses for all users, on behalf of the signed-in user.",
                "admin_consent_display_name": "Read and write secondary mail addresses for users",
                "enabled": true,
                "id": "6166886a-9576-433b-8544-658177bdef1d",
                "type": "Admin",
                "user_consent_description": "Allows the app to read and write secondary mail addresses for all users, on your behalf.",
                "user_consent_display_name": "Read and write secondary mail addresses for users",
                "value": "User-Mail.ReadWrite.All"
              },
              {
                "admin_consent_description": "Allows the app to read and write password profiles and reset passwords for all users, on behalf of the signed-in user.",
                "admin_consent_display_name": "Read and write password profiles and reset user passwords",
                "enabled": true,
                "id": "56760768-b641-451f-8906-e1b8ab31bca7",
                "type": "Admin",
                "user_consent_description": "Allows the app to read and write password profiles and reset passwords for all users, on your behalf.",
                "user_consent_display_name": "Read and write password profiles and reset user passwords",
                "value": "User-PasswordProfile.ReadWrite.All"
              },
              {
                "admin_consent_description": "Allows the app to read and write the mobile phone and business phones for all users, on behalf of the signed-in user.",
                "admin_consent_display_name": "Read and write user mobile phone and business phones",
                "enabled": true,
                "id": "e29d5979-5b06-4a7f-ae24-6a9348d2e1ff",
                "type": "Admin",
                "user_consent_description": "Allows the app to read and write the mobile phone and business phones for all users, on your behalf.",
                "user_consent_display_name": "Read and write user mobile phone and business phones",
                "value": "User-Phone.ReadWrite.All"
              },
              {
                "admin_consent_description": "Allows the app to delete and restore all users, on behalf of the signed-in user.",
                "admin_consent_display_name": "Delete and restore users",
                "enabled": true,
                "id": "4bb440cd-2cf2-4f90-8004-aa2acd2537c5",
                "type": "Admin",
                "user_consent_description": "Allows the app to delete and restore all users, on your behalf.",
                "user_consent_display_name": "Delete and restore users",
                "value": "User.DeleteRestore.All"
              },
              {
                "admin_consent_description": "Allows the app to enable and disable users' accounts, on behalf of the signed-in user.",
                "admin_consent_display_name": "Enable and disable user accounts",
                "enabled": true,
                "id": "f92e74e7-2563-467f-9dd0-902688cb5863",
                "type": "Admin",
                "user_consent_description": "Allows the app to enable and disable users' accounts, on your behalf.",
                "user_consent_display_name": "Enable and disable user accounts",
                "value": "User.EnableDisableAccount.All"
              },
              {
                "admin_consent_description": "Allows the app to export data (e.g. customer content or system-generated logs), associated with any user in your company, when the app is used by a privileged user (e.g. a Company Administrator).",
                "admin_consent_display_name": "Export user's data",
                "enabled": true,
                "id": "405a51b5-8d8d-430b-9842-8be4b0e9f324",
                "type": "Admin",
                "user_consent_description": "Allows the app to export data (e.g. customer content or system-generated logs), associated with any user in your company, when the app is used by a privileged user (e.g. a Company Administrator).",
                "user_consent_display_name": "Export user's data",
                "value": "User.Export.All"
              },
              {
                "admin_consent_description": "Allows the app to invite guest users to the organization, on behalf of the signed-in user.",
                "admin_consent_display_name": "Invite guest users to the organization",
                "enabled": true,
                "id": "63dd7cd9-b489-4adf-a28c-ac38b9a0f962",
                "type": "Admin",
                "user_consent_description": "Allows the app to invite guest users to the organization, on your behalf.",
                "user_consent_display_name": "Invite guest users to the organization",
                "value": "User.Invite.All"
              },
              {
                "admin_consent_description": "Allows the app to read, update and delete identities that are associated with a user's account that the signed-in user has access to. This controls the identities users can sign-in with.",
                "admin_consent_display_name": "Manage  user identities",
                "enabled": true,
                "id": "637d7bec-b31e-4deb-acc9-24275642a2c9",
                "type": "Admin",
                "user_consent_description": "Allows the app to read, update and delete identities that are associated with a user's account that you have access to. This controls the identities users can sign-in with.",
                "user_consent_display_name": "Manage  user identities",
                "value": "User.ManageIdentities.All"
              },
              {
                "admin_consent_description": "Allows users to sign-in to the app, and allows the app to read the profile of signed-in users. It also allows the app to read basic company information of signed-in users.",
                "admin_consent_display_name": "Sign in and read user profile",
                "enabled": true,
                "id": "e1fe6dd8-ba31-4d61-89e7-88639da4683d",
                "type": "User",
                "user_consent_description": "Allows you to sign in to the app with your organizational account and let the app read your profile. It also allows the app to read basic company information.",
                "user_consent_display_name": "Sign you in and read your profile",
                "value": "User.Read"
              },
              {
                "admin_consent_description": "Allows the app to read the full set of profile properties, reports, and managers of other users in your organization, on behalf of the signed-in user.",
                "admin_consent_display_name": "Read all users' full profiles",
                "enabled": true,
                "id": "a154be20-db9c-4678-8ab7-66f6cc099a59",
                "type": "Admin",
                "user_consent_description": "Allows the app to read the full set of profile properties, reports, and managers of other users in your organization, on your behalf.",
                "user_consent_display_name": "Read all users' full profiles",
                "value": "User.Read.All"
              },
              {
                "admin_consent_description": "Allows the app to read a basic set of profile properties of other users in your organization on behalf of the signed-in user. This includes display name, first and last name, email address and photo.",
                "admin_consent_display_name": "Read all users' basic profiles",
                "enabled": true,
                "id": "b340eb25-3456-403f-be2f-af7a0d370277",
                "type": "User",
                "user_consent_description": "Allows the app to read a basic set of profile properties of other users in your organization on your behalf. Includes display name, first and last name, email address and photo.",
                "user_consent_display_name": "Read all users' basic profiles",
                "value": "User.ReadBasic.All"
              },
              {
                "admin_consent_description": "Allows the app to read your profile. It also allows the app to update your profile information on your behalf.",
                "admin_consent_display_name": "Read and write access to user profile",
                "enabled": true,
                "id": "b4e74841-8e56-480b-be8b-910348b18b4c",
                "type": "User",
                "user_consent_description": "Allows the app to read your profile, and discover your group membership, reports and manager. It also allows the app to update your profile information on your behalf.",
                "user_consent_display_name": "Read and update your profile",
                "value": "User.ReadWrite"
              },
              {
                "admin_consent_description": "Allows the app to read and write the full set of profile properties, reports, and managers of other users in your organization, on behalf of the signed-in user.",
                "admin_consent_display_name": "Read and write all users' full profiles",
                "enabled": true,
                "id": "204e0828-b5ca-4ad8-b9f3-f32a958e7cc4",
                "type": "Admin",
                "user_consent_description": "Allows the app to read and write the full set of profile properties, reports, and managers of other users in your organization, on your behalf.",
                "user_consent_display_name": "Read and write all users' full profiles",
                "value": "User.ReadWrite.All"
              },
              {
                "admin_consent_description": "Allow the app to revoke all sign in sessions for a user, on behalf of a signed-in user.",
                "admin_consent_display_name": "Revoke all sign in sessions for a user",
                "enabled": true,
                "id": "fc30e98b-8810-4501-81f5-c20a3196387b",
                "type": "Admin",
                "user_consent_description": "Allow the app to revoke all sign in sessions for a user on your behalf.",
                "user_consent_display_name": "Revokes all sign in sessions for a user",
                "value": "User.RevokeSessions.All"
              },
              {
                "admin_consent_description": "Allows the app to read and report the signed-in user's activity in the app.",
                "admin_consent_display_name": "Read and write app activity to users' activity feed",
                "enabled": true,
                "id": "47607519-5fb1-47d9-99c7-da4b48f369b1",
                "type": "User",
                "user_consent_description": "Allows the app to read and report your activity in the app.",
                "user_consent_display_name": "Read and write app activity to your activity feed",
                "value": "UserActivity.ReadWrite.CreatedByApp"
              },
              {
                "admin_consent_description": "Allows the app to read the signed-in user's authentication methods, including phone numbers and Authenticator app settings. This does not allow the app to see secret information like the signed-in user's passwords, or to sign-in  or otherwise use the signed-in user's authentication methods.",
                "admin_consent_display_name": "Read user authentication methods.",
                "enabled": true,
                "id": "1f6b61c5-2f65-4135-9c9f-31c0f8d32b52",
                "type": "Admin",
                "user_consent_description": "Allows the app to read your authentication methods, including phone numbers and Authenticator app settings. This does not allow the app to see secret information like your passwords, or to sign-in or otherwise use your authentication methods.",
                "user_consent_display_name": "Read your authentication methods.",
                "value": "UserAuthenticationMethod.Read"
              },
              {
                "admin_consent_description": "Allows the app to read authentication methods of all users in your organization that the signed-in user has access to. Authentication methods include things like a user’s phone numbers and Authenticator app settings. This does not allow the app to see secret information like passwords, or to sign-in or otherwise use the authentication methods.",
                "admin_consent_display_name": "Read all users' authentication methods",
                "enabled": true,
                "id": "aec28ec7-4d02-4e8c-b864-50163aea77eb",
                "type": "Admin",
                "user_consent_description": "Allows the app to read authentication methods of all users you have access to in your organization. Authentication methods include things like a user’s phone numbers and Authenticator app settings. This does not allow the app to see secret information like passwords, or to sign-in or otherwise use the authentication methods.",
                "user_consent_display_name": "Read all users' authentication methods",
                "value": "UserAuthenticationMethod.Read.All"
              },
              {
                "admin_consent_description": "Allows the app to read and write the signed-in user's authentication methods, including phone numbers and Authenticator app settings.                       This does not allow the app to see secret information like the signed-in user's passwords, or                      to sign-in or otherwise use the signed-in user's authentication methods.  ",
                "admin_consent_display_name": "Read and write user authentication methods",
                "enabled": true,
                "id": "48971fc1-70d7-4245-af77-0beb29b53ee2",
                "type": "Admin",
                "user_consent_description": "Allows the app to read and write your authentication methods, including phone numbers and Authenticator app settings.This does not allow the app to see secret information like your passwords, or to sign-in or otherwise use your authentication methods.",
                "user_consent_display_name": "Read and write your authentication methods",
                "value": "UserAuthenticationMethod.ReadWrite"
              },
              {
                "admin_consent_description": " Allows the app to read and write authentication methods of all users in your organization that the signed-in user has access to.                       Authentication methods include things like a user’s phone numbers and Authenticator app settings. This                      does not allow the app to see secret information like passwords, or to sign-in or otherwise use the authentication methods.",
                "admin_consent_display_name": "Read and write all users' authentication methods.",
                "enabled": true,
                "id": "b7887744-6746-4312-813d-72daeaee7e2d",
                "type": "Admin",
                "user_consent_description": "Allows the app to read and write authentication methods of all users you have access to in your organization.                       Authentication methods include things like a user’s phone numbers and Authenticator app settings. This does not allow                      the app to see secret information like passwords, or to sign-in or otherwise use the authentication methods.",
                "user_consent_display_name": "Read and write all users' authentication methods",
                "value": "UserAuthenticationMethod.ReadWrite.All"
              },
              {
                "admin_consent_description": "Allows the app to read passkey authentication methods of all users in your organization that the signed-in user has access to. This does not allow the app to see secret information like passwords, or to sign-in or otherwise use the authentication methods.",
                "admin_consent_display_name": "Read all users' passkey authentication methods",
                "enabled": true,
                "id": "14195339-1fe4-48a7-a0d3-a39eb9fd8958",
                "type": "Admin",
                "user_consent_description": "Allows the app to read passkey authentication methods of all users you have access to in your organization.This does not allow the app to see secret information like passwords, or to sign-in or otherwise use the authentication methods.",
                "user_consent_display_name": "Read all users' passkey authentication methods",
                "value": "UserAuthMethod-Passkey.Read.All"
              },
              {
                "admin_consent_description": "Allows the app to read and write passkey authentication methods of all users in your organization that the signed-in user has access to. This does not allow the app to see secret information like passwords, or to sign-in or otherwise use the authentication methods.",
                "admin_consent_display_name": "Read and write all users' passkey methods.",
                "enabled": true,
                "id": "64930478-d0ea-4671-ad72-fe0d9821df09",
                "type": "Admin",
                "user_consent_description": "Allows the app to read and write passkey authentication methods of all users you have access to in your organization. This does not allow the app to see secret information like passwords, or to sign-in or otherwise use the authentication methods.",
                "user_consent_display_name": "Read and write all users' passkey authentication methods",
                "value": "UserAuthMethod-Passkey.ReadWrite.All"
              },
              {
                "admin_consent_description": "Allows the app to read cloud clipboard data on behalf of the signed-in user.",
                "admin_consent_display_name": "Read cloud clipboard items",
                "enabled": true,
                "id": "61e8a09a-087f-4e36-8c8c-1c77c5228017",
                "type": "User",
                "user_consent_description": "Allows the app to read your cloud clipboard items.",
                "user_consent_display_name": "Read cloud clipboard items",
                "value": "UserCloudClipboard.Read"
              },
              {
                "admin_consent_description": "Allows the app to send, read, update and delete user’s notifications.",
                "admin_consent_display_name": "Deliver and manage user's notifications",
                "enabled": true,
                "id": "26e2f3e8-b2a1-47fc-9620-89bb5b042024",
                "type": "User",
                "user_consent_description": "Allows the app to send, read, update and delete your app-specific notifications.",
                "user_consent_display_name": "Deliver and manage your notifications",
                "value": "UserNotification.ReadWrite.CreatedByApp"
              },
              {
                "admin_consent_description": "Allows the app to read the teamwork settings of the signed-in user.",
                "admin_consent_display_name": "Read user teamwork settings",
                "enabled": true,
                "id": "834bcc1c-762f-41b0-bb91-1cdc323ee4bf",
                "type": "Admin",
                "user_consent_description": "Allows the app to read your teamwork settings, on your behalf.",
                "user_consent_display_name": "Read your teamwork settings.",
                "value": "UserTeamwork.Read"
              },
              {
                "admin_consent_description": "Allows the app to report the signed-in user's app activity information to Microsoft Timeline.",
                "admin_consent_display_name": "Write app activity to users' timeline",
                "enabled": true,
                "id": "367492fc-594d-4972-a9b5-0d58c622c91c",
                "type": "User",
                "user_consent_description": "Allows the app to report your app activity information to Microsoft Timeline.",
                "user_consent_display_name": "Write app activity to your timeline",
                "value": "UserTimelineActivity.Write.CreatedByApp"
              },
              {
                "admin_consent_description": "Allows the app to read a user's windows settings which are stored in cloud and their values on behalf of the signed-in user.",
                "admin_consent_display_name": "Read windows settings for all devices",
                "enabled": true,
                "id": "77e07bab-1b34-40a5-bb6c-4b197b3f6027",
                "type": "Admin",
                "user_consent_description": "Allows the app to read your windows settings which are stored in cloud and their values.",
                "user_consent_display_name": "Read your windows settings for all devices",
                "value": "UserWindowsSettings.Read.All"
              },
              {
                "admin_consent_description": "Allows the app to read and write a user's windows settings which are stored in cloud and their values on behalf of the signed-in user.",
                "admin_consent_display_name": "Read and write windows settings for all devices",
                "enabled": true,
                "id": "dcb1026d-b7e1-4d31-9f61-6724d5140bf9",
                "type": "Admin",
                "user_consent_description": "Allows the app to read and write your windows settings which are stored in cloud and their values.",
                "user_consent_display_name": "Read and write your windows settings for all devices",
                "value": "UserWindowsSettings.ReadWrite.All"
              },
              {
                "admin_consent_description": "Allows an application to read virtual appointments for the signed-in user. Only an organizer or participant user can read their virtual appointments.  ",
                "admin_consent_display_name": "Read a user's virtual appointments",
                "enabled": true,
                "id": "27470298-d3b8-4b9c-aad4-6334312a3eac",
                "type": "Admin",
                "user_consent_description": "Allows the app to read virtual appointments on your behalf.  ",
                "user_consent_display_name": "Read your virtual appointments ",
                "value": "VirtualAppointment.Read"
              },
              {
                "admin_consent_description": "Allows an application to read and write virtual appointments for the signed-in user. Only an organizer or participant user can read and write their virtual appointments. ",
                "admin_consent_display_name": "Read and write a user's virtual appointments  ",
                "enabled": true,
                "id": "2ccc2926-a528-4b17-b8bb-860eed29d64c",
                "type": "Admin",
                "user_consent_description": "Allows the app to read and write virtual appointments on your behalf.  ",
                "user_consent_display_name": "Read and write your virtual appointments",
                "value": "VirtualAppointment.ReadWrite"
              },
              {
                "admin_consent_description": "Allows an application to send notifications for virtual appointments for the signed-in user.",
                "admin_consent_display_name": "Send notification regarding virtual appointments for the signed-in user",
                "enabled": true,
                "id": "20d02fff-a0ef-49e7-a46e-019d4a6523b7",
                "type": "Admin",
                "user_consent_description": "Allows the app to send notification regarding virtual appointments on your behalf.",
                "user_consent_display_name": "Send notification regarding virtual appointments",
                "value": "VirtualAppointmentNotification.Send"
              },
              {
                "admin_consent_description": "Allows the app to read virtual events created by you",
                "admin_consent_display_name": "Read your virtual events",
                "enabled": true,
                "id": "6b616635-ae58-433a-a918-8c45e4f304dc",
                "type": "Admin",
                "user_consent_description": "Allows the app to read virtual events created by you",
                "user_consent_display_name": "Read your virtual events",
                "value": "VirtualEvent.Read"
              },
              {
                "admin_consent_description": "Allows the app to read and write virtual events for you",
                "admin_consent_display_name": "Read and write your virtual events",
                "enabled": true,
                "id": "d38d189c-e29b-4344-8b3b-829bfa81380b",
                "type": "Admin",
                "user_consent_description": "Allows the app to read and write virtual events for you",
                "user_consent_display_name": "Read and write your virtual events",
                "value": "VirtualEvent.ReadWrite"
              },
              {
                "admin_consent_description": "Allows the app to read and write all Windows update deployment settings for the organization on behalf of the signed-in user.",
                "admin_consent_display_name": "Read and write all Windows update deployment settings",
                "enabled": true,
                "id": "11776c0c-6138-4db3-a668-ee621bea2555",
                "type": "Admin",
                "user_consent_description": "Allows the app to read and write all Windows update deployment settings for the organization on your behalf.",
                "user_consent_display_name": "Read and write all Windows update deployment settings",
                "value": "WindowsUpdates.ReadWrite.All"
              },
              {
                "admin_consent_description": "Allows the app to read workforce integrations, to synchronize data from Microsoft Teams Shifts, on behalf of the signed-in user.",
                "admin_consent_display_name": "Read workforce integrations",
                "enabled": true,
                "id": "f1ccd5a7-6383-466a-8db8-1a656f7d06fa",
                "type": "Admin",
                "user_consent_description": "Allows the app to read workforce integrations, to synchronize data from Microsoft Teams Shifts, on your behalf.",
                "user_consent_display_name": "Read workforce integrations",
                "value": "WorkforceIntegration.Read.All"
              },
              {
                "admin_consent_description": "Allows the app to manage workforce integrations, to synchronize data from Microsoft Teams Shifts, on behalf of the signed-in user.",
                "admin_consent_display_name": "Read and write workforce integrations",
                "enabled": true,
                "id": "08c4b377-0d23-4a8b-be2a-23c1c1d88545",
                "type": "Admin",
                "user_consent_description": "Allows the app to manage workforce integrations, to synchronize data from Microsoft Teams Shifts, on your behalf.",
                "user_consent_display_name": "Read and write workforce integrations",
                "value": "WorkforceIntegration.ReadWrite.All"
              }
            ],
            "object_id": "af93e04a-2da0-4358-86cd-7a16dd744c0a",
            "preferred_single_sign_on_mode": "",
            "redirect_uris": [],
            "saml_metadata_url": "",
            "saml_single_sign_on": [],
            "service_principal_names": [
              "https://dod-graph.microsoft.us/",
              "https://graph.microsoft.us/",
              "https://canary.graph.microsoft.com/",
              "https://dod-graph.microsoft.us",
              "https://graph.microsoft.com/",
              "https://graph.microsoft.us",
              "https://ags.windows.net",
              "https://graph.microsoft.com",
              "https://canary.graph.microsoft.com",
              "00000003-0000-0000-c000-000000000000/ags.windows.net"
            ],
            "sign_in_audience": "AzureADMultipleOrgs",
            "tags": [],
            "timeouts": null,
            "type": "Application"
          },
          "sensitive_attributes": [],
          "identity_schema_version": 0
        }
      ]
    },
    {
      "mode": "managed",
      "type": "azuread_service_principal",
      "name": "api_sp",
      "provider": "provider[\"registry.terraform.io/hashicorp/azuread\"]",
      "instances": [
        {
          "schema_version": 0,
          "attributes": {
            "account_enabled": true,
            "alternative_names": [],
            "app_role_assignment_required": false,
            "app_role_ids": {},
            "app_roles": [],
            "application_id": "cc2484b7-753d-4f0a-a2fb-b62f2d8f3ae7",
            "application_tenant_id": "4c1723e7-c283-4c8b-8d7d-589063202b46",
            "client_id": "cc2484b7-753d-4f0a-a2fb-b62f2d8f3ae7",
            "description": "",
            "display_name": "my-api-app",
            "feature_tags": [
              {
                "custom_single_sign_on": false,
                "enterprise": false,
                "gallery": false,
                "hide": false
              }
            ],
            "features": [
              {
                "custom_single_sign_on_app": false,
                "enterprise_application": false,
                "gallery_application": false,
                "visible_to_users": true
              }
            ],
            "homepage_url": "",
            "id": "4d526f65-e442-46db-85c1-fe894e6172d1",
            "login_url": "",
            "logout_url": "",
            "notes": "",
            "notification_email_addresses": [],
            "oauth2_permission_scope_ids": {
              "access_as_user": "11111111-1111-1111-1111-111111111111"
            },
            "oauth2_permission_scopes": [
              {
                "admin_consent_description": "Allow access to the API",
                "admin_consent_display_name": "Access API",
                "enabled": true,
                "id": "11111111-1111-1111-1111-111111111111",
                "type": "User",
                "user_consent_description": "",
                "user_consent_display_name": "",
                "value": "access_as_user"
              }
            ],
            "object_id": "4d526f65-e442-46db-85c1-fe894e6172d1",
            "owners": [],
            "preferred_single_sign_on_mode": "",
            "redirect_uris": [
              "https://localhost/api-callback"
            ],
            "saml_metadata_url": "",
            "saml_single_sign_on": [
              {
                "relay_state": ""
              }
            ],
            "service_principal_names": [],
            "sign_in_audience": "AzureADMyOrg",
            "tags": [],
            "timeouts": null,
            "type": "Application",
            "use_existing": null
          },
          "sensitive_attributes": [],
          "identity_schema_version": 0,
          "private": "eyJlMmJmYjczMC1lY2FhLTExZTYtOGY4OC0zNDM2M2JjN2M0YzAiOnsiY3JlYXRlIjo2MDAwMDAwMDAwMDAsImRlbGV0ZSI6MzAwMDAwMDAwMDAwLCJyZWFkIjozMDAwMDAwMDAwMDAsInVwZGF0ZSI6NjAwMDAwMDAwMDAwfX0=",
          "dependencies": [
            "module.api_app.azuread_application.this"
          ]
        }
      ]
    },
    {
      "mode": "managed",
      "type": "azuread_service_principal",
      "name": "spa_sp",
      "provider": "provider[\"registry.terraform.io/hashicorp/azuread\"]",
      "instances": [
        {
          "schema_version": 0,
          "attributes": {
            "account_enabled": true,
            "alternative_names": [],
            "app_role_assignment_required": false,
            "app_role_ids": {},
            "app_roles": [],
            "application_id": "2fff538f-1ea9-4da8-b7bc-0da601c0a220",
            "application_tenant_id": "4c1723e7-c283-4c8b-8d7d-589063202b46",
            "client_id": "2fff538f-1ea9-4da8-b7bc-0da601c0a220",
            "description": "",
            "display_name": "my-spa-app",
            "feature_tags": [
              {
                "custom_single_sign_on": false,
                "enterprise": false,
                "gallery": false,
                "hide": false
              }
            ],
            "features": [
              {
                "custom_single_sign_on_app": false,
                "enterprise_application": false,
                "gallery_application": false,
                "visible_to_users": true
              }
            ],
            "homepage_url": "",
            "id": "e962627d-725b-49f1-93c2-406d97ce4f4b",
            "login_url": "",
            "logout_url": "",
            "notes": "",
            "notification_email_addresses": [],
            "oauth2_permission_scope_ids": {},
            "oauth2_permission_scopes": [],
            "object_id": "e962627d-725b-49f1-93c2-406d97ce4f4b",
            "owners": [],
            "preferred_single_sign_on_mode": "",
            "redirect_uris": [
              "http://localhost:3000"
            ],
            "saml_metadata_url": "",
            "saml_single_sign_on": [
              {
                "relay_state": ""
              }
            ],
            "service_principal_names": [],
            "sign_in_audience": "AzureADMyOrg",
            "tags": [],
            "timeouts": null,
            "type": "Application",
            "use_existing": null
          },
          "sensitive_attributes": [],
          "identity_schema_version": 0,
          "private": "eyJlMmJmYjczMC1lY2FhLTExZTYtOGY4OC0zNDM2M2JjN2M0YzAiOnsiY3JlYXRlIjo2MDAwMDAwMDAwMDAsImRlbGV0ZSI6MzAwMDAwMDAwMDAwLCJyZWFkIjozMDAwMDAwMDAwMDAsInVwZGF0ZSI6NjAwMDAwMDAwMDAwfX0=",
          "dependencies": [
            "module.api_app.azuread_application.this",
            "module.spa_app.azuread_application.this"
          ]
        }
      ]
    },
    {
      "mode": "managed",
      "type": "azuread_service_principal_delegated_permission_grant",
      "name": "spa_to_api",
      "provider": "provider[\"registry.terraform.io/hashicorp/azuread\"]",
      "instances": [
        {
          "schema_version": 0,
          "attributes": {
            "claim_values": [
              "access_as_user"
            ],
            "id": "fWJi6Vty8UmTwkBtl85PS2VvUk1C5NtGhcH-iU5hctE",
            "resource_service_principal_object_id": "4d526f65-e442-46db-85c1-fe894e6172d1",
            "service_principal_object_id": "e962627d-725b-49f1-93c2-406d97ce4f4b",
            "timeouts": null,
            "user_object_id": ""
          },
          "sensitive_attributes": [],
          "identity_schema_version": 0,
          "private": "eyJlMmJmYjczMC1lY2FhLTExZTYtOGY4OC0zNDM2M2JjN2M0YzAiOnsiY3JlYXRlIjozMDAwMDAwMDAwMDAsImRlbGV0ZSI6MzAwMDAwMDAwMDAwLCJyZWFkIjozMDAwMDAwMDAwMDAsInVwZGF0ZSI6MzAwMDAwMDAwMDAwfX0=",
          "dependencies": [
            "azuread_service_principal.api_sp",
            "azuread_service_principal.spa_sp",
            "module.api_app.azuread_application.this",
            "module.spa_app.azuread_application.this"
          ]
        }
      ]
    },
    {
      "mode": "managed",
      "type": "azuread_service_principal_delegated_permission_grant",
      "name": "spa_to_graph",
      "provider": "provider[\"registry.terraform.io/hashicorp/azuread\"]",
      "instances": [
        {
          "schema_version": 0,
          "attributes": {
            "claim_values": [
              "email",
              "openid",
              "profile"
            ],
            "id": "fWJi6Vty8UmTwkBtl85PS0rgk6-gLVhDhs16Ft10TAo",
            "resource_service_principal_object_id": "af93e04a-2da0-4358-86cd-7a16dd744c0a",
            "service_principal_object_id": "e962627d-725b-49f1-93c2-406d97ce4f4b",
            "timeouts": null,
            "user_object_id": ""
          },
          "sensitive_attributes": [],
          "identity_schema_version": 0,
          "private": "eyJlMmJmYjczMC1lY2FhLTExZTYtOGY4OC0zNDM2M2JjN2M0YzAiOnsiY3JlYXRlIjozMDAwMDAwMDAwMDAsImRlbGV0ZSI6MzAwMDAwMDAwMDAwLCJyZWFkIjozMDAwMDAwMDAwMDAsInVwZGF0ZSI6MzAwMDAwMDAwMDAwfX0=",
          "dependencies": [
            "azuread_service_principal.spa_sp",
            "data.azuread_service_principal.microsoft_graph",
            "module.api_app.azuread_application.this",
            "module.spa_app.azuread_application.this"
          ]
        }
      ]
    },
    {
      "module": "module.api_app",
      "mode": "managed",
      "type": "azuread_application",
      "name": "this",
      "provider": "provider[\"registry.terraform.io/hashicorp/azuread\"]",
      "instances": [
        {
          "schema_version": 2,
          "attributes": {
            "api": [
              {
                "known_client_applications": [],
                "mapped_claims_enabled": false,
                "oauth2_permission_scope": [
                  {
                    "admin_consent_description": "Allow access to the API",
                    "admin_consent_display_name": "Access API",
                    "enabled": true,
                    "id": "11111111-1111-1111-1111-111111111111",
                    "type": "User",
                    "user_consent_description": "",
                    "user_consent_display_name": "",
                    "value": "access_as_user"
                  }
                ],
                "requested_access_token_version": 1
              }
            ],
            "app_role": [],
            "app_role_ids": {},
            "application_id": "cc2484b7-753d-4f0a-a2fb-b62f2d8f3ae7",
            "client_id": "cc2484b7-753d-4f0a-a2fb-b62f2d8f3ae7",
            "description": "",
            "device_only_auth_enabled": false,
            "disabled_by_microsoft": "\u003cnil\u003e",
            "display_name": "my-api-app",
            "fallback_public_client_enabled": false,
            "feature_tags": [
              {
                "custom_single_sign_on": false,
                "enterprise": false,
                "gallery": false,
                "hide": false
              }
            ],
            "group_membership_claims": [],
            "id": "/applications/a7dd752f-2ee1-4311-b8c0-a0894e6583a1",
            "identifier_uris": [],
            "logo_image": "",
            "logo_url": "",
            "marketing_url": "",
            "notes": "",
            "oauth2_permission_scope_ids": {
              "access_as_user": "11111111-1111-1111-1111-111111111111"
            },
            "oauth2_post_response_required": false,
            "object_id": "a7dd752f-2ee1-4311-b8c0-a0894e6583a1",
            "optional_claims": [
              {
                "access_token": [],
                "id_token": [],
                "saml2_token": []
              }
            ],
            "owners": [],
            "password": [],
            "prevent_duplicate_names": false,
            "privacy_statement_url": "",
            "public_client": [
              {
                "redirect_uris": []
              }
            ],
            "publisher_domain": "milkiczorowskigmail.onmicrosoft.com",
            "required_resource_access": [],
            "service_management_reference": "",
            "sign_in_audience": "AzureADMyOrg",
            "single_page_application": [
              {
                "redirect_uris": []
              }
            ],
            "support_url": "",
            "tags": [],
            "template_id": "",
            "terms_of_service_url": "",
            "timeouts": null,
            "web": [
              {
                "homepage_url": "",
                "implicit_grant": [
                  {
                    "access_token_issuance_enabled": false,
                    "id_token_issuance_enabled": false
                  }
                ],
                "logout_url": "",
                "redirect_uris": [
                  "https://localhost/api-callback"
                ]
              }
            ]
          },
          "sensitive_attributes": [],
          "identity_schema_version": 0,
          "private": "eyJlMmJmYjczMC1lY2FhLTExZTYtOGY4OC0zNDM2M2JjN2M0YzAiOnsiY3JlYXRlIjo2MDAwMDAwMDAwMDAsImRlbGV0ZSI6MzAwMDAwMDAwMDAwLCJyZWFkIjozMDAwMDAwMDAwMDAsInVwZGF0ZSI6NjAwMDAwMDAwMDAwfSwic2NoZW1hX3ZlcnNpb24iOiIyIn0="
        }
      ]
    },
    {
      "module": "module.spa_app",
      "mode": "managed",
      "type": "azuread_application",
      "name": "this",
      "provider": "provider[\"registry.terraform.io/hashicorp/azuread\"]",
      "instances": [
        {
          "schema_version": 2,
          "attributes": {
            "api": [
              {
                "known_client_applications": [],
                "mapped_claims_enabled": false,
                "oauth2_permission_scope": [],
                "requested_access_token_version": 1
              }
            ],
            "app_role": [],
            "app_role_ids": {},
            "application_id": "2fff538f-1ea9-4da8-b7bc-0da601c0a220",
            "client_id": "2fff538f-1ea9-4da8-b7bc-0da601c0a220",
            "description": "",
            "device_only_auth_enabled": false,
            "disabled_by_microsoft": "\u003cnil\u003e",
            "display_name": "my-spa-app",
            "fallback_public_client_enabled": false,
            "feature_tags": [
              {
                "custom_single_sign_on": false,
                "enterprise": false,
                "gallery": false,
                "hide": false
              }
            ],
            "group_membership_claims": [],
            "id": "/applications/a1e38e29-725b-48ff-a7e6-077dcc34ef96",
            "identifier_uris": [],
            "logo_image": "",
            "logo_url": "",
            "marketing_url": "",
            "notes": "",
            "oauth2_permission_scope_ids": {},
            "oauth2_post_response_required": false,
            "object_id": "a1e38e29-725b-48ff-a7e6-077dcc34ef96",
            "optional_claims": [
              {
                "access_token": [],
                "id_token": [],
                "saml2_token": []
              }
            ],
            "owners": [],
            "password": [],
            "prevent_duplicate_names": false,
            "privacy_statement_url": "",
            "public_client": [
              {
                "redirect_uris": [
                  "http://localhost:3000"
                ]
              }
            ],
            "publisher_domain": "milkiczorowskigmail.onmicrosoft.com",
            "required_resource_access": [
              {
                "resource_access": [
                  {
                    "id": "11111111-1111-1111-1111-111111111111",
                    "type": "Scope"
                  }
                ],
                "resource_app_id": "cc2484b7-753d-4f0a-a2fb-b62f2d8f3ae7"
              },
              {
                "resource_access": [
                  {
                    "id": "37f7f235-527c-4136-accd-4a02d197296e",
                    "type": "Scope"
                  },
                  {
                    "id": "14dad69e-099b-42c9-810b-d002981feec1",
                    "type": "Scope"
                  },
                  {
                    "id": "e1fe6dd8-ba31-4d61-89e7-88639da4683d",
                    "type": "Scope"
                  },
                  {
                    "id": "64a6cdd6-aab1-4aaf-94b8-3cc8405e90d0",
                    "type": "Scope"
                  }
                ],
                "resource_app_id": "00000003-0000-0000-c000-000000000000"
              }
            ],
            "service_management_reference": "",
            "sign_in_audience": "AzureADMyOrg",
            "single_page_application": [
              {
                "redirect_uris": []
              }
            ],
            "support_url": "",
            "tags": [],
            "template_id": "",
            "terms_of_service_url": "",
            "timeouts": null,
            "web": [
              {
                "homepage_url": "",
                "implicit_grant": [
                  {
                    "access_token_issuance_enabled": false,
                    "id_token_issuance_enabled": false
                  }
                ],
                "logout_url": "",
                "redirect_uris": []
              }
            ]
          },
          "sensitive_attributes": [],
          "identity_schema_version": 0,
          "private": "eyJlMmJmYjczMC1lY2FhLTExZTYtOGY4OC0zNDM2M2JjN2M0YzAiOnsiY3JlYXRlIjo2MDAwMDAwMDAwMDAsImRlbGV0ZSI6MzAwMDAwMDAwMDAwLCJyZWFkIjozMDAwMDAwMDAwMDAsInVwZGF0ZSI6NjAwMDAwMDAwMDAwfSwic2NoZW1hX3ZlcnNpb24iOiIyIn0=",
          "dependencies": [
            "module.api_app.azuread_application.this"
          ]
        }
      ]
    }
  ],
  "check_results": null
}
